{
  "version": 4,
  "terraform_version": "1.8.5",
  "serial": 7736,
  "lineage": "f36e03d1-beba-da02-0869-ee451da8585a",
  "outputs": {
    "alb_oregon_dns_name": {
      "value": "alb-oregon-1586669978.us-west-2.elb.amazonaws.com",
      "type": "string"
    },
    "alb_virginia_dns_name": {
      "value": "alb-virginia-470779910.us-east-1.elb.amazonaws.com",
      "type": "string"
    },
    "gitlab_dns_virginia_ip_name": {
      "value": "10.0.1.212",
      "type": "string"
    },
    "instance_info_bastion_oregon": {
      "value": "Bastion Oregon - i-008016e7b865cc2aa",
      "type": "string"
    },
    "instance_info_bastion_virginia": {
      "value": "Bastion Virginia - i-0df4b8a57a387f6fe",
      "type": "string"
    }
  },
  "resources": [
    {
      "mode": "data",
      "type": "aws_elb_service_account",
      "name": "main",
      "provider": "provider[\"registry.terraform.io/hashicorp/aws\"]",
      "instances": [
        {
          "schema_version": 0,
          "attributes": {
            "arn": "arn:aws:iam::127311923021:root",
            "id": "127311923021",
            "region": null
          },
          "sensitive_attributes": []
        }
      ]
    },
    {
      "mode": "managed",
      "type": "aws_ec2_transit_gateway",
      "name": "oregon",
      "provider": "provider[\"registry.terraform.io/hashicorp/aws\"].oregon",
      "instances": [
        {
          "schema_version": 0,
          "attributes": {
            "amazon_side_asn": 64512,
            "arn": "arn:aws:ec2:us-west-2:993407081893:transit-gateway/tgw-0f4f57d35e9208f4b",
            "association_default_route_table_id": "tgw-rtb-0b6b8da0a8dcd6fba",
            "auto_accept_shared_attachments": "disable",
            "default_route_table_association": "enable",
            "default_route_table_propagation": "enable",
            "description": "Transit Gateway for Oregon region",
            "dns_support": "enable",
            "id": "tgw-0f4f57d35e9208f4b",
            "multicast_support": "disable",
            "owner_id": "993407081893",
            "propagation_default_route_table_id": "tgw-rtb-0b6b8da0a8dcd6fba",
            "tags": {
              "Name": "transit-gateway-oregon"
            },
            "tags_all": {
              "Name": "transit-gateway-oregon"
            },
            "timeouts": null,
            "transit_gateway_cidr_blocks": null,
            "vpn_ecmp_support": "enable"
          },
          "sensitive_attributes": [],
          "private": "eyJlMmJmYjczMC1lY2FhLTExZTYtOGY4OC0zNDM2M2JjN2M0YzAiOnsiY3JlYXRlIjo2MDAwMDAwMDAwMDAsImRlbGV0ZSI6NjAwMDAwMDAwMDAwLCJ1cGRhdGUiOjYwMDAwMDAwMDAwMH19"
        }
      ]
    },
    {
      "mode": "managed",
      "type": "aws_ec2_transit_gateway",
      "name": "virginia",
      "provider": "provider[\"registry.terraform.io/hashicorp/aws\"].virginia",
      "instances": [
        {
          "schema_version": 0,
          "attributes": {
            "amazon_side_asn": 64512,
            "arn": "arn:aws:ec2:us-east-1:993407081893:transit-gateway/tgw-062d8ee3bc24a764b",
            "association_default_route_table_id": "tgw-rtb-0891d5cca04ebede4",
            "auto_accept_shared_attachments": "disable",
            "default_route_table_association": "enable",
            "default_route_table_propagation": "enable",
            "description": "Transit Gateway for Virginia region",
            "dns_support": "enable",
            "id": "tgw-062d8ee3bc24a764b",
            "multicast_support": "disable",
            "owner_id": "993407081893",
            "propagation_default_route_table_id": "tgw-rtb-0891d5cca04ebede4",
            "tags": {
              "Name": "transit-gateway-virginia"
            },
            "tags_all": {
              "Name": "transit-gateway-virginia"
            },
            "timeouts": null,
            "transit_gateway_cidr_blocks": null,
            "vpn_ecmp_support": "enable"
          },
          "sensitive_attributes": [],
          "private": "eyJlMmJmYjczMC1lY2FhLTExZTYtOGY4OC0zNDM2M2JjN2M0YzAiOnsiY3JlYXRlIjo2MDAwMDAwMDAwMDAsImRlbGV0ZSI6NjAwMDAwMDAwMDAwLCJ1cGRhdGUiOjYwMDAwMDAwMDAwMH19"
        }
      ]
    },
    {
      "mode": "managed",
      "type": "aws_iam_instance_profile",
      "name": "ssm_instance_profile",
      "provider": "provider[\"registry.terraform.io/hashicorp/aws\"].virginia",
      "instances": [
        {
          "schema_version": 0,
          "attributes": {
            "arn": "arn:aws:iam::993407081893:instance-profile/my_ssm_instance_profile",
            "create_date": "2024-06-27T08:35:07Z",
            "id": "my_ssm_instance_profile",
            "name": "my_ssm_instance_profile",
            "name_prefix": "",
            "path": "/",
            "role": "ssm_role",
            "tags": null,
            "tags_all": {},
            "unique_id": "AIPA6OS5NDWSS2UT6BAAM"
          },
          "sensitive_attributes": [],
          "private": "bnVsbA==",
          "dependencies": [
            "aws_iam_role.ssm_role"
          ]
        }
      ]
    },
    {
      "mode": "managed",
      "type": "aws_iam_role",
      "name": "ssm_role",
      "provider": "provider[\"registry.terraform.io/hashicorp/aws\"].virginia",
      "instances": [
        {
          "schema_version": 0,
          "attributes": {
            "arn": "arn:aws:iam::993407081893:role/ssm_role",
            "assume_role_policy": "{\"Statement\":[{\"Action\":\"sts:AssumeRole\",\"Effect\":\"Allow\",\"Principal\":{\"Service\":\"ec2.amazonaws.com\"},\"Sid\":\"AllowEC2AssumeRole\"}],\"Version\":\"2012-10-17\"}",
            "create_date": "2024-06-27T08:35:06Z",
            "description": "",
            "force_detach_policies": false,
            "id": "ssm_role",
            "inline_policy": [],
            "managed_policy_arns": [],
            "max_session_duration": 3600,
            "name": "ssm_role",
            "name_prefix": "",
            "path": "/",
            "permissions_boundary": null,
            "role_last_used": [
              {
                "last_used_date": "",
                "region": ""
              }
            ],
            "tags": null,
            "tags_all": {},
            "unique_id": "AROA6OS5NDWSWRKLZYJT6"
          },
          "sensitive_attributes": [],
          "private": "bnVsbA=="
        }
      ]
    },
    {
      "mode": "managed",
      "type": "aws_iam_role_policy_attachment",
      "name": "ssm_attach",
      "provider": "provider[\"registry.terraform.io/hashicorp/aws\"].virginia",
      "instances": [
        {
          "schema_version": 0,
          "attributes": {
            "id": "ssm_role-20240627083507297000000001",
            "policy_arn": "arn:aws:iam::aws:policy/AmazonSSMManagedInstanceCore",
            "role": "ssm_role"
          },
          "sensitive_attributes": [],
          "private": "bnVsbA==",
          "dependencies": [
            "aws_iam_role.ssm_role"
          ]
        }
      ]
    },
    {
      "mode": "managed",
      "type": "aws_instance",
      "name": "bastion_oregon",
      "provider": "provider[\"registry.terraform.io/hashicorp/aws\"].oregon",
      "instances": [
        {
          "schema_version": 1,
          "attributes": {
            "ami": "ami-0676a735c5f8e67c4",
            "arn": "arn:aws:ec2:us-west-2:993407081893:instance/i-008016e7b865cc2aa",
            "associate_public_ip_address": true,
            "availability_zone": "us-west-2a",
            "capacity_reservation_specification": [
              {
                "capacity_reservation_preference": "open",
                "capacity_reservation_target": []
              }
            ],
            "cpu_core_count": 1,
            "cpu_options": [
              {
                "amd_sev_snp": "",
                "core_count": 1,
                "threads_per_core": 1
              }
            ],
            "cpu_threads_per_core": 1,
            "credit_specification": [
              {
                "cpu_credits": "standard"
              }
            ],
            "disable_api_stop": false,
            "disable_api_termination": false,
            "ebs_block_device": [],
            "ebs_optimized": false,
            "enclave_options": [
              {
                "enabled": false
              }
            ],
            "ephemeral_block_device": [],
            "get_password_data": false,
            "hibernation": false,
            "host_id": "",
            "host_resource_group_arn": null,
            "iam_instance_profile": "my_ssm_instance_profile",
            "id": "i-008016e7b865cc2aa",
            "instance_initiated_shutdown_behavior": "stop",
            "instance_state": "running",
            "instance_type": "t2.micro",
            "ipv6_address_count": 0,
            "ipv6_addresses": [],
            "key_name": "BaseKeyAcces",
            "launch_template": [],
            "maintenance_options": [
              {
                "auto_recovery": "default"
              }
            ],
            "metadata_options": [
              {
                "http_endpoint": "enabled",
                "http_put_response_hop_limit": 1,
                "http_tokens": "optional",
                "instance_metadata_tags": "disabled"
              }
            ],
            "monitoring": false,
            "network_interface": [],
            "outpost_arn": "",
            "password_data": "",
            "placement_group": "",
            "placement_partition_number": 0,
            "primary_network_interface_id": "eni-0e34a3c4198bb5369",
            "private_dns": "ip-10-1-1-109.us-west-2.compute.internal",
            "private_dns_name_options": [
              {
                "enable_resource_name_dns_a_record": false,
                "enable_resource_name_dns_aaaa_record": false,
                "hostname_type": "ip-name"
              }
            ],
            "private_ip": "10.1.1.109",
            "public_dns": "ec2-54-245-36-63.us-west-2.compute.amazonaws.com",
            "public_ip": "54.245.36.63",
            "root_block_device": [
              {
                "delete_on_termination": true,
                "device_name": "/dev/xvda",
                "encrypted": false,
                "iops": 100,
                "kms_key_id": "",
                "tags": {},
                "throughput": 0,
                "volume_id": "vol-01b926c50b3208d84",
                "volume_size": 8,
                "volume_type": "gp2"
              }
            ],
            "secondary_private_ips": [],
            "security_groups": [],
            "source_dest_check": true,
            "subnet_id": "subnet-0f5f3a8402fd27b91",
            "tags": {
              "Name": "Bastion Oregon"
            },
            "tags_all": {
              "Name": "Bastion Oregon"
            },
            "tenancy": "default",
            "timeouts": null,
            "user_data": "cdab662636ac4ec2121657a5ee540a4302865e33",
            "user_data_base64": null,
            "user_data_replace_on_change": false,
            "volume_tags": null,
            "vpc_security_group_ids": [
              "sg-04b13283322d271b1"
            ]
          },
          "sensitive_attributes": [],
          "private": "eyJlMmJmYjczMC1lY2FhLTExZTYtOGY4OC0zNDM2M2JjN2M0YzAiOnsiY3JlYXRlIjo2MDAwMDAwMDAwMDAsImRlbGV0ZSI6MTIwMDAwMDAwMDAwMCwidXBkYXRlIjo2MDAwMDAwMDAwMDB9LCJzY2hlbWFfdmVyc2lvbiI6IjEifQ==",
          "dependencies": [
            "aws_iam_instance_profile.ssm_instance_profile",
            "aws_iam_role.ssm_role",
            "aws_security_group.bastion_sg_oregon",
            "module.vpc_oregon.aws_subnet.public",
            "module.vpc_oregon.aws_vpc.this"
          ]
        }
      ]
    },
    {
      "mode": "managed",
      "type": "aws_instance",
      "name": "bastion_virginia",
      "provider": "provider[\"registry.terraform.io/hashicorp/aws\"].virginia",
      "instances": [
        {
          "schema_version": 1,
          "attributes": {
            "ami": "ami-04e8b3e527208c8cf",
            "arn": "arn:aws:ec2:us-east-1:993407081893:instance/i-0df4b8a57a387f6fe",
            "associate_public_ip_address": true,
            "availability_zone": "us-east-1a",
            "capacity_reservation_specification": [
              {
                "capacity_reservation_preference": "open",
                "capacity_reservation_target": []
              }
            ],
            "cpu_core_count": 1,
            "cpu_options": [
              {
                "amd_sev_snp": "",
                "core_count": 1,
                "threads_per_core": 1
              }
            ],
            "cpu_threads_per_core": 1,
            "credit_specification": [
              {
                "cpu_credits": "standard"
              }
            ],
            "disable_api_stop": false,
            "disable_api_termination": false,
            "ebs_block_device": [],
            "ebs_optimized": false,
            "enclave_options": [
              {
                "enabled": false
              }
            ],
            "ephemeral_block_device": [],
            "get_password_data": false,
            "hibernation": false,
            "host_id": "",
            "host_resource_group_arn": null,
            "iam_instance_profile": "my_ssm_instance_profile",
            "id": "i-0df4b8a57a387f6fe",
            "instance_initiated_shutdown_behavior": "stop",
            "instance_state": "running",
            "instance_type": "t2.micro",
            "ipv6_address_count": 0,
            "ipv6_addresses": [],
            "key_name": "BaseKeyAcces",
            "launch_template": [],
            "maintenance_options": [
              {
                "auto_recovery": "default"
              }
            ],
            "metadata_options": [
              {
                "http_endpoint": "enabled",
                "http_put_response_hop_limit": 1,
                "http_tokens": "optional",
                "instance_metadata_tags": "disabled"
              }
            ],
            "monitoring": false,
            "network_interface": [],
            "outpost_arn": "",
            "password_data": "",
            "placement_group": "",
            "placement_partition_number": 0,
            "primary_network_interface_id": "eni-077861a40b264e2d3",
            "private_dns": "ip-10-0-1-98.ec2.internal",
            "private_dns_name_options": [
              {
                "enable_resource_name_dns_a_record": false,
                "enable_resource_name_dns_aaaa_record": false,
                "hostname_type": "ip-name"
              }
            ],
            "private_ip": "10.0.1.98",
            "public_dns": "ec2-54-164-193-129.compute-1.amazonaws.com",
            "public_ip": "54.164.193.129",
            "root_block_device": [
              {
                "delete_on_termination": true,
                "device_name": "/dev/xvda",
                "encrypted": false,
                "iops": 100,
                "kms_key_id": "",
                "tags": {},
                "throughput": 0,
                "volume_id": "vol-0c0d5732146cad89a",
                "volume_size": 8,
                "volume_type": "gp2"
              }
            ],
            "secondary_private_ips": [],
            "security_groups": [],
            "source_dest_check": true,
            "subnet_id": "subnet-0572fe7afad9caae3",
            "tags": {
              "Name": "Bastion Virginia"
            },
            "tags_all": {
              "Name": "Bastion Virginia"
            },
            "tenancy": "default",
            "timeouts": null,
            "user_data": "cdab662636ac4ec2121657a5ee540a4302865e33",
            "user_data_base64": null,
            "user_data_replace_on_change": false,
            "volume_tags": null,
            "vpc_security_group_ids": [
              "sg-0aee06ffe96682e79"
            ]
          },
          "sensitive_attributes": [],
          "private": "eyJlMmJmYjczMC1lY2FhLTExZTYtOGY4OC0zNDM2M2JjN2M0YzAiOnsiY3JlYXRlIjo2MDAwMDAwMDAwMDAsImRlbGV0ZSI6MTIwMDAwMDAwMDAwMCwidXBkYXRlIjo2MDAwMDAwMDAwMDB9LCJzY2hlbWFfdmVyc2lvbiI6IjEifQ==",
          "dependencies": [
            "aws_iam_instance_profile.ssm_instance_profile",
            "aws_iam_role.ssm_role",
            "aws_security_group.bastion_sg_virginia",
            "module.vpc_virginia.aws_subnet.public",
            "module.vpc_virginia.aws_vpc.this"
          ]
        }
      ]
    },
    {
      "mode": "managed",
      "type": "aws_instance",
      "name": "gitlab_oregon",
      "provider": "provider[\"registry.terraform.io/hashicorp/aws\"].oregon",
      "instances": [
        {
          "schema_version": 1,
          "attributes": {
            "ami": "ami-0e6cc701211a663f2",
            "arn": "arn:aws:ec2:us-west-2:993407081893:instance/i-0bcbd18c7487bf279",
            "associate_public_ip_address": true,
            "availability_zone": "us-west-2a",
            "capacity_reservation_specification": [
              {
                "capacity_reservation_preference": "open",
                "capacity_reservation_target": []
              }
            ],
            "cpu_core_count": 2,
            "cpu_options": [
              {
                "amd_sev_snp": "",
                "core_count": 2,
                "threads_per_core": 2
              }
            ],
            "cpu_threads_per_core": 2,
            "credit_specification": [],
            "disable_api_stop": false,
            "disable_api_termination": false,
            "ebs_block_device": [],
            "ebs_optimized": false,
            "enclave_options": [
              {
                "enabled": false
              }
            ],
            "ephemeral_block_device": [],
            "get_password_data": false,
            "hibernation": false,
            "host_id": "",
            "host_resource_group_arn": null,
            "iam_instance_profile": "my_ssm_instance_profile",
            "id": "i-0bcbd18c7487bf279",
            "instance_initiated_shutdown_behavior": "stop",
            "instance_state": "running",
            "instance_type": "c5.xlarge",
            "ipv6_address_count": 0,
            "ipv6_addresses": [],
            "key_name": "BaseKeyAcces",
            "launch_template": [],
            "maintenance_options": [
              {
                "auto_recovery": "default"
              }
            ],
            "metadata_options": [
              {
                "http_endpoint": "enabled",
                "http_put_response_hop_limit": 1,
                "http_tokens": "optional",
                "instance_metadata_tags": "disabled"
              }
            ],
            "monitoring": false,
            "network_interface": [],
            "outpost_arn": "",
            "password_data": "",
            "placement_group": "",
            "placement_partition_number": 0,
            "primary_network_interface_id": "eni-0077cb12196c9a209",
            "private_dns": "ip-10-1-1-52.us-west-2.compute.internal",
            "private_dns_name_options": [
              {
                "enable_resource_name_dns_a_record": false,
                "enable_resource_name_dns_aaaa_record": false,
                "hostname_type": "ip-name"
              }
            ],
            "private_ip": "10.1.1.52",
            "public_dns": "ec2-34-219-6-205.us-west-2.compute.amazonaws.com",
            "public_ip": "34.219.6.205",
            "root_block_device": [
              {
                "delete_on_termination": true,
                "device_name": "/dev/sda1",
                "encrypted": false,
                "iops": 3000,
                "kms_key_id": "",
                "tags": null,
                "throughput": 125,
                "volume_id": "vol-0e03449af8e471b17",
                "volume_size": 40,
                "volume_type": "gp3"
              }
            ],
            "secondary_private_ips": [],
            "security_groups": [],
            "source_dest_check": true,
            "subnet_id": "subnet-0f5f3a8402fd27b91",
            "tags": {
              "Name": "GitLab Oregon"
            },
            "tags_all": {
              "Name": "GitLab Oregon"
            },
            "tenancy": "default",
            "timeouts": null,
            "user_data": "71cd2f19fc574385288d55fb7dd363f033b98824",
            "user_data_base64": null,
            "user_data_replace_on_change": false,
            "volume_tags": null,
            "vpc_security_group_ids": [
              "sg-0385c5a8d7e8c9596"
            ]
          },
          "sensitive_attributes": [],
          "private": "eyJlMmJmYjczMC1lY2FhLTExZTYtOGY4OC0zNDM2M2JjN2M0YzAiOnsiY3JlYXRlIjo2MDAwMDAwMDAwMDAsImRlbGV0ZSI6MTIwMDAwMDAwMDAwMCwidXBkYXRlIjo2MDAwMDAwMDAwMDB9LCJzY2hlbWFfdmVyc2lvbiI6IjEifQ==",
          "dependencies": [
            "aws_iam_instance_profile.ssm_instance_profile",
            "aws_iam_role.ssm_role",
            "aws_security_group.alb_sg_oregon",
            "aws_security_group.gitlab_sg_oregon",
            "module.vpc_oregon.aws_subnet.public",
            "module.vpc_oregon.aws_vpc.this"
          ]
        }
      ]
    },
    {
      "mode": "managed",
      "type": "aws_instance",
      "name": "gitlab_virginia",
      "provider": "provider[\"registry.terraform.io/hashicorp/aws\"].virginia",
      "instances": [
        {
          "schema_version": 1,
          "attributes": {
            "ami": "ami-0c2926c986c7eb348",
            "arn": "arn:aws:ec2:us-east-1:993407081893:instance/i-055eec5f6f3586d03",
            "associate_public_ip_address": true,
            "availability_zone": "us-east-1a",
            "capacity_reservation_specification": [
              {
                "capacity_reservation_preference": "open",
                "capacity_reservation_target": []
              }
            ],
            "cpu_core_count": 2,
            "cpu_options": [
              {
                "amd_sev_snp": "",
                "core_count": 2,
                "threads_per_core": 2
              }
            ],
            "cpu_threads_per_core": 2,
            "credit_specification": [],
            "disable_api_stop": false,
            "disable_api_termination": false,
            "ebs_block_device": [],
            "ebs_optimized": false,
            "enclave_options": [
              {
                "enabled": false
              }
            ],
            "ephemeral_block_device": [],
            "get_password_data": false,
            "hibernation": false,
            "host_id": "",
            "host_resource_group_arn": null,
            "iam_instance_profile": "my_ssm_instance_profile",
            "id": "i-055eec5f6f3586d03",
            "instance_initiated_shutdown_behavior": "stop",
            "instance_state": "running",
            "instance_type": "c5.xlarge",
            "ipv6_address_count": 0,
            "ipv6_addresses": [],
            "key_name": "BaseKeyAcces",
            "launch_template": [],
            "maintenance_options": [
              {
                "auto_recovery": "default"
              }
            ],
            "metadata_options": [
              {
                "http_endpoint": "enabled",
                "http_put_response_hop_limit": 1,
                "http_tokens": "optional",
                "instance_metadata_tags": "disabled"
              }
            ],
            "monitoring": false,
            "network_interface": [],
            "outpost_arn": "",
            "password_data": "",
            "placement_group": "",
            "placement_partition_number": 0,
            "primary_network_interface_id": "eni-00dce51c4c33f1d8e",
            "private_dns": "ip-10-0-1-212.ec2.internal",
            "private_dns_name_options": [
              {
                "enable_resource_name_dns_a_record": false,
                "enable_resource_name_dns_aaaa_record": false,
                "hostname_type": "ip-name"
              }
            ],
            "private_ip": "10.0.1.212",
            "public_dns": "ec2-54-90-129-32.compute-1.amazonaws.com",
            "public_ip": "54.90.129.32",
            "root_block_device": [
              {
                "delete_on_termination": true,
                "device_name": "/dev/sda1",
                "encrypted": false,
                "iops": 3000,
                "kms_key_id": "",
                "tags": null,
                "throughput": 125,
                "volume_id": "vol-07f4ee6ba051c9e53",
                "volume_size": 40,
                "volume_type": "gp3"
              }
            ],
            "secondary_private_ips": [],
            "security_groups": [],
            "source_dest_check": true,
            "subnet_id": "subnet-0572fe7afad9caae3",
            "tags": {
              "Name": "GitLab Virginia"
            },
            "tags_all": {
              "Name": "GitLab Virginia"
            },
            "tenancy": "default",
            "timeouts": null,
            "user_data": "71cd2f19fc574385288d55fb7dd363f033b98824",
            "user_data_base64": null,
            "user_data_replace_on_change": false,
            "volume_tags": null,
            "vpc_security_group_ids": [
              "sg-0da3fbabe946af7df"
            ]
          },
          "sensitive_attributes": [],
          "private": "eyJlMmJmYjczMC1lY2FhLTExZTYtOGY4OC0zNDM2M2JjN2M0YzAiOnsiY3JlYXRlIjo2MDAwMDAwMDAwMDAsImRlbGV0ZSI6MTIwMDAwMDAwMDAwMCwidXBkYXRlIjo2MDAwMDAwMDAwMDB9LCJzY2hlbWFfdmVyc2lvbiI6IjEifQ==",
          "dependencies": [
            "aws_iam_instance_profile.ssm_instance_profile",
            "aws_iam_role.ssm_role",
            "aws_security_group.alb_sg_virginia",
            "aws_security_group.gitlab_sg_virginia",
            "module.vpc_virginia.aws_subnet.public",
            "module.vpc_virginia.aws_vpc.this"
          ]
        }
      ]
    },
    {
      "mode": "managed",
      "type": "aws_instance",
      "name": "jasper_oregon",
      "provider": "provider[\"registry.terraform.io/hashicorp/aws\"].oregon",
      "instances": [
        {
          "schema_version": 1,
          "attributes": {
            "ami": "ami-0676a735c5f8e67c4",
            "arn": "arn:aws:ec2:us-west-2:993407081893:instance/i-0e94cfd69913fac22",
            "associate_public_ip_address": true,
            "availability_zone": "us-west-2a",
            "capacity_reservation_specification": [
              {
                "capacity_reservation_preference": "open",
                "capacity_reservation_target": []
              }
            ],
            "cpu_core_count": 2,
            "cpu_options": [
              {
                "amd_sev_snp": "",
                "core_count": 2,
                "threads_per_core": 2
              }
            ],
            "cpu_threads_per_core": 2,
            "credit_specification": [],
            "disable_api_stop": false,
            "disable_api_termination": false,
            "ebs_block_device": [],
            "ebs_optimized": false,
            "enclave_options": [
              {
                "enabled": false
              }
            ],
            "ephemeral_block_device": [],
            "get_password_data": false,
            "hibernation": false,
            "host_id": "",
            "host_resource_group_arn": null,
            "iam_instance_profile": "my_ssm_instance_profile",
            "id": "i-0e94cfd69913fac22",
            "instance_initiated_shutdown_behavior": "stop",
            "instance_state": "running",
            "instance_type": "c5.xlarge",
            "ipv6_address_count": 0,
            "ipv6_addresses": [],
            "key_name": "BaseKeyAcces",
            "launch_template": [],
            "maintenance_options": [
              {
                "auto_recovery": "default"
              }
            ],
            "metadata_options": [
              {
                "http_endpoint": "enabled",
                "http_put_response_hop_limit": 1,
                "http_tokens": "optional",
                "instance_metadata_tags": "disabled"
              }
            ],
            "monitoring": false,
            "network_interface": [],
            "outpost_arn": "",
            "password_data": "",
            "placement_group": "",
            "placement_partition_number": 0,
            "primary_network_interface_id": "eni-0bcf77c1d783166a3",
            "private_dns": "ip-10-1-1-94.us-west-2.compute.internal",
            "private_dns_name_options": [
              {
                "enable_resource_name_dns_a_record": false,
                "enable_resource_name_dns_aaaa_record": false,
                "hostname_type": "ip-name"
              }
            ],
            "private_ip": "10.1.1.94",
            "public_dns": "ec2-54-200-191-70.us-west-2.compute.amazonaws.com",
            "public_ip": "54.200.191.70",
            "root_block_device": [
              {
                "delete_on_termination": true,
                "device_name": "/dev/xvda",
                "encrypted": false,
                "iops": 3000,
                "kms_key_id": "",
                "tags": null,
                "throughput": 125,
                "volume_id": "vol-0e82ad5aa4701624f",
                "volume_size": 40,
                "volume_type": "gp3"
              }
            ],
            "secondary_private_ips": [],
            "security_groups": [],
            "source_dest_check": true,
            "subnet_id": "subnet-0f5f3a8402fd27b91",
            "tags": {
              "Name": "Jasper Oregon"
            },
            "tags_all": {
              "Name": "Jasper Oregon"
            },
            "tenancy": "default",
            "timeouts": null,
            "user_data": "5319920b4f1fdc57c030305343b39ddf08cc3f8d",
            "user_data_base64": null,
            "user_data_replace_on_change": false,
            "volume_tags": null,
            "vpc_security_group_ids": [
              "sg-0b4d5b938eaded5dd"
            ]
          },
          "sensitive_attributes": [],
          "private": "eyJlMmJmYjczMC1lY2FhLTExZTYtOGY4OC0zNDM2M2JjN2M0YzAiOnsiY3JlYXRlIjo2MDAwMDAwMDAwMDAsImRlbGV0ZSI6MTIwMDAwMDAwMDAwMCwidXBkYXRlIjo2MDAwMDAwMDAwMDB9LCJzY2hlbWFfdmVyc2lvbiI6IjEifQ==",
          "dependencies": [
            "aws_iam_instance_profile.ssm_instance_profile",
            "aws_iam_role.ssm_role",
            "aws_security_group.alb_sg_oregon",
            "aws_security_group.jasper_sg_oregon",
            "module.vpc_oregon.aws_subnet.public",
            "module.vpc_oregon.aws_vpc.this"
          ]
        }
      ]
    },
    {
      "mode": "managed",
      "type": "aws_instance",
      "name": "jasper_virginia",
      "provider": "provider[\"registry.terraform.io/hashicorp/aws\"].virginia",
      "instances": [
        {
          "schema_version": 1,
          "attributes": {
            "ami": "ami-04e8b3e527208c8cf",
            "arn": "arn:aws:ec2:us-east-1:993407081893:instance/i-07215ab445c3ef4f2",
            "associate_public_ip_address": true,
            "availability_zone": "us-east-1a",
            "capacity_reservation_specification": [
              {
                "capacity_reservation_preference": "open",
                "capacity_reservation_target": []
              }
            ],
            "cpu_core_count": 2,
            "cpu_options": [
              {
                "amd_sev_snp": "",
                "core_count": 2,
                "threads_per_core": 2
              }
            ],
            "cpu_threads_per_core": 2,
            "credit_specification": [],
            "disable_api_stop": false,
            "disable_api_termination": false,
            "ebs_block_device": [],
            "ebs_optimized": false,
            "enclave_options": [
              {
                "enabled": false
              }
            ],
            "ephemeral_block_device": [],
            "get_password_data": false,
            "hibernation": false,
            "host_id": "",
            "host_resource_group_arn": null,
            "iam_instance_profile": "my_ssm_instance_profile",
            "id": "i-07215ab445c3ef4f2",
            "instance_initiated_shutdown_behavior": "stop",
            "instance_state": "running",
            "instance_type": "c5.xlarge",
            "ipv6_address_count": 0,
            "ipv6_addresses": [],
            "key_name": "BaseKeyAcces",
            "launch_template": [],
            "maintenance_options": [
              {
                "auto_recovery": "default"
              }
            ],
            "metadata_options": [
              {
                "http_endpoint": "enabled",
                "http_put_response_hop_limit": 1,
                "http_tokens": "optional",
                "instance_metadata_tags": "disabled"
              }
            ],
            "monitoring": false,
            "network_interface": [],
            "outpost_arn": "",
            "password_data": "",
            "placement_group": "",
            "placement_partition_number": 0,
            "primary_network_interface_id": "eni-0bea4bf3f21ba8066",
            "private_dns": "ip-10-0-1-214.ec2.internal",
            "private_dns_name_options": [
              {
                "enable_resource_name_dns_a_record": false,
                "enable_resource_name_dns_aaaa_record": false,
                "hostname_type": "ip-name"
              }
            ],
            "private_ip": "10.0.1.214",
            "public_dns": "ec2-100-25-213-76.compute-1.amazonaws.com",
            "public_ip": "100.25.213.76",
            "root_block_device": [
              {
                "delete_on_termination": true,
                "device_name": "/dev/xvda",
                "encrypted": false,
                "iops": 3000,
                "kms_key_id": "",
                "tags": null,
                "throughput": 125,
                "volume_id": "vol-074d246bd9e2d6f68",
                "volume_size": 40,
                "volume_type": "gp3"
              }
            ],
            "secondary_private_ips": [],
            "security_groups": [],
            "source_dest_check": true,
            "subnet_id": "subnet-0572fe7afad9caae3",
            "tags": {
              "Name": "Jasper Virginia"
            },
            "tags_all": {
              "Name": "Jasper Virginia"
            },
            "tenancy": "default",
            "timeouts": null,
            "user_data": "0cffb33a22ebc0e33b8d0b22c6763a30ed1545e9",
            "user_data_base64": null,
            "user_data_replace_on_change": false,
            "volume_tags": null,
            "vpc_security_group_ids": [
              "sg-063991be664ed9e68"
            ]
          },
          "sensitive_attributes": [],
          "private": "eyJlMmJmYjczMC1lY2FhLTExZTYtOGY4OC0zNDM2M2JjN2M0YzAiOnsiY3JlYXRlIjo2MDAwMDAwMDAwMDAsImRlbGV0ZSI6MTIwMDAwMDAwMDAwMCwidXBkYXRlIjo2MDAwMDAwMDAwMDB9LCJzY2hlbWFfdmVyc2lvbiI6IjEifQ==",
          "dependencies": [
            "aws_iam_instance_profile.ssm_instance_profile",
            "aws_iam_role.ssm_role",
            "aws_security_group.alb_sg_virginia",
            "aws_security_group.jasper_sg_virginia",
            "module.vpc_virginia.aws_subnet.public",
            "module.vpc_virginia.aws_vpc.this"
          ]
        }
      ]
    },
    {
      "mode": "managed",
      "type": "aws_instance",
      "name": "monitor_oregon",
      "provider": "provider[\"registry.terraform.io/hashicorp/aws\"].oregon",
      "instances": [
        {
          "schema_version": 1,
          "attributes": {
            "ami": "ami-0fff21d6d6b6003b0",
            "arn": "arn:aws:ec2:us-west-2:993407081893:instance/i-0dcf5370ad08b6647",
            "associate_public_ip_address": true,
            "availability_zone": "us-west-2a",
            "capacity_reservation_specification": [
              {
                "capacity_reservation_preference": "open",
                "capacity_reservation_target": []
              }
            ],
            "cpu_core_count": 2,
            "cpu_options": [
              {
                "amd_sev_snp": "",
                "core_count": 2,
                "threads_per_core": 2
              }
            ],
            "cpu_threads_per_core": 2,
            "credit_specification": [],
            "disable_api_stop": false,
            "disable_api_termination": false,
            "ebs_block_device": [],
            "ebs_optimized": false,
            "enclave_options": [
              {
                "enabled": false
              }
            ],
            "ephemeral_block_device": [],
            "get_password_data": false,
            "hibernation": false,
            "host_id": "",
            "host_resource_group_arn": null,
            "iam_instance_profile": "my_ssm_instance_profile",
            "id": "i-0dcf5370ad08b6647",
            "instance_initiated_shutdown_behavior": "stop",
            "instance_state": "running",
            "instance_type": "c5.xlarge",
            "ipv6_address_count": 0,
            "ipv6_addresses": [],
            "key_name": "BaseKeyAcces",
            "launch_template": [],
            "maintenance_options": [
              {
                "auto_recovery": "default"
              }
            ],
            "metadata_options": [
              {
                "http_endpoint": "enabled",
                "http_put_response_hop_limit": 2,
                "http_tokens": "required",
                "instance_metadata_tags": "disabled"
              }
            ],
            "monitoring": false,
            "network_interface": [],
            "outpost_arn": "",
            "password_data": "",
            "placement_group": "",
            "placement_partition_number": 0,
            "primary_network_interface_id": "eni-0739f1011e91fd7ed",
            "private_dns": "ip-10-1-1-133.us-west-2.compute.internal",
            "private_dns_name_options": [
              {
                "enable_resource_name_dns_a_record": false,
                "enable_resource_name_dns_aaaa_record": false,
                "hostname_type": "ip-name"
              }
            ],
            "private_ip": "10.1.1.133",
            "public_dns": "ec2-35-85-148-219.us-west-2.compute.amazonaws.com",
            "public_ip": "35.85.148.219",
            "root_block_device": [
              {
                "delete_on_termination": true,
                "device_name": "/dev/sda1",
                "encrypted": false,
                "iops": 3000,
                "kms_key_id": "",
                "tags": null,
                "throughput": 125,
                "volume_id": "vol-0ebf450ed3517c692",
                "volume_size": 40,
                "volume_type": "gp3"
              }
            ],
            "secondary_private_ips": [],
            "security_groups": [],
            "source_dest_check": true,
            "subnet_id": "subnet-0f5f3a8402fd27b91",
            "tags": {
              "Name": "Monitor Oregon"
            },
            "tags_all": {
              "Name": "Monitor Oregon"
            },
            "tenancy": "default",
            "timeouts": null,
            "user_data": "0b28e0c30e5458775188c60969423a28d8e50d9f",
            "user_data_base64": null,
            "user_data_replace_on_change": false,
            "volume_tags": null,
            "vpc_security_group_ids": [
              "sg-0d671d8c3c226053d"
            ]
          },
          "sensitive_attributes": [],
          "private": "eyJlMmJmYjczMC1lY2FhLTExZTYtOGY4OC0zNDM2M2JjN2M0YzAiOnsiY3JlYXRlIjo2MDAwMDAwMDAwMDAsImRlbGV0ZSI6MTIwMDAwMDAwMDAwMCwidXBkYXRlIjo2MDAwMDAwMDAwMDB9LCJzY2hlbWFfdmVyc2lvbiI6IjEifQ==",
          "dependencies": [
            "aws_iam_instance_profile.ssm_instance_profile",
            "aws_iam_role.ssm_role",
            "aws_security_group.alb_sg_oregon",
            "aws_security_group.monitor_sg_oregon",
            "module.vpc_oregon.aws_subnet.public",
            "module.vpc_oregon.aws_vpc.this"
          ]
        }
      ]
    },
    {
      "mode": "managed",
      "type": "aws_instance",
      "name": "monitor_virginia",
      "provider": "provider[\"registry.terraform.io/hashicorp/aws\"].virginia",
      "instances": [
        {
          "schema_version": 1,
          "attributes": {
            "ami": "ami-09634e8f6f4163b0e",
            "arn": "arn:aws:ec2:us-east-1:993407081893:instance/i-0db7b5eca23ac79be",
            "associate_public_ip_address": true,
            "availability_zone": "us-east-1a",
            "capacity_reservation_specification": [
              {
                "capacity_reservation_preference": "open",
                "capacity_reservation_target": []
              }
            ],
            "cpu_core_count": 2,
            "cpu_options": [
              {
                "amd_sev_snp": "",
                "core_count": 2,
                "threads_per_core": 2
              }
            ],
            "cpu_threads_per_core": 2,
            "credit_specification": [],
            "disable_api_stop": false,
            "disable_api_termination": false,
            "ebs_block_device": [],
            "ebs_optimized": false,
            "enclave_options": [
              {
                "enabled": false
              }
            ],
            "ephemeral_block_device": [],
            "get_password_data": false,
            "hibernation": false,
            "host_id": "",
            "host_resource_group_arn": null,
            "iam_instance_profile": "my_ssm_instance_profile",
            "id": "i-0db7b5eca23ac79be",
            "instance_initiated_shutdown_behavior": "stop",
            "instance_state": "running",
            "instance_type": "c5.xlarge",
            "ipv6_address_count": 0,
            "ipv6_addresses": [],
            "key_name": "BaseKeyAcces",
            "launch_template": [],
            "maintenance_options": [
              {
                "auto_recovery": "default"
              }
            ],
            "metadata_options": [
              {
                "http_endpoint": "enabled",
                "http_put_response_hop_limit": 2,
                "http_tokens": "required",
                "instance_metadata_tags": "disabled"
              }
            ],
            "monitoring": false,
            "network_interface": [],
            "outpost_arn": "",
            "password_data": "",
            "placement_group": "",
            "placement_partition_number": 0,
            "primary_network_interface_id": "eni-07fa3c0215fe1ffbf",
            "private_dns": "ip-10-0-1-166.ec2.internal",
            "private_dns_name_options": [
              {
                "enable_resource_name_dns_a_record": false,
                "enable_resource_name_dns_aaaa_record": false,
                "hostname_type": "ip-name"
              }
            ],
            "private_ip": "10.0.1.166",
            "public_dns": "ec2-54-227-159-99.compute-1.amazonaws.com",
            "public_ip": "54.227.159.99",
            "root_block_device": [
              {
                "delete_on_termination": true,
                "device_name": "/dev/sda1",
                "encrypted": false,
                "iops": 3000,
                "kms_key_id": "",
                "tags": null,
                "throughput": 125,
                "volume_id": "vol-0c86c3ea4d17eddbd",
                "volume_size": 40,
                "volume_type": "gp3"
              }
            ],
            "secondary_private_ips": [],
            "security_groups": [],
            "source_dest_check": true,
            "subnet_id": "subnet-0572fe7afad9caae3",
            "tags": {
              "Name": "Monitor Virginia"
            },
            "tags_all": {
              "Name": "Monitor Virginia"
            },
            "tenancy": "default",
            "timeouts": null,
            "user_data": "cf84359a6a59bdeb084140a55c53a968c2bb305a",
            "user_data_base64": null,
            "user_data_replace_on_change": false,
            "volume_tags": null,
            "vpc_security_group_ids": [
              "sg-0bb97ae268cfbdc99"
            ]
          },
          "sensitive_attributes": [],
          "private": "eyJlMmJmYjczMC1lY2FhLTExZTYtOGY4OC0zNDM2M2JjN2M0YzAiOnsiY3JlYXRlIjo2MDAwMDAwMDAwMDAsImRlbGV0ZSI6MTIwMDAwMDAwMDAwMCwidXBkYXRlIjo2MDAwMDAwMDAwMDB9LCJzY2hlbWFfdmVyc2lvbiI6IjEifQ==",
          "dependencies": [
            "aws_iam_instance_profile.ssm_instance_profile",
            "aws_iam_role.ssm_role",
            "aws_security_group.alb_sg_virginia",
            "aws_security_group.monitor_sg_virginia",
            "module.vpc_virginia.aws_subnet.public",
            "module.vpc_virginia.aws_vpc.this"
          ]
        }
      ]
    },
    {
      "mode": "managed",
      "type": "aws_instance",
      "name": "openvpn_oregon",
      "provider": "provider[\"registry.terraform.io/hashicorp/aws\"].oregon",
      "instances": [
        {
          "schema_version": 1,
          "attributes": {
            "ami": "ami-0ad3f99eafc4c44f4",
            "arn": "arn:aws:ec2:us-west-2:993407081893:instance/i-09f383e958cc7f71a",
            "associate_public_ip_address": true,
            "availability_zone": "us-west-2a",
            "capacity_reservation_specification": [
              {
                "capacity_reservation_preference": "open",
                "capacity_reservation_target": []
              }
            ],
            "cpu_core_count": 2,
            "cpu_options": [
              {
                "amd_sev_snp": "",
                "core_count": 2,
                "threads_per_core": 2
              }
            ],
            "cpu_threads_per_core": 2,
            "credit_specification": [],
            "disable_api_stop": false,
            "disable_api_termination": false,
            "ebs_block_device": [],
            "ebs_optimized": false,
            "enclave_options": [
              {
                "enabled": false
              }
            ],
            "ephemeral_block_device": [],
            "get_password_data": false,
            "hibernation": false,
            "host_id": "",
            "host_resource_group_arn": null,
            "iam_instance_profile": "my_ssm_instance_profile",
            "id": "i-09f383e958cc7f71a",
            "instance_initiated_shutdown_behavior": "stop",
            "instance_state": "running",
            "instance_type": "c5.xlarge",
            "ipv6_address_count": 0,
            "ipv6_addresses": [],
            "key_name": "BaseKeyAcces",
            "launch_template": [],
            "maintenance_options": [
              {
                "auto_recovery": "default"
              }
            ],
            "metadata_options": [
              {
                "http_endpoint": "enabled",
                "http_put_response_hop_limit": 1,
                "http_tokens": "optional",
                "instance_metadata_tags": "disabled"
              }
            ],
            "monitoring": false,
            "network_interface": [],
            "outpost_arn": "",
            "password_data": "",
            "placement_group": "",
            "placement_partition_number": 0,
            "primary_network_interface_id": "eni-0b106f213abc0661a",
            "private_dns": "ip-10-1-1-180.us-west-2.compute.internal",
            "private_dns_name_options": [
              {
                "enable_resource_name_dns_a_record": false,
                "enable_resource_name_dns_aaaa_record": false,
                "hostname_type": "ip-name"
              }
            ],
            "private_ip": "10.1.1.180",
            "public_dns": "ec2-35-94-62-88.us-west-2.compute.amazonaws.com",
            "public_ip": "35.94.62.88",
            "root_block_device": [
              {
                "delete_on_termination": true,
                "device_name": "/dev/sda1",
                "encrypted": false,
                "iops": 3000,
                "kms_key_id": "",
                "tags": null,
                "throughput": 125,
                "volume_id": "vol-0d5b1ac09af3c2980",
                "volume_size": 40,
                "volume_type": "gp3"
              }
            ],
            "secondary_private_ips": [],
            "security_groups": [],
            "source_dest_check": true,
            "subnet_id": "subnet-0f5f3a8402fd27b91",
            "tags": {
              "Name": "OpenVPN Oregon"
            },
            "tags_all": {
              "Name": "OpenVPN Oregon"
            },
            "tenancy": "default",
            "timeouts": null,
            "user_data": "ee4ad69092e0af66401b333431f9e58b23647a2b",
            "user_data_base64": null,
            "user_data_replace_on_change": false,
            "volume_tags": null,
            "vpc_security_group_ids": [
              "sg-024a6e3234f1e8ee4"
            ]
          },
          "sensitive_attributes": [],
          "private": "eyJlMmJmYjczMC1lY2FhLTExZTYtOGY4OC0zNDM2M2JjN2M0YzAiOnsiY3JlYXRlIjo2MDAwMDAwMDAwMDAsImRlbGV0ZSI6MTIwMDAwMDAwMDAwMCwidXBkYXRlIjo2MDAwMDAwMDAwMDB9LCJzY2hlbWFfdmVyc2lvbiI6IjEifQ==",
          "dependencies": [
            "aws_iam_instance_profile.ssm_instance_profile",
            "aws_iam_role.ssm_role",
            "aws_security_group.alb_sg_oregon",
            "aws_security_group.openvpn_sg_oregon",
            "module.vpc_oregon.aws_subnet.public",
            "module.vpc_oregon.aws_vpc.this"
          ]
        }
      ]
    },
    {
      "mode": "managed",
      "type": "aws_instance",
      "name": "openvpn_virginia",
      "provider": "provider[\"registry.terraform.io/hashicorp/aws\"].virginia",
      "instances": [
        {
          "schema_version": 1,
          "attributes": {
            "ami": "ami-095f86ec226de8b8e",
            "arn": "arn:aws:ec2:us-east-1:993407081893:instance/i-0e26096a16d2265bb",
            "associate_public_ip_address": true,
            "availability_zone": "us-east-1a",
            "capacity_reservation_specification": [
              {
                "capacity_reservation_preference": "open",
                "capacity_reservation_target": []
              }
            ],
            "cpu_core_count": 2,
            "cpu_options": [
              {
                "amd_sev_snp": "",
                "core_count": 2,
                "threads_per_core": 2
              }
            ],
            "cpu_threads_per_core": 2,
            "credit_specification": [],
            "disable_api_stop": false,
            "disable_api_termination": false,
            "ebs_block_device": [],
            "ebs_optimized": false,
            "enclave_options": [
              {
                "enabled": false
              }
            ],
            "ephemeral_block_device": [],
            "get_password_data": false,
            "hibernation": false,
            "host_id": "",
            "host_resource_group_arn": null,
            "iam_instance_profile": "my_ssm_instance_profile",
            "id": "i-0e26096a16d2265bb",
            "instance_initiated_shutdown_behavior": "stop",
            "instance_state": "running",
            "instance_type": "c5.xlarge",
            "ipv6_address_count": 0,
            "ipv6_addresses": [],
            "key_name": "BaseKeyAcces",
            "launch_template": [],
            "maintenance_options": [
              {
                "auto_recovery": "default"
              }
            ],
            "metadata_options": [
              {
                "http_endpoint": "enabled",
                "http_put_response_hop_limit": 1,
                "http_tokens": "optional",
                "instance_metadata_tags": "disabled"
              }
            ],
            "monitoring": false,
            "network_interface": [],
            "outpost_arn": "",
            "password_data": "",
            "placement_group": "",
            "placement_partition_number": 0,
            "primary_network_interface_id": "eni-06cf624241483db10",
            "private_dns": "ip-10-0-1-240.ec2.internal",
            "private_dns_name_options": [
              {
                "enable_resource_name_dns_a_record": false,
                "enable_resource_name_dns_aaaa_record": false,
                "hostname_type": "ip-name"
              }
            ],
            "private_ip": "10.0.1.240",
            "public_dns": "ec2-184-73-27-31.compute-1.amazonaws.com",
            "public_ip": "184.73.27.31",
            "root_block_device": [
              {
                "delete_on_termination": true,
                "device_name": "/dev/sda1",
                "encrypted": false,
                "iops": 3000,
                "kms_key_id": "",
                "tags": null,
                "throughput": 125,
                "volume_id": "vol-0c68a9b1369895ab0",
                "volume_size": 40,
                "volume_type": "gp3"
              }
            ],
            "secondary_private_ips": [],
            "security_groups": [],
            "source_dest_check": true,
            "subnet_id": "subnet-0572fe7afad9caae3",
            "tags": {
              "Name": "OpenVPN Virginia"
            },
            "tags_all": {
              "Name": "OpenVPN Virginia"
            },
            "tenancy": "default",
            "timeouts": null,
            "user_data": "5827d7199be262a87d3639dacaa54681d187f060",
            "user_data_base64": null,
            "user_data_replace_on_change": false,
            "volume_tags": null,
            "vpc_security_group_ids": [
              "sg-02782f0d4907f8e8d"
            ]
          },
          "sensitive_attributes": [],
          "private": "eyJlMmJmYjczMC1lY2FhLTExZTYtOGY4OC0zNDM2M2JjN2M0YzAiOnsiY3JlYXRlIjo2MDAwMDAwMDAwMDAsImRlbGV0ZSI6MTIwMDAwMDAwMDAwMCwidXBkYXRlIjo2MDAwMDAwMDAwMDB9LCJzY2hlbWFfdmVyc2lvbiI6IjEifQ==",
          "dependencies": [
            "aws_iam_instance_profile.ssm_instance_profile",
            "aws_iam_role.ssm_role",
            "aws_security_group.alb_sg_virginia",
            "aws_security_group.openvpn_sg_virginia",
            "module.vpc_virginia.aws_subnet.public",
            "module.vpc_virginia.aws_vpc.this"
          ]
        }
      ]
    },
    {
      "mode": "managed",
      "type": "aws_instance",
      "name": "pentaho_oregon",
      "provider": "provider[\"registry.terraform.io/hashicorp/aws\"].oregon",
      "instances": [
        {
          "schema_version": 1,
          "attributes": {
            "ami": "ami-0676a735c5f8e67c4",
            "arn": "arn:aws:ec2:us-west-2:993407081893:instance/i-0512fd088ca4c7d4e",
            "associate_public_ip_address": true,
            "availability_zone": "us-west-2a",
            "capacity_reservation_specification": [
              {
                "capacity_reservation_preference": "open",
                "capacity_reservation_target": []
              }
            ],
            "cpu_core_count": 2,
            "cpu_options": [
              {
                "amd_sev_snp": "",
                "core_count": 2,
                "threads_per_core": 2
              }
            ],
            "cpu_threads_per_core": 2,
            "credit_specification": [],
            "disable_api_stop": false,
            "disable_api_termination": false,
            "ebs_block_device": [],
            "ebs_optimized": false,
            "enclave_options": [
              {
                "enabled": false
              }
            ],
            "ephemeral_block_device": [],
            "get_password_data": false,
            "hibernation": false,
            "host_id": "",
            "host_resource_group_arn": null,
            "iam_instance_profile": "my_ssm_instance_profile",
            "id": "i-0512fd088ca4c7d4e",
            "instance_initiated_shutdown_behavior": "stop",
            "instance_state": "running",
            "instance_type": "c5.xlarge",
            "ipv6_address_count": 0,
            "ipv6_addresses": [],
            "key_name": "BaseKeyAcces",
            "launch_template": [],
            "maintenance_options": [
              {
                "auto_recovery": "default"
              }
            ],
            "metadata_options": [
              {
                "http_endpoint": "enabled",
                "http_put_response_hop_limit": 1,
                "http_tokens": "optional",
                "instance_metadata_tags": "disabled"
              }
            ],
            "monitoring": false,
            "network_interface": [],
            "outpost_arn": "",
            "password_data": "",
            "placement_group": "",
            "placement_partition_number": 0,
            "primary_network_interface_id": "eni-0090142f4abbb7770",
            "private_dns": "ip-10-1-1-228.us-west-2.compute.internal",
            "private_dns_name_options": [
              {
                "enable_resource_name_dns_a_record": false,
                "enable_resource_name_dns_aaaa_record": false,
                "hostname_type": "ip-name"
              }
            ],
            "private_ip": "10.1.1.228",
            "public_dns": "ec2-54-213-235-78.us-west-2.compute.amazonaws.com",
            "public_ip": "54.213.235.78",
            "root_block_device": [
              {
                "delete_on_termination": true,
                "device_name": "/dev/xvda",
                "encrypted": false,
                "iops": 3000,
                "kms_key_id": "",
                "tags": null,
                "throughput": 125,
                "volume_id": "vol-033f4e96310138170",
                "volume_size": 40,
                "volume_type": "gp3"
              }
            ],
            "secondary_private_ips": [],
            "security_groups": [],
            "source_dest_check": true,
            "subnet_id": "subnet-0f5f3a8402fd27b91",
            "tags": {
              "Name": "Pentaho Oregon"
            },
            "tags_all": {
              "Name": "Pentaho Oregon"
            },
            "tenancy": "default",
            "timeouts": null,
            "user_data": "53a5bc34221e44bd18aa2acf135c268e8ab1719b",
            "user_data_base64": null,
            "user_data_replace_on_change": false,
            "volume_tags": null,
            "vpc_security_group_ids": [
              "sg-0e53e9a6ee1fb279e"
            ]
          },
          "sensitive_attributes": [],
          "private": "eyJlMmJmYjczMC1lY2FhLTExZTYtOGY4OC0zNDM2M2JjN2M0YzAiOnsiY3JlYXRlIjo2MDAwMDAwMDAwMDAsImRlbGV0ZSI6MTIwMDAwMDAwMDAwMCwidXBkYXRlIjo2MDAwMDAwMDAwMDB9LCJzY2hlbWFfdmVyc2lvbiI6IjEifQ==",
          "dependencies": [
            "aws_iam_instance_profile.ssm_instance_profile",
            "aws_iam_role.ssm_role",
            "aws_security_group.alb_sg_oregon",
            "aws_security_group.pentaho_sg_oregon",
            "module.vpc_oregon.aws_subnet.public",
            "module.vpc_oregon.aws_vpc.this"
          ]
        }
      ]
    },
    {
      "mode": "managed",
      "type": "aws_instance",
      "name": "pentaho_virginia",
      "provider": "provider[\"registry.terraform.io/hashicorp/aws\"].virginia",
      "instances": [
        {
          "schema_version": 1,
          "attributes": {
            "ami": "ami-04e8b3e527208c8cf",
            "arn": "arn:aws:ec2:us-east-1:993407081893:instance/i-07780cf9aa417718e",
            "associate_public_ip_address": true,
            "availability_zone": "us-east-1a",
            "capacity_reservation_specification": [
              {
                "capacity_reservation_preference": "open",
                "capacity_reservation_target": []
              }
            ],
            "cpu_core_count": 2,
            "cpu_options": [
              {
                "amd_sev_snp": "",
                "core_count": 2,
                "threads_per_core": 2
              }
            ],
            "cpu_threads_per_core": 2,
            "credit_specification": [],
            "disable_api_stop": false,
            "disable_api_termination": false,
            "ebs_block_device": [],
            "ebs_optimized": false,
            "enclave_options": [
              {
                "enabled": false
              }
            ],
            "ephemeral_block_device": [],
            "get_password_data": false,
            "hibernation": false,
            "host_id": "",
            "host_resource_group_arn": null,
            "iam_instance_profile": "my_ssm_instance_profile",
            "id": "i-07780cf9aa417718e",
            "instance_initiated_shutdown_behavior": "stop",
            "instance_state": "running",
            "instance_type": "c5.xlarge",
            "ipv6_address_count": 0,
            "ipv6_addresses": [],
            "key_name": "BaseKeyAcces",
            "launch_template": [],
            "maintenance_options": [
              {
                "auto_recovery": "default"
              }
            ],
            "metadata_options": [
              {
                "http_endpoint": "enabled",
                "http_put_response_hop_limit": 1,
                "http_tokens": "optional",
                "instance_metadata_tags": "disabled"
              }
            ],
            "monitoring": false,
            "network_interface": [],
            "outpost_arn": "",
            "password_data": "",
            "placement_group": "",
            "placement_partition_number": 0,
            "primary_network_interface_id": "eni-0efe38f6f7fe27525",
            "private_dns": "ip-10-0-1-77.ec2.internal",
            "private_dns_name_options": [
              {
                "enable_resource_name_dns_a_record": false,
                "enable_resource_name_dns_aaaa_record": false,
                "hostname_type": "ip-name"
              }
            ],
            "private_ip": "10.0.1.77",
            "public_dns": "ec2-54-234-58-235.compute-1.amazonaws.com",
            "public_ip": "54.234.58.235",
            "root_block_device": [
              {
                "delete_on_termination": true,
                "device_name": "/dev/xvda",
                "encrypted": false,
                "iops": 3000,
                "kms_key_id": "",
                "tags": null,
                "throughput": 125,
                "volume_id": "vol-049927ae1dee3c801",
                "volume_size": 40,
                "volume_type": "gp3"
              }
            ],
            "secondary_private_ips": [],
            "security_groups": [],
            "source_dest_check": true,
            "subnet_id": "subnet-0572fe7afad9caae3",
            "tags": {
              "Name": "Pentaho Virginia"
            },
            "tags_all": {
              "Name": "Pentaho Virginia"
            },
            "tenancy": "default",
            "timeouts": null,
            "user_data": "584a68b908be0cbcc049531013b601d913d414dc",
            "user_data_base64": null,
            "user_data_replace_on_change": false,
            "volume_tags": null,
            "vpc_security_group_ids": [
              "sg-08bda78465b4a715e"
            ]
          },
          "sensitive_attributes": [],
          "private": "eyJlMmJmYjczMC1lY2FhLTExZTYtOGY4OC0zNDM2M2JjN2M0YzAiOnsiY3JlYXRlIjo2MDAwMDAwMDAwMDAsImRlbGV0ZSI6MTIwMDAwMDAwMDAwMCwidXBkYXRlIjo2MDAwMDAwMDAwMDB9LCJzY2hlbWFfdmVyc2lvbiI6IjEifQ==",
          "dependencies": [
            "aws_iam_instance_profile.ssm_instance_profile",
            "aws_iam_role.ssm_role",
            "aws_security_group.alb_sg_virginia",
            "aws_security_group.pentaho_sg_virginia",
            "module.vpc_virginia.aws_subnet.public",
            "module.vpc_virginia.aws_vpc.this"
          ]
        }
      ]
    },
    {
      "mode": "managed",
      "type": "aws_instance",
      "name": "sonarqube_oregon",
      "provider": "provider[\"registry.terraform.io/hashicorp/aws\"].oregon",
      "instances": [
        {
          "schema_version": 1,
          "attributes": {
            "ami": "ami-0676a735c5f8e67c4",
            "arn": "arn:aws:ec2:us-west-2:993407081893:instance/i-0c2803181edcf6c72",
            "associate_public_ip_address": true,
            "availability_zone": "us-west-2a",
            "capacity_reservation_specification": [
              {
                "capacity_reservation_preference": "open",
                "capacity_reservation_target": []
              }
            ],
            "cpu_core_count": 2,
            "cpu_options": [
              {
                "amd_sev_snp": "",
                "core_count": 2,
                "threads_per_core": 2
              }
            ],
            "cpu_threads_per_core": 2,
            "credit_specification": [],
            "disable_api_stop": false,
            "disable_api_termination": false,
            "ebs_block_device": [],
            "ebs_optimized": false,
            "enclave_options": [
              {
                "enabled": false
              }
            ],
            "ephemeral_block_device": [],
            "get_password_data": false,
            "hibernation": false,
            "host_id": "",
            "host_resource_group_arn": null,
            "iam_instance_profile": "my_ssm_instance_profile",
            "id": "i-0c2803181edcf6c72",
            "instance_initiated_shutdown_behavior": "stop",
            "instance_state": "running",
            "instance_type": "c5.xlarge",
            "ipv6_address_count": 0,
            "ipv6_addresses": [],
            "key_name": "BaseKeyAcces",
            "launch_template": [],
            "maintenance_options": [
              {
                "auto_recovery": "default"
              }
            ],
            "metadata_options": [
              {
                "http_endpoint": "enabled",
                "http_put_response_hop_limit": 1,
                "http_tokens": "optional",
                "instance_metadata_tags": "disabled"
              }
            ],
            "monitoring": false,
            "network_interface": [],
            "outpost_arn": "",
            "password_data": "",
            "placement_group": "",
            "placement_partition_number": 0,
            "primary_network_interface_id": "eni-015a663d74bc33396",
            "private_dns": "ip-10-1-1-154.us-west-2.compute.internal",
            "private_dns_name_options": [
              {
                "enable_resource_name_dns_a_record": false,
                "enable_resource_name_dns_aaaa_record": false,
                "hostname_type": "ip-name"
              }
            ],
            "private_ip": "10.1.1.154",
            "public_dns": "ec2-52-10-40-175.us-west-2.compute.amazonaws.com",
            "public_ip": "52.10.40.175",
            "root_block_device": [
              {
                "delete_on_termination": true,
                "device_name": "/dev/xvda",
                "encrypted": false,
                "iops": 3000,
                "kms_key_id": "",
                "tags": null,
                "throughput": 125,
                "volume_id": "vol-0cdac43def78a76ff",
                "volume_size": 40,
                "volume_type": "gp3"
              }
            ],
            "secondary_private_ips": [],
            "security_groups": [],
            "source_dest_check": true,
            "subnet_id": "subnet-0f5f3a8402fd27b91",
            "tags": {
              "Name": "SonarQube Oregon"
            },
            "tags_all": {
              "Name": "SonarQube Oregon"
            },
            "tenancy": "default",
            "timeouts": null,
            "user_data": "3d7bcbebee4eb3992f8887f96136aec7b205056d",
            "user_data_base64": null,
            "user_data_replace_on_change": false,
            "volume_tags": null,
            "vpc_security_group_ids": [
              "sg-00ba619b8517b9949"
            ]
          },
          "sensitive_attributes": [],
          "private": "eyJlMmJmYjczMC1lY2FhLTExZTYtOGY4OC0zNDM2M2JjN2M0YzAiOnsiY3JlYXRlIjo2MDAwMDAwMDAwMDAsImRlbGV0ZSI6MTIwMDAwMDAwMDAwMCwidXBkYXRlIjo2MDAwMDAwMDAwMDB9LCJzY2hlbWFfdmVyc2lvbiI6IjEifQ==",
          "dependencies": [
            "aws_iam_instance_profile.ssm_instance_profile",
            "aws_iam_role.ssm_role",
            "aws_security_group.alb_sg_oregon",
            "aws_security_group.sonarqube_sg_oregon",
            "module.vpc_oregon.aws_subnet.public",
            "module.vpc_oregon.aws_vpc.this"
          ]
        }
      ]
    },
    {
      "mode": "managed",
      "type": "aws_instance",
      "name": "sonarqube_virginia",
      "provider": "provider[\"registry.terraform.io/hashicorp/aws\"].virginia",
      "instances": [
        {
          "schema_version": 1,
          "attributes": {
            "ami": "ami-04e8b3e527208c8cf",
            "arn": "arn:aws:ec2:us-east-1:993407081893:instance/i-0c47360d5d6109018",
            "associate_public_ip_address": true,
            "availability_zone": "us-east-1a",
            "capacity_reservation_specification": [
              {
                "capacity_reservation_preference": "open",
                "capacity_reservation_target": []
              }
            ],
            "cpu_core_count": 2,
            "cpu_options": [
              {
                "amd_sev_snp": "",
                "core_count": 2,
                "threads_per_core": 2
              }
            ],
            "cpu_threads_per_core": 2,
            "credit_specification": [],
            "disable_api_stop": false,
            "disable_api_termination": false,
            "ebs_block_device": [],
            "ebs_optimized": false,
            "enclave_options": [
              {
                "enabled": false
              }
            ],
            "ephemeral_block_device": [],
            "get_password_data": false,
            "hibernation": false,
            "host_id": "",
            "host_resource_group_arn": null,
            "iam_instance_profile": "my_ssm_instance_profile",
            "id": "i-0c47360d5d6109018",
            "instance_initiated_shutdown_behavior": "stop",
            "instance_state": "running",
            "instance_type": "c5.xlarge",
            "ipv6_address_count": 0,
            "ipv6_addresses": [],
            "key_name": "BaseKeyAcces",
            "launch_template": [],
            "maintenance_options": [
              {
                "auto_recovery": "default"
              }
            ],
            "metadata_options": [
              {
                "http_endpoint": "enabled",
                "http_put_response_hop_limit": 1,
                "http_tokens": "optional",
                "instance_metadata_tags": "disabled"
              }
            ],
            "monitoring": false,
            "network_interface": [],
            "outpost_arn": "",
            "password_data": "",
            "placement_group": "",
            "placement_partition_number": 0,
            "primary_network_interface_id": "eni-09f4a8c5bcef78fd6",
            "private_dns": "ip-10-0-1-49.ec2.internal",
            "private_dns_name_options": [
              {
                "enable_resource_name_dns_a_record": false,
                "enable_resource_name_dns_aaaa_record": false,
                "hostname_type": "ip-name"
              }
            ],
            "private_ip": "10.0.1.49",
            "public_dns": "ec2-35-172-181-15.compute-1.amazonaws.com",
            "public_ip": "35.172.181.15",
            "root_block_device": [
              {
                "delete_on_termination": true,
                "device_name": "/dev/xvda",
                "encrypted": false,
                "iops": 3000,
                "kms_key_id": "",
                "tags": null,
                "throughput": 125,
                "volume_id": "vol-07c0394671789dd41",
                "volume_size": 40,
                "volume_type": "gp3"
              }
            ],
            "secondary_private_ips": [],
            "security_groups": [],
            "source_dest_check": true,
            "subnet_id": "subnet-0572fe7afad9caae3",
            "tags": {
              "Name": "SonarQube Virginia"
            },
            "tags_all": {
              "Name": "SonarQube Virginia"
            },
            "tenancy": "default",
            "timeouts": null,
            "user_data": "2975c248421ce8760e48848966a78b6e70bf5e54",
            "user_data_base64": null,
            "user_data_replace_on_change": false,
            "volume_tags": null,
            "vpc_security_group_ids": [
              "sg-0633a855d0ba3a5fc"
            ]
          },
          "sensitive_attributes": [],
          "private": "eyJlMmJmYjczMC1lY2FhLTExZTYtOGY4OC0zNDM2M2JjN2M0YzAiOnsiY3JlYXRlIjo2MDAwMDAwMDAwMDAsImRlbGV0ZSI6MTIwMDAwMDAwMDAwMCwidXBkYXRlIjo2MDAwMDAwMDAwMDB9LCJzY2hlbWFfdmVyc2lvbiI6IjEifQ==",
          "dependencies": [
            "aws_iam_instance_profile.ssm_instance_profile",
            "aws_iam_role.ssm_role",
            "aws_security_group.alb_sg_virginia",
            "aws_security_group.sonarqube_sg_virginia",
            "module.vpc_virginia.aws_subnet.public",
            "module.vpc_virginia.aws_vpc.this"
          ]
        }
      ]
    },
    {
      "mode": "managed",
      "type": "aws_instance",
      "name": "tickets_oregon",
      "provider": "provider[\"registry.terraform.io/hashicorp/aws\"].oregon",
      "instances": [
        {
          "schema_version": 1,
          "attributes": {
            "ami": "ami-0676a735c5f8e67c4",
            "arn": "arn:aws:ec2:us-west-2:993407081893:instance/i-0c03b5c78502c4448",
            "associate_public_ip_address": true,
            "availability_zone": "us-west-2a",
            "capacity_reservation_specification": [
              {
                "capacity_reservation_preference": "open",
                "capacity_reservation_target": []
              }
            ],
            "cpu_core_count": 2,
            "cpu_options": [
              {
                "amd_sev_snp": "",
                "core_count": 2,
                "threads_per_core": 2
              }
            ],
            "cpu_threads_per_core": 2,
            "credit_specification": [],
            "disable_api_stop": false,
            "disable_api_termination": false,
            "ebs_block_device": [],
            "ebs_optimized": false,
            "enclave_options": [
              {
                "enabled": false
              }
            ],
            "ephemeral_block_device": [],
            "get_password_data": false,
            "hibernation": false,
            "host_id": "",
            "host_resource_group_arn": null,
            "iam_instance_profile": "my_ssm_instance_profile",
            "id": "i-0c03b5c78502c4448",
            "instance_initiated_shutdown_behavior": "stop",
            "instance_state": "running",
            "instance_type": "c5.xlarge",
            "ipv6_address_count": 0,
            "ipv6_addresses": [],
            "key_name": "BaseKeyAcces",
            "launch_template": [],
            "maintenance_options": [
              {
                "auto_recovery": "default"
              }
            ],
            "metadata_options": [
              {
                "http_endpoint": "enabled",
                "http_put_response_hop_limit": 1,
                "http_tokens": "optional",
                "instance_metadata_tags": "disabled"
              }
            ],
            "monitoring": false,
            "network_interface": [],
            "outpost_arn": "",
            "password_data": "",
            "placement_group": "",
            "placement_partition_number": 0,
            "primary_network_interface_id": "eni-0f5d687b59c4309c6",
            "private_dns": "ip-10-1-1-70.us-west-2.compute.internal",
            "private_dns_name_options": [
              {
                "enable_resource_name_dns_a_record": false,
                "enable_resource_name_dns_aaaa_record": false,
                "hostname_type": "ip-name"
              }
            ],
            "private_ip": "10.1.1.70",
            "public_dns": "ec2-54-213-90-196.us-west-2.compute.amazonaws.com",
            "public_ip": "54.213.90.196",
            "root_block_device": [
              {
                "delete_on_termination": true,
                "device_name": "/dev/xvda",
                "encrypted": false,
                "iops": 3000,
                "kms_key_id": "",
                "tags": null,
                "throughput": 125,
                "volume_id": "vol-0f6270451c7b461de",
                "volume_size": 40,
                "volume_type": "gp3"
              }
            ],
            "secondary_private_ips": [],
            "security_groups": [],
            "source_dest_check": true,
            "subnet_id": "subnet-0f5f3a8402fd27b91",
            "tags": {
              "Name": "Tickets Oregon"
            },
            "tags_all": {
              "Name": "Tickets Oregon"
            },
            "tenancy": "default",
            "timeouts": null,
            "user_data": "5685af8dd5df4843e440766e706e1c0150156d3c",
            "user_data_base64": null,
            "user_data_replace_on_change": false,
            "volume_tags": null,
            "vpc_security_group_ids": [
              "sg-0a7373c026ac1e552"
            ]
          },
          "sensitive_attributes": [],
          "private": "eyJlMmJmYjczMC1lY2FhLTExZTYtOGY4OC0zNDM2M2JjN2M0YzAiOnsiY3JlYXRlIjo2MDAwMDAwMDAwMDAsImRlbGV0ZSI6MTIwMDAwMDAwMDAwMCwidXBkYXRlIjo2MDAwMDAwMDAwMDB9LCJzY2hlbWFfdmVyc2lvbiI6IjEifQ==",
          "dependencies": [
            "aws_iam_instance_profile.ssm_instance_profile",
            "aws_iam_role.ssm_role",
            "aws_security_group.alb_sg_oregon",
            "aws_security_group.tickets_sg_oregon",
            "module.vpc_oregon.aws_subnet.public",
            "module.vpc_oregon.aws_vpc.this"
          ]
        }
      ]
    },
    {
      "mode": "managed",
      "type": "aws_instance",
      "name": "tickets_virginia",
      "provider": "provider[\"registry.terraform.io/hashicorp/aws\"].virginia",
      "instances": [
        {
          "schema_version": 1,
          "attributes": {
            "ami": "ami-04e8b3e527208c8cf",
            "arn": "arn:aws:ec2:us-east-1:993407081893:instance/i-09f144c0db843d8ce",
            "associate_public_ip_address": true,
            "availability_zone": "us-east-1a",
            "capacity_reservation_specification": [
              {
                "capacity_reservation_preference": "open",
                "capacity_reservation_target": []
              }
            ],
            "cpu_core_count": 2,
            "cpu_options": [
              {
                "amd_sev_snp": "",
                "core_count": 2,
                "threads_per_core": 2
              }
            ],
            "cpu_threads_per_core": 2,
            "credit_specification": [],
            "disable_api_stop": false,
            "disable_api_termination": false,
            "ebs_block_device": [],
            "ebs_optimized": false,
            "enclave_options": [
              {
                "enabled": false
              }
            ],
            "ephemeral_block_device": [],
            "get_password_data": false,
            "hibernation": false,
            "host_id": "",
            "host_resource_group_arn": null,
            "iam_instance_profile": "my_ssm_instance_profile",
            "id": "i-09f144c0db843d8ce",
            "instance_initiated_shutdown_behavior": "stop",
            "instance_state": "running",
            "instance_type": "c5.xlarge",
            "ipv6_address_count": 0,
            "ipv6_addresses": [],
            "key_name": "BaseKeyAcces",
            "launch_template": [],
            "maintenance_options": [
              {
                "auto_recovery": "default"
              }
            ],
            "metadata_options": [
              {
                "http_endpoint": "enabled",
                "http_put_response_hop_limit": 1,
                "http_tokens": "optional",
                "instance_metadata_tags": "disabled"
              }
            ],
            "monitoring": false,
            "network_interface": [],
            "outpost_arn": "",
            "password_data": "",
            "placement_group": "",
            "placement_partition_number": 0,
            "primary_network_interface_id": "eni-00d27e788713772a9",
            "private_dns": "ip-10-0-1-28.ec2.internal",
            "private_dns_name_options": [
              {
                "enable_resource_name_dns_a_record": false,
                "enable_resource_name_dns_aaaa_record": false,
                "hostname_type": "ip-name"
              }
            ],
            "private_ip": "10.0.1.28",
            "public_dns": "ec2-34-228-140-107.compute-1.amazonaws.com",
            "public_ip": "34.228.140.107",
            "root_block_device": [
              {
                "delete_on_termination": true,
                "device_name": "/dev/xvda",
                "encrypted": false,
                "iops": 3000,
                "kms_key_id": "",
                "tags": null,
                "throughput": 125,
                "volume_id": "vol-0982a1cb266ad6e4d",
                "volume_size": 40,
                "volume_type": "gp3"
              }
            ],
            "secondary_private_ips": [],
            "security_groups": [],
            "source_dest_check": true,
            "subnet_id": "subnet-0572fe7afad9caae3",
            "tags": {
              "Name": "Tickets Virginia"
            },
            "tags_all": {
              "Name": "Tickets Virginia"
            },
            "tenancy": "default",
            "timeouts": null,
            "user_data": "07eb135554d9f46c73eede9085c6022a91d8581c",
            "user_data_base64": null,
            "user_data_replace_on_change": false,
            "volume_tags": null,
            "vpc_security_group_ids": [
              "sg-0af1b3e5e3521791b"
            ]
          },
          "sensitive_attributes": [],
          "private": "eyJlMmJmYjczMC1lY2FhLTExZTYtOGY4OC0zNDM2M2JjN2M0YzAiOnsiY3JlYXRlIjo2MDAwMDAwMDAwMDAsImRlbGV0ZSI6MTIwMDAwMDAwMDAwMCwidXBkYXRlIjo2MDAwMDAwMDAwMDB9LCJzY2hlbWFfdmVyc2lvbiI6IjEifQ==",
          "dependencies": [
            "aws_iam_instance_profile.ssm_instance_profile",
            "aws_iam_role.ssm_role",
            "aws_security_group.alb_sg_virginia",
            "aws_security_group.tickets_sg_virginia",
            "module.vpc_virginia.aws_subnet.public",
            "module.vpc_virginia.aws_vpc.this"
          ]
        }
      ]
    },
    {
      "mode": "managed",
      "type": "aws_lb_listener_rule",
      "name": "gitlab_rule_oregon",
      "provider": "provider[\"registry.terraform.io/hashicorp/aws\"].oregon",
      "instances": [
        {
          "schema_version": 0,
          "attributes": {
            "action": [
              {
                "authenticate_cognito": [],
                "authenticate_oidc": [],
                "fixed_response": [],
                "forward": [],
                "order": 1,
                "redirect": [],
                "target_group_arn": "arn:aws:elasticloadbalancing:us-west-2:993407081893:targetgroup/gitlab-tg-oregon/67179c4cc5738df4",
                "type": "forward"
              }
            ],
            "arn": "arn:aws:elasticloadbalancing:us-west-2:993407081893:listener-rule/app/alb-oregon/fd7dbff94d602dcf/705ca69b0d915392/0dcaf33f7e985da2",
            "condition": [
              {
                "host_header": [
                  {
                    "values": [
                      "gitlab.isolated-oregon.kubixcorp.com"
                    ]
                  }
                ],
                "http_header": [],
                "http_request_method": [],
                "path_pattern": [],
                "query_string": [],
                "source_ip": []
              }
            ],
            "id": "arn:aws:elasticloadbalancing:us-west-2:993407081893:listener-rule/app/alb-oregon/fd7dbff94d602dcf/705ca69b0d915392/0dcaf33f7e985da2",
            "listener_arn": "arn:aws:elasticloadbalancing:us-west-2:993407081893:listener/app/alb-oregon/fd7dbff94d602dcf/705ca69b0d915392",
            "priority": 20,
            "tags": {
              "Name": "gitlab_rule_oregon"
            },
            "tags_all": {
              "Name": "gitlab_rule_oregon"
            }
          },
          "sensitive_attributes": [],
          "private": "bnVsbA==",
          "dependencies": [
            "aws_lb_target_group.gitlab_tg_oregon",
            "aws_s3_bucket.alb_logs_oregon",
            "aws_security_group.alb_sg_oregon",
            "aws_wafv2_ip_set.allowed_ips_oregon",
            "aws_wafv2_web_acl.web_acl_oregon",
            "module.alb_oregon.aws_lb.this",
            "module.alb_oregon.aws_lb_listener.https",
            "module.vpc_oregon.aws_subnet.public",
            "module.vpc_oregon.aws_vpc.this"
          ]
        }
      ]
    },
    {
      "mode": "managed",
      "type": "aws_lb_listener_rule",
      "name": "gitlab_rule_virginia",
      "provider": "provider[\"registry.terraform.io/hashicorp/aws\"].virginia",
      "instances": [
        {
          "schema_version": 0,
          "attributes": {
            "action": [
              {
                "authenticate_cognito": [],
                "authenticate_oidc": [],
                "fixed_response": [],
                "forward": [],
                "order": 1,
                "redirect": [],
                "target_group_arn": "arn:aws:elasticloadbalancing:us-east-1:993407081893:targetgroup/gitlab-tg-virginia/051871f21fef4045",
                "type": "forward"
              }
            ],
            "arn": "arn:aws:elasticloadbalancing:us-east-1:993407081893:listener-rule/app/alb-virginia/3e2a9aaf11406ef0/4bad488c359e0862/1bf1aad48fea7b62",
            "condition": [
              {
                "host_header": [
                  {
                    "values": [
                      "gitlab.isolated-virginia.kubixcorp.com"
                    ]
                  }
                ],
                "http_header": [],
                "http_request_method": [],
                "path_pattern": [],
                "query_string": [],
                "source_ip": []
              }
            ],
            "id": "arn:aws:elasticloadbalancing:us-east-1:993407081893:listener-rule/app/alb-virginia/3e2a9aaf11406ef0/4bad488c359e0862/1bf1aad48fea7b62",
            "listener_arn": "arn:aws:elasticloadbalancing:us-east-1:993407081893:listener/app/alb-virginia/3e2a9aaf11406ef0/4bad488c359e0862",
            "priority": 20,
            "tags": {
              "Name": "gitlab_rule_virginia"
            },
            "tags_all": {
              "Name": "gitlab_rule_virginia"
            }
          },
          "sensitive_attributes": [],
          "private": "bnVsbA==",
          "dependencies": [
            "aws_lb_target_group.gitlab_tg_virginia",
            "aws_s3_bucket.alb_logs_virginia",
            "aws_security_group.alb_sg_virginia",
            "aws_wafv2_ip_set.allowed_ips_virginia",
            "aws_wafv2_web_acl.web_acl_virginia",
            "module.alb_virginia.aws_lb.this",
            "module.alb_virginia.aws_lb_listener.https",
            "module.vpc_virginia.aws_subnet.public",
            "module.vpc_virginia.aws_vpc.this"
          ]
        }
      ]
    },
    {
      "mode": "managed",
      "type": "aws_lb_listener_rule",
      "name": "jasper_rule_oregon",
      "provider": "provider[\"registry.terraform.io/hashicorp/aws\"].oregon",
      "instances": [
        {
          "schema_version": 0,
          "attributes": {
            "action": [
              {
                "authenticate_cognito": [],
                "authenticate_oidc": [],
                "fixed_response": [],
                "forward": [],
                "order": 1,
                "redirect": [],
                "target_group_arn": "arn:aws:elasticloadbalancing:us-west-2:993407081893:targetgroup/jasper-tg-oregon/d2e1caab1294d1a4",
                "type": "forward"
              }
            ],
            "arn": "arn:aws:elasticloadbalancing:us-west-2:993407081893:listener-rule/app/alb-oregon/fd7dbff94d602dcf/705ca69b0d915392/a82a22d271c91e3a",
            "condition": [
              {
                "host_header": [
                  {
                    "values": [
                      "reports.isolated-oregon.kubixcorp.com"
                    ]
                  }
                ],
                "http_header": [],
                "http_request_method": [],
                "path_pattern": [],
                "query_string": [],
                "source_ip": []
              }
            ],
            "id": "arn:aws:elasticloadbalancing:us-west-2:993407081893:listener-rule/app/alb-oregon/fd7dbff94d602dcf/705ca69b0d915392/a82a22d271c91e3a",
            "listener_arn": "arn:aws:elasticloadbalancing:us-west-2:993407081893:listener/app/alb-oregon/fd7dbff94d602dcf/705ca69b0d915392",
            "priority": 19,
            "tags": {
              "Name": "jasper_rule_oregon"
            },
            "tags_all": {
              "Name": "jasper_rule_oregon"
            }
          },
          "sensitive_attributes": [],
          "private": "bnVsbA==",
          "dependencies": [
            "aws_lb_target_group.jasper_tg_oregon",
            "aws_s3_bucket.alb_logs_oregon",
            "aws_security_group.alb_sg_oregon",
            "aws_wafv2_ip_set.allowed_ips_oregon",
            "aws_wafv2_web_acl.web_acl_oregon",
            "module.alb_oregon.aws_lb.this",
            "module.alb_oregon.aws_lb_listener.https",
            "module.vpc_oregon.aws_subnet.public",
            "module.vpc_oregon.aws_vpc.this"
          ]
        }
      ]
    },
    {
      "mode": "managed",
      "type": "aws_lb_listener_rule",
      "name": "jasper_rule_virginia",
      "provider": "provider[\"registry.terraform.io/hashicorp/aws\"].virginia",
      "instances": [
        {
          "schema_version": 0,
          "attributes": {
            "action": [
              {
                "authenticate_cognito": [],
                "authenticate_oidc": [],
                "fixed_response": [],
                "forward": [],
                "order": 1,
                "redirect": [],
                "target_group_arn": "arn:aws:elasticloadbalancing:us-east-1:993407081893:targetgroup/jasper-tg-virginia/2098d0e5af702417",
                "type": "forward"
              }
            ],
            "arn": "arn:aws:elasticloadbalancing:us-east-1:993407081893:listener-rule/app/alb-virginia/3e2a9aaf11406ef0/4bad488c359e0862/52edb5ed68c1fcfb",
            "condition": [
              {
                "host_header": [
                  {
                    "values": [
                      "reports.isolated-virginia.kubixcorp.com"
                    ]
                  }
                ],
                "http_header": [],
                "http_request_method": [],
                "path_pattern": [],
                "query_string": [],
                "source_ip": []
              }
            ],
            "id": "arn:aws:elasticloadbalancing:us-east-1:993407081893:listener-rule/app/alb-virginia/3e2a9aaf11406ef0/4bad488c359e0862/52edb5ed68c1fcfb",
            "listener_arn": "arn:aws:elasticloadbalancing:us-east-1:993407081893:listener/app/alb-virginia/3e2a9aaf11406ef0/4bad488c359e0862",
            "priority": 19,
            "tags": {
              "Name": "jasper_rule_virginia"
            },
            "tags_all": {
              "Name": "jasper_rule_virginia"
            }
          },
          "sensitive_attributes": [],
          "private": "bnVsbA==",
          "dependencies": [
            "aws_lb_target_group.jasper_tg_virginia",
            "aws_s3_bucket.alb_logs_virginia",
            "aws_security_group.alb_sg_virginia",
            "aws_wafv2_ip_set.allowed_ips_virginia",
            "aws_wafv2_web_acl.web_acl_virginia",
            "module.alb_virginia.aws_lb.this",
            "module.alb_virginia.aws_lb_listener.https",
            "module.vpc_virginia.aws_subnet.public",
            "module.vpc_virginia.aws_vpc.this"
          ]
        }
      ]
    },
    {
      "mode": "managed",
      "type": "aws_lb_listener_rule",
      "name": "monitor_rule_oregon",
      "provider": "provider[\"registry.terraform.io/hashicorp/aws\"].oregon",
      "instances": [
        {
          "schema_version": 0,
          "attributes": {
            "action": [
              {
                "authenticate_cognito": [],
                "authenticate_oidc": [],
                "fixed_response": [],
                "forward": [],
                "order": 1,
                "redirect": [],
                "target_group_arn": "arn:aws:elasticloadbalancing:us-west-2:993407081893:targetgroup/monitor-tg-oregon/9379ad4cd6dd006c",
                "type": "forward"
              }
            ],
            "arn": "arn:aws:elasticloadbalancing:us-west-2:993407081893:listener-rule/app/alb-oregon/fd7dbff94d602dcf/705ca69b0d915392/1bdfbf64b4aff613",
            "condition": [
              {
                "host_header": [
                  {
                    "values": [
                      "monitor.isolated-oregon.kubixcorp.com"
                    ]
                  }
                ],
                "http_header": [],
                "http_request_method": [],
                "path_pattern": [],
                "query_string": [],
                "source_ip": []
              }
            ],
            "id": "arn:aws:elasticloadbalancing:us-west-2:993407081893:listener-rule/app/alb-oregon/fd7dbff94d602dcf/705ca69b0d915392/1bdfbf64b4aff613",
            "listener_arn": "arn:aws:elasticloadbalancing:us-west-2:993407081893:listener/app/alb-oregon/fd7dbff94d602dcf/705ca69b0d915392",
            "priority": 16,
            "tags": {
              "Name": "monitor_rule_oregon"
            },
            "tags_all": {
              "Name": "monitor_rule_oregon"
            }
          },
          "sensitive_attributes": [],
          "private": "bnVsbA==",
          "dependencies": [
            "aws_lb_target_group.monitor_tg_oregon",
            "aws_s3_bucket.alb_logs_oregon",
            "aws_security_group.alb_sg_oregon",
            "aws_wafv2_ip_set.allowed_ips_oregon",
            "aws_wafv2_web_acl.web_acl_oregon",
            "module.alb_oregon.aws_lb.this",
            "module.alb_oregon.aws_lb_listener.https",
            "module.vpc_oregon.aws_subnet.public",
            "module.vpc_oregon.aws_vpc.this"
          ]
        }
      ]
    },
    {
      "mode": "managed",
      "type": "aws_lb_listener_rule",
      "name": "monitor_rule_virginia",
      "provider": "provider[\"registry.terraform.io/hashicorp/aws\"].virginia",
      "instances": [
        {
          "schema_version": 0,
          "attributes": {
            "action": [
              {
                "authenticate_cognito": [],
                "authenticate_oidc": [],
                "fixed_response": [],
                "forward": [],
                "order": 1,
                "redirect": [],
                "target_group_arn": "arn:aws:elasticloadbalancing:us-east-1:993407081893:targetgroup/monitor-tg-virginia/d5e86e3dd9d6e0ce",
                "type": "forward"
              }
            ],
            "arn": "arn:aws:elasticloadbalancing:us-east-1:993407081893:listener-rule/app/alb-virginia/3e2a9aaf11406ef0/4bad488c359e0862/dedfbb42bf52fba3",
            "condition": [
              {
                "host_header": [
                  {
                    "values": [
                      "monitor.isolated-virginia.kubixcorp.com"
                    ]
                  }
                ],
                "http_header": [],
                "http_request_method": [],
                "path_pattern": [],
                "query_string": [],
                "source_ip": []
              }
            ],
            "id": "arn:aws:elasticloadbalancing:us-east-1:993407081893:listener-rule/app/alb-virginia/3e2a9aaf11406ef0/4bad488c359e0862/dedfbb42bf52fba3",
            "listener_arn": "arn:aws:elasticloadbalancing:us-east-1:993407081893:listener/app/alb-virginia/3e2a9aaf11406ef0/4bad488c359e0862",
            "priority": 16,
            "tags": {
              "Name": "monitor_rule_virginia"
            },
            "tags_all": {
              "Name": "monitor_rule_virginia"
            }
          },
          "sensitive_attributes": [],
          "private": "bnVsbA==",
          "dependencies": [
            "aws_lb_target_group.monitor_tg_virginia",
            "aws_s3_bucket.alb_logs_virginia",
            "aws_security_group.alb_sg_virginia",
            "aws_wafv2_ip_set.allowed_ips_virginia",
            "aws_wafv2_web_acl.web_acl_virginia",
            "module.alb_virginia.aws_lb.this",
            "module.alb_virginia.aws_lb_listener.https",
            "module.vpc_virginia.aws_subnet.public",
            "module.vpc_virginia.aws_vpc.this"
          ]
        }
      ]
    },
    {
      "mode": "managed",
      "type": "aws_lb_listener_rule",
      "name": "openvpn_rule_oregon",
      "provider": "provider[\"registry.terraform.io/hashicorp/aws\"].oregon",
      "instances": [
        {
          "schema_version": 0,
          "attributes": {
            "action": [
              {
                "authenticate_cognito": [],
                "authenticate_oidc": [],
                "fixed_response": [],
                "forward": [],
                "order": 1,
                "redirect": [],
                "target_group_arn": "arn:aws:elasticloadbalancing:us-west-2:993407081893:targetgroup/openvpn-tg-oregon/41556509b377e09d",
                "type": "forward"
              }
            ],
            "arn": "arn:aws:elasticloadbalancing:us-west-2:993407081893:listener-rule/app/alb-oregon/fd7dbff94d602dcf/705ca69b0d915392/5c68bd2089ff2b0f",
            "condition": [
              {
                "host_header": [
                  {
                    "values": [
                      "openvpn.isolated-oregon.kubixcorp.com"
                    ]
                  }
                ],
                "http_header": [],
                "http_request_method": [],
                "path_pattern": [],
                "query_string": [],
                "source_ip": []
              }
            ],
            "id": "arn:aws:elasticloadbalancing:us-west-2:993407081893:listener-rule/app/alb-oregon/fd7dbff94d602dcf/705ca69b0d915392/5c68bd2089ff2b0f",
            "listener_arn": "arn:aws:elasticloadbalancing:us-west-2:993407081893:listener/app/alb-oregon/fd7dbff94d602dcf/705ca69b0d915392",
            "priority": 15,
            "tags": {
              "Name": "openvpn_rule_oregon"
            },
            "tags_all": {
              "Name": "openvpn_rule_oregon"
            }
          },
          "sensitive_attributes": [],
          "private": "bnVsbA==",
          "dependencies": [
            "aws_lb_target_group.openvpn_tg_oregon",
            "aws_s3_bucket.alb_logs_oregon",
            "aws_security_group.alb_sg_oregon",
            "aws_wafv2_ip_set.allowed_ips_oregon",
            "aws_wafv2_web_acl.web_acl_oregon",
            "module.alb_oregon.aws_lb.this",
            "module.alb_oregon.aws_lb_listener.https",
            "module.vpc_oregon.aws_subnet.public",
            "module.vpc_oregon.aws_vpc.this"
          ]
        }
      ]
    },
    {
      "mode": "managed",
      "type": "aws_lb_listener_rule",
      "name": "openvpn_rule_virginia",
      "provider": "provider[\"registry.terraform.io/hashicorp/aws\"].virginia",
      "instances": [
        {
          "schema_version": 0,
          "attributes": {
            "action": [
              {
                "authenticate_cognito": [],
                "authenticate_oidc": [],
                "fixed_response": [],
                "forward": [],
                "order": 1,
                "redirect": [],
                "target_group_arn": "arn:aws:elasticloadbalancing:us-east-1:993407081893:targetgroup/openvpn-tg-virginia/73abc379cf458a05",
                "type": "forward"
              }
            ],
            "arn": "arn:aws:elasticloadbalancing:us-east-1:993407081893:listener-rule/app/alb-virginia/3e2a9aaf11406ef0/4bad488c359e0862/30e77a2713beb009",
            "condition": [
              {
                "host_header": [
                  {
                    "values": [
                      "openvpn.isolated-virginia.kubixcorp.com"
                    ]
                  }
                ],
                "http_header": [],
                "http_request_method": [],
                "path_pattern": [],
                "query_string": [],
                "source_ip": []
              }
            ],
            "id": "arn:aws:elasticloadbalancing:us-east-1:993407081893:listener-rule/app/alb-virginia/3e2a9aaf11406ef0/4bad488c359e0862/30e77a2713beb009",
            "listener_arn": "arn:aws:elasticloadbalancing:us-east-1:993407081893:listener/app/alb-virginia/3e2a9aaf11406ef0/4bad488c359e0862",
            "priority": 15,
            "tags": {
              "Name": "openvpn_rule_virginia"
            },
            "tags_all": {
              "Name": "openvpn_rule_virginia"
            }
          },
          "sensitive_attributes": [],
          "private": "bnVsbA==",
          "dependencies": [
            "aws_lb_target_group.openvpn_tg_virginia",
            "aws_s3_bucket.alb_logs_virginia",
            "aws_security_group.alb_sg_virginia",
            "aws_wafv2_ip_set.allowed_ips_virginia",
            "aws_wafv2_web_acl.web_acl_virginia",
            "module.alb_virginia.aws_lb.this",
            "module.alb_virginia.aws_lb_listener.https",
            "module.vpc_virginia.aws_subnet.public",
            "module.vpc_virginia.aws_vpc.this"
          ]
        }
      ]
    },
    {
      "mode": "managed",
      "type": "aws_lb_listener_rule",
      "name": "pentaho_rule_oregon",
      "provider": "provider[\"registry.terraform.io/hashicorp/aws\"].oregon",
      "instances": [
        {
          "schema_version": 0,
          "attributes": {
            "action": [
              {
                "authenticate_cognito": [],
                "authenticate_oidc": [],
                "fixed_response": [],
                "forward": [],
                "order": 1,
                "redirect": [],
                "target_group_arn": "arn:aws:elasticloadbalancing:us-west-2:993407081893:targetgroup/pentaho-tg-oregon/f8983a12a549510c",
                "type": "forward"
              }
            ],
            "arn": "arn:aws:elasticloadbalancing:us-west-2:993407081893:listener-rule/app/alb-oregon/fd7dbff94d602dcf/705ca69b0d915392/77b8499627ddd489",
            "condition": [
              {
                "host_header": [
                  {
                    "values": [
                      "pentaho.isolated-oregon.kubixcorp.com"
                    ]
                  }
                ],
                "http_header": [],
                "http_request_method": [],
                "path_pattern": [],
                "query_string": [],
                "source_ip": []
              }
            ],
            "id": "arn:aws:elasticloadbalancing:us-west-2:993407081893:listener-rule/app/alb-oregon/fd7dbff94d602dcf/705ca69b0d915392/77b8499627ddd489",
            "listener_arn": "arn:aws:elasticloadbalancing:us-west-2:993407081893:listener/app/alb-oregon/fd7dbff94d602dcf/705ca69b0d915392",
            "priority": 18,
            "tags": {
              "Name": "pentaho_rule_oregon"
            },
            "tags_all": {
              "Name": "pentaho_rule_oregon"
            }
          },
          "sensitive_attributes": [],
          "private": "bnVsbA==",
          "dependencies": [
            "aws_lb_target_group.pentaho_tg_oregon",
            "aws_s3_bucket.alb_logs_oregon",
            "aws_security_group.alb_sg_oregon",
            "aws_wafv2_ip_set.allowed_ips_oregon",
            "aws_wafv2_web_acl.web_acl_oregon",
            "module.alb_oregon.aws_lb.this",
            "module.alb_oregon.aws_lb_listener.https",
            "module.vpc_oregon.aws_subnet.public",
            "module.vpc_oregon.aws_vpc.this"
          ]
        }
      ]
    },
    {
      "mode": "managed",
      "type": "aws_lb_listener_rule",
      "name": "pentaho_rule_virginia",
      "provider": "provider[\"registry.terraform.io/hashicorp/aws\"].virginia",
      "instances": [
        {
          "schema_version": 0,
          "attributes": {
            "action": [
              {
                "authenticate_cognito": [],
                "authenticate_oidc": [],
                "fixed_response": [],
                "forward": [],
                "order": 1,
                "redirect": [],
                "target_group_arn": "arn:aws:elasticloadbalancing:us-east-1:993407081893:targetgroup/pentaho-tg-virginia/b75855bbd0ed99a8",
                "type": "forward"
              }
            ],
            "arn": "arn:aws:elasticloadbalancing:us-east-1:993407081893:listener-rule/app/alb-virginia/3e2a9aaf11406ef0/4bad488c359e0862/427a4f55758bd591",
            "condition": [
              {
                "host_header": [
                  {
                    "values": [
                      "pentaho.isolated-virginia.kubixcorp.com"
                    ]
                  }
                ],
                "http_header": [],
                "http_request_method": [],
                "path_pattern": [],
                "query_string": [],
                "source_ip": []
              }
            ],
            "id": "arn:aws:elasticloadbalancing:us-east-1:993407081893:listener-rule/app/alb-virginia/3e2a9aaf11406ef0/4bad488c359e0862/427a4f55758bd591",
            "listener_arn": "arn:aws:elasticloadbalancing:us-east-1:993407081893:listener/app/alb-virginia/3e2a9aaf11406ef0/4bad488c359e0862",
            "priority": 18,
            "tags": {
              "Name": "pentaho_rule_virginia"
            },
            "tags_all": {
              "Name": "pentaho_rule_virginia"
            }
          },
          "sensitive_attributes": [],
          "private": "bnVsbA==",
          "dependencies": [
            "aws_lb_target_group.pentaho_tg_virginia",
            "aws_s3_bucket.alb_logs_virginia",
            "aws_security_group.alb_sg_virginia",
            "aws_wafv2_ip_set.allowed_ips_virginia",
            "aws_wafv2_web_acl.web_acl_virginia",
            "module.alb_virginia.aws_lb.this",
            "module.alb_virginia.aws_lb_listener.https",
            "module.vpc_virginia.aws_subnet.public",
            "module.vpc_virginia.aws_vpc.this"
          ]
        }
      ]
    },
    {
      "mode": "managed",
      "type": "aws_lb_listener_rule",
      "name": "sonarqube_rule_oregon",
      "provider": "provider[\"registry.terraform.io/hashicorp/aws\"].oregon",
      "instances": [
        {
          "schema_version": 0,
          "attributes": {
            "action": [
              {
                "authenticate_cognito": [],
                "authenticate_oidc": [],
                "fixed_response": [],
                "forward": [],
                "order": 1,
                "redirect": [],
                "target_group_arn": "arn:aws:elasticloadbalancing:us-west-2:993407081893:targetgroup/sonarqube-tg-oregon/55c8ef4485df2aed",
                "type": "forward"
              }
            ],
            "arn": "arn:aws:elasticloadbalancing:us-west-2:993407081893:listener-rule/app/alb-oregon/fd7dbff94d602dcf/705ca69b0d915392/43de66a7160b5c25",
            "condition": [
              {
                "host_header": [
                  {
                    "values": [
                      "sonarqube.isolated-oregon.kubixcorp.com"
                    ]
                  }
                ],
                "http_header": [],
                "http_request_method": [],
                "path_pattern": [],
                "query_string": [],
                "source_ip": []
              }
            ],
            "id": "arn:aws:elasticloadbalancing:us-west-2:993407081893:listener-rule/app/alb-oregon/fd7dbff94d602dcf/705ca69b0d915392/43de66a7160b5c25",
            "listener_arn": "arn:aws:elasticloadbalancing:us-west-2:993407081893:listener/app/alb-oregon/fd7dbff94d602dcf/705ca69b0d915392",
            "priority": 17,
            "tags": {
              "Name": "sonarqube_rule_oregon"
            },
            "tags_all": {
              "Name": "sonarqube_rule_oregon"
            }
          },
          "sensitive_attributes": [],
          "private": "bnVsbA==",
          "dependencies": [
            "aws_lb_target_group.sonarqube_tg_oregon",
            "aws_s3_bucket.alb_logs_oregon",
            "aws_security_group.alb_sg_oregon",
            "aws_wafv2_ip_set.allowed_ips_oregon",
            "aws_wafv2_web_acl.web_acl_oregon",
            "module.alb_oregon.aws_lb.this",
            "module.alb_oregon.aws_lb_listener.https",
            "module.vpc_oregon.aws_subnet.public",
            "module.vpc_oregon.aws_vpc.this"
          ]
        }
      ]
    },
    {
      "mode": "managed",
      "type": "aws_lb_listener_rule",
      "name": "sonarqube_rule_virginia",
      "provider": "provider[\"registry.terraform.io/hashicorp/aws\"].virginia",
      "instances": [
        {
          "schema_version": 0,
          "attributes": {
            "action": [
              {
                "authenticate_cognito": [],
                "authenticate_oidc": [],
                "fixed_response": [],
                "forward": [],
                "order": 1,
                "redirect": [],
                "target_group_arn": "arn:aws:elasticloadbalancing:us-east-1:993407081893:targetgroup/sonarqube-tg-virginia/be4b5456b24288a4",
                "type": "forward"
              }
            ],
            "arn": "arn:aws:elasticloadbalancing:us-east-1:993407081893:listener-rule/app/alb-virginia/3e2a9aaf11406ef0/4bad488c359e0862/cbe58b4eec110fa3",
            "condition": [
              {
                "host_header": [
                  {
                    "values": [
                      "sonarqube.isolated-virginia.kubixcorp.com"
                    ]
                  }
                ],
                "http_header": [],
                "http_request_method": [],
                "path_pattern": [],
                "query_string": [],
                "source_ip": []
              }
            ],
            "id": "arn:aws:elasticloadbalancing:us-east-1:993407081893:listener-rule/app/alb-virginia/3e2a9aaf11406ef0/4bad488c359e0862/cbe58b4eec110fa3",
            "listener_arn": "arn:aws:elasticloadbalancing:us-east-1:993407081893:listener/app/alb-virginia/3e2a9aaf11406ef0/4bad488c359e0862",
            "priority": 17,
            "tags": {
              "Name": "sonarqube_rule_virginia"
            },
            "tags_all": {
              "Name": "sonarqube_rule_virginia"
            }
          },
          "sensitive_attributes": [],
          "private": "bnVsbA==",
          "dependencies": [
            "aws_lb_target_group.sonarqube_tg_virginia",
            "aws_s3_bucket.alb_logs_virginia",
            "aws_security_group.alb_sg_virginia",
            "aws_wafv2_ip_set.allowed_ips_virginia",
            "aws_wafv2_web_acl.web_acl_virginia",
            "module.alb_virginia.aws_lb.this",
            "module.alb_virginia.aws_lb_listener.https",
            "module.vpc_virginia.aws_subnet.public",
            "module.vpc_virginia.aws_vpc.this"
          ]
        }
      ]
    },
    {
      "mode": "managed",
      "type": "aws_lb_listener_rule",
      "name": "tickets_rule_oregon",
      "provider": "provider[\"registry.terraform.io/hashicorp/aws\"].oregon",
      "instances": [
        {
          "schema_version": 0,
          "attributes": {
            "action": [
              {
                "authenticate_cognito": [],
                "authenticate_oidc": [],
                "fixed_response": [],
                "forward": [],
                "order": 1,
                "redirect": [],
                "target_group_arn": "arn:aws:elasticloadbalancing:us-west-2:993407081893:targetgroup/tickets-tg-oregon/66ea5a4f09f62343",
                "type": "forward"
              }
            ],
            "arn": "arn:aws:elasticloadbalancing:us-west-2:993407081893:listener-rule/app/alb-oregon/fd7dbff94d602dcf/705ca69b0d915392/c23774dbdbd77835",
            "condition": [
              {
                "host_header": [
                  {
                    "values": [
                      "tickets.isolated-oregon.kubixcorp.com"
                    ]
                  }
                ],
                "http_header": [],
                "http_request_method": [],
                "path_pattern": [],
                "query_string": [],
                "source_ip": []
              }
            ],
            "id": "arn:aws:elasticloadbalancing:us-west-2:993407081893:listener-rule/app/alb-oregon/fd7dbff94d602dcf/705ca69b0d915392/c23774dbdbd77835",
            "listener_arn": "arn:aws:elasticloadbalancing:us-west-2:993407081893:listener/app/alb-oregon/fd7dbff94d602dcf/705ca69b0d915392",
            "priority": 14,
            "tags": {
              "Name": "tickets_rule_oregon"
            },
            "tags_all": {
              "Name": "tickets_rule_oregon"
            }
          },
          "sensitive_attributes": [],
          "private": "bnVsbA==",
          "dependencies": [
            "aws_lb_target_group.tickets_tg_oregon",
            "aws_s3_bucket.alb_logs_oregon",
            "aws_security_group.alb_sg_oregon",
            "aws_wafv2_ip_set.allowed_ips_oregon",
            "aws_wafv2_web_acl.web_acl_oregon",
            "module.alb_oregon.aws_lb.this",
            "module.alb_oregon.aws_lb_listener.https",
            "module.vpc_oregon.aws_subnet.public",
            "module.vpc_oregon.aws_vpc.this"
          ]
        }
      ]
    },
    {
      "mode": "managed",
      "type": "aws_lb_listener_rule",
      "name": "tickets_rule_virginia",
      "provider": "provider[\"registry.terraform.io/hashicorp/aws\"].virginia",
      "instances": [
        {
          "schema_version": 0,
          "attributes": {
            "action": [
              {
                "authenticate_cognito": [],
                "authenticate_oidc": [],
                "fixed_response": [],
                "forward": [],
                "order": 1,
                "redirect": [],
                "target_group_arn": "arn:aws:elasticloadbalancing:us-east-1:993407081893:targetgroup/tickets-tg-virginia/266ce0616efeff41",
                "type": "forward"
              }
            ],
            "arn": "arn:aws:elasticloadbalancing:us-east-1:993407081893:listener-rule/app/alb-virginia/3e2a9aaf11406ef0/4bad488c359e0862/e2f4e231dfba3427",
            "condition": [
              {
                "host_header": [
                  {
                    "values": [
                      "tickets.isolated-virginia.kubixcorp.com"
                    ]
                  }
                ],
                "http_header": [],
                "http_request_method": [],
                "path_pattern": [],
                "query_string": [],
                "source_ip": []
              }
            ],
            "id": "arn:aws:elasticloadbalancing:us-east-1:993407081893:listener-rule/app/alb-virginia/3e2a9aaf11406ef0/4bad488c359e0862/e2f4e231dfba3427",
            "listener_arn": "arn:aws:elasticloadbalancing:us-east-1:993407081893:listener/app/alb-virginia/3e2a9aaf11406ef0/4bad488c359e0862",
            "priority": 14,
            "tags": {
              "Name": "tickets_rule_virginia"
            },
            "tags_all": {
              "Name": "tickets_rule_virginia"
            }
          },
          "sensitive_attributes": [],
          "private": "bnVsbA==",
          "dependencies": [
            "aws_lb_target_group.tickets_tg_virginia",
            "aws_s3_bucket.alb_logs_virginia",
            "aws_security_group.alb_sg_virginia",
            "aws_wafv2_ip_set.allowed_ips_virginia",
            "aws_wafv2_web_acl.web_acl_virginia",
            "module.alb_virginia.aws_lb.this",
            "module.alb_virginia.aws_lb_listener.https",
            "module.vpc_virginia.aws_subnet.public",
            "module.vpc_virginia.aws_vpc.this"
          ]
        }
      ]
    },
    {
      "mode": "managed",
      "type": "aws_lb_target_group",
      "name": "gitlab_tg_oregon",
      "provider": "provider[\"registry.terraform.io/hashicorp/aws\"].oregon",
      "instances": [
        {
          "schema_version": 0,
          "attributes": {
            "arn": "arn:aws:elasticloadbalancing:us-west-2:993407081893:targetgroup/gitlab-tg-oregon/67179c4cc5738df4",
            "arn_suffix": "targetgroup/gitlab-tg-oregon/67179c4cc5738df4",
            "connection_termination": false,
            "deregistration_delay": "300",
            "health_check": [
              {
                "enabled": true,
                "healthy_threshold": 3,
                "interval": 30,
                "matcher": "200",
                "path": "/users/sign_in",
                "port": "traffic-port",
                "protocol": "HTTP",
                "timeout": 5,
                "unhealthy_threshold": 3
              }
            ],
            "id": "arn:aws:elasticloadbalancing:us-west-2:993407081893:targetgroup/gitlab-tg-oregon/67179c4cc5738df4",
            "ip_address_type": "ipv4",
            "lambda_multi_value_headers_enabled": false,
            "load_balancing_algorithm_type": "round_robin",
            "load_balancing_cross_zone_enabled": "use_load_balancer_configuration",
            "name": "gitlab-tg-oregon",
            "name_prefix": null,
            "port": 80,
            "preserve_client_ip": null,
            "protocol": "HTTP",
            "protocol_version": "HTTP1",
            "proxy_protocol_v2": false,
            "slow_start": 0,
            "stickiness": [
              {
                "cookie_duration": 86400,
                "cookie_name": "",
                "enabled": false,
                "type": "lb_cookie"
              }
            ],
            "tags": null,
            "tags_all": {},
            "target_failover": [
              {
                "on_deregistration": null,
                "on_unhealthy": null
              }
            ],
            "target_type": "instance",
            "vpc_id": "vpc-0f7a6ad7b15087ee9"
          },
          "sensitive_attributes": [],
          "private": "bnVsbA==",
          "dependencies": [
            "module.vpc_oregon.aws_vpc.this"
          ]
        }
      ]
    },
    {
      "mode": "managed",
      "type": "aws_lb_target_group",
      "name": "gitlab_tg_virginia",
      "provider": "provider[\"registry.terraform.io/hashicorp/aws\"].virginia",
      "instances": [
        {
          "schema_version": 0,
          "attributes": {
            "arn": "arn:aws:elasticloadbalancing:us-east-1:993407081893:targetgroup/gitlab-tg-virginia/051871f21fef4045",
            "arn_suffix": "targetgroup/gitlab-tg-virginia/051871f21fef4045",
            "connection_termination": false,
            "deregistration_delay": "300",
            "health_check": [
              {
                "enabled": true,
                "healthy_threshold": 3,
                "interval": 30,
                "matcher": "200",
                "path": "/users/sign_in",
                "port": "traffic-port",
                "protocol": "HTTP",
                "timeout": 5,
                "unhealthy_threshold": 3
              }
            ],
            "id": "arn:aws:elasticloadbalancing:us-east-1:993407081893:targetgroup/gitlab-tg-virginia/051871f21fef4045",
            "ip_address_type": "ipv4",
            "lambda_multi_value_headers_enabled": false,
            "load_balancing_algorithm_type": "round_robin",
            "load_balancing_cross_zone_enabled": "use_load_balancer_configuration",
            "name": "gitlab-tg-virginia",
            "name_prefix": null,
            "port": 80,
            "preserve_client_ip": null,
            "protocol": "HTTP",
            "protocol_version": "HTTP1",
            "proxy_protocol_v2": false,
            "slow_start": 0,
            "stickiness": [
              {
                "cookie_duration": 86400,
                "cookie_name": "",
                "enabled": false,
                "type": "lb_cookie"
              }
            ],
            "tags": null,
            "tags_all": {},
            "target_failover": [
              {
                "on_deregistration": null,
                "on_unhealthy": null
              }
            ],
            "target_type": "instance",
            "vpc_id": "vpc-04b1b1325f03077fd"
          },
          "sensitive_attributes": [],
          "private": "bnVsbA==",
          "dependencies": [
            "module.vpc_virginia.aws_vpc.this"
          ]
        }
      ]
    },
    {
      "mode": "managed",
      "type": "aws_lb_target_group",
      "name": "jasper_tg_oregon",
      "provider": "provider[\"registry.terraform.io/hashicorp/aws\"].oregon",
      "instances": [
        {
          "schema_version": 0,
          "attributes": {
            "arn": "arn:aws:elasticloadbalancing:us-west-2:993407081893:targetgroup/jasper-tg-oregon/d2e1caab1294d1a4",
            "arn_suffix": "targetgroup/jasper-tg-oregon/d2e1caab1294d1a4",
            "connection_termination": false,
            "deregistration_delay": "300",
            "health_check": [
              {
                "enabled": true,
                "healthy_threshold": 3,
                "interval": 30,
                "matcher": "200",
                "path": "/",
                "port": "traffic-port",
                "protocol": "HTTP",
                "timeout": 5,
                "unhealthy_threshold": 3
              }
            ],
            "id": "arn:aws:elasticloadbalancing:us-west-2:993407081893:targetgroup/jasper-tg-oregon/d2e1caab1294d1a4",
            "ip_address_type": "ipv4",
            "lambda_multi_value_headers_enabled": false,
            "load_balancing_algorithm_type": "round_robin",
            "load_balancing_cross_zone_enabled": "use_load_balancer_configuration",
            "name": "jasper-tg-oregon",
            "name_prefix": null,
            "port": 80,
            "preserve_client_ip": null,
            "protocol": "HTTP",
            "protocol_version": "HTTP1",
            "proxy_protocol_v2": false,
            "slow_start": 0,
            "stickiness": [
              {
                "cookie_duration": 86400,
                "cookie_name": "",
                "enabled": false,
                "type": "lb_cookie"
              }
            ],
            "tags": null,
            "tags_all": {},
            "target_failover": [
              {
                "on_deregistration": null,
                "on_unhealthy": null
              }
            ],
            "target_type": "instance",
            "vpc_id": "vpc-0f7a6ad7b15087ee9"
          },
          "sensitive_attributes": [],
          "private": "bnVsbA==",
          "dependencies": [
            "module.vpc_oregon.aws_vpc.this"
          ]
        }
      ]
    },
    {
      "mode": "managed",
      "type": "aws_lb_target_group",
      "name": "jasper_tg_virginia",
      "provider": "provider[\"registry.terraform.io/hashicorp/aws\"].virginia",
      "instances": [
        {
          "schema_version": 0,
          "attributes": {
            "arn": "arn:aws:elasticloadbalancing:us-east-1:993407081893:targetgroup/jasper-tg-virginia/2098d0e5af702417",
            "arn_suffix": "targetgroup/jasper-tg-virginia/2098d0e5af702417",
            "connection_termination": false,
            "deregistration_delay": "300",
            "health_check": [
              {
                "enabled": true,
                "healthy_threshold": 3,
                "interval": 30,
                "matcher": "200",
                "path": "/",
                "port": "traffic-port",
                "protocol": "HTTP",
                "timeout": 5,
                "unhealthy_threshold": 3
              }
            ],
            "id": "arn:aws:elasticloadbalancing:us-east-1:993407081893:targetgroup/jasper-tg-virginia/2098d0e5af702417",
            "ip_address_type": "ipv4",
            "lambda_multi_value_headers_enabled": false,
            "load_balancing_algorithm_type": "round_robin",
            "load_balancing_cross_zone_enabled": "use_load_balancer_configuration",
            "name": "jasper-tg-virginia",
            "name_prefix": null,
            "port": 80,
            "preserve_client_ip": null,
            "protocol": "HTTP",
            "protocol_version": "HTTP1",
            "proxy_protocol_v2": false,
            "slow_start": 0,
            "stickiness": [
              {
                "cookie_duration": 86400,
                "cookie_name": "",
                "enabled": false,
                "type": "lb_cookie"
              }
            ],
            "tags": null,
            "tags_all": {},
            "target_failover": [
              {
                "on_deregistration": null,
                "on_unhealthy": null
              }
            ],
            "target_type": "instance",
            "vpc_id": "vpc-04b1b1325f03077fd"
          },
          "sensitive_attributes": [],
          "private": "bnVsbA==",
          "dependencies": [
            "module.vpc_virginia.aws_vpc.this"
          ]
        }
      ]
    },
    {
      "mode": "managed",
      "type": "aws_lb_target_group",
      "name": "monitor_tg_oregon",
      "provider": "provider[\"registry.terraform.io/hashicorp/aws\"].oregon",
      "instances": [
        {
          "schema_version": 0,
          "attributes": {
            "arn": "arn:aws:elasticloadbalancing:us-west-2:993407081893:targetgroup/monitor-tg-oregon/9379ad4cd6dd006c",
            "arn_suffix": "targetgroup/monitor-tg-oregon/9379ad4cd6dd006c",
            "connection_termination": false,
            "deregistration_delay": "300",
            "health_check": [
              {
                "enabled": true,
                "healthy_threshold": 3,
                "interval": 30,
                "matcher": "200",
                "path": "/",
                "port": "traffic-port",
                "protocol": "HTTP",
                "timeout": 5,
                "unhealthy_threshold": 3
              }
            ],
            "id": "arn:aws:elasticloadbalancing:us-west-2:993407081893:targetgroup/monitor-tg-oregon/9379ad4cd6dd006c",
            "ip_address_type": "ipv4",
            "lambda_multi_value_headers_enabled": false,
            "load_balancing_algorithm_type": "round_robin",
            "load_balancing_cross_zone_enabled": "use_load_balancer_configuration",
            "name": "monitor-tg-oregon",
            "name_prefix": null,
            "port": 80,
            "preserve_client_ip": null,
            "protocol": "HTTP",
            "protocol_version": "HTTP1",
            "proxy_protocol_v2": false,
            "slow_start": 0,
            "stickiness": [
              {
                "cookie_duration": 86400,
                "cookie_name": "",
                "enabled": false,
                "type": "lb_cookie"
              }
            ],
            "tags": null,
            "tags_all": {},
            "target_failover": [
              {
                "on_deregistration": null,
                "on_unhealthy": null
              }
            ],
            "target_type": "instance",
            "vpc_id": "vpc-0f7a6ad7b15087ee9"
          },
          "sensitive_attributes": [],
          "private": "bnVsbA==",
          "dependencies": [
            "module.vpc_oregon.aws_vpc.this"
          ]
        }
      ]
    },
    {
      "mode": "managed",
      "type": "aws_lb_target_group",
      "name": "monitor_tg_virginia",
      "provider": "provider[\"registry.terraform.io/hashicorp/aws\"].virginia",
      "instances": [
        {
          "schema_version": 0,
          "attributes": {
            "arn": "arn:aws:elasticloadbalancing:us-east-1:993407081893:targetgroup/monitor-tg-virginia/d5e86e3dd9d6e0ce",
            "arn_suffix": "targetgroup/monitor-tg-virginia/d5e86e3dd9d6e0ce",
            "connection_termination": false,
            "deregistration_delay": "300",
            "health_check": [
              {
                "enabled": true,
                "healthy_threshold": 3,
                "interval": 30,
                "matcher": "200",
                "path": "/",
                "port": "traffic-port",
                "protocol": "HTTP",
                "timeout": 5,
                "unhealthy_threshold": 3
              }
            ],
            "id": "arn:aws:elasticloadbalancing:us-east-1:993407081893:targetgroup/monitor-tg-virginia/d5e86e3dd9d6e0ce",
            "ip_address_type": "ipv4",
            "lambda_multi_value_headers_enabled": false,
            "load_balancing_algorithm_type": "round_robin",
            "load_balancing_cross_zone_enabled": "use_load_balancer_configuration",
            "name": "monitor-tg-virginia",
            "name_prefix": null,
            "port": 80,
            "preserve_client_ip": null,
            "protocol": "HTTP",
            "protocol_version": "HTTP1",
            "proxy_protocol_v2": false,
            "slow_start": 0,
            "stickiness": [
              {
                "cookie_duration": 86400,
                "cookie_name": "",
                "enabled": false,
                "type": "lb_cookie"
              }
            ],
            "tags": null,
            "tags_all": {},
            "target_failover": [
              {
                "on_deregistration": null,
                "on_unhealthy": null
              }
            ],
            "target_type": "instance",
            "vpc_id": "vpc-04b1b1325f03077fd"
          },
          "sensitive_attributes": [],
          "private": "bnVsbA==",
          "dependencies": [
            "module.vpc_virginia.aws_vpc.this"
          ]
        }
      ]
    },
    {
      "mode": "managed",
      "type": "aws_lb_target_group",
      "name": "openvpn_tg_oregon",
      "provider": "provider[\"registry.terraform.io/hashicorp/aws\"].oregon",
      "instances": [
        {
          "schema_version": 0,
          "attributes": {
            "arn": "arn:aws:elasticloadbalancing:us-west-2:993407081893:targetgroup/openvpn-tg-oregon/41556509b377e09d",
            "arn_suffix": "targetgroup/openvpn-tg-oregon/41556509b377e09d",
            "connection_termination": false,
            "deregistration_delay": "300",
            "health_check": [
              {
                "enabled": true,
                "healthy_threshold": 3,
                "interval": 30,
                "matcher": "200",
                "path": "/",
                "port": "traffic-port",
                "protocol": "HTTP",
                "timeout": 5,
                "unhealthy_threshold": 3
              }
            ],
            "id": "arn:aws:elasticloadbalancing:us-west-2:993407081893:targetgroup/openvpn-tg-oregon/41556509b377e09d",
            "ip_address_type": "ipv4",
            "lambda_multi_value_headers_enabled": false,
            "load_balancing_algorithm_type": "round_robin",
            "load_balancing_cross_zone_enabled": "use_load_balancer_configuration",
            "name": "openvpn-tg-oregon",
            "name_prefix": null,
            "port": 80,
            "preserve_client_ip": null,
            "protocol": "HTTP",
            "protocol_version": "HTTP1",
            "proxy_protocol_v2": false,
            "slow_start": 0,
            "stickiness": [
              {
                "cookie_duration": 86400,
                "cookie_name": "",
                "enabled": false,
                "type": "lb_cookie"
              }
            ],
            "tags": null,
            "tags_all": {},
            "target_failover": [
              {
                "on_deregistration": null,
                "on_unhealthy": null
              }
            ],
            "target_type": "instance",
            "vpc_id": "vpc-0f7a6ad7b15087ee9"
          },
          "sensitive_attributes": [],
          "private": "bnVsbA==",
          "dependencies": [
            "module.vpc_oregon.aws_vpc.this"
          ]
        }
      ]
    },
    {
      "mode": "managed",
      "type": "aws_lb_target_group",
      "name": "openvpn_tg_virginia",
      "provider": "provider[\"registry.terraform.io/hashicorp/aws\"].virginia",
      "instances": [
        {
          "schema_version": 0,
          "attributes": {
            "arn": "arn:aws:elasticloadbalancing:us-east-1:993407081893:targetgroup/openvpn-tg-virginia/73abc379cf458a05",
            "arn_suffix": "targetgroup/openvpn-tg-virginia/73abc379cf458a05",
            "connection_termination": false,
            "deregistration_delay": "300",
            "health_check": [
              {
                "enabled": true,
                "healthy_threshold": 3,
                "interval": 30,
                "matcher": "200",
                "path": "/",
                "port": "traffic-port",
                "protocol": "HTTP",
                "timeout": 5,
                "unhealthy_threshold": 3
              }
            ],
            "id": "arn:aws:elasticloadbalancing:us-east-1:993407081893:targetgroup/openvpn-tg-virginia/73abc379cf458a05",
            "ip_address_type": "ipv4",
            "lambda_multi_value_headers_enabled": false,
            "load_balancing_algorithm_type": "round_robin",
            "load_balancing_cross_zone_enabled": "use_load_balancer_configuration",
            "name": "openvpn-tg-virginia",
            "name_prefix": null,
            "port": 80,
            "preserve_client_ip": null,
            "protocol": "HTTP",
            "protocol_version": "HTTP1",
            "proxy_protocol_v2": false,
            "slow_start": 0,
            "stickiness": [
              {
                "cookie_duration": 86400,
                "cookie_name": "",
                "enabled": false,
                "type": "lb_cookie"
              }
            ],
            "tags": null,
            "tags_all": {},
            "target_failover": [
              {
                "on_deregistration": null,
                "on_unhealthy": null
              }
            ],
            "target_type": "instance",
            "vpc_id": "vpc-04b1b1325f03077fd"
          },
          "sensitive_attributes": [],
          "private": "bnVsbA==",
          "dependencies": [
            "module.vpc_virginia.aws_vpc.this"
          ]
        }
      ]
    },
    {
      "mode": "managed",
      "type": "aws_lb_target_group",
      "name": "pentaho_tg_oregon",
      "provider": "provider[\"registry.terraform.io/hashicorp/aws\"].oregon",
      "instances": [
        {
          "schema_version": 0,
          "attributes": {
            "arn": "arn:aws:elasticloadbalancing:us-west-2:993407081893:targetgroup/pentaho-tg-oregon/f8983a12a549510c",
            "arn_suffix": "targetgroup/pentaho-tg-oregon/f8983a12a549510c",
            "connection_termination": false,
            "deregistration_delay": "300",
            "health_check": [
              {
                "enabled": true,
                "healthy_threshold": 3,
                "interval": 30,
                "matcher": "200",
                "path": "/",
                "port": "traffic-port",
                "protocol": "HTTP",
                "timeout": 5,
                "unhealthy_threshold": 3
              }
            ],
            "id": "arn:aws:elasticloadbalancing:us-west-2:993407081893:targetgroup/pentaho-tg-oregon/f8983a12a549510c",
            "ip_address_type": "ipv4",
            "lambda_multi_value_headers_enabled": false,
            "load_balancing_algorithm_type": "round_robin",
            "load_balancing_cross_zone_enabled": "use_load_balancer_configuration",
            "name": "pentaho-tg-oregon",
            "name_prefix": null,
            "port": 80,
            "preserve_client_ip": null,
            "protocol": "HTTP",
            "protocol_version": "HTTP1",
            "proxy_protocol_v2": false,
            "slow_start": 0,
            "stickiness": [
              {
                "cookie_duration": 86400,
                "cookie_name": "",
                "enabled": false,
                "type": "lb_cookie"
              }
            ],
            "tags": null,
            "tags_all": {},
            "target_failover": [
              {
                "on_deregistration": null,
                "on_unhealthy": null
              }
            ],
            "target_type": "instance",
            "vpc_id": "vpc-0f7a6ad7b15087ee9"
          },
          "sensitive_attributes": [],
          "private": "bnVsbA==",
          "dependencies": [
            "module.vpc_oregon.aws_vpc.this"
          ]
        }
      ]
    },
    {
      "mode": "managed",
      "type": "aws_lb_target_group",
      "name": "pentaho_tg_virginia",
      "provider": "provider[\"registry.terraform.io/hashicorp/aws\"].virginia",
      "instances": [
        {
          "schema_version": 0,
          "attributes": {
            "arn": "arn:aws:elasticloadbalancing:us-east-1:993407081893:targetgroup/pentaho-tg-virginia/b75855bbd0ed99a8",
            "arn_suffix": "targetgroup/pentaho-tg-virginia/b75855bbd0ed99a8",
            "connection_termination": false,
            "deregistration_delay": "300",
            "health_check": [
              {
                "enabled": true,
                "healthy_threshold": 3,
                "interval": 30,
                "matcher": "200",
                "path": "/",
                "port": "traffic-port",
                "protocol": "HTTP",
                "timeout": 5,
                "unhealthy_threshold": 3
              }
            ],
            "id": "arn:aws:elasticloadbalancing:us-east-1:993407081893:targetgroup/pentaho-tg-virginia/b75855bbd0ed99a8",
            "ip_address_type": "ipv4",
            "lambda_multi_value_headers_enabled": false,
            "load_balancing_algorithm_type": "round_robin",
            "load_balancing_cross_zone_enabled": "use_load_balancer_configuration",
            "name": "pentaho-tg-virginia",
            "name_prefix": null,
            "port": 80,
            "preserve_client_ip": null,
            "protocol": "HTTP",
            "protocol_version": "HTTP1",
            "proxy_protocol_v2": false,
            "slow_start": 0,
            "stickiness": [
              {
                "cookie_duration": 86400,
                "cookie_name": "",
                "enabled": false,
                "type": "lb_cookie"
              }
            ],
            "tags": null,
            "tags_all": {},
            "target_failover": [
              {
                "on_deregistration": null,
                "on_unhealthy": null
              }
            ],
            "target_type": "instance",
            "vpc_id": "vpc-04b1b1325f03077fd"
          },
          "sensitive_attributes": [],
          "private": "bnVsbA==",
          "dependencies": [
            "module.vpc_virginia.aws_vpc.this"
          ]
        }
      ]
    },
    {
      "mode": "managed",
      "type": "aws_lb_target_group",
      "name": "sonarqube_tg_oregon",
      "provider": "provider[\"registry.terraform.io/hashicorp/aws\"].oregon",
      "instances": [
        {
          "schema_version": 0,
          "attributes": {
            "arn": "arn:aws:elasticloadbalancing:us-west-2:993407081893:targetgroup/sonarqube-tg-oregon/55c8ef4485df2aed",
            "arn_suffix": "targetgroup/sonarqube-tg-oregon/55c8ef4485df2aed",
            "connection_termination": false,
            "deregistration_delay": "300",
            "health_check": [
              {
                "enabled": true,
                "healthy_threshold": 3,
                "interval": 30,
                "matcher": "200",
                "path": "/",
                "port": "traffic-port",
                "protocol": "HTTP",
                "timeout": 5,
                "unhealthy_threshold": 3
              }
            ],
            "id": "arn:aws:elasticloadbalancing:us-west-2:993407081893:targetgroup/sonarqube-tg-oregon/55c8ef4485df2aed",
            "ip_address_type": "ipv4",
            "lambda_multi_value_headers_enabled": false,
            "load_balancing_algorithm_type": "round_robin",
            "load_balancing_cross_zone_enabled": "use_load_balancer_configuration",
            "name": "sonarqube-tg-oregon",
            "name_prefix": null,
            "port": 80,
            "preserve_client_ip": null,
            "protocol": "HTTP",
            "protocol_version": "HTTP1",
            "proxy_protocol_v2": false,
            "slow_start": 0,
            "stickiness": [
              {
                "cookie_duration": 86400,
                "cookie_name": "",
                "enabled": false,
                "type": "lb_cookie"
              }
            ],
            "tags": null,
            "tags_all": {},
            "target_failover": [
              {
                "on_deregistration": null,
                "on_unhealthy": null
              }
            ],
            "target_type": "instance",
            "vpc_id": "vpc-0f7a6ad7b15087ee9"
          },
          "sensitive_attributes": [],
          "private": "bnVsbA==",
          "dependencies": [
            "module.vpc_oregon.aws_vpc.this"
          ]
        }
      ]
    },
    {
      "mode": "managed",
      "type": "aws_lb_target_group",
      "name": "sonarqube_tg_virginia",
      "provider": "provider[\"registry.terraform.io/hashicorp/aws\"].virginia",
      "instances": [
        {
          "schema_version": 0,
          "attributes": {
            "arn": "arn:aws:elasticloadbalancing:us-east-1:993407081893:targetgroup/sonarqube-tg-virginia/be4b5456b24288a4",
            "arn_suffix": "targetgroup/sonarqube-tg-virginia/be4b5456b24288a4",
            "connection_termination": false,
            "deregistration_delay": "300",
            "health_check": [
              {
                "enabled": true,
                "healthy_threshold": 3,
                "interval": 30,
                "matcher": "200",
                "path": "/",
                "port": "traffic-port",
                "protocol": "HTTP",
                "timeout": 5,
                "unhealthy_threshold": 3
              }
            ],
            "id": "arn:aws:elasticloadbalancing:us-east-1:993407081893:targetgroup/sonarqube-tg-virginia/be4b5456b24288a4",
            "ip_address_type": "ipv4",
            "lambda_multi_value_headers_enabled": false,
            "load_balancing_algorithm_type": "round_robin",
            "load_balancing_cross_zone_enabled": "use_load_balancer_configuration",
            "name": "sonarqube-tg-virginia",
            "name_prefix": null,
            "port": 80,
            "preserve_client_ip": null,
            "protocol": "HTTP",
            "protocol_version": "HTTP1",
            "proxy_protocol_v2": false,
            "slow_start": 0,
            "stickiness": [
              {
                "cookie_duration": 86400,
                "cookie_name": "",
                "enabled": false,
                "type": "lb_cookie"
              }
            ],
            "tags": null,
            "tags_all": {},
            "target_failover": [
              {
                "on_deregistration": null,
                "on_unhealthy": null
              }
            ],
            "target_type": "instance",
            "vpc_id": "vpc-04b1b1325f03077fd"
          },
          "sensitive_attributes": [],
          "private": "bnVsbA==",
          "dependencies": [
            "module.vpc_virginia.aws_vpc.this"
          ]
        }
      ]
    },
    {
      "mode": "managed",
      "type": "aws_lb_target_group",
      "name": "tickets_tg_oregon",
      "provider": "provider[\"registry.terraform.io/hashicorp/aws\"].oregon",
      "instances": [
        {
          "schema_version": 0,
          "attributes": {
            "arn": "arn:aws:elasticloadbalancing:us-west-2:993407081893:targetgroup/tickets-tg-oregon/66ea5a4f09f62343",
            "arn_suffix": "targetgroup/tickets-tg-oregon/66ea5a4f09f62343",
            "connection_termination": false,
            "deregistration_delay": "300",
            "health_check": [
              {
                "enabled": true,
                "healthy_threshold": 3,
                "interval": 30,
                "matcher": "200",
                "path": "/",
                "port": "traffic-port",
                "protocol": "HTTP",
                "timeout": 5,
                "unhealthy_threshold": 3
              }
            ],
            "id": "arn:aws:elasticloadbalancing:us-west-2:993407081893:targetgroup/tickets-tg-oregon/66ea5a4f09f62343",
            "ip_address_type": "ipv4",
            "lambda_multi_value_headers_enabled": false,
            "load_balancing_algorithm_type": "round_robin",
            "load_balancing_cross_zone_enabled": "use_load_balancer_configuration",
            "name": "tickets-tg-oregon",
            "name_prefix": null,
            "port": 80,
            "preserve_client_ip": null,
            "protocol": "HTTP",
            "protocol_version": "HTTP1",
            "proxy_protocol_v2": false,
            "slow_start": 0,
            "stickiness": [
              {
                "cookie_duration": 86400,
                "cookie_name": "",
                "enabled": false,
                "type": "lb_cookie"
              }
            ],
            "tags": null,
            "tags_all": {},
            "target_failover": [
              {
                "on_deregistration": null,
                "on_unhealthy": null
              }
            ],
            "target_type": "instance",
            "vpc_id": "vpc-0f7a6ad7b15087ee9"
          },
          "sensitive_attributes": [],
          "private": "bnVsbA==",
          "dependencies": [
            "module.vpc_oregon.aws_vpc.this"
          ]
        }
      ]
    },
    {
      "mode": "managed",
      "type": "aws_lb_target_group",
      "name": "tickets_tg_virginia",
      "provider": "provider[\"registry.terraform.io/hashicorp/aws\"].virginia",
      "instances": [
        {
          "schema_version": 0,
          "attributes": {
            "arn": "arn:aws:elasticloadbalancing:us-east-1:993407081893:targetgroup/tickets-tg-virginia/266ce0616efeff41",
            "arn_suffix": "targetgroup/tickets-tg-virginia/266ce0616efeff41",
            "connection_termination": false,
            "deregistration_delay": "300",
            "health_check": [
              {
                "enabled": true,
                "healthy_threshold": 3,
                "interval": 30,
                "matcher": "200",
                "path": "/",
                "port": "traffic-port",
                "protocol": "HTTP",
                "timeout": 5,
                "unhealthy_threshold": 3
              }
            ],
            "id": "arn:aws:elasticloadbalancing:us-east-1:993407081893:targetgroup/tickets-tg-virginia/266ce0616efeff41",
            "ip_address_type": "ipv4",
            "lambda_multi_value_headers_enabled": false,
            "load_balancing_algorithm_type": "round_robin",
            "load_balancing_cross_zone_enabled": "use_load_balancer_configuration",
            "name": "tickets-tg-virginia",
            "name_prefix": null,
            "port": 80,
            "preserve_client_ip": null,
            "protocol": "HTTP",
            "protocol_version": "HTTP1",
            "proxy_protocol_v2": false,
            "slow_start": 0,
            "stickiness": [
              {
                "cookie_duration": 86400,
                "cookie_name": "",
                "enabled": false,
                "type": "lb_cookie"
              }
            ],
            "tags": null,
            "tags_all": {},
            "target_failover": [
              {
                "on_deregistration": null,
                "on_unhealthy": null
              }
            ],
            "target_type": "instance",
            "vpc_id": "vpc-04b1b1325f03077fd"
          },
          "sensitive_attributes": [],
          "private": "bnVsbA==",
          "dependencies": [
            "module.vpc_virginia.aws_vpc.this"
          ]
        }
      ]
    },
    {
      "mode": "managed",
      "type": "aws_lb_target_group_attachment",
      "name": "gitlab_attachment_oregon",
      "provider": "provider[\"registry.terraform.io/hashicorp/aws\"].oregon",
      "instances": [
        {
          "schema_version": 0,
          "attributes": {
            "availability_zone": null,
            "id": "arn:aws:elasticloadbalancing:us-west-2:993407081893:targetgroup/gitlab-tg-oregon/67179c4cc5738df4-20240627083619879000000010",
            "port": 80,
            "target_group_arn": "arn:aws:elasticloadbalancing:us-west-2:993407081893:targetgroup/gitlab-tg-oregon/67179c4cc5738df4",
            "target_id": "i-0bcbd18c7487bf279"
          },
          "sensitive_attributes": [],
          "private": "bnVsbA==",
          "dependencies": [
            "aws_iam_instance_profile.ssm_instance_profile",
            "aws_iam_role.ssm_role",
            "aws_instance.gitlab_oregon",
            "aws_lb_target_group.gitlab_tg_oregon",
            "aws_security_group.alb_sg_oregon",
            "aws_security_group.gitlab_sg_oregon",
            "module.vpc_oregon.aws_subnet.public",
            "module.vpc_oregon.aws_vpc.this"
          ]
        }
      ]
    },
    {
      "mode": "managed",
      "type": "aws_lb_target_group_attachment",
      "name": "gitlab_attachment_virginia",
      "provider": "provider[\"registry.terraform.io/hashicorp/aws\"].virginia",
      "instances": [
        {
          "schema_version": 0,
          "attributes": {
            "availability_zone": null,
            "id": "arn:aws:elasticloadbalancing:us-east-1:993407081893:targetgroup/gitlab-tg-virginia/051871f21fef4045-2024062708361041610000000f",
            "port": 80,
            "target_group_arn": "arn:aws:elasticloadbalancing:us-east-1:993407081893:targetgroup/gitlab-tg-virginia/051871f21fef4045",
            "target_id": "i-055eec5f6f3586d03"
          },
          "sensitive_attributes": [],
          "private": "bnVsbA==",
          "dependencies": [
            "aws_iam_instance_profile.ssm_instance_profile",
            "aws_iam_role.ssm_role",
            "aws_instance.gitlab_virginia",
            "aws_lb_target_group.gitlab_tg_virginia",
            "aws_security_group.alb_sg_virginia",
            "aws_security_group.gitlab_sg_virginia",
            "module.vpc_virginia.aws_subnet.public",
            "module.vpc_virginia.aws_vpc.this"
          ]
        }
      ]
    },
    {
      "mode": "managed",
      "type": "aws_lb_target_group_attachment",
      "name": "jasper_attachment_oregon",
      "provider": "provider[\"registry.terraform.io/hashicorp/aws\"].oregon",
      "instances": [
        {
          "schema_version": 0,
          "attributes": {
            "availability_zone": null,
            "id": "arn:aws:elasticloadbalancing:us-west-2:993407081893:targetgroup/jasper-tg-oregon/d2e1caab1294d1a4-2024062708361579850000000b",
            "port": 80,
            "target_group_arn": "arn:aws:elasticloadbalancing:us-west-2:993407081893:targetgroup/jasper-tg-oregon/d2e1caab1294d1a4",
            "target_id": "i-0e94cfd69913fac22"
          },
          "sensitive_attributes": [],
          "private": "bnVsbA==",
          "dependencies": [
            "aws_iam_instance_profile.ssm_instance_profile",
            "aws_iam_role.ssm_role",
            "aws_instance.jasper_oregon",
            "aws_lb_target_group.jasper_tg_oregon",
            "aws_security_group.alb_sg_oregon",
            "aws_security_group.jasper_sg_oregon",
            "module.vpc_oregon.aws_subnet.public",
            "module.vpc_oregon.aws_vpc.this"
          ]
        }
      ]
    },
    {
      "mode": "managed",
      "type": "aws_lb_target_group_attachment",
      "name": "jasper_attachment_virginia",
      "provider": "provider[\"registry.terraform.io/hashicorp/aws\"].virginia",
      "instances": [
        {
          "schema_version": 0,
          "attributes": {
            "availability_zone": null,
            "id": "arn:aws:elasticloadbalancing:us-east-1:993407081893:targetgroup/jasper-tg-virginia/2098d0e5af702417-2024062708360962870000000d",
            "port": 80,
            "target_group_arn": "arn:aws:elasticloadbalancing:us-east-1:993407081893:targetgroup/jasper-tg-virginia/2098d0e5af702417",
            "target_id": "i-07215ab445c3ef4f2"
          },
          "sensitive_attributes": [],
          "private": "bnVsbA==",
          "dependencies": [
            "aws_iam_instance_profile.ssm_instance_profile",
            "aws_iam_role.ssm_role",
            "aws_instance.jasper_virginia",
            "aws_lb_target_group.jasper_tg_virginia",
            "aws_security_group.alb_sg_virginia",
            "aws_security_group.jasper_sg_virginia",
            "module.vpc_virginia.aws_subnet.public",
            "module.vpc_virginia.aws_vpc.this"
          ]
        }
      ]
    },
    {
      "mode": "managed",
      "type": "aws_lb_target_group_attachment",
      "name": "monitor_attachment_oregon",
      "provider": "provider[\"registry.terraform.io/hashicorp/aws\"].oregon",
      "instances": [
        {
          "schema_version": 0,
          "attributes": {
            "availability_zone": null,
            "id": "arn:aws:elasticloadbalancing:us-west-2:993407081893:targetgroup/monitor-tg-oregon/9379ad4cd6dd006c-2024062708361645890000000d",
            "port": 80,
            "target_group_arn": "arn:aws:elasticloadbalancing:us-west-2:993407081893:targetgroup/monitor-tg-oregon/9379ad4cd6dd006c",
            "target_id": "i-0dcf5370ad08b6647"
          },
          "sensitive_attributes": [],
          "private": "bnVsbA==",
          "dependencies": [
            "aws_iam_instance_profile.ssm_instance_profile",
            "aws_iam_role.ssm_role",
            "aws_instance.monitor_oregon",
            "aws_lb_target_group.monitor_tg_oregon",
            "aws_security_group.alb_sg_oregon",
            "aws_security_group.monitor_sg_oregon",
            "module.vpc_oregon.aws_subnet.public",
            "module.vpc_oregon.aws_vpc.this"
          ]
        }
      ]
    },
    {
      "mode": "managed",
      "type": "aws_lb_target_group_attachment",
      "name": "monitor_attachment_virginia",
      "provider": "provider[\"registry.terraform.io/hashicorp/aws\"].virginia",
      "instances": [
        {
          "schema_version": 0,
          "attributes": {
            "availability_zone": null,
            "id": "arn:aws:elasticloadbalancing:us-east-1:993407081893:targetgroup/monitor-tg-virginia/d5e86e3dd9d6e0ce-2024062708360889020000000b",
            "port": 80,
            "target_group_arn": "arn:aws:elasticloadbalancing:us-east-1:993407081893:targetgroup/monitor-tg-virginia/d5e86e3dd9d6e0ce",
            "target_id": "i-0db7b5eca23ac79be"
          },
          "sensitive_attributes": [],
          "private": "bnVsbA==",
          "dependencies": [
            "aws_iam_instance_profile.ssm_instance_profile",
            "aws_iam_role.ssm_role",
            "aws_instance.monitor_virginia",
            "aws_lb_target_group.monitor_tg_virginia",
            "aws_security_group.alb_sg_virginia",
            "aws_security_group.monitor_sg_virginia",
            "module.vpc_virginia.aws_subnet.public",
            "module.vpc_virginia.aws_vpc.this"
          ]
        }
      ]
    },
    {
      "mode": "managed",
      "type": "aws_lb_target_group_attachment",
      "name": "openvpn_attachment_oregon",
      "provider": "provider[\"registry.terraform.io/hashicorp/aws\"].oregon",
      "instances": [
        {
          "schema_version": 0,
          "attributes": {
            "availability_zone": null,
            "id": "arn:aws:elasticloadbalancing:us-west-2:993407081893:targetgroup/openvpn-tg-oregon/41556509b377e09d-2024062708361547750000000a",
            "port": 80,
            "target_group_arn": "arn:aws:elasticloadbalancing:us-west-2:993407081893:targetgroup/openvpn-tg-oregon/41556509b377e09d",
            "target_id": "i-09f383e958cc7f71a"
          },
          "sensitive_attributes": [],
          "private": "bnVsbA==",
          "dependencies": [
            "aws_iam_instance_profile.ssm_instance_profile",
            "aws_iam_role.ssm_role",
            "aws_instance.openvpn_oregon",
            "aws_lb_target_group.openvpn_tg_oregon",
            "aws_security_group.alb_sg_oregon",
            "aws_security_group.openvpn_sg_oregon",
            "module.vpc_oregon.aws_subnet.public",
            "module.vpc_oregon.aws_vpc.this"
          ]
        }
      ]
    },
    {
      "mode": "managed",
      "type": "aws_lb_target_group_attachment",
      "name": "openvpn_attachment_virginia",
      "provider": "provider[\"registry.terraform.io/hashicorp/aws\"].virginia",
      "instances": [
        {
          "schema_version": 0,
          "attributes": {
            "availability_zone": null,
            "id": "arn:aws:elasticloadbalancing:us-east-1:993407081893:targetgroup/openvpn-tg-virginia/73abc379cf458a05-20240627083614809700000010",
            "port": 80,
            "target_group_arn": "arn:aws:elasticloadbalancing:us-east-1:993407081893:targetgroup/openvpn-tg-virginia/73abc379cf458a05",
            "target_id": "i-0e26096a16d2265bb"
          },
          "sensitive_attributes": [],
          "private": "bnVsbA==",
          "dependencies": [
            "aws_iam_instance_profile.ssm_instance_profile",
            "aws_iam_role.ssm_role",
            "aws_instance.openvpn_virginia",
            "aws_lb_target_group.openvpn_tg_virginia",
            "aws_security_group.alb_sg_virginia",
            "aws_security_group.openvpn_sg_virginia",
            "module.vpc_virginia.aws_subnet.public",
            "module.vpc_virginia.aws_vpc.this"
          ]
        }
      ]
    },
    {
      "mode": "managed",
      "type": "aws_lb_target_group_attachment",
      "name": "pentaho_attachment_oregon",
      "provider": "provider[\"registry.terraform.io/hashicorp/aws\"].oregon",
      "instances": [
        {
          "schema_version": 0,
          "attributes": {
            "availability_zone": null,
            "id": "arn:aws:elasticloadbalancing:us-west-2:993407081893:targetgroup/pentaho-tg-oregon/f8983a12a549510c-2024062708361978300000000f",
            "port": 80,
            "target_group_arn": "arn:aws:elasticloadbalancing:us-west-2:993407081893:targetgroup/pentaho-tg-oregon/f8983a12a549510c",
            "target_id": "i-0512fd088ca4c7d4e"
          },
          "sensitive_attributes": [],
          "private": "bnVsbA==",
          "dependencies": [
            "aws_iam_instance_profile.ssm_instance_profile",
            "aws_iam_role.ssm_role",
            "aws_instance.pentaho_oregon",
            "aws_lb_target_group.pentaho_tg_oregon",
            "aws_security_group.alb_sg_oregon",
            "aws_security_group.pentaho_sg_oregon",
            "module.vpc_oregon.aws_subnet.public",
            "module.vpc_oregon.aws_vpc.this"
          ]
        }
      ]
    },
    {
      "mode": "managed",
      "type": "aws_lb_target_group_attachment",
      "name": "pentaho_attachment_virginia",
      "provider": "provider[\"registry.terraform.io/hashicorp/aws\"].virginia",
      "instances": [
        {
          "schema_version": 0,
          "attributes": {
            "availability_zone": null,
            "id": "arn:aws:elasticloadbalancing:us-east-1:993407081893:targetgroup/pentaho-tg-virginia/b75855bbd0ed99a8-2024062708361000590000000e",
            "port": 80,
            "target_group_arn": "arn:aws:elasticloadbalancing:us-east-1:993407081893:targetgroup/pentaho-tg-virginia/b75855bbd0ed99a8",
            "target_id": "i-07780cf9aa417718e"
          },
          "sensitive_attributes": [],
          "private": "bnVsbA==",
          "dependencies": [
            "aws_iam_instance_profile.ssm_instance_profile",
            "aws_iam_role.ssm_role",
            "aws_instance.pentaho_virginia",
            "aws_lb_target_group.pentaho_tg_virginia",
            "aws_security_group.alb_sg_virginia",
            "aws_security_group.pentaho_sg_virginia",
            "module.vpc_virginia.aws_subnet.public",
            "module.vpc_virginia.aws_vpc.this"
          ]
        }
      ]
    },
    {
      "mode": "managed",
      "type": "aws_lb_target_group_attachment",
      "name": "sonarqube_attachment_oregon",
      "provider": "provider[\"registry.terraform.io/hashicorp/aws\"].oregon",
      "instances": [
        {
          "schema_version": 0,
          "attributes": {
            "availability_zone": null,
            "id": "arn:aws:elasticloadbalancing:us-west-2:993407081893:targetgroup/sonarqube-tg-oregon/55c8ef4485df2aed-2024062708361612090000000c",
            "port": 80,
            "target_group_arn": "arn:aws:elasticloadbalancing:us-west-2:993407081893:targetgroup/sonarqube-tg-oregon/55c8ef4485df2aed",
            "target_id": "i-0c2803181edcf6c72"
          },
          "sensitive_attributes": [],
          "private": "bnVsbA==",
          "dependencies": [
            "aws_iam_instance_profile.ssm_instance_profile",
            "aws_iam_role.ssm_role",
            "aws_instance.sonarqube_oregon",
            "aws_lb_target_group.sonarqube_tg_oregon",
            "aws_security_group.alb_sg_oregon",
            "aws_security_group.sonarqube_sg_oregon",
            "module.vpc_oregon.aws_subnet.public",
            "module.vpc_oregon.aws_vpc.this"
          ]
        }
      ]
    },
    {
      "mode": "managed",
      "type": "aws_lb_target_group_attachment",
      "name": "sonarqube_attachment_virginia",
      "provider": "provider[\"registry.terraform.io/hashicorp/aws\"].virginia",
      "instances": [
        {
          "schema_version": 0,
          "attributes": {
            "availability_zone": null,
            "id": "arn:aws:elasticloadbalancing:us-east-1:993407081893:targetgroup/sonarqube-tg-virginia/be4b5456b24288a4-20240627083615145600000011",
            "port": 80,
            "target_group_arn": "arn:aws:elasticloadbalancing:us-east-1:993407081893:targetgroup/sonarqube-tg-virginia/be4b5456b24288a4",
            "target_id": "i-0c47360d5d6109018"
          },
          "sensitive_attributes": [],
          "private": "bnVsbA==",
          "dependencies": [
            "aws_iam_instance_profile.ssm_instance_profile",
            "aws_iam_role.ssm_role",
            "aws_instance.sonarqube_virginia",
            "aws_lb_target_group.sonarqube_tg_virginia",
            "aws_security_group.alb_sg_virginia",
            "aws_security_group.sonarqube_sg_virginia",
            "module.vpc_virginia.aws_subnet.public",
            "module.vpc_virginia.aws_vpc.this"
          ]
        }
      ]
    },
    {
      "mode": "managed",
      "type": "aws_lb_target_group_attachment",
      "name": "tickets_attachment_oregon",
      "provider": "provider[\"registry.terraform.io/hashicorp/aws\"].oregon",
      "instances": [
        {
          "schema_version": 0,
          "attributes": {
            "availability_zone": null,
            "id": "arn:aws:elasticloadbalancing:us-west-2:993407081893:targetgroup/tickets-tg-oregon/66ea5a4f09f62343-2024062708361961720000000e",
            "port": 80,
            "target_group_arn": "arn:aws:elasticloadbalancing:us-west-2:993407081893:targetgroup/tickets-tg-oregon/66ea5a4f09f62343",
            "target_id": "i-0c03b5c78502c4448"
          },
          "sensitive_attributes": [],
          "private": "bnVsbA==",
          "dependencies": [
            "aws_iam_instance_profile.ssm_instance_profile",
            "aws_iam_role.ssm_role",
            "aws_instance.tickets_oregon",
            "aws_lb_target_group.tickets_tg_oregon",
            "aws_security_group.alb_sg_oregon",
            "aws_security_group.tickets_sg_oregon",
            "module.vpc_oregon.aws_subnet.public",
            "module.vpc_oregon.aws_vpc.this"
          ]
        }
      ]
    },
    {
      "mode": "managed",
      "type": "aws_lb_target_group_attachment",
      "name": "tickets_attachment_virginia",
      "provider": "provider[\"registry.terraform.io/hashicorp/aws\"].virginia",
      "instances": [
        {
          "schema_version": 0,
          "attributes": {
            "availability_zone": null,
            "id": "arn:aws:elasticloadbalancing:us-east-1:993407081893:targetgroup/tickets-tg-virginia/266ce0616efeff41-2024062708360926730000000c",
            "port": 80,
            "target_group_arn": "arn:aws:elasticloadbalancing:us-east-1:993407081893:targetgroup/tickets-tg-virginia/266ce0616efeff41",
            "target_id": "i-09f144c0db843d8ce"
          },
          "sensitive_attributes": [],
          "private": "bnVsbA==",
          "dependencies": [
            "aws_iam_instance_profile.ssm_instance_profile",
            "aws_iam_role.ssm_role",
            "aws_instance.tickets_virginia",
            "aws_lb_target_group.tickets_tg_virginia",
            "aws_security_group.alb_sg_virginia",
            "aws_security_group.tickets_sg_virginia",
            "module.vpc_virginia.aws_subnet.public",
            "module.vpc_virginia.aws_vpc.this"
          ]
        }
      ]
    },
    {
      "mode": "managed",
      "type": "aws_route53_record",
      "name": "gitlab_dns_oregon",
      "provider": "provider[\"registry.terraform.io/hashicorp/aws\"].route53",
      "instances": [
        {
          "schema_version": 2,
          "attributes": {
            "alias": [
              {
                "evaluate_target_health": true,
                "name": "alb-oregon-1586669978.us-west-2.elb.amazonaws.com",
                "zone_id": "Z1H1FL5HABSF5"
              }
            ],
            "allow_overwrite": null,
            "cidr_routing_policy": [],
            "failover_routing_policy": [],
            "fqdn": "gitlab.isolated-oregon.kubixcorp.com",
            "geolocation_routing_policy": [],
            "health_check_id": "",
            "id": "Z07774303G2AYPCGKGZSX_gitlab.isolated-oregon.kubixcorp.com_A",
            "latency_routing_policy": [],
            "multivalue_answer_routing_policy": false,
            "name": "gitlab.isolated-oregon.kubixcorp.com",
            "records": null,
            "set_identifier": "",
            "ttl": 0,
            "type": "A",
            "weighted_routing_policy": [],
            "zone_id": "Z07774303G2AYPCGKGZSX"
          },
          "sensitive_attributes": [],
          "private": "eyJzY2hlbWFfdmVyc2lvbiI6IjIifQ==",
          "dependencies": [
            "aws_s3_bucket.alb_logs_oregon",
            "aws_security_group.alb_sg_oregon",
            "aws_wafv2_ip_set.allowed_ips_oregon",
            "aws_wafv2_web_acl.web_acl_oregon",
            "module.alb_oregon.aws_lb.this",
            "module.vpc_oregon.aws_subnet.public",
            "module.vpc_oregon.aws_vpc.this"
          ]
        }
      ]
    },
    {
      "mode": "managed",
      "type": "aws_route53_record",
      "name": "gitlab_dns_virginia",
      "provider": "provider[\"registry.terraform.io/hashicorp/aws\"].route53",
      "instances": [
        {
          "schema_version": 2,
          "attributes": {
            "alias": [
              {
                "evaluate_target_health": true,
                "name": "alb-virginia-470779910.us-east-1.elb.amazonaws.com",
                "zone_id": "Z35SXDOTRQ7X7K"
              }
            ],
            "allow_overwrite": null,
            "cidr_routing_policy": [],
            "failover_routing_policy": [],
            "fqdn": "gitlab.isolated-virginia.kubixcorp.com",
            "geolocation_routing_policy": [],
            "health_check_id": "",
            "id": "Z07774303G2AYPCGKGZSX_gitlab.isolated-virginia.kubixcorp.com_A",
            "latency_routing_policy": [],
            "multivalue_answer_routing_policy": false,
            "name": "gitlab.isolated-virginia.kubixcorp.com",
            "records": null,
            "set_identifier": "",
            "ttl": 0,
            "type": "A",
            "weighted_routing_policy": [],
            "zone_id": "Z07774303G2AYPCGKGZSX"
          },
          "sensitive_attributes": [],
          "private": "eyJzY2hlbWFfdmVyc2lvbiI6IjIifQ==",
          "dependencies": [
            "aws_s3_bucket.alb_logs_virginia",
            "aws_security_group.alb_sg_virginia",
            "aws_wafv2_ip_set.allowed_ips_virginia",
            "aws_wafv2_web_acl.web_acl_virginia",
            "module.alb_virginia.aws_lb.this",
            "module.vpc_virginia.aws_subnet.public",
            "module.vpc_virginia.aws_vpc.this"
          ]
        }
      ]
    },
    {
      "mode": "managed",
      "type": "aws_route53_record",
      "name": "jasper_dns_oregon",
      "provider": "provider[\"registry.terraform.io/hashicorp/aws\"].route53",
      "instances": [
        {
          "schema_version": 2,
          "attributes": {
            "alias": [
              {
                "evaluate_target_health": true,
                "name": "alb-oregon-1586669978.us-west-2.elb.amazonaws.com",
                "zone_id": "Z1H1FL5HABSF5"
              }
            ],
            "allow_overwrite": null,
            "cidr_routing_policy": [],
            "failover_routing_policy": [],
            "fqdn": "reports.isolated-oregon.kubixcorp.com",
            "geolocation_routing_policy": [],
            "health_check_id": "",
            "id": "Z07774303G2AYPCGKGZSX_reports.isolated-oregon.kubixcorp.com_A",
            "latency_routing_policy": [],
            "multivalue_answer_routing_policy": false,
            "name": "reports.isolated-oregon.kubixcorp.com",
            "records": null,
            "set_identifier": "",
            "ttl": 0,
            "type": "A",
            "weighted_routing_policy": [],
            "zone_id": "Z07774303G2AYPCGKGZSX"
          },
          "sensitive_attributes": [],
          "private": "eyJzY2hlbWFfdmVyc2lvbiI6IjIifQ==",
          "dependencies": [
            "aws_s3_bucket.alb_logs_oregon",
            "aws_security_group.alb_sg_oregon",
            "aws_wafv2_ip_set.allowed_ips_oregon",
            "aws_wafv2_web_acl.web_acl_oregon",
            "module.alb_oregon.aws_lb.this",
            "module.vpc_oregon.aws_subnet.public",
            "module.vpc_oregon.aws_vpc.this"
          ]
        }
      ]
    },
    {
      "mode": "managed",
      "type": "aws_route53_record",
      "name": "jasper_dns_virginia",
      "provider": "provider[\"registry.terraform.io/hashicorp/aws\"].route53",
      "instances": [
        {
          "schema_version": 2,
          "attributes": {
            "alias": [
              {
                "evaluate_target_health": true,
                "name": "alb-virginia-470779910.us-east-1.elb.amazonaws.com",
                "zone_id": "Z35SXDOTRQ7X7K"
              }
            ],
            "allow_overwrite": null,
            "cidr_routing_policy": [],
            "failover_routing_policy": [],
            "fqdn": "reports.isolated-virginia.kubixcorp.com",
            "geolocation_routing_policy": [],
            "health_check_id": "",
            "id": "Z07774303G2AYPCGKGZSX_reports.isolated-virginia.kubixcorp.com_A",
            "latency_routing_policy": [],
            "multivalue_answer_routing_policy": false,
            "name": "reports.isolated-virginia.kubixcorp.com",
            "records": null,
            "set_identifier": "",
            "ttl": 0,
            "type": "A",
            "weighted_routing_policy": [],
            "zone_id": "Z07774303G2AYPCGKGZSX"
          },
          "sensitive_attributes": [],
          "private": "eyJzY2hlbWFfdmVyc2lvbiI6IjIifQ==",
          "dependencies": [
            "aws_s3_bucket.alb_logs_virginia",
            "aws_security_group.alb_sg_virginia",
            "aws_wafv2_ip_set.allowed_ips_virginia",
            "aws_wafv2_web_acl.web_acl_virginia",
            "module.alb_virginia.aws_lb.this",
            "module.vpc_virginia.aws_subnet.public",
            "module.vpc_virginia.aws_vpc.this"
          ]
        }
      ]
    },
    {
      "mode": "managed",
      "type": "aws_route53_record",
      "name": "monitor_dns_oregon",
      "provider": "provider[\"registry.terraform.io/hashicorp/aws\"].route53",
      "instances": [
        {
          "schema_version": 2,
          "attributes": {
            "alias": [
              {
                "evaluate_target_health": true,
                "name": "alb-oregon-1586669978.us-west-2.elb.amazonaws.com",
                "zone_id": "Z1H1FL5HABSF5"
              }
            ],
            "allow_overwrite": null,
            "cidr_routing_policy": [],
            "failover_routing_policy": [],
            "fqdn": "monitor.isolated-oregon.kubixcorp.com",
            "geolocation_routing_policy": [],
            "health_check_id": "",
            "id": "Z07774303G2AYPCGKGZSX_monitor.isolated-oregon.kubixcorp.com_A",
            "latency_routing_policy": [],
            "multivalue_answer_routing_policy": false,
            "name": "monitor.isolated-oregon.kubixcorp.com",
            "records": null,
            "set_identifier": "",
            "ttl": 0,
            "type": "A",
            "weighted_routing_policy": [],
            "zone_id": "Z07774303G2AYPCGKGZSX"
          },
          "sensitive_attributes": [],
          "private": "eyJzY2hlbWFfdmVyc2lvbiI6IjIifQ==",
          "dependencies": [
            "aws_s3_bucket.alb_logs_oregon",
            "aws_security_group.alb_sg_oregon",
            "aws_wafv2_ip_set.allowed_ips_oregon",
            "aws_wafv2_web_acl.web_acl_oregon",
            "module.alb_oregon.aws_lb.this",
            "module.vpc_oregon.aws_subnet.public",
            "module.vpc_oregon.aws_vpc.this"
          ]
        }
      ]
    },
    {
      "mode": "managed",
      "type": "aws_route53_record",
      "name": "monitor_dns_virginia",
      "provider": "provider[\"registry.terraform.io/hashicorp/aws\"].route53",
      "instances": [
        {
          "schema_version": 2,
          "attributes": {
            "alias": [
              {
                "evaluate_target_health": true,
                "name": "alb-virginia-470779910.us-east-1.elb.amazonaws.com",
                "zone_id": "Z35SXDOTRQ7X7K"
              }
            ],
            "allow_overwrite": null,
            "cidr_routing_policy": [],
            "failover_routing_policy": [],
            "fqdn": "monitor.isolated-virginia.kubixcorp.com",
            "geolocation_routing_policy": [],
            "health_check_id": "",
            "id": "Z07774303G2AYPCGKGZSX_monitor.isolated-virginia.kubixcorp.com_A",
            "latency_routing_policy": [],
            "multivalue_answer_routing_policy": false,
            "name": "monitor.isolated-virginia.kubixcorp.com",
            "records": null,
            "set_identifier": "",
            "ttl": 0,
            "type": "A",
            "weighted_routing_policy": [],
            "zone_id": "Z07774303G2AYPCGKGZSX"
          },
          "sensitive_attributes": [],
          "private": "eyJzY2hlbWFfdmVyc2lvbiI6IjIifQ==",
          "dependencies": [
            "aws_s3_bucket.alb_logs_virginia",
            "aws_security_group.alb_sg_virginia",
            "aws_wafv2_ip_set.allowed_ips_virginia",
            "aws_wafv2_web_acl.web_acl_virginia",
            "module.alb_virginia.aws_lb.this",
            "module.vpc_virginia.aws_subnet.public",
            "module.vpc_virginia.aws_vpc.this"
          ]
        }
      ]
    },
    {
      "mode": "managed",
      "type": "aws_route53_record",
      "name": "openvpn_dns_oregon",
      "provider": "provider[\"registry.terraform.io/hashicorp/aws\"].route53",
      "instances": [
        {
          "schema_version": 2,
          "attributes": {
            "alias": [
              {
                "evaluate_target_health": true,
                "name": "alb-oregon-1586669978.us-west-2.elb.amazonaws.com",
                "zone_id": "Z1H1FL5HABSF5"
              }
            ],
            "allow_overwrite": null,
            "cidr_routing_policy": [],
            "failover_routing_policy": [],
            "fqdn": "openvpn.isolated-oregon.kubixcorp.com",
            "geolocation_routing_policy": [],
            "health_check_id": "",
            "id": "Z07774303G2AYPCGKGZSX_openvpn.isolated-oregon.kubixcorp.com_A",
            "latency_routing_policy": [],
            "multivalue_answer_routing_policy": false,
            "name": "openvpn.isolated-oregon.kubixcorp.com",
            "records": null,
            "set_identifier": "",
            "ttl": 0,
            "type": "A",
            "weighted_routing_policy": [],
            "zone_id": "Z07774303G2AYPCGKGZSX"
          },
          "sensitive_attributes": [],
          "private": "eyJzY2hlbWFfdmVyc2lvbiI6IjIifQ==",
          "dependencies": [
            "aws_s3_bucket.alb_logs_oregon",
            "aws_security_group.alb_sg_oregon",
            "aws_wafv2_ip_set.allowed_ips_oregon",
            "aws_wafv2_web_acl.web_acl_oregon",
            "module.alb_oregon.aws_lb.this",
            "module.vpc_oregon.aws_subnet.public",
            "module.vpc_oregon.aws_vpc.this"
          ]
        }
      ]
    },
    {
      "mode": "managed",
      "type": "aws_route53_record",
      "name": "openvpn_dns_virginia",
      "provider": "provider[\"registry.terraform.io/hashicorp/aws\"].route53",
      "instances": [
        {
          "schema_version": 2,
          "attributes": {
            "alias": [
              {
                "evaluate_target_health": true,
                "name": "alb-virginia-470779910.us-east-1.elb.amazonaws.com",
                "zone_id": "Z35SXDOTRQ7X7K"
              }
            ],
            "allow_overwrite": null,
            "cidr_routing_policy": [],
            "failover_routing_policy": [],
            "fqdn": "openvpn.isolated-virginia.kubixcorp.com",
            "geolocation_routing_policy": [],
            "health_check_id": "",
            "id": "Z07774303G2AYPCGKGZSX_openvpn.isolated-virginia.kubixcorp.com_A",
            "latency_routing_policy": [],
            "multivalue_answer_routing_policy": false,
            "name": "openvpn.isolated-virginia.kubixcorp.com",
            "records": null,
            "set_identifier": "",
            "ttl": 0,
            "type": "A",
            "weighted_routing_policy": [],
            "zone_id": "Z07774303G2AYPCGKGZSX"
          },
          "sensitive_attributes": [],
          "private": "eyJzY2hlbWFfdmVyc2lvbiI6IjIifQ==",
          "dependencies": [
            "aws_s3_bucket.alb_logs_virginia",
            "aws_security_group.alb_sg_virginia",
            "aws_wafv2_ip_set.allowed_ips_virginia",
            "aws_wafv2_web_acl.web_acl_virginia",
            "module.alb_virginia.aws_lb.this",
            "module.vpc_virginia.aws_subnet.public",
            "module.vpc_virginia.aws_vpc.this"
          ]
        }
      ]
    },
    {
      "mode": "managed",
      "type": "aws_route53_record",
      "name": "pentaho_dns_oregon",
      "provider": "provider[\"registry.terraform.io/hashicorp/aws\"].route53",
      "instances": [
        {
          "schema_version": 2,
          "attributes": {
            "alias": [
              {
                "evaluate_target_health": true,
                "name": "alb-oregon-1586669978.us-west-2.elb.amazonaws.com",
                "zone_id": "Z1H1FL5HABSF5"
              }
            ],
            "allow_overwrite": null,
            "cidr_routing_policy": [],
            "failover_routing_policy": [],
            "fqdn": "pentaho.isolated-oregon.kubixcorp.com",
            "geolocation_routing_policy": [],
            "health_check_id": "",
            "id": "Z07774303G2AYPCGKGZSX_pentaho.isolated-oregon.kubixcorp.com_A",
            "latency_routing_policy": [],
            "multivalue_answer_routing_policy": false,
            "name": "pentaho.isolated-oregon.kubixcorp.com",
            "records": null,
            "set_identifier": "",
            "ttl": 0,
            "type": "A",
            "weighted_routing_policy": [],
            "zone_id": "Z07774303G2AYPCGKGZSX"
          },
          "sensitive_attributes": [],
          "private": "eyJzY2hlbWFfdmVyc2lvbiI6IjIifQ==",
          "dependencies": [
            "aws_s3_bucket.alb_logs_oregon",
            "aws_security_group.alb_sg_oregon",
            "aws_wafv2_ip_set.allowed_ips_oregon",
            "aws_wafv2_web_acl.web_acl_oregon",
            "module.alb_oregon.aws_lb.this",
            "module.vpc_oregon.aws_subnet.public",
            "module.vpc_oregon.aws_vpc.this"
          ]
        }
      ]
    },
    {
      "mode": "managed",
      "type": "aws_route53_record",
      "name": "pentaho_dns_virginia",
      "provider": "provider[\"registry.terraform.io/hashicorp/aws\"].route53",
      "instances": [
        {
          "schema_version": 2,
          "attributes": {
            "alias": [
              {
                "evaluate_target_health": true,
                "name": "alb-virginia-470779910.us-east-1.elb.amazonaws.com",
                "zone_id": "Z35SXDOTRQ7X7K"
              }
            ],
            "allow_overwrite": null,
            "cidr_routing_policy": [],
            "failover_routing_policy": [],
            "fqdn": "pentaho.isolated-virginia.kubixcorp.com",
            "geolocation_routing_policy": [],
            "health_check_id": "",
            "id": "Z07774303G2AYPCGKGZSX_pentaho.isolated-virginia.kubixcorp.com_A",
            "latency_routing_policy": [],
            "multivalue_answer_routing_policy": false,
            "name": "pentaho.isolated-virginia.kubixcorp.com",
            "records": null,
            "set_identifier": "",
            "ttl": 0,
            "type": "A",
            "weighted_routing_policy": [],
            "zone_id": "Z07774303G2AYPCGKGZSX"
          },
          "sensitive_attributes": [],
          "private": "eyJzY2hlbWFfdmVyc2lvbiI6IjIifQ==",
          "dependencies": [
            "aws_s3_bucket.alb_logs_virginia",
            "aws_security_group.alb_sg_virginia",
            "aws_wafv2_ip_set.allowed_ips_virginia",
            "aws_wafv2_web_acl.web_acl_virginia",
            "module.alb_virginia.aws_lb.this",
            "module.vpc_virginia.aws_subnet.public",
            "module.vpc_virginia.aws_vpc.this"
          ]
        }
      ]
    },
    {
      "mode": "managed",
      "type": "aws_route53_record",
      "name": "sonarqube_dns_oregon",
      "provider": "provider[\"registry.terraform.io/hashicorp/aws\"].route53",
      "instances": [
        {
          "schema_version": 2,
          "attributes": {
            "alias": [
              {
                "evaluate_target_health": true,
                "name": "alb-oregon-1586669978.us-west-2.elb.amazonaws.com",
                "zone_id": "Z1H1FL5HABSF5"
              }
            ],
            "allow_overwrite": null,
            "cidr_routing_policy": [],
            "failover_routing_policy": [],
            "fqdn": "sonarqube.isolated-oregon.kubixcorp.com",
            "geolocation_routing_policy": [],
            "health_check_id": "",
            "id": "Z07774303G2AYPCGKGZSX_sonarqube.isolated-oregon.kubixcorp.com_A",
            "latency_routing_policy": [],
            "multivalue_answer_routing_policy": false,
            "name": "sonarqube.isolated-oregon.kubixcorp.com",
            "records": null,
            "set_identifier": "",
            "ttl": 0,
            "type": "A",
            "weighted_routing_policy": [],
            "zone_id": "Z07774303G2AYPCGKGZSX"
          },
          "sensitive_attributes": [],
          "private": "eyJzY2hlbWFfdmVyc2lvbiI6IjIifQ==",
          "dependencies": [
            "aws_s3_bucket.alb_logs_oregon",
            "aws_security_group.alb_sg_oregon",
            "aws_wafv2_ip_set.allowed_ips_oregon",
            "aws_wafv2_web_acl.web_acl_oregon",
            "module.alb_oregon.aws_lb.this",
            "module.vpc_oregon.aws_subnet.public",
            "module.vpc_oregon.aws_vpc.this"
          ]
        }
      ]
    },
    {
      "mode": "managed",
      "type": "aws_route53_record",
      "name": "sonarqube_dns_virginia",
      "provider": "provider[\"registry.terraform.io/hashicorp/aws\"].route53",
      "instances": [
        {
          "schema_version": 2,
          "attributes": {
            "alias": [
              {
                "evaluate_target_health": true,
                "name": "alb-virginia-470779910.us-east-1.elb.amazonaws.com",
                "zone_id": "Z35SXDOTRQ7X7K"
              }
            ],
            "allow_overwrite": null,
            "cidr_routing_policy": [],
            "failover_routing_policy": [],
            "fqdn": "sonarqube.isolated-virginia.kubixcorp.com",
            "geolocation_routing_policy": [],
            "health_check_id": "",
            "id": "Z07774303G2AYPCGKGZSX_sonarqube.isolated-virginia.kubixcorp.com_A",
            "latency_routing_policy": [],
            "multivalue_answer_routing_policy": false,
            "name": "sonarqube.isolated-virginia.kubixcorp.com",
            "records": null,
            "set_identifier": "",
            "ttl": 0,
            "type": "A",
            "weighted_routing_policy": [],
            "zone_id": "Z07774303G2AYPCGKGZSX"
          },
          "sensitive_attributes": [],
          "private": "eyJzY2hlbWFfdmVyc2lvbiI6IjIifQ==",
          "dependencies": [
            "aws_s3_bucket.alb_logs_virginia",
            "aws_security_group.alb_sg_virginia",
            "aws_wafv2_ip_set.allowed_ips_virginia",
            "aws_wafv2_web_acl.web_acl_virginia",
            "module.alb_virginia.aws_lb.this",
            "module.vpc_virginia.aws_subnet.public",
            "module.vpc_virginia.aws_vpc.this"
          ]
        }
      ]
    },
    {
      "mode": "managed",
      "type": "aws_route53_record",
      "name": "tickets_dns_oregon",
      "provider": "provider[\"registry.terraform.io/hashicorp/aws\"].route53",
      "instances": [
        {
          "schema_version": 2,
          "attributes": {
            "alias": [
              {
                "evaluate_target_health": true,
                "name": "alb-oregon-1586669978.us-west-2.elb.amazonaws.com",
                "zone_id": "Z1H1FL5HABSF5"
              }
            ],
            "allow_overwrite": null,
            "cidr_routing_policy": [],
            "failover_routing_policy": [],
            "fqdn": "tickets.isolated-oregon.kubixcorp.com",
            "geolocation_routing_policy": [],
            "health_check_id": "",
            "id": "Z07774303G2AYPCGKGZSX_tickets.isolated-oregon.kubixcorp.com_A",
            "latency_routing_policy": [],
            "multivalue_answer_routing_policy": false,
            "name": "tickets.isolated-oregon.kubixcorp.com",
            "records": null,
            "set_identifier": "",
            "ttl": 0,
            "type": "A",
            "weighted_routing_policy": [],
            "zone_id": "Z07774303G2AYPCGKGZSX"
          },
          "sensitive_attributes": [],
          "private": "eyJzY2hlbWFfdmVyc2lvbiI6IjIifQ==",
          "dependencies": [
            "aws_s3_bucket.alb_logs_oregon",
            "aws_security_group.alb_sg_oregon",
            "aws_wafv2_ip_set.allowed_ips_oregon",
            "aws_wafv2_web_acl.web_acl_oregon",
            "module.alb_oregon.aws_lb.this",
            "module.vpc_oregon.aws_subnet.public",
            "module.vpc_oregon.aws_vpc.this"
          ]
        }
      ]
    },
    {
      "mode": "managed",
      "type": "aws_route53_record",
      "name": "tickets_dns_virginia",
      "provider": "provider[\"registry.terraform.io/hashicorp/aws\"].route53",
      "instances": [
        {
          "schema_version": 2,
          "attributes": {
            "alias": [
              {
                "evaluate_target_health": true,
                "name": "alb-virginia-470779910.us-east-1.elb.amazonaws.com",
                "zone_id": "Z35SXDOTRQ7X7K"
              }
            ],
            "allow_overwrite": null,
            "cidr_routing_policy": [],
            "failover_routing_policy": [],
            "fqdn": "tickets.isolated-virginia.kubixcorp.com",
            "geolocation_routing_policy": [],
            "health_check_id": "",
            "id": "Z07774303G2AYPCGKGZSX_tickets.isolated-virginia.kubixcorp.com_A",
            "latency_routing_policy": [],
            "multivalue_answer_routing_policy": false,
            "name": "tickets.isolated-virginia.kubixcorp.com",
            "records": null,
            "set_identifier": "",
            "ttl": 0,
            "type": "A",
            "weighted_routing_policy": [],
            "zone_id": "Z07774303G2AYPCGKGZSX"
          },
          "sensitive_attributes": [],
          "private": "eyJzY2hlbWFfdmVyc2lvbiI6IjIifQ==",
          "dependencies": [
            "aws_s3_bucket.alb_logs_virginia",
            "aws_security_group.alb_sg_virginia",
            "aws_wafv2_ip_set.allowed_ips_virginia",
            "aws_wafv2_web_acl.web_acl_virginia",
            "module.alb_virginia.aws_lb.this",
            "module.vpc_virginia.aws_subnet.public",
            "module.vpc_virginia.aws_vpc.this"
          ]
        }
      ]
    },
    {
      "mode": "managed",
      "type": "aws_s3_bucket",
      "name": "alb_logs_oregon",
      "provider": "provider[\"registry.terraform.io/hashicorp/aws\"].oregon",
      "instances": [
        {
          "schema_version": 0,
          "attributes": {
            "acceleration_status": "",
            "acl": null,
            "arn": "arn:aws:s3:::alb-logs-isolated-oregon",
            "bucket": "alb-logs-isolated-oregon",
            "bucket_domain_name": "alb-logs-isolated-oregon.s3.amazonaws.com",
            "bucket_prefix": "",
            "bucket_regional_domain_name": "alb-logs-isolated-oregon.s3.us-west-2.amazonaws.com",
            "cors_rule": [],
            "force_destroy": true,
            "grant": [
              {
                "id": "ab125ce127cb8dc76343c5471d93fe1f6978f0443b1f8832d5342ea577ed777d",
                "permissions": [
                  "FULL_CONTROL"
                ],
                "type": "CanonicalUser",
                "uri": ""
              }
            ],
            "hosted_zone_id": "Z3BJ6K6RIION7M",
            "id": "alb-logs-isolated-oregon",
            "lifecycle_rule": [],
            "logging": [],
            "object_lock_configuration": [],
            "object_lock_enabled": false,
            "policy": "",
            "region": "us-west-2",
            "replication_configuration": [],
            "request_payer": "BucketOwner",
            "server_side_encryption_configuration": [
              {
                "rule": [
                  {
                    "apply_server_side_encryption_by_default": [
                      {
                        "kms_master_key_id": "",
                        "sse_algorithm": "AES256"
                      }
                    ],
                    "bucket_key_enabled": false
                  }
                ]
              }
            ],
            "tags": {
              "Name": "ALB Logs Bucket Oregon"
            },
            "tags_all": {
              "Name": "ALB Logs Bucket Oregon"
            },
            "timeouts": null,
            "versioning": [
              {
                "enabled": false,
                "mfa_delete": false
              }
            ],
            "website": [],
            "website_domain": null,
            "website_endpoint": null
          },
          "sensitive_attributes": [],
          "private": "eyJlMmJmYjczMC1lY2FhLTExZTYtOGY4OC0zNDM2M2JjN2M0YzAiOnsiY3JlYXRlIjoxMjAwMDAwMDAwMDAwLCJkZWxldGUiOjM2MDAwMDAwMDAwMDAsInJlYWQiOjEyMDAwMDAwMDAwMDAsInVwZGF0ZSI6MTIwMDAwMDAwMDAwMH19"
        }
      ]
    },
    {
      "mode": "managed",
      "type": "aws_s3_bucket",
      "name": "alb_logs_virginia",
      "provider": "provider[\"registry.terraform.io/hashicorp/aws\"].virginia",
      "instances": [
        {
          "schema_version": 0,
          "attributes": {
            "acceleration_status": "",
            "acl": null,
            "arn": "arn:aws:s3:::alb-logs-isolated-virginia",
            "bucket": "alb-logs-isolated-virginia",
            "bucket_domain_name": "alb-logs-isolated-virginia.s3.amazonaws.com",
            "bucket_prefix": "",
            "bucket_regional_domain_name": "alb-logs-isolated-virginia.s3.amazonaws.com",
            "cors_rule": [],
            "force_destroy": true,
            "grant": [
              {
                "id": "ab125ce127cb8dc76343c5471d93fe1f6978f0443b1f8832d5342ea577ed777d",
                "permissions": [
                  "FULL_CONTROL"
                ],
                "type": "CanonicalUser",
                "uri": ""
              }
            ],
            "hosted_zone_id": "Z3AQBSTGFYJSTF",
            "id": "alb-logs-isolated-virginia",
            "lifecycle_rule": [],
            "logging": [],
            "object_lock_configuration": [],
            "object_lock_enabled": false,
            "policy": "",
            "region": "us-east-1",
            "replication_configuration": [],
            "request_payer": "BucketOwner",
            "server_side_encryption_configuration": [
              {
                "rule": [
                  {
                    "apply_server_side_encryption_by_default": [
                      {
                        "kms_master_key_id": "",
                        "sse_algorithm": "AES256"
                      }
                    ],
                    "bucket_key_enabled": false
                  }
                ]
              }
            ],
            "tags": {
              "Name": "ALB Logs Bucket Virginia"
            },
            "tags_all": {
              "Name": "ALB Logs Bucket Virginia"
            },
            "timeouts": null,
            "versioning": [
              {
                "enabled": false,
                "mfa_delete": false
              }
            ],
            "website": [],
            "website_domain": null,
            "website_endpoint": null
          },
          "sensitive_attributes": [],
          "private": "eyJlMmJmYjczMC1lY2FhLTExZTYtOGY4OC0zNDM2M2JjN2M0YzAiOnsiY3JlYXRlIjoxMjAwMDAwMDAwMDAwLCJkZWxldGUiOjM2MDAwMDAwMDAwMDAsInJlYWQiOjEyMDAwMDAwMDAwMDAsInVwZGF0ZSI6MTIwMDAwMDAwMDAwMH19"
        }
      ]
    },
    {
      "mode": "managed",
      "type": "aws_s3_bucket_policy",
      "name": "alb_logs_oregon_policy",
      "provider": "provider[\"registry.terraform.io/hashicorp/aws\"].oregon",
      "instances": [
        {
          "schema_version": 0,
          "attributes": {
            "bucket": "alb-logs-isolated-oregon",
            "id": "alb-logs-isolated-oregon",
            "policy": "{\"Statement\":[{\"Action\":\"s3:PutObject\",\"Effect\":\"Allow\",\"Principal\":{\"AWS\":\"arn:aws:iam::127311923021:root\"},\"Resource\":\"arn:aws:s3:::alb-logs-isolated-oregon/*\"}],\"Version\":\"2012-10-17\"}"
          },
          "sensitive_attributes": [],
          "private": "bnVsbA==",
          "dependencies": [
            "aws_s3_bucket.alb_logs_oregon",
            "data.aws_elb_service_account.main"
          ]
        }
      ]
    },
    {
      "mode": "managed",
      "type": "aws_s3_bucket_policy",
      "name": "alb_logs_virginia_policy",
      "provider": "provider[\"registry.terraform.io/hashicorp/aws\"].virginia",
      "instances": [
        {
          "schema_version": 0,
          "attributes": {
            "bucket": "alb-logs-isolated-virginia",
            "id": "alb-logs-isolated-virginia",
            "policy": "{\"Statement\":[{\"Action\":\"s3:PutObject\",\"Effect\":\"Allow\",\"Principal\":{\"AWS\":\"arn:aws:iam::127311923021:root\"},\"Resource\":\"arn:aws:s3:::alb-logs-isolated-virginia/*\"}],\"Version\":\"2012-10-17\"}"
          },
          "sensitive_attributes": [],
          "private": "bnVsbA==",
          "dependencies": [
            "aws_s3_bucket.alb_logs_virginia",
            "data.aws_elb_service_account.main"
          ]
        }
      ]
    },
    {
      "mode": "managed",
      "type": "aws_security_group",
      "name": "alb_sg_oregon",
      "provider": "provider[\"registry.terraform.io/hashicorp/aws\"].oregon",
      "instances": [
        {
          "schema_version": 1,
          "attributes": {
            "arn": "arn:aws:ec2:us-west-2:993407081893:security-group/sg-0eed9367a0dca7013",
            "description": "ALB Security Group Oregon",
            "egress": [
              {
                "cidr_blocks": [
                  "0.0.0.0/0"
                ],
                "description": "",
                "from_port": 0,
                "ipv6_cidr_blocks": [],
                "prefix_list_ids": [],
                "protocol": "-1",
                "security_groups": [],
                "self": false,
                "to_port": 0
              }
            ],
            "id": "sg-0eed9367a0dca7013",
            "ingress": [
              {
                "cidr_blocks": [
                  "0.0.0.0/0"
                ],
                "description": "",
                "from_port": 443,
                "ipv6_cidr_blocks": [],
                "prefix_list_ids": [],
                "protocol": "tcp",
                "security_groups": [],
                "self": false,
                "to_port": 443
              }
            ],
            "name": "alb_sg_oregon",
            "name_prefix": "",
            "owner_id": "993407081893",
            "revoke_rules_on_delete": false,
            "tags": {
              "Name": "ALB Security Group Oregon"
            },
            "tags_all": {
              "Name": "ALB Security Group Oregon"
            },
            "timeouts": null,
            "vpc_id": "vpc-0f7a6ad7b15087ee9"
          },
          "sensitive_attributes": [],
          "private": "eyJlMmJmYjczMC1lY2FhLTExZTYtOGY4OC0zNDM2M2JjN2M0YzAiOnsiY3JlYXRlIjo2MDAwMDAwMDAwMDAsImRlbGV0ZSI6OTAwMDAwMDAwMDAwfSwic2NoZW1hX3ZlcnNpb24iOiIxIn0=",
          "dependencies": [
            "module.vpc_oregon.aws_vpc.this"
          ]
        }
      ]
    },
    {
      "mode": "managed",
      "type": "aws_security_group",
      "name": "alb_sg_virginia",
      "provider": "provider[\"registry.terraform.io/hashicorp/aws\"].virginia",
      "instances": [
        {
          "schema_version": 1,
          "attributes": {
            "arn": "arn:aws:ec2:us-east-1:993407081893:security-group/sg-080e7b85007365b59",
            "description": "ALB Security Group Virginia",
            "egress": [
              {
                "cidr_blocks": [
                  "0.0.0.0/0"
                ],
                "description": "",
                "from_port": 0,
                "ipv6_cidr_blocks": [],
                "prefix_list_ids": [],
                "protocol": "-1",
                "security_groups": [],
                "self": false,
                "to_port": 0
              }
            ],
            "id": "sg-080e7b85007365b59",
            "ingress": [
              {
                "cidr_blocks": [
                  "0.0.0.0/0"
                ],
                "description": "",
                "from_port": 443,
                "ipv6_cidr_blocks": [],
                "prefix_list_ids": [],
                "protocol": "tcp",
                "security_groups": [],
                "self": false,
                "to_port": 443
              }
            ],
            "name": "alb_sg_virginia",
            "name_prefix": "",
            "owner_id": "993407081893",
            "revoke_rules_on_delete": false,
            "tags": {
              "Name": "ALB Security Group Virginia"
            },
            "tags_all": {
              "Name": "ALB Security Group Virginia"
            },
            "timeouts": null,
            "vpc_id": "vpc-04b1b1325f03077fd"
          },
          "sensitive_attributes": [],
          "private": "eyJlMmJmYjczMC1lY2FhLTExZTYtOGY4OC0zNDM2M2JjN2M0YzAiOnsiY3JlYXRlIjo2MDAwMDAwMDAwMDAsImRlbGV0ZSI6OTAwMDAwMDAwMDAwfSwic2NoZW1hX3ZlcnNpb24iOiIxIn0=",
          "dependencies": [
            "module.vpc_virginia.aws_vpc.this"
          ]
        }
      ]
    },
    {
      "mode": "managed",
      "type": "aws_security_group",
      "name": "bastion_sg_oregon",
      "provider": "provider[\"registry.terraform.io/hashicorp/aws\"].oregon",
      "instances": [
        {
          "schema_version": 1,
          "attributes": {
            "arn": "arn:aws:ec2:us-west-2:993407081893:security-group/sg-04b13283322d271b1",
            "description": "Allow SSH traffic",
            "egress": [
              {
                "cidr_blocks": [
                  "0.0.0.0/0"
                ],
                "description": "",
                "from_port": 0,
                "ipv6_cidr_blocks": [],
                "prefix_list_ids": [],
                "protocol": "-1",
                "security_groups": [],
                "self": false,
                "to_port": 0
              }
            ],
            "id": "sg-04b13283322d271b1",
            "ingress": [
              {
                "cidr_blocks": [
                  "0.0.0.0/0"
                ],
                "description": "",
                "from_port": 22,
                "ipv6_cidr_blocks": [],
                "prefix_list_ids": [],
                "protocol": "tcp",
                "security_groups": [],
                "self": false,
                "to_port": 22
              }
            ],
            "name": "oregon_sg_virginia",
            "name_prefix": "",
            "owner_id": "993407081893",
            "revoke_rules_on_delete": false,
            "tags": {
              "Name": "Bastion SG Oregon"
            },
            "tags_all": {
              "Name": "Bastion SG Oregon"
            },
            "timeouts": null,
            "vpc_id": "vpc-0f7a6ad7b15087ee9"
          },
          "sensitive_attributes": [],
          "private": "eyJlMmJmYjczMC1lY2FhLTExZTYtOGY4OC0zNDM2M2JjN2M0YzAiOnsiY3JlYXRlIjo2MDAwMDAwMDAwMDAsImRlbGV0ZSI6OTAwMDAwMDAwMDAwfSwic2NoZW1hX3ZlcnNpb24iOiIxIn0=",
          "dependencies": [
            "module.vpc_oregon.aws_vpc.this"
          ]
        }
      ]
    },
    {
      "mode": "managed",
      "type": "aws_security_group",
      "name": "bastion_sg_virginia",
      "provider": "provider[\"registry.terraform.io/hashicorp/aws\"].virginia",
      "instances": [
        {
          "schema_version": 1,
          "attributes": {
            "arn": "arn:aws:ec2:us-east-1:993407081893:security-group/sg-0aee06ffe96682e79",
            "description": "Allow SSH traffic",
            "egress": [
              {
                "cidr_blocks": [
                  "0.0.0.0/0"
                ],
                "description": "",
                "from_port": 0,
                "ipv6_cidr_blocks": [],
                "prefix_list_ids": [],
                "protocol": "-1",
                "security_groups": [],
                "self": false,
                "to_port": 0
              }
            ],
            "id": "sg-0aee06ffe96682e79",
            "ingress": [
              {
                "cidr_blocks": [
                  "0.0.0.0/0"
                ],
                "description": "",
                "from_port": 22,
                "ipv6_cidr_blocks": [],
                "prefix_list_ids": [],
                "protocol": "tcp",
                "security_groups": [],
                "self": false,
                "to_port": 22
              }
            ],
            "name": "bastion_sg_virginia",
            "name_prefix": "",
            "owner_id": "993407081893",
            "revoke_rules_on_delete": false,
            "tags": {
              "Name": "Bastion SG Virginia"
            },
            "tags_all": {
              "Name": "Bastion SG Virginia"
            },
            "timeouts": null,
            "vpc_id": "vpc-04b1b1325f03077fd"
          },
          "sensitive_attributes": [],
          "private": "eyJlMmJmYjczMC1lY2FhLTExZTYtOGY4OC0zNDM2M2JjN2M0YzAiOnsiY3JlYXRlIjo2MDAwMDAwMDAwMDAsImRlbGV0ZSI6OTAwMDAwMDAwMDAwfSwic2NoZW1hX3ZlcnNpb24iOiIxIn0=",
          "dependencies": [
            "module.vpc_virginia.aws_vpc.this"
          ]
        }
      ]
    },
    {
      "mode": "managed",
      "type": "aws_security_group",
      "name": "gitlab_sg_oregon",
      "provider": "provider[\"registry.terraform.io/hashicorp/aws\"].oregon",
      "instances": [
        {
          "schema_version": 1,
          "attributes": {
            "arn": "arn:aws:ec2:us-west-2:993407081893:security-group/sg-0385c5a8d7e8c9596",
            "description": "Allow HTTP, HTTPS and SSH traffic",
            "egress": [
              {
                "cidr_blocks": [
                  "0.0.0.0/0"
                ],
                "description": "",
                "from_port": 0,
                "ipv6_cidr_blocks": [],
                "prefix_list_ids": [],
                "protocol": "-1",
                "security_groups": [],
                "self": false,
                "to_port": 0
              }
            ],
            "id": "sg-0385c5a8d7e8c9596",
            "ingress": [
              {
                "cidr_blocks": [
                  "0.0.0.0/0"
                ],
                "description": "",
                "from_port": 22,
                "ipv6_cidr_blocks": [],
                "prefix_list_ids": [],
                "protocol": "tcp",
                "security_groups": [],
                "self": false,
                "to_port": 22
              },
              {
                "cidr_blocks": [],
                "description": "",
                "from_port": 443,
                "ipv6_cidr_blocks": [],
                "prefix_list_ids": [],
                "protocol": "tcp",
                "security_groups": [
                  "sg-0eed9367a0dca7013"
                ],
                "self": false,
                "to_port": 443
              },
              {
                "cidr_blocks": [],
                "description": "",
                "from_port": 80,
                "ipv6_cidr_blocks": [],
                "prefix_list_ids": [],
                "protocol": "tcp",
                "security_groups": [
                  "sg-0eed9367a0dca7013"
                ],
                "self": false,
                "to_port": 80
              }
            ],
            "name": "gitlab_sg_oregon",
            "name_prefix": "",
            "owner_id": "993407081893",
            "revoke_rules_on_delete": false,
            "tags": {
              "Name": "GitLab SG Oregon"
            },
            "tags_all": {
              "Name": "GitLab SG Oregon"
            },
            "timeouts": null,
            "vpc_id": "vpc-0f7a6ad7b15087ee9"
          },
          "sensitive_attributes": [],
          "private": "eyJlMmJmYjczMC1lY2FhLTExZTYtOGY4OC0zNDM2M2JjN2M0YzAiOnsiY3JlYXRlIjo2MDAwMDAwMDAwMDAsImRlbGV0ZSI6OTAwMDAwMDAwMDAwfSwic2NoZW1hX3ZlcnNpb24iOiIxIn0=",
          "dependencies": [
            "aws_security_group.alb_sg_oregon",
            "module.vpc_oregon.aws_vpc.this"
          ]
        }
      ]
    },
    {
      "mode": "managed",
      "type": "aws_security_group",
      "name": "gitlab_sg_virginia",
      "provider": "provider[\"registry.terraform.io/hashicorp/aws\"].virginia",
      "instances": [
        {
          "schema_version": 1,
          "attributes": {
            "arn": "arn:aws:ec2:us-east-1:993407081893:security-group/sg-0da3fbabe946af7df",
            "description": "Allow HTTP, HTTPS and SSH traffic",
            "egress": [
              {
                "cidr_blocks": [
                  "0.0.0.0/0"
                ],
                "description": "",
                "from_port": 0,
                "ipv6_cidr_blocks": [],
                "prefix_list_ids": [],
                "protocol": "-1",
                "security_groups": [],
                "self": false,
                "to_port": 0
              }
            ],
            "id": "sg-0da3fbabe946af7df",
            "ingress": [
              {
                "cidr_blocks": [
                  "0.0.0.0/0"
                ],
                "description": "",
                "from_port": 22,
                "ipv6_cidr_blocks": [],
                "prefix_list_ids": [],
                "protocol": "tcp",
                "security_groups": [],
                "self": false,
                "to_port": 22
              },
              {
                "cidr_blocks": [],
                "description": "",
                "from_port": 443,
                "ipv6_cidr_blocks": [],
                "prefix_list_ids": [],
                "protocol": "tcp",
                "security_groups": [
                  "sg-080e7b85007365b59"
                ],
                "self": false,
                "to_port": 443
              },
              {
                "cidr_blocks": [],
                "description": "",
                "from_port": 80,
                "ipv6_cidr_blocks": [],
                "prefix_list_ids": [],
                "protocol": "tcp",
                "security_groups": [
                  "sg-080e7b85007365b59"
                ],
                "self": false,
                "to_port": 80
              }
            ],
            "name": "gitlab_sg_virginia",
            "name_prefix": "",
            "owner_id": "993407081893",
            "revoke_rules_on_delete": false,
            "tags": {
              "Name": "GitLab SG Virginia"
            },
            "tags_all": {
              "Name": "GitLab SG Virginia"
            },
            "timeouts": null,
            "vpc_id": "vpc-04b1b1325f03077fd"
          },
          "sensitive_attributes": [],
          "private": "eyJlMmJmYjczMC1lY2FhLTExZTYtOGY4OC0zNDM2M2JjN2M0YzAiOnsiY3JlYXRlIjo2MDAwMDAwMDAwMDAsImRlbGV0ZSI6OTAwMDAwMDAwMDAwfSwic2NoZW1hX3ZlcnNpb24iOiIxIn0=",
          "dependencies": [
            "aws_security_group.alb_sg_virginia",
            "module.vpc_virginia.aws_vpc.this"
          ]
        }
      ]
    },
    {
      "mode": "managed",
      "type": "aws_security_group",
      "name": "jasper_sg_oregon",
      "provider": "provider[\"registry.terraform.io/hashicorp/aws\"].oregon",
      "instances": [
        {
          "schema_version": 1,
          "attributes": {
            "arn": "arn:aws:ec2:us-west-2:993407081893:security-group/sg-0b4d5b938eaded5dd",
            "description": "Allow HTTP, HTTPS and SSH traffic",
            "egress": [
              {
                "cidr_blocks": [
                  "0.0.0.0/0"
                ],
                "description": "",
                "from_port": 0,
                "ipv6_cidr_blocks": [],
                "prefix_list_ids": [],
                "protocol": "-1",
                "security_groups": [],
                "self": false,
                "to_port": 0
              }
            ],
            "id": "sg-0b4d5b938eaded5dd",
            "ingress": [
              {
                "cidr_blocks": [
                  "0.0.0.0/0"
                ],
                "description": "",
                "from_port": 22,
                "ipv6_cidr_blocks": [],
                "prefix_list_ids": [],
                "protocol": "tcp",
                "security_groups": [],
                "self": false,
                "to_port": 22
              },
              {
                "cidr_blocks": [],
                "description": "",
                "from_port": 443,
                "ipv6_cidr_blocks": [],
                "prefix_list_ids": [],
                "protocol": "tcp",
                "security_groups": [
                  "sg-0eed9367a0dca7013"
                ],
                "self": false,
                "to_port": 443
              },
              {
                "cidr_blocks": [],
                "description": "",
                "from_port": 80,
                "ipv6_cidr_blocks": [],
                "prefix_list_ids": [],
                "protocol": "tcp",
                "security_groups": [
                  "sg-0eed9367a0dca7013"
                ],
                "self": false,
                "to_port": 80
              }
            ],
            "name": "jasper_sg_oregon",
            "name_prefix": "",
            "owner_id": "993407081893",
            "revoke_rules_on_delete": false,
            "tags": {
              "Name": "Jasper SG Oregon"
            },
            "tags_all": {
              "Name": "Jasper SG Oregon"
            },
            "timeouts": null,
            "vpc_id": "vpc-0f7a6ad7b15087ee9"
          },
          "sensitive_attributes": [],
          "private": "eyJlMmJmYjczMC1lY2FhLTExZTYtOGY4OC0zNDM2M2JjN2M0YzAiOnsiY3JlYXRlIjo2MDAwMDAwMDAwMDAsImRlbGV0ZSI6OTAwMDAwMDAwMDAwfSwic2NoZW1hX3ZlcnNpb24iOiIxIn0=",
          "dependencies": [
            "aws_security_group.alb_sg_oregon",
            "module.vpc_oregon.aws_vpc.this"
          ]
        }
      ]
    },
    {
      "mode": "managed",
      "type": "aws_security_group",
      "name": "jasper_sg_virginia",
      "provider": "provider[\"registry.terraform.io/hashicorp/aws\"].virginia",
      "instances": [
        {
          "schema_version": 1,
          "attributes": {
            "arn": "arn:aws:ec2:us-east-1:993407081893:security-group/sg-063991be664ed9e68",
            "description": "Allow HTTP, HTTPS and SSH traffic",
            "egress": [
              {
                "cidr_blocks": [
                  "0.0.0.0/0"
                ],
                "description": "",
                "from_port": 0,
                "ipv6_cidr_blocks": [],
                "prefix_list_ids": [],
                "protocol": "-1",
                "security_groups": [],
                "self": false,
                "to_port": 0
              }
            ],
            "id": "sg-063991be664ed9e68",
            "ingress": [
              {
                "cidr_blocks": [
                  "0.0.0.0/0"
                ],
                "description": "",
                "from_port": 22,
                "ipv6_cidr_blocks": [],
                "prefix_list_ids": [],
                "protocol": "tcp",
                "security_groups": [],
                "self": false,
                "to_port": 22
              },
              {
                "cidr_blocks": [],
                "description": "",
                "from_port": 443,
                "ipv6_cidr_blocks": [],
                "prefix_list_ids": [],
                "protocol": "tcp",
                "security_groups": [
                  "sg-080e7b85007365b59"
                ],
                "self": false,
                "to_port": 443
              },
              {
                "cidr_blocks": [],
                "description": "",
                "from_port": 80,
                "ipv6_cidr_blocks": [],
                "prefix_list_ids": [],
                "protocol": "tcp",
                "security_groups": [
                  "sg-080e7b85007365b59"
                ],
                "self": false,
                "to_port": 80
              }
            ],
            "name": "jasper_sg_virginia",
            "name_prefix": "",
            "owner_id": "993407081893",
            "revoke_rules_on_delete": false,
            "tags": {
              "Name": "Jasper SG Virginia"
            },
            "tags_all": {
              "Name": "Jasper SG Virginia"
            },
            "timeouts": null,
            "vpc_id": "vpc-04b1b1325f03077fd"
          },
          "sensitive_attributes": [],
          "private": "eyJlMmJmYjczMC1lY2FhLTExZTYtOGY4OC0zNDM2M2JjN2M0YzAiOnsiY3JlYXRlIjo2MDAwMDAwMDAwMDAsImRlbGV0ZSI6OTAwMDAwMDAwMDAwfSwic2NoZW1hX3ZlcnNpb24iOiIxIn0=",
          "dependencies": [
            "aws_security_group.alb_sg_virginia",
            "module.vpc_virginia.aws_vpc.this"
          ]
        }
      ]
    },
    {
      "mode": "managed",
      "type": "aws_security_group",
      "name": "monitor_sg_oregon",
      "provider": "provider[\"registry.terraform.io/hashicorp/aws\"].oregon",
      "instances": [
        {
          "schema_version": 1,
          "attributes": {
            "arn": "arn:aws:ec2:us-west-2:993407081893:security-group/sg-0d671d8c3c226053d",
            "description": "Allow HTTP, HTTPS and SSH traffic",
            "egress": [
              {
                "cidr_blocks": [
                  "0.0.0.0/0"
                ],
                "description": "",
                "from_port": 0,
                "ipv6_cidr_blocks": [],
                "prefix_list_ids": [],
                "protocol": "-1",
                "security_groups": [],
                "self": false,
                "to_port": 0
              }
            ],
            "id": "sg-0d671d8c3c226053d",
            "ingress": [
              {
                "cidr_blocks": [
                  "0.0.0.0/0"
                ],
                "description": "",
                "from_port": 22,
                "ipv6_cidr_blocks": [],
                "prefix_list_ids": [],
                "protocol": "tcp",
                "security_groups": [],
                "self": false,
                "to_port": 22
              },
              {
                "cidr_blocks": [],
                "description": "",
                "from_port": 443,
                "ipv6_cidr_blocks": [],
                "prefix_list_ids": [],
                "protocol": "tcp",
                "security_groups": [
                  "sg-0eed9367a0dca7013"
                ],
                "self": false,
                "to_port": 443
              },
              {
                "cidr_blocks": [],
                "description": "",
                "from_port": 80,
                "ipv6_cidr_blocks": [],
                "prefix_list_ids": [],
                "protocol": "tcp",
                "security_groups": [
                  "sg-0eed9367a0dca7013"
                ],
                "self": false,
                "to_port": 80
              }
            ],
            "name": "monitor_sg_oregon",
            "name_prefix": "",
            "owner_id": "993407081893",
            "revoke_rules_on_delete": false,
            "tags": {
              "Name": "Monitor SG Oregon"
            },
            "tags_all": {
              "Name": "Monitor SG Oregon"
            },
            "timeouts": null,
            "vpc_id": "vpc-0f7a6ad7b15087ee9"
          },
          "sensitive_attributes": [],
          "private": "eyJlMmJmYjczMC1lY2FhLTExZTYtOGY4OC0zNDM2M2JjN2M0YzAiOnsiY3JlYXRlIjo2MDAwMDAwMDAwMDAsImRlbGV0ZSI6OTAwMDAwMDAwMDAwfSwic2NoZW1hX3ZlcnNpb24iOiIxIn0=",
          "dependencies": [
            "aws_security_group.alb_sg_oregon",
            "module.vpc_oregon.aws_vpc.this"
          ]
        }
      ]
    },
    {
      "mode": "managed",
      "type": "aws_security_group",
      "name": "monitor_sg_virginia",
      "provider": "provider[\"registry.terraform.io/hashicorp/aws\"].virginia",
      "instances": [
        {
          "schema_version": 1,
          "attributes": {
            "arn": "arn:aws:ec2:us-east-1:993407081893:security-group/sg-0bb97ae268cfbdc99",
            "description": "Allow HTTP, HTTPS and SSH traffic",
            "egress": [
              {
                "cidr_blocks": [
                  "0.0.0.0/0"
                ],
                "description": "",
                "from_port": 0,
                "ipv6_cidr_blocks": [],
                "prefix_list_ids": [],
                "protocol": "-1",
                "security_groups": [],
                "self": false,
                "to_port": 0
              }
            ],
            "id": "sg-0bb97ae268cfbdc99",
            "ingress": [
              {
                "cidr_blocks": [
                  "0.0.0.0/0"
                ],
                "description": "",
                "from_port": 22,
                "ipv6_cidr_blocks": [],
                "prefix_list_ids": [],
                "protocol": "tcp",
                "security_groups": [],
                "self": false,
                "to_port": 22
              },
              {
                "cidr_blocks": [],
                "description": "",
                "from_port": 443,
                "ipv6_cidr_blocks": [],
                "prefix_list_ids": [],
                "protocol": "tcp",
                "security_groups": [
                  "sg-080e7b85007365b59"
                ],
                "self": false,
                "to_port": 443
              },
              {
                "cidr_blocks": [],
                "description": "",
                "from_port": 80,
                "ipv6_cidr_blocks": [],
                "prefix_list_ids": [],
                "protocol": "tcp",
                "security_groups": [
                  "sg-080e7b85007365b59"
                ],
                "self": false,
                "to_port": 80
              }
            ],
            "name": "monitor_sg_virginia",
            "name_prefix": "",
            "owner_id": "993407081893",
            "revoke_rules_on_delete": false,
            "tags": {
              "Name": "Monitor SG Virginia"
            },
            "tags_all": {
              "Name": "Monitor SG Virginia"
            },
            "timeouts": null,
            "vpc_id": "vpc-04b1b1325f03077fd"
          },
          "sensitive_attributes": [],
          "private": "eyJlMmJmYjczMC1lY2FhLTExZTYtOGY4OC0zNDM2M2JjN2M0YzAiOnsiY3JlYXRlIjo2MDAwMDAwMDAwMDAsImRlbGV0ZSI6OTAwMDAwMDAwMDAwfSwic2NoZW1hX3ZlcnNpb24iOiIxIn0=",
          "dependencies": [
            "aws_security_group.alb_sg_virginia",
            "module.vpc_virginia.aws_vpc.this"
          ]
        }
      ]
    },
    {
      "mode": "managed",
      "type": "aws_security_group",
      "name": "openvpn_sg_oregon",
      "provider": "provider[\"registry.terraform.io/hashicorp/aws\"].oregon",
      "instances": [
        {
          "schema_version": 1,
          "attributes": {
            "arn": "arn:aws:ec2:us-west-2:993407081893:security-group/sg-024a6e3234f1e8ee4",
            "description": "Allow HTTP, HTTPS and SSH traffic",
            "egress": [
              {
                "cidr_blocks": [
                  "0.0.0.0/0"
                ],
                "description": "",
                "from_port": 0,
                "ipv6_cidr_blocks": [],
                "prefix_list_ids": [],
                "protocol": "-1",
                "security_groups": [],
                "self": false,
                "to_port": 0
              }
            ],
            "id": "sg-024a6e3234f1e8ee4",
            "ingress": [
              {
                "cidr_blocks": [
                  "0.0.0.0/0"
                ],
                "description": "",
                "from_port": 22,
                "ipv6_cidr_blocks": [],
                "prefix_list_ids": [],
                "protocol": "tcp",
                "security_groups": [],
                "self": false,
                "to_port": 22
              },
              {
                "cidr_blocks": [],
                "description": "",
                "from_port": 443,
                "ipv6_cidr_blocks": [],
                "prefix_list_ids": [],
                "protocol": "tcp",
                "security_groups": [
                  "sg-0eed9367a0dca7013"
                ],
                "self": false,
                "to_port": 443
              },
              {
                "cidr_blocks": [],
                "description": "",
                "from_port": 80,
                "ipv6_cidr_blocks": [],
                "prefix_list_ids": [],
                "protocol": "tcp",
                "security_groups": [
                  "sg-0eed9367a0dca7013"
                ],
                "self": false,
                "to_port": 80
              }
            ],
            "name": "openvpn_sg_oregon",
            "name_prefix": "",
            "owner_id": "993407081893",
            "revoke_rules_on_delete": false,
            "tags": {
              "Name": "OpenVPN SG Oregon"
            },
            "tags_all": {
              "Name": "OpenVPN SG Oregon"
            },
            "timeouts": null,
            "vpc_id": "vpc-0f7a6ad7b15087ee9"
          },
          "sensitive_attributes": [],
          "private": "eyJlMmJmYjczMC1lY2FhLTExZTYtOGY4OC0zNDM2M2JjN2M0YzAiOnsiY3JlYXRlIjo2MDAwMDAwMDAwMDAsImRlbGV0ZSI6OTAwMDAwMDAwMDAwfSwic2NoZW1hX3ZlcnNpb24iOiIxIn0=",
          "dependencies": [
            "aws_security_group.alb_sg_oregon",
            "module.vpc_oregon.aws_vpc.this"
          ]
        }
      ]
    },
    {
      "mode": "managed",
      "type": "aws_security_group",
      "name": "openvpn_sg_virginia",
      "provider": "provider[\"registry.terraform.io/hashicorp/aws\"].virginia",
      "instances": [
        {
          "schema_version": 1,
          "attributes": {
            "arn": "arn:aws:ec2:us-east-1:993407081893:security-group/sg-02782f0d4907f8e8d",
            "description": "Allow HTTP, HTTPS and SSH traffic",
            "egress": [
              {
                "cidr_blocks": [
                  "0.0.0.0/0"
                ],
                "description": "",
                "from_port": 0,
                "ipv6_cidr_blocks": [],
                "prefix_list_ids": [],
                "protocol": "-1",
                "security_groups": [],
                "self": false,
                "to_port": 0
              }
            ],
            "id": "sg-02782f0d4907f8e8d",
            "ingress": [
              {
                "cidr_blocks": [
                  "0.0.0.0/0"
                ],
                "description": "",
                "from_port": 22,
                "ipv6_cidr_blocks": [],
                "prefix_list_ids": [],
                "protocol": "tcp",
                "security_groups": [],
                "self": false,
                "to_port": 22
              },
              {
                "cidr_blocks": [],
                "description": "",
                "from_port": 443,
                "ipv6_cidr_blocks": [],
                "prefix_list_ids": [],
                "protocol": "tcp",
                "security_groups": [
                  "sg-080e7b85007365b59"
                ],
                "self": false,
                "to_port": 443
              },
              {
                "cidr_blocks": [],
                "description": "",
                "from_port": 80,
                "ipv6_cidr_blocks": [],
                "prefix_list_ids": [],
                "protocol": "tcp",
                "security_groups": [
                  "sg-080e7b85007365b59"
                ],
                "self": false,
                "to_port": 80
              }
            ],
            "name": "openvpn_sg_virginia",
            "name_prefix": "",
            "owner_id": "993407081893",
            "revoke_rules_on_delete": false,
            "tags": {
              "Name": "OpenVPN SG Virginia"
            },
            "tags_all": {
              "Name": "OpenVPN SG Virginia"
            },
            "timeouts": null,
            "vpc_id": "vpc-04b1b1325f03077fd"
          },
          "sensitive_attributes": [],
          "private": "eyJlMmJmYjczMC1lY2FhLTExZTYtOGY4OC0zNDM2M2JjN2M0YzAiOnsiY3JlYXRlIjo2MDAwMDAwMDAwMDAsImRlbGV0ZSI6OTAwMDAwMDAwMDAwfSwic2NoZW1hX3ZlcnNpb24iOiIxIn0=",
          "dependencies": [
            "aws_security_group.alb_sg_virginia",
            "module.vpc_virginia.aws_vpc.this"
          ]
        }
      ]
    },
    {
      "mode": "managed",
      "type": "aws_security_group",
      "name": "pentaho_sg_oregon",
      "provider": "provider[\"registry.terraform.io/hashicorp/aws\"].oregon",
      "instances": [
        {
          "schema_version": 1,
          "attributes": {
            "arn": "arn:aws:ec2:us-west-2:993407081893:security-group/sg-0e53e9a6ee1fb279e",
            "description": "Allow HTTP, HTTPS and SSH traffic",
            "egress": [
              {
                "cidr_blocks": [
                  "0.0.0.0/0"
                ],
                "description": "",
                "from_port": 0,
                "ipv6_cidr_blocks": [],
                "prefix_list_ids": [],
                "protocol": "-1",
                "security_groups": [],
                "self": false,
                "to_port": 0
              }
            ],
            "id": "sg-0e53e9a6ee1fb279e",
            "ingress": [
              {
                "cidr_blocks": [
                  "0.0.0.0/0"
                ],
                "description": "",
                "from_port": 22,
                "ipv6_cidr_blocks": [],
                "prefix_list_ids": [],
                "protocol": "tcp",
                "security_groups": [],
                "self": false,
                "to_port": 22
              },
              {
                "cidr_blocks": [],
                "description": "",
                "from_port": 443,
                "ipv6_cidr_blocks": [],
                "prefix_list_ids": [],
                "protocol": "tcp",
                "security_groups": [
                  "sg-0eed9367a0dca7013"
                ],
                "self": false,
                "to_port": 443
              },
              {
                "cidr_blocks": [],
                "description": "",
                "from_port": 80,
                "ipv6_cidr_blocks": [],
                "prefix_list_ids": [],
                "protocol": "tcp",
                "security_groups": [
                  "sg-0eed9367a0dca7013"
                ],
                "self": false,
                "to_port": 80
              }
            ],
            "name": "pentaho_sg_oregon",
            "name_prefix": "",
            "owner_id": "993407081893",
            "revoke_rules_on_delete": false,
            "tags": {
              "Name": "Pentaho SG Oregon"
            },
            "tags_all": {
              "Name": "Pentaho SG Oregon"
            },
            "timeouts": null,
            "vpc_id": "vpc-0f7a6ad7b15087ee9"
          },
          "sensitive_attributes": [],
          "private": "eyJlMmJmYjczMC1lY2FhLTExZTYtOGY4OC0zNDM2M2JjN2M0YzAiOnsiY3JlYXRlIjo2MDAwMDAwMDAwMDAsImRlbGV0ZSI6OTAwMDAwMDAwMDAwfSwic2NoZW1hX3ZlcnNpb24iOiIxIn0=",
          "dependencies": [
            "aws_security_group.alb_sg_oregon",
            "module.vpc_oregon.aws_vpc.this"
          ]
        }
      ]
    },
    {
      "mode": "managed",
      "type": "aws_security_group",
      "name": "pentaho_sg_virginia",
      "provider": "provider[\"registry.terraform.io/hashicorp/aws\"].virginia",
      "instances": [
        {
          "schema_version": 1,
          "attributes": {
            "arn": "arn:aws:ec2:us-east-1:993407081893:security-group/sg-08bda78465b4a715e",
            "description": "Allow HTTP, HTTPS and SSH traffic",
            "egress": [
              {
                "cidr_blocks": [
                  "0.0.0.0/0"
                ],
                "description": "",
                "from_port": 0,
                "ipv6_cidr_blocks": [],
                "prefix_list_ids": [],
                "protocol": "-1",
                "security_groups": [],
                "self": false,
                "to_port": 0
              }
            ],
            "id": "sg-08bda78465b4a715e",
            "ingress": [
              {
                "cidr_blocks": [
                  "0.0.0.0/0"
                ],
                "description": "",
                "from_port": 22,
                "ipv6_cidr_blocks": [],
                "prefix_list_ids": [],
                "protocol": "tcp",
                "security_groups": [],
                "self": false,
                "to_port": 22
              },
              {
                "cidr_blocks": [],
                "description": "",
                "from_port": 443,
                "ipv6_cidr_blocks": [],
                "prefix_list_ids": [],
                "protocol": "tcp",
                "security_groups": [
                  "sg-080e7b85007365b59"
                ],
                "self": false,
                "to_port": 443
              },
              {
                "cidr_blocks": [],
                "description": "",
                "from_port": 80,
                "ipv6_cidr_blocks": [],
                "prefix_list_ids": [],
                "protocol": "tcp",
                "security_groups": [
                  "sg-080e7b85007365b59"
                ],
                "self": false,
                "to_port": 80
              }
            ],
            "name": "pentaho_sg_virginia",
            "name_prefix": "",
            "owner_id": "993407081893",
            "revoke_rules_on_delete": false,
            "tags": {
              "Name": "Pentaho SG Virginia"
            },
            "tags_all": {
              "Name": "Pentaho SG Virginia"
            },
            "timeouts": null,
            "vpc_id": "vpc-04b1b1325f03077fd"
          },
          "sensitive_attributes": [],
          "private": "eyJlMmJmYjczMC1lY2FhLTExZTYtOGY4OC0zNDM2M2JjN2M0YzAiOnsiY3JlYXRlIjo2MDAwMDAwMDAwMDAsImRlbGV0ZSI6OTAwMDAwMDAwMDAwfSwic2NoZW1hX3ZlcnNpb24iOiIxIn0=",
          "dependencies": [
            "aws_security_group.alb_sg_virginia",
            "module.vpc_virginia.aws_vpc.this"
          ]
        }
      ]
    },
    {
      "mode": "managed",
      "type": "aws_security_group",
      "name": "sonarqube_sg_oregon",
      "provider": "provider[\"registry.terraform.io/hashicorp/aws\"].oregon",
      "instances": [
        {
          "schema_version": 1,
          "attributes": {
            "arn": "arn:aws:ec2:us-west-2:993407081893:security-group/sg-00ba619b8517b9949",
            "description": "Allow HTTP, HTTPS and SSH traffic",
            "egress": [
              {
                "cidr_blocks": [
                  "0.0.0.0/0"
                ],
                "description": "",
                "from_port": 0,
                "ipv6_cidr_blocks": [],
                "prefix_list_ids": [],
                "protocol": "-1",
                "security_groups": [],
                "self": false,
                "to_port": 0
              }
            ],
            "id": "sg-00ba619b8517b9949",
            "ingress": [
              {
                "cidr_blocks": [
                  "0.0.0.0/0"
                ],
                "description": "",
                "from_port": 22,
                "ipv6_cidr_blocks": [],
                "prefix_list_ids": [],
                "protocol": "tcp",
                "security_groups": [],
                "self": false,
                "to_port": 22
              },
              {
                "cidr_blocks": [],
                "description": "",
                "from_port": 443,
                "ipv6_cidr_blocks": [],
                "prefix_list_ids": [],
                "protocol": "tcp",
                "security_groups": [
                  "sg-0eed9367a0dca7013"
                ],
                "self": false,
                "to_port": 443
              },
              {
                "cidr_blocks": [],
                "description": "",
                "from_port": 80,
                "ipv6_cidr_blocks": [],
                "prefix_list_ids": [],
                "protocol": "tcp",
                "security_groups": [
                  "sg-0eed9367a0dca7013"
                ],
                "self": false,
                "to_port": 80
              }
            ],
            "name": "sonarqube_sg_oregon",
            "name_prefix": "",
            "owner_id": "993407081893",
            "revoke_rules_on_delete": false,
            "tags": {
              "Name": "SonarQube SG Oregon"
            },
            "tags_all": {
              "Name": "SonarQube SG Oregon"
            },
            "timeouts": null,
            "vpc_id": "vpc-0f7a6ad7b15087ee9"
          },
          "sensitive_attributes": [],
          "private": "eyJlMmJmYjczMC1lY2FhLTExZTYtOGY4OC0zNDM2M2JjN2M0YzAiOnsiY3JlYXRlIjo2MDAwMDAwMDAwMDAsImRlbGV0ZSI6OTAwMDAwMDAwMDAwfSwic2NoZW1hX3ZlcnNpb24iOiIxIn0=",
          "dependencies": [
            "aws_security_group.alb_sg_oregon",
            "module.vpc_oregon.aws_vpc.this"
          ]
        }
      ]
    },
    {
      "mode": "managed",
      "type": "aws_security_group",
      "name": "sonarqube_sg_virginia",
      "provider": "provider[\"registry.terraform.io/hashicorp/aws\"].virginia",
      "instances": [
        {
          "schema_version": 1,
          "attributes": {
            "arn": "arn:aws:ec2:us-east-1:993407081893:security-group/sg-0633a855d0ba3a5fc",
            "description": "Allow HTTP, HTTPS and SSH traffic",
            "egress": [
              {
                "cidr_blocks": [
                  "0.0.0.0/0"
                ],
                "description": "",
                "from_port": 0,
                "ipv6_cidr_blocks": [],
                "prefix_list_ids": [],
                "protocol": "-1",
                "security_groups": [],
                "self": false,
                "to_port": 0
              }
            ],
            "id": "sg-0633a855d0ba3a5fc",
            "ingress": [
              {
                "cidr_blocks": [
                  "0.0.0.0/0"
                ],
                "description": "",
                "from_port": 22,
                "ipv6_cidr_blocks": [],
                "prefix_list_ids": [],
                "protocol": "tcp",
                "security_groups": [],
                "self": false,
                "to_port": 22
              },
              {
                "cidr_blocks": [],
                "description": "",
                "from_port": 443,
                "ipv6_cidr_blocks": [],
                "prefix_list_ids": [],
                "protocol": "tcp",
                "security_groups": [
                  "sg-080e7b85007365b59"
                ],
                "self": false,
                "to_port": 443
              },
              {
                "cidr_blocks": [],
                "description": "",
                "from_port": 80,
                "ipv6_cidr_blocks": [],
                "prefix_list_ids": [],
                "protocol": "tcp",
                "security_groups": [
                  "sg-080e7b85007365b59"
                ],
                "self": false,
                "to_port": 80
              }
            ],
            "name": "sonarqube_sg_virginia",
            "name_prefix": "",
            "owner_id": "993407081893",
            "revoke_rules_on_delete": false,
            "tags": {
              "Name": "SonarQube SG Virginia"
            },
            "tags_all": {
              "Name": "SonarQube SG Virginia"
            },
            "timeouts": null,
            "vpc_id": "vpc-04b1b1325f03077fd"
          },
          "sensitive_attributes": [],
          "private": "eyJlMmJmYjczMC1lY2FhLTExZTYtOGY4OC0zNDM2M2JjN2M0YzAiOnsiY3JlYXRlIjo2MDAwMDAwMDAwMDAsImRlbGV0ZSI6OTAwMDAwMDAwMDAwfSwic2NoZW1hX3ZlcnNpb24iOiIxIn0=",
          "dependencies": [
            "aws_security_group.alb_sg_virginia",
            "module.vpc_virginia.aws_vpc.this"
          ]
        }
      ]
    },
    {
      "mode": "managed",
      "type": "aws_security_group",
      "name": "tickets_sg_oregon",
      "provider": "provider[\"registry.terraform.io/hashicorp/aws\"].oregon",
      "instances": [
        {
          "schema_version": 1,
          "attributes": {
            "arn": "arn:aws:ec2:us-west-2:993407081893:security-group/sg-0a7373c026ac1e552",
            "description": "Allow HTTP, HTTPS and SSH traffic",
            "egress": [
              {
                "cidr_blocks": [
                  "0.0.0.0/0"
                ],
                "description": "",
                "from_port": 0,
                "ipv6_cidr_blocks": [],
                "prefix_list_ids": [],
                "protocol": "-1",
                "security_groups": [],
                "self": false,
                "to_port": 0
              }
            ],
            "id": "sg-0a7373c026ac1e552",
            "ingress": [
              {
                "cidr_blocks": [
                  "0.0.0.0/0"
                ],
                "description": "",
                "from_port": 22,
                "ipv6_cidr_blocks": [],
                "prefix_list_ids": [],
                "protocol": "tcp",
                "security_groups": [],
                "self": false,
                "to_port": 22
              },
              {
                "cidr_blocks": [],
                "description": "",
                "from_port": 443,
                "ipv6_cidr_blocks": [],
                "prefix_list_ids": [],
                "protocol": "tcp",
                "security_groups": [
                  "sg-0eed9367a0dca7013"
                ],
                "self": false,
                "to_port": 443
              },
              {
                "cidr_blocks": [],
                "description": "",
                "from_port": 80,
                "ipv6_cidr_blocks": [],
                "prefix_list_ids": [],
                "protocol": "tcp",
                "security_groups": [
                  "sg-0eed9367a0dca7013"
                ],
                "self": false,
                "to_port": 80
              }
            ],
            "name": "tickets_sg_oregon",
            "name_prefix": "",
            "owner_id": "993407081893",
            "revoke_rules_on_delete": false,
            "tags": {
              "Name": "Tickets SG Oregon"
            },
            "tags_all": {
              "Name": "Tickets SG Oregon"
            },
            "timeouts": null,
            "vpc_id": "vpc-0f7a6ad7b15087ee9"
          },
          "sensitive_attributes": [],
          "private": "eyJlMmJmYjczMC1lY2FhLTExZTYtOGY4OC0zNDM2M2JjN2M0YzAiOnsiY3JlYXRlIjo2MDAwMDAwMDAwMDAsImRlbGV0ZSI6OTAwMDAwMDAwMDAwfSwic2NoZW1hX3ZlcnNpb24iOiIxIn0=",
          "dependencies": [
            "aws_security_group.alb_sg_oregon",
            "module.vpc_oregon.aws_vpc.this"
          ]
        }
      ]
    },
    {
      "mode": "managed",
      "type": "aws_security_group",
      "name": "tickets_sg_virginia",
      "provider": "provider[\"registry.terraform.io/hashicorp/aws\"].virginia",
      "instances": [
        {
          "schema_version": 1,
          "attributes": {
            "arn": "arn:aws:ec2:us-east-1:993407081893:security-group/sg-0af1b3e5e3521791b",
            "description": "Allow HTTP, HTTPS and SSH traffic",
            "egress": [
              {
                "cidr_blocks": [
                  "0.0.0.0/0"
                ],
                "description": "",
                "from_port": 0,
                "ipv6_cidr_blocks": [],
                "prefix_list_ids": [],
                "protocol": "-1",
                "security_groups": [],
                "self": false,
                "to_port": 0
              }
            ],
            "id": "sg-0af1b3e5e3521791b",
            "ingress": [
              {
                "cidr_blocks": [
                  "0.0.0.0/0"
                ],
                "description": "",
                "from_port": 22,
                "ipv6_cidr_blocks": [],
                "prefix_list_ids": [],
                "protocol": "tcp",
                "security_groups": [],
                "self": false,
                "to_port": 22
              },
              {
                "cidr_blocks": [],
                "description": "",
                "from_port": 443,
                "ipv6_cidr_blocks": [],
                "prefix_list_ids": [],
                "protocol": "tcp",
                "security_groups": [
                  "sg-080e7b85007365b59"
                ],
                "self": false,
                "to_port": 443
              },
              {
                "cidr_blocks": [],
                "description": "",
                "from_port": 80,
                "ipv6_cidr_blocks": [],
                "prefix_list_ids": [],
                "protocol": "tcp",
                "security_groups": [
                  "sg-080e7b85007365b59"
                ],
                "self": false,
                "to_port": 80
              }
            ],
            "name": "tickets_sg_virginia",
            "name_prefix": "",
            "owner_id": "993407081893",
            "revoke_rules_on_delete": false,
            "tags": {
              "Name": "Tickets SG Virginia"
            },
            "tags_all": {
              "Name": "Tickets SG Virginia"
            },
            "timeouts": null,
            "vpc_id": "vpc-04b1b1325f03077fd"
          },
          "sensitive_attributes": [],
          "private": "eyJlMmJmYjczMC1lY2FhLTExZTYtOGY4OC0zNDM2M2JjN2M0YzAiOnsiY3JlYXRlIjo2MDAwMDAwMDAwMDAsImRlbGV0ZSI6OTAwMDAwMDAwMDAwfSwic2NoZW1hX3ZlcnNpb24iOiIxIn0=",
          "dependencies": [
            "aws_security_group.alb_sg_virginia",
            "module.vpc_virginia.aws_vpc.this"
          ]
        }
      ]
    },
    {
      "mode": "managed",
      "type": "aws_wafv2_ip_set",
      "name": "allowed_ips_oregon",
      "provider": "provider[\"registry.terraform.io/hashicorp/aws\"].oregon",
      "instances": [
        {
          "schema_version": 0,
          "attributes": {
            "addresses": [
              "179.60.173.0/32",
              "203.0.113.0/24"
            ],
            "arn": "arn:aws:wafv2:us-west-2:993407081893:regional/ipset/allowed-ips-oregon/c78d29fd-d508-4f63-b854-d0e167eaa9b5",
            "description": "",
            "id": "c78d29fd-d508-4f63-b854-d0e167eaa9b5",
            "ip_address_version": "IPV4",
            "lock_token": "4e2ec3fe-df75-485e-b86c-68e85f08704b",
            "name": "allowed-ips-oregon",
            "scope": "REGIONAL",
            "tags": null,
            "tags_all": {}
          },
          "sensitive_attributes": [],
          "private": "bnVsbA=="
        }
      ]
    },
    {
      "mode": "managed",
      "type": "aws_wafv2_ip_set",
      "name": "allowed_ips_virginia",
      "provider": "provider[\"registry.terraform.io/hashicorp/aws\"].virginia",
      "instances": [
        {
          "schema_version": 0,
          "attributes": {
            "addresses": [
              "179.60.173.0/32",
              "203.0.113.0/24"
            ],
            "arn": "arn:aws:wafv2:us-east-1:993407081893:regional/ipset/allowed-ips-virginia/76945cb0-5b24-42f1-9e39-683a1bb00f48",
            "description": "",
            "id": "76945cb0-5b24-42f1-9e39-683a1bb00f48",
            "ip_address_version": "IPV4",
            "lock_token": "21a9913a-2514-44fd-97ae-62f4eca32f56",
            "name": "allowed-ips-virginia",
            "scope": "REGIONAL",
            "tags": null,
            "tags_all": {}
          },
          "sensitive_attributes": [],
          "private": "bnVsbA=="
        }
      ]
    },
    {
      "mode": "managed",
      "type": "aws_wafv2_web_acl",
      "name": "web_acl_oregon",
      "provider": "provider[\"registry.terraform.io/hashicorp/aws\"].oregon",
      "instances": [
        {
          "schema_version": 0,
          "attributes": {
            "arn": "arn:aws:wafv2:us-west-2:993407081893:regional/webacl/alb-web-acl-oregon/742d664e-d5c5-415c-93ac-2471772613be",
            "capacity": 1,
            "captcha_config": [],
            "custom_response_body": [],
            "default_action": [
              {
                "allow": [],
                "block": [
                  {
                    "custom_response": []
                  }
                ]
              }
            ],
            "description": "Web ACL to allow specific IPs",
            "id": "742d664e-d5c5-415c-93ac-2471772613be",
            "lock_token": "a88dba70-d657-4311-92f4-a5110b74506f",
            "name": "alb-web-acl-oregon",
            "rule": [
              {
                "action": [
                  {
                    "allow": [
                      {
                        "custom_request_handling": []
                      }
                    ],
                    "block": [],
                    "captcha": [],
                    "challenge": [],
                    "count": []
                  }
                ],
                "captcha_config": [],
                "name": "allow-specific-ips-oregon",
                "override_action": [],
                "priority": 1,
                "rule_label": [],
                "statement": [
                  {
                    "and_statement": [],
                    "byte_match_statement": [],
                    "geo_match_statement": [],
                    "ip_set_reference_statement": [
                      {
                        "arn": "arn:aws:wafv2:us-west-2:993407081893:regional/ipset/allowed-ips-oregon/c78d29fd-d508-4f63-b854-d0e167eaa9b5",
                        "ip_set_forwarded_ip_config": []
                      }
                    ],
                    "label_match_statement": [],
                    "managed_rule_group_statement": [],
                    "not_statement": [],
                    "or_statement": [],
                    "rate_based_statement": [],
                    "regex_match_statement": [],
                    "regex_pattern_set_reference_statement": [],
                    "rule_group_reference_statement": [],
                    "size_constraint_statement": [],
                    "sqli_match_statement": [],
                    "xss_match_statement": []
                  }
                ],
                "visibility_config": [
                  {
                    "cloudwatch_metrics_enabled": true,
                    "metric_name": "allow-specific-ips-oregon",
                    "sampled_requests_enabled": true
                  }
                ]
              }
            ],
            "scope": "REGIONAL",
            "tags": null,
            "tags_all": {},
            "token_domains": null,
            "visibility_config": [
              {
                "cloudwatch_metrics_enabled": true,
                "metric_name": "web-acl-metrics-oregon",
                "sampled_requests_enabled": true
              }
            ]
          },
          "sensitive_attributes": [],
          "private": "bnVsbA==",
          "dependencies": [
            "aws_wafv2_ip_set.allowed_ips_oregon"
          ]
        }
      ]
    },
    {
      "mode": "managed",
      "type": "aws_wafv2_web_acl",
      "name": "web_acl_virginia",
      "provider": "provider[\"registry.terraform.io/hashicorp/aws\"].virginia",
      "instances": [
        {
          "schema_version": 0,
          "attributes": {
            "arn": "arn:aws:wafv2:us-east-1:993407081893:regional/webacl/alb-web-acl-virginia/e99d9bc9-f94b-49af-adf7-521b146c6bf3",
            "capacity": 1,
            "captcha_config": [],
            "custom_response_body": [],
            "default_action": [
              {
                "allow": [],
                "block": [
                  {
                    "custom_response": []
                  }
                ]
              }
            ],
            "description": "Web ACL to allow specific IPs",
            "id": "e99d9bc9-f94b-49af-adf7-521b146c6bf3",
            "lock_token": "062fa943-eca7-430f-91a5-36a8fb7202e2",
            "name": "alb-web-acl-virginia",
            "rule": [
              {
                "action": [
                  {
                    "allow": [
                      {
                        "custom_request_handling": []
                      }
                    ],
                    "block": [],
                    "captcha": [],
                    "challenge": [],
                    "count": []
                  }
                ],
                "captcha_config": [],
                "name": "allow-specific-ips-virginia",
                "override_action": [],
                "priority": 1,
                "rule_label": [],
                "statement": [
                  {
                    "and_statement": [],
                    "byte_match_statement": [],
                    "geo_match_statement": [],
                    "ip_set_reference_statement": [
                      {
                        "arn": "arn:aws:wafv2:us-east-1:993407081893:regional/ipset/allowed-ips-virginia/76945cb0-5b24-42f1-9e39-683a1bb00f48",
                        "ip_set_forwarded_ip_config": []
                      }
                    ],
                    "label_match_statement": [],
                    "managed_rule_group_statement": [],
                    "not_statement": [],
                    "or_statement": [],
                    "rate_based_statement": [],
                    "regex_match_statement": [],
                    "regex_pattern_set_reference_statement": [],
                    "rule_group_reference_statement": [],
                    "size_constraint_statement": [],
                    "sqli_match_statement": [],
                    "xss_match_statement": []
                  }
                ],
                "visibility_config": [
                  {
                    "cloudwatch_metrics_enabled": true,
                    "metric_name": "allow-specific-ips-virginia",
                    "sampled_requests_enabled": true
                  }
                ]
              }
            ],
            "scope": "REGIONAL",
            "tags": null,
            "tags_all": {},
            "token_domains": null,
            "visibility_config": [
              {
                "cloudwatch_metrics_enabled": true,
                "metric_name": "web-acl-metrics-virginia",
                "sampled_requests_enabled": true
              }
            ]
          },
          "sensitive_attributes": [],
          "private": "bnVsbA==",
          "dependencies": [
            "aws_wafv2_ip_set.allowed_ips_virginia"
          ]
        }
      ]
    },
    {
      "mode": "managed",
      "type": "aws_wafv2_web_acl_association",
      "name": "web_acl_association_oregon",
      "provider": "provider[\"registry.terraform.io/hashicorp/aws\"].oregon",
      "instances": [
        {
          "schema_version": 0,
          "attributes": {
            "id": "arn:aws:wafv2:us-west-2:993407081893:regional/webacl/alb-web-acl-oregon/742d664e-d5c5-415c-93ac-2471772613be,arn:aws:elasticloadbalancing:us-west-2:993407081893:loadbalancer/app/alb-oregon/fd7dbff94d602dcf",
            "resource_arn": "arn:aws:elasticloadbalancing:us-west-2:993407081893:loadbalancer/app/alb-oregon/fd7dbff94d602dcf",
            "timeouts": null,
            "web_acl_arn": "arn:aws:wafv2:us-west-2:993407081893:regional/webacl/alb-web-acl-oregon/742d664e-d5c5-415c-93ac-2471772613be"
          },
          "sensitive_attributes": [],
          "private": "eyJlMmJmYjczMC1lY2FhLTExZTYtOGY4OC0zNDM2M2JjN2M0YzAiOnsiY3JlYXRlIjozMDAwMDAwMDAwMDB9fQ==",
          "dependencies": [
            "aws_s3_bucket.alb_logs_oregon",
            "aws_security_group.alb_sg_oregon",
            "aws_wafv2_ip_set.allowed_ips_oregon",
            "aws_wafv2_web_acl.web_acl_oregon",
            "module.alb_oregon.aws_lb.this",
            "module.alb_oregon.aws_lb_listener.https",
            "module.alb_oregon.aws_lb_target_group.this",
            "module.vpc_oregon.aws_subnet.public",
            "module.vpc_oregon.aws_vpc.this"
          ]
        }
      ]
    },
    {
      "mode": "managed",
      "type": "aws_wafv2_web_acl_association",
      "name": "web_acl_association_virginia",
      "provider": "provider[\"registry.terraform.io/hashicorp/aws\"].virginia",
      "instances": [
        {
          "schema_version": 0,
          "attributes": {
            "id": "arn:aws:wafv2:us-east-1:993407081893:regional/webacl/alb-web-acl-virginia/e99d9bc9-f94b-49af-adf7-521b146c6bf3,arn:aws:elasticloadbalancing:us-east-1:993407081893:loadbalancer/app/alb-virginia/3e2a9aaf11406ef0",
            "resource_arn": "arn:aws:elasticloadbalancing:us-east-1:993407081893:loadbalancer/app/alb-virginia/3e2a9aaf11406ef0",
            "timeouts": null,
            "web_acl_arn": "arn:aws:wafv2:us-east-1:993407081893:regional/webacl/alb-web-acl-virginia/e99d9bc9-f94b-49af-adf7-521b146c6bf3"
          },
          "sensitive_attributes": [],
          "private": "eyJlMmJmYjczMC1lY2FhLTExZTYtOGY4OC0zNDM2M2JjN2M0YzAiOnsiY3JlYXRlIjozMDAwMDAwMDAwMDB9fQ==",
          "dependencies": [
            "aws_s3_bucket.alb_logs_virginia",
            "aws_security_group.alb_sg_virginia",
            "aws_wafv2_ip_set.allowed_ips_virginia",
            "aws_wafv2_web_acl.web_acl_virginia",
            "module.alb_virginia.aws_lb.this",
            "module.alb_virginia.aws_lb_listener.https",
            "module.alb_virginia.aws_lb_target_group.this",
            "module.vpc_virginia.aws_subnet.public",
            "module.vpc_virginia.aws_vpc.this"
          ]
        }
      ]
    },
    {
      "module": "module.alb_oregon",
      "mode": "managed",
      "type": "aws_lb",
      "name": "this",
      "provider": "provider[\"registry.terraform.io/hashicorp/aws\"].oregon",
      "instances": [
        {
          "schema_version": 0,
          "attributes": {
            "access_logs": [
              {
                "bucket": "",
                "enabled": false,
                "prefix": ""
              }
            ],
            "arn": "arn:aws:elasticloadbalancing:us-west-2:993407081893:loadbalancer/app/alb-oregon/fd7dbff94d602dcf",
            "arn_suffix": "app/alb-oregon/fd7dbff94d602dcf",
            "customer_owned_ipv4_pool": "",
            "desync_mitigation_mode": "defensive",
            "dns_name": "alb-oregon-1586669978.us-west-2.elb.amazonaws.com",
            "drop_invalid_header_fields": false,
            "enable_cross_zone_load_balancing": true,
            "enable_deletion_protection": false,
            "enable_http2": true,
            "enable_tls_version_and_cipher_suite_headers": false,
            "enable_waf_fail_open": false,
            "enable_xff_client_port": false,
            "id": "arn:aws:elasticloadbalancing:us-west-2:993407081893:loadbalancer/app/alb-oregon/fd7dbff94d602dcf",
            "idle_timeout": 60,
            "internal": false,
            "ip_address_type": "ipv4",
            "load_balancer_type": "application",
            "name": "alb-oregon",
            "name_prefix": null,
            "preserve_host_header": false,
            "security_groups": [
              "sg-0eed9367a0dca7013"
            ],
            "subnet_mapping": [
              {
                "allocation_id": "",
                "ipv6_address": "",
                "outpost_id": "",
                "private_ipv4_address": "",
                "subnet_id": "subnet-01e45416c07b9d2d7"
              },
              {
                "allocation_id": "",
                "ipv6_address": "",
                "outpost_id": "",
                "private_ipv4_address": "",
                "subnet_id": "subnet-0f5f3a8402fd27b91"
              }
            ],
            "subnets": [
              "subnet-01e45416c07b9d2d7",
              "subnet-0f5f3a8402fd27b91"
            ],
            "tags": {
              "Name": "ALB Oregon"
            },
            "tags_all": {
              "Name": "ALB Oregon"
            },
            "timeouts": null,
            "vpc_id": "vpc-0f7a6ad7b15087ee9",
            "xff_header_processing_mode": "append",
            "zone_id": "Z1H1FL5HABSF5"
          },
          "sensitive_attributes": [],
          "private": "eyJlMmJmYjczMC1lY2FhLTExZTYtOGY4OC0zNDM2M2JjN2M0YzAiOnsiY3JlYXRlIjo2MDAwMDAwMDAwMDAsImRlbGV0ZSI6NjAwMDAwMDAwMDAwLCJ1cGRhdGUiOjYwMDAwMDAwMDAwMH19",
          "dependencies": [
            "aws_s3_bucket.alb_logs_oregon",
            "aws_security_group.alb_sg_oregon",
            "aws_wafv2_ip_set.allowed_ips_oregon",
            "aws_wafv2_web_acl.web_acl_oregon",
            "module.vpc_oregon.aws_subnet.public",
            "module.vpc_oregon.aws_vpc.this"
          ]
        }
      ]
    },
    {
      "module": "module.alb_oregon",
      "mode": "managed",
      "type": "aws_lb_listener",
      "name": "https",
      "provider": "provider[\"registry.terraform.io/hashicorp/aws\"].oregon",
      "instances": [
        {
          "schema_version": 0,
          "attributes": {
            "alpn_policy": null,
            "arn": "arn:aws:elasticloadbalancing:us-west-2:993407081893:listener/app/alb-oregon/fd7dbff94d602dcf/705ca69b0d915392",
            "certificate_arn": "arn:aws:acm:us-west-2:993407081893:certificate/dba99dd9-7251-45e5-af91-97ea58552dcd",
            "default_action": [
              {
                "authenticate_cognito": [],
                "authenticate_oidc": [],
                "fixed_response": [
                  {
                    "content_type": "text/plain",
                    "message_body": "Not Found",
                    "status_code": "404"
                  }
                ],
                "forward": [],
                "order": 1,
                "redirect": [],
                "target_group_arn": "",
                "type": "fixed-response"
              }
            ],
            "id": "arn:aws:elasticloadbalancing:us-west-2:993407081893:listener/app/alb-oregon/fd7dbff94d602dcf/705ca69b0d915392",
            "load_balancer_arn": "arn:aws:elasticloadbalancing:us-west-2:993407081893:loadbalancer/app/alb-oregon/fd7dbff94d602dcf",
            "port": 443,
            "protocol": "HTTPS",
            "ssl_policy": "ELBSecurityPolicy-TLS-1-2-2017-01",
            "tags": {
              "Name": "https"
            },
            "tags_all": {
              "Name": "https"
            },
            "timeouts": null
          },
          "sensitive_attributes": [],
          "private": "eyJlMmJmYjczMC1lY2FhLTExZTYtOGY4OC0zNDM2M2JjN2M0YzAiOnsicmVhZCI6NjAwMDAwMDAwMDAwfX0=",
          "dependencies": [
            "aws_s3_bucket.alb_logs_oregon",
            "aws_security_group.alb_sg_oregon",
            "aws_wafv2_ip_set.allowed_ips_oregon",
            "aws_wafv2_web_acl.web_acl_oregon",
            "module.alb_oregon.aws_lb.this",
            "module.vpc_oregon.aws_subnet.public",
            "module.vpc_oregon.aws_vpc.this"
          ]
        }
      ]
    },
    {
      "module": "module.alb_oregon",
      "mode": "managed",
      "type": "aws_lb_target_group",
      "name": "this",
      "provider": "provider[\"registry.terraform.io/hashicorp/aws\"].oregon",
      "instances": [
        {
          "schema_version": 0,
          "attributes": {
            "arn": "arn:aws:elasticloadbalancing:us-west-2:993407081893:targetgroup/tg-oregon/90b15002f97f1bca",
            "arn_suffix": "targetgroup/tg-oregon/90b15002f97f1bca",
            "connection_termination": false,
            "deregistration_delay": "300",
            "health_check": [
              {
                "enabled": true,
                "healthy_threshold": 2,
                "interval": 30,
                "matcher": "200-399",
                "path": "/",
                "port": "traffic-port",
                "protocol": "HTTP",
                "timeout": 5,
                "unhealthy_threshold": 2
              }
            ],
            "id": "arn:aws:elasticloadbalancing:us-west-2:993407081893:targetgroup/tg-oregon/90b15002f97f1bca",
            "ip_address_type": "ipv4",
            "lambda_multi_value_headers_enabled": false,
            "load_balancing_algorithm_type": "round_robin",
            "load_balancing_cross_zone_enabled": "use_load_balancer_configuration",
            "name": "tg-oregon",
            "name_prefix": null,
            "port": 80,
            "preserve_client_ip": null,
            "protocol": "HTTP",
            "protocol_version": "HTTP1",
            "proxy_protocol_v2": false,
            "slow_start": 0,
            "stickiness": [
              {
                "cookie_duration": 86400,
                "cookie_name": "",
                "enabled": false,
                "type": "lb_cookie"
              }
            ],
            "tags": {
              "Name": "ALB Oregon"
            },
            "tags_all": {
              "Name": "ALB Oregon"
            },
            "target_failover": [
              {
                "on_deregistration": null,
                "on_unhealthy": null
              }
            ],
            "target_type": "instance",
            "vpc_id": "vpc-0f7a6ad7b15087ee9"
          },
          "sensitive_attributes": [],
          "private": "bnVsbA==",
          "dependencies": [
            "aws_wafv2_ip_set.allowed_ips_oregon",
            "aws_wafv2_web_acl.web_acl_oregon",
            "module.vpc_oregon.aws_vpc.this"
          ]
        }
      ]
    },
    {
      "module": "module.alb_virginia",
      "mode": "managed",
      "type": "aws_lb",
      "name": "this",
      "provider": "provider[\"registry.terraform.io/hashicorp/aws\"].virginia",
      "instances": [
        {
          "schema_version": 0,
          "attributes": {
            "access_logs": [
              {
                "bucket": "alb-logs-isolated-virginia",
                "enabled": true,
                "prefix": ""
              }
            ],
            "arn": "arn:aws:elasticloadbalancing:us-east-1:993407081893:loadbalancer/app/alb-virginia/3e2a9aaf11406ef0",
            "arn_suffix": "app/alb-virginia/3e2a9aaf11406ef0",
            "customer_owned_ipv4_pool": "",
            "desync_mitigation_mode": "defensive",
            "dns_name": "alb-virginia-470779910.us-east-1.elb.amazonaws.com",
            "drop_invalid_header_fields": false,
            "enable_cross_zone_load_balancing": true,
            "enable_deletion_protection": false,
            "enable_http2": true,
            "enable_tls_version_and_cipher_suite_headers": false,
            "enable_waf_fail_open": false,
            "enable_xff_client_port": false,
            "id": "arn:aws:elasticloadbalancing:us-east-1:993407081893:loadbalancer/app/alb-virginia/3e2a9aaf11406ef0",
            "idle_timeout": 60,
            "internal": false,
            "ip_address_type": "ipv4",
            "load_balancer_type": "application",
            "name": "alb-virginia",
            "name_prefix": null,
            "preserve_host_header": false,
            "security_groups": [
              "sg-080e7b85007365b59"
            ],
            "subnet_mapping": [
              {
                "allocation_id": "",
                "ipv6_address": "",
                "outpost_id": "",
                "private_ipv4_address": "",
                "subnet_id": "subnet-0572fe7afad9caae3"
              },
              {
                "allocation_id": "",
                "ipv6_address": "",
                "outpost_id": "",
                "private_ipv4_address": "",
                "subnet_id": "subnet-0f77a0d61f9781082"
              }
            ],
            "subnets": [
              "subnet-0572fe7afad9caae3",
              "subnet-0f77a0d61f9781082"
            ],
            "tags": {
              "Name": "ALB Virginia"
            },
            "tags_all": {
              "Name": "ALB Virginia"
            },
            "timeouts": null,
            "vpc_id": "vpc-04b1b1325f03077fd",
            "xff_header_processing_mode": "append",
            "zone_id": "Z35SXDOTRQ7X7K"
          },
          "sensitive_attributes": [],
          "private": "eyJlMmJmYjczMC1lY2FhLTExZTYtOGY4OC0zNDM2M2JjN2M0YzAiOnsiY3JlYXRlIjo2MDAwMDAwMDAwMDAsImRlbGV0ZSI6NjAwMDAwMDAwMDAwLCJ1cGRhdGUiOjYwMDAwMDAwMDAwMH19",
          "dependencies": [
            "aws_s3_bucket.alb_logs_virginia",
            "aws_security_group.alb_sg_virginia",
            "aws_wafv2_ip_set.allowed_ips_virginia",
            "aws_wafv2_web_acl.web_acl_virginia",
            "module.vpc_virginia.aws_subnet.public",
            "module.vpc_virginia.aws_vpc.this"
          ]
        }
      ]
    },
    {
      "module": "module.alb_virginia",
      "mode": "managed",
      "type": "aws_lb_listener",
      "name": "https",
      "provider": "provider[\"registry.terraform.io/hashicorp/aws\"].virginia",
      "instances": [
        {
          "schema_version": 0,
          "attributes": {
            "alpn_policy": null,
            "arn": "arn:aws:elasticloadbalancing:us-east-1:993407081893:listener/app/alb-virginia/3e2a9aaf11406ef0/4bad488c359e0862",
            "certificate_arn": "arn:aws:acm:us-east-1:993407081893:certificate/e3109390-1044-48fe-9078-fc7b519ff5aa",
            "default_action": [
              {
                "authenticate_cognito": [],
                "authenticate_oidc": [],
                "fixed_response": [
                  {
                    "content_type": "text/plain",
                    "message_body": "Not Found",
                    "status_code": "404"
                  }
                ],
                "forward": [],
                "order": 1,
                "redirect": [],
                "target_group_arn": "",
                "type": "fixed-response"
              }
            ],
            "id": "arn:aws:elasticloadbalancing:us-east-1:993407081893:listener/app/alb-virginia/3e2a9aaf11406ef0/4bad488c359e0862",
            "load_balancer_arn": "arn:aws:elasticloadbalancing:us-east-1:993407081893:loadbalancer/app/alb-virginia/3e2a9aaf11406ef0",
            "port": 443,
            "protocol": "HTTPS",
            "ssl_policy": "ELBSecurityPolicy-TLS-1-2-2017-01",
            "tags": {
              "Name": "https"
            },
            "tags_all": {
              "Name": "https"
            },
            "timeouts": null
          },
          "sensitive_attributes": [],
          "private": "eyJlMmJmYjczMC1lY2FhLTExZTYtOGY4OC0zNDM2M2JjN2M0YzAiOnsicmVhZCI6NjAwMDAwMDAwMDAwfX0=",
          "dependencies": [
            "aws_s3_bucket.alb_logs_virginia",
            "aws_security_group.alb_sg_virginia",
            "aws_wafv2_ip_set.allowed_ips_virginia",
            "aws_wafv2_web_acl.web_acl_virginia",
            "module.alb_virginia.aws_lb.this",
            "module.vpc_virginia.aws_subnet.public",
            "module.vpc_virginia.aws_vpc.this"
          ]
        }
      ]
    },
    {
      "module": "module.alb_virginia",
      "mode": "managed",
      "type": "aws_lb_target_group",
      "name": "this",
      "provider": "provider[\"registry.terraform.io/hashicorp/aws\"].virginia",
      "instances": [
        {
          "schema_version": 0,
          "attributes": {
            "arn": "arn:aws:elasticloadbalancing:us-east-1:993407081893:targetgroup/tg-virginia/2e617b85ba438160",
            "arn_suffix": "targetgroup/tg-virginia/2e617b85ba438160",
            "connection_termination": false,
            "deregistration_delay": "300",
            "health_check": [
              {
                "enabled": true,
                "healthy_threshold": 2,
                "interval": 30,
                "matcher": "200-399",
                "path": "/",
                "port": "traffic-port",
                "protocol": "HTTP",
                "timeout": 5,
                "unhealthy_threshold": 2
              }
            ],
            "id": "arn:aws:elasticloadbalancing:us-east-1:993407081893:targetgroup/tg-virginia/2e617b85ba438160",
            "ip_address_type": "ipv4",
            "lambda_multi_value_headers_enabled": false,
            "load_balancing_algorithm_type": "round_robin",
            "load_balancing_cross_zone_enabled": "use_load_balancer_configuration",
            "name": "tg-virginia",
            "name_prefix": null,
            "port": 80,
            "preserve_client_ip": null,
            "protocol": "HTTP",
            "protocol_version": "HTTP1",
            "proxy_protocol_v2": false,
            "slow_start": 0,
            "stickiness": [
              {
                "cookie_duration": 86400,
                "cookie_name": "",
                "enabled": false,
                "type": "lb_cookie"
              }
            ],
            "tags": {
              "Name": "ALB Virginia"
            },
            "tags_all": {
              "Name": "ALB Virginia"
            },
            "target_failover": [
              {
                "on_deregistration": null,
                "on_unhealthy": null
              }
            ],
            "target_type": "instance",
            "vpc_id": "vpc-04b1b1325f03077fd"
          },
          "sensitive_attributes": [],
          "private": "bnVsbA==",
          "dependencies": [
            "aws_wafv2_ip_set.allowed_ips_virginia",
            "aws_wafv2_web_acl.web_acl_virginia",
            "module.vpc_virginia.aws_vpc.this"
          ]
        }
      ]
    },
    {
      "module": "module.transit_gateway_oregon",
      "mode": "managed",
      "type": "aws_ec2_transit_gateway_vpc_attachment",
      "name": "this",
      "provider": "provider[\"registry.terraform.io/hashicorp/aws\"].oregon",
      "instances": [
        {
          "schema_version": 0,
          "attributes": {
            "appliance_mode_support": "disable",
            "dns_support": "enable",
            "id": "tgw-attach-0666f793b46c3f8b8",
            "ipv6_support": "disable",
            "subnet_ids": [
              "subnet-01e45416c07b9d2d7",
              "subnet-0f5f3a8402fd27b91"
            ],
            "tags": {
              "Name": "transit-gateway-attachment"
            },
            "tags_all": {
              "Name": "transit-gateway-attachment"
            },
            "transit_gateway_default_route_table_association": true,
            "transit_gateway_default_route_table_propagation": true,
            "transit_gateway_id": "tgw-0f4f57d35e9208f4b",
            "vpc_id": "vpc-0f7a6ad7b15087ee9",
            "vpc_owner_id": "993407081893"
          },
          "sensitive_attributes": [],
          "private": "bnVsbA==",
          "dependencies": [
            "aws_ec2_transit_gateway.oregon",
            "module.vpc_oregon.aws_subnet.public",
            "module.vpc_oregon.aws_vpc.this"
          ]
        }
      ]
    },
    {
      "module": "module.transit_gateway_virginia",
      "mode": "managed",
      "type": "aws_ec2_transit_gateway_vpc_attachment",
      "name": "this",
      "provider": "provider[\"registry.terraform.io/hashicorp/aws\"].virginia",
      "instances": [
        {
          "schema_version": 0,
          "attributes": {
            "appliance_mode_support": "disable",
            "dns_support": "enable",
            "id": "tgw-attach-0955dc869f6302323",
            "ipv6_support": "disable",
            "subnet_ids": [
              "subnet-0572fe7afad9caae3",
              "subnet-0f77a0d61f9781082"
            ],
            "tags": {
              "Name": "transit-gateway-attachment"
            },
            "tags_all": {
              "Name": "transit-gateway-attachment"
            },
            "transit_gateway_default_route_table_association": true,
            "transit_gateway_default_route_table_propagation": true,
            "transit_gateway_id": "tgw-062d8ee3bc24a764b",
            "vpc_id": "vpc-04b1b1325f03077fd",
            "vpc_owner_id": "993407081893"
          },
          "sensitive_attributes": [],
          "private": "bnVsbA==",
          "dependencies": [
            "aws_ec2_transit_gateway.virginia",
            "module.vpc_virginia.aws_subnet.public",
            "module.vpc_virginia.aws_vpc.this"
          ]
        }
      ]
    },
    {
      "module": "module.vpc_oregon",
      "mode": "managed",
      "type": "aws_eip",
      "name": "nat",
      "provider": "provider[\"registry.terraform.io/hashicorp/aws\"].oregon",
      "instances": [
        {
          "index_key": 0,
          "schema_version": 0,
          "attributes": {
            "address": null,
            "allocation_id": "eipalloc-02c4a546a156fd1e9",
            "associate_with_private_ip": null,
            "association_id": "",
            "carrier_ip": "",
            "customer_owned_ip": "",
            "customer_owned_ipv4_pool": "",
            "domain": "vpc",
            "id": "eipalloc-02c4a546a156fd1e9",
            "instance": "",
            "network_border_group": "us-west-2",
            "network_interface": "",
            "private_dns": null,
            "private_ip": "",
            "public_dns": "ec2-52-41-86-247.us-west-2.compute.amazonaws.com",
            "public_ip": "52.41.86.247",
            "public_ipv4_pool": "amazon",
            "tags": {
              "Name": "us-west-2-nat-eip"
            },
            "tags_all": {
              "Name": "us-west-2-nat-eip"
            },
            "timeouts": null,
            "vpc": true
          },
          "sensitive_attributes": [],
          "private": "eyJlMmJmYjczMC1lY2FhLTExZTYtOGY4OC0zNDM2M2JjN2M0YzAiOnsiZGVsZXRlIjoxODAwMDAwMDAwMDAsInJlYWQiOjkwMDAwMDAwMDAwMCwidXBkYXRlIjozMDAwMDAwMDAwMDB9fQ=="
        }
      ]
    },
    {
      "module": "module.vpc_oregon",
      "mode": "managed",
      "type": "aws_internet_gateway",
      "name": "this",
      "provider": "provider[\"registry.terraform.io/hashicorp/aws\"].oregon",
      "instances": [
        {
          "schema_version": 0,
          "attributes": {
            "arn": "arn:aws:ec2:us-west-2:993407081893:internet-gateway/igw-027e0b1805003e079",
            "id": "igw-027e0b1805003e079",
            "owner_id": "993407081893",
            "tags": {
              "Name": "igw-us-west-2"
            },
            "tags_all": {
              "Name": "igw-us-west-2"
            },
            "timeouts": null,
            "vpc_id": "vpc-0f7a6ad7b15087ee9"
          },
          "sensitive_attributes": [],
          "private": "eyJlMmJmYjczMC1lY2FhLTExZTYtOGY4OC0zNDM2M2JjN2M0YzAiOnsiY3JlYXRlIjoxMjAwMDAwMDAwMDAwLCJkZWxldGUiOjEyMDAwMDAwMDAwMDAsInVwZGF0ZSI6MTIwMDAwMDAwMDAwMH19",
          "dependencies": [
            "module.vpc_oregon.aws_vpc.this"
          ]
        }
      ]
    },
    {
      "module": "module.vpc_oregon",
      "mode": "managed",
      "type": "aws_nat_gateway",
      "name": "nat",
      "provider": "provider[\"registry.terraform.io/hashicorp/aws\"].oregon",
      "instances": [
        {
          "index_key": 0,
          "schema_version": 0,
          "attributes": {
            "allocation_id": "eipalloc-02c4a546a156fd1e9",
            "association_id": "eipassoc-09a3445a360c6131c",
            "connectivity_type": "public",
            "id": "nat-0fddb39b21b26cd9f",
            "network_interface_id": "eni-0e539d8ebfb3148fd",
            "private_ip": "10.1.1.202",
            "public_ip": "52.41.86.247",
            "subnet_id": "subnet-0f5f3a8402fd27b91",
            "tags": {
              "Name": "us-west-2-nat-gateway"
            },
            "tags_all": {
              "Name": "us-west-2-nat-gateway"
            }
          },
          "sensitive_attributes": [],
          "private": "bnVsbA==",
          "dependencies": [
            "module.vpc_oregon.aws_eip.nat",
            "module.vpc_oregon.aws_subnet.public",
            "module.vpc_oregon.aws_vpc.this"
          ]
        }
      ]
    },
    {
      "module": "module.vpc_oregon",
      "mode": "managed",
      "type": "aws_route_table",
      "name": "private",
      "provider": "provider[\"registry.terraform.io/hashicorp/aws\"].oregon",
      "instances": [
        {
          "schema_version": 0,
          "attributes": {
            "arn": "arn:aws:ec2:us-west-2:993407081893:route-table/rtb-0a450dba2ff7553d7",
            "id": "rtb-0a450dba2ff7553d7",
            "owner_id": "993407081893",
            "propagating_vgws": [],
            "route": [
              {
                "carrier_gateway_id": "",
                "cidr_block": "0.0.0.0/0",
                "core_network_arn": "",
                "destination_prefix_list_id": "",
                "egress_only_gateway_id": "",
                "gateway_id": "",
                "instance_id": "",
                "ipv6_cidr_block": "",
                "local_gateway_id": "",
                "nat_gateway_id": "nat-0fddb39b21b26cd9f",
                "network_interface_id": "",
                "transit_gateway_id": "",
                "vpc_endpoint_id": "",
                "vpc_peering_connection_id": ""
              }
            ],
            "tags": {
              "Name": "private-rt-us-west-2"
            },
            "tags_all": {
              "Name": "private-rt-us-west-2"
            },
            "timeouts": null,
            "vpc_id": "vpc-0f7a6ad7b15087ee9"
          },
          "sensitive_attributes": [],
          "private": "eyJlMmJmYjczMC1lY2FhLTExZTYtOGY4OC0zNDM2M2JjN2M0YzAiOnsiY3JlYXRlIjozMDAwMDAwMDAwMDAsImRlbGV0ZSI6MzAwMDAwMDAwMDAwLCJ1cGRhdGUiOjEyMDAwMDAwMDAwMH19",
          "dependencies": [
            "module.vpc_oregon.aws_eip.nat",
            "module.vpc_oregon.aws_nat_gateway.nat",
            "module.vpc_oregon.aws_subnet.public",
            "module.vpc_oregon.aws_vpc.this"
          ]
        }
      ]
    },
    {
      "module": "module.vpc_oregon",
      "mode": "managed",
      "type": "aws_route_table",
      "name": "public",
      "provider": "provider[\"registry.terraform.io/hashicorp/aws\"].oregon",
      "instances": [
        {
          "schema_version": 0,
          "attributes": {
            "arn": "arn:aws:ec2:us-west-2:993407081893:route-table/rtb-0ab714d50ed3fa051",
            "id": "rtb-0ab714d50ed3fa051",
            "owner_id": "993407081893",
            "propagating_vgws": [],
            "route": [
              {
                "carrier_gateway_id": "",
                "cidr_block": "0.0.0.0/0",
                "core_network_arn": "",
                "destination_prefix_list_id": "",
                "egress_only_gateway_id": "",
                "gateway_id": "igw-027e0b1805003e079",
                "instance_id": "",
                "ipv6_cidr_block": "",
                "local_gateway_id": "",
                "nat_gateway_id": "",
                "network_interface_id": "",
                "transit_gateway_id": "",
                "vpc_endpoint_id": "",
                "vpc_peering_connection_id": ""
              }
            ],
            "tags": {
              "Name": "public-rt-us-west-2"
            },
            "tags_all": {
              "Name": "public-rt-us-west-2"
            },
            "timeouts": null,
            "vpc_id": "vpc-0f7a6ad7b15087ee9"
          },
          "sensitive_attributes": [],
          "private": "eyJlMmJmYjczMC1lY2FhLTExZTYtOGY4OC0zNDM2M2JjN2M0YzAiOnsiY3JlYXRlIjozMDAwMDAwMDAwMDAsImRlbGV0ZSI6MzAwMDAwMDAwMDAwLCJ1cGRhdGUiOjEyMDAwMDAwMDAwMH19",
          "dependencies": [
            "module.vpc_oregon.aws_internet_gateway.this",
            "module.vpc_oregon.aws_vpc.this"
          ]
        }
      ]
    },
    {
      "module": "module.vpc_oregon",
      "mode": "managed",
      "type": "aws_route_table_association",
      "name": "private",
      "provider": "provider[\"registry.terraform.io/hashicorp/aws\"].oregon",
      "instances": [
        {
          "index_key": 0,
          "schema_version": 0,
          "attributes": {
            "gateway_id": "",
            "id": "rtbassoc-0a1093241528e223f",
            "route_table_id": "rtb-0a450dba2ff7553d7",
            "subnet_id": "subnet-03c3c9ad2be1c7bac",
            "timeouts": null
          },
          "sensitive_attributes": [],
          "private": "eyJlMmJmYjczMC1lY2FhLTExZTYtOGY4OC0zNDM2M2JjN2M0YzAiOnsiY3JlYXRlIjozMDAwMDAwMDAwMDAsImRlbGV0ZSI6MzAwMDAwMDAwMDAwLCJ1cGRhdGUiOjEyMDAwMDAwMDAwMH19",
          "dependencies": [
            "module.vpc_oregon.aws_eip.nat",
            "module.vpc_oregon.aws_nat_gateway.nat",
            "module.vpc_oregon.aws_route_table.private",
            "module.vpc_oregon.aws_subnet.private",
            "module.vpc_oregon.aws_subnet.public",
            "module.vpc_oregon.aws_vpc.this"
          ]
        },
        {
          "index_key": 1,
          "schema_version": 0,
          "attributes": {
            "gateway_id": "",
            "id": "rtbassoc-0f00ebaf5502248e8",
            "route_table_id": "rtb-0a450dba2ff7553d7",
            "subnet_id": "subnet-035dbcc729e6633ad",
            "timeouts": null
          },
          "sensitive_attributes": [],
          "private": "eyJlMmJmYjczMC1lY2FhLTExZTYtOGY4OC0zNDM2M2JjN2M0YzAiOnsiY3JlYXRlIjozMDAwMDAwMDAwMDAsImRlbGV0ZSI6MzAwMDAwMDAwMDAwLCJ1cGRhdGUiOjEyMDAwMDAwMDAwMH19",
          "dependencies": [
            "module.vpc_oregon.aws_eip.nat",
            "module.vpc_oregon.aws_nat_gateway.nat",
            "module.vpc_oregon.aws_route_table.private",
            "module.vpc_oregon.aws_subnet.private",
            "module.vpc_oregon.aws_subnet.public",
            "module.vpc_oregon.aws_vpc.this"
          ]
        }
      ]
    },
    {
      "module": "module.vpc_oregon",
      "mode": "managed",
      "type": "aws_route_table_association",
      "name": "public",
      "provider": "provider[\"registry.terraform.io/hashicorp/aws\"].oregon",
      "instances": [
        {
          "index_key": 0,
          "schema_version": 0,
          "attributes": {
            "gateway_id": "",
            "id": "rtbassoc-0054832d100bffb88",
            "route_table_id": "rtb-0ab714d50ed3fa051",
            "subnet_id": "subnet-0f5f3a8402fd27b91",
            "timeouts": null
          },
          "sensitive_attributes": [],
          "private": "eyJlMmJmYjczMC1lY2FhLTExZTYtOGY4OC0zNDM2M2JjN2M0YzAiOnsiY3JlYXRlIjozMDAwMDAwMDAwMDAsImRlbGV0ZSI6MzAwMDAwMDAwMDAwLCJ1cGRhdGUiOjEyMDAwMDAwMDAwMH19",
          "dependencies": [
            "module.vpc_oregon.aws_internet_gateway.this",
            "module.vpc_oregon.aws_route_table.public",
            "module.vpc_oregon.aws_subnet.public",
            "module.vpc_oregon.aws_vpc.this"
          ]
        },
        {
          "index_key": 1,
          "schema_version": 0,
          "attributes": {
            "gateway_id": "",
            "id": "rtbassoc-0610493504a7024b2",
            "route_table_id": "rtb-0ab714d50ed3fa051",
            "subnet_id": "subnet-01e45416c07b9d2d7",
            "timeouts": null
          },
          "sensitive_attributes": [],
          "private": "eyJlMmJmYjczMC1lY2FhLTExZTYtOGY4OC0zNDM2M2JjN2M0YzAiOnsiY3JlYXRlIjozMDAwMDAwMDAwMDAsImRlbGV0ZSI6MzAwMDAwMDAwMDAwLCJ1cGRhdGUiOjEyMDAwMDAwMDAwMH19",
          "dependencies": [
            "module.vpc_oregon.aws_internet_gateway.this",
            "module.vpc_oregon.aws_route_table.public",
            "module.vpc_oregon.aws_subnet.public",
            "module.vpc_oregon.aws_vpc.this"
          ]
        }
      ]
    },
    {
      "module": "module.vpc_oregon",
      "mode": "managed",
      "type": "aws_subnet",
      "name": "private",
      "provider": "provider[\"registry.terraform.io/hashicorp/aws\"].oregon",
      "instances": [
        {
          "index_key": 0,
          "schema_version": 1,
          "attributes": {
            "arn": "arn:aws:ec2:us-west-2:993407081893:subnet/subnet-03c3c9ad2be1c7bac",
            "assign_ipv6_address_on_creation": false,
            "availability_zone": "us-west-2a",
            "availability_zone_id": "usw2-az1",
            "cidr_block": "10.1.3.0/24",
            "customer_owned_ipv4_pool": "",
            "enable_dns64": false,
            "enable_lni_at_device_index": 0,
            "enable_resource_name_dns_a_record_on_launch": false,
            "enable_resource_name_dns_aaaa_record_on_launch": false,
            "id": "subnet-03c3c9ad2be1c7bac",
            "ipv6_cidr_block": "",
            "ipv6_cidr_block_association_id": "",
            "ipv6_native": false,
            "map_customer_owned_ip_on_launch": false,
            "map_public_ip_on_launch": false,
            "outpost_arn": "",
            "owner_id": "993407081893",
            "private_dns_hostname_type_on_launch": "ip-name",
            "tags": {
              "Name": "private-0-us-west-2"
            },
            "tags_all": {
              "Name": "private-0-us-west-2"
            },
            "timeouts": null,
            "vpc_id": "vpc-0f7a6ad7b15087ee9"
          },
          "sensitive_attributes": [],
          "private": "eyJlMmJmYjczMC1lY2FhLTExZTYtOGY4OC0zNDM2M2JjN2M0YzAiOnsiY3JlYXRlIjo2MDAwMDAwMDAwMDAsImRlbGV0ZSI6MTIwMDAwMDAwMDAwMH0sInNjaGVtYV92ZXJzaW9uIjoiMSJ9",
          "dependencies": [
            "module.vpc_oregon.aws_vpc.this"
          ]
        },
        {
          "index_key": 1,
          "schema_version": 1,
          "attributes": {
            "arn": "arn:aws:ec2:us-west-2:993407081893:subnet/subnet-035dbcc729e6633ad",
            "assign_ipv6_address_on_creation": false,
            "availability_zone": "us-west-2b",
            "availability_zone_id": "usw2-az2",
            "cidr_block": "10.1.4.0/24",
            "customer_owned_ipv4_pool": "",
            "enable_dns64": false,
            "enable_lni_at_device_index": 0,
            "enable_resource_name_dns_a_record_on_launch": false,
            "enable_resource_name_dns_aaaa_record_on_launch": false,
            "id": "subnet-035dbcc729e6633ad",
            "ipv6_cidr_block": "",
            "ipv6_cidr_block_association_id": "",
            "ipv6_native": false,
            "map_customer_owned_ip_on_launch": false,
            "map_public_ip_on_launch": false,
            "outpost_arn": "",
            "owner_id": "993407081893",
            "private_dns_hostname_type_on_launch": "ip-name",
            "tags": {
              "Name": "private-1-us-west-2"
            },
            "tags_all": {
              "Name": "private-1-us-west-2"
            },
            "timeouts": null,
            "vpc_id": "vpc-0f7a6ad7b15087ee9"
          },
          "sensitive_attributes": [],
          "private": "eyJlMmJmYjczMC1lY2FhLTExZTYtOGY4OC0zNDM2M2JjN2M0YzAiOnsiY3JlYXRlIjo2MDAwMDAwMDAwMDAsImRlbGV0ZSI6MTIwMDAwMDAwMDAwMH0sInNjaGVtYV92ZXJzaW9uIjoiMSJ9",
          "dependencies": [
            "module.vpc_oregon.aws_vpc.this"
          ]
        }
      ]
    },
    {
      "module": "module.vpc_oregon",
      "mode": "managed",
      "type": "aws_subnet",
      "name": "public",
      "provider": "provider[\"registry.terraform.io/hashicorp/aws\"].oregon",
      "instances": [
        {
          "index_key": 0,
          "schema_version": 1,
          "attributes": {
            "arn": "arn:aws:ec2:us-west-2:993407081893:subnet/subnet-0f5f3a8402fd27b91",
            "assign_ipv6_address_on_creation": false,
            "availability_zone": "us-west-2a",
            "availability_zone_id": "usw2-az1",
            "cidr_block": "10.1.1.0/24",
            "customer_owned_ipv4_pool": "",
            "enable_dns64": false,
            "enable_lni_at_device_index": 0,
            "enable_resource_name_dns_a_record_on_launch": false,
            "enable_resource_name_dns_aaaa_record_on_launch": false,
            "id": "subnet-0f5f3a8402fd27b91",
            "ipv6_cidr_block": "",
            "ipv6_cidr_block_association_id": "",
            "ipv6_native": false,
            "map_customer_owned_ip_on_launch": false,
            "map_public_ip_on_launch": true,
            "outpost_arn": "",
            "owner_id": "993407081893",
            "private_dns_hostname_type_on_launch": "ip-name",
            "tags": {
              "Name": "public-0-us-west-2"
            },
            "tags_all": {
              "Name": "public-0-us-west-2"
            },
            "timeouts": null,
            "vpc_id": "vpc-0f7a6ad7b15087ee9"
          },
          "sensitive_attributes": [],
          "private": "eyJlMmJmYjczMC1lY2FhLTExZTYtOGY4OC0zNDM2M2JjN2M0YzAiOnsiY3JlYXRlIjo2MDAwMDAwMDAwMDAsImRlbGV0ZSI6MTIwMDAwMDAwMDAwMH0sInNjaGVtYV92ZXJzaW9uIjoiMSJ9",
          "dependencies": [
            "module.vpc_oregon.aws_vpc.this"
          ]
        },
        {
          "index_key": 1,
          "schema_version": 1,
          "attributes": {
            "arn": "arn:aws:ec2:us-west-2:993407081893:subnet/subnet-01e45416c07b9d2d7",
            "assign_ipv6_address_on_creation": false,
            "availability_zone": "us-west-2b",
            "availability_zone_id": "usw2-az2",
            "cidr_block": "10.1.2.0/24",
            "customer_owned_ipv4_pool": "",
            "enable_dns64": false,
            "enable_lni_at_device_index": 0,
            "enable_resource_name_dns_a_record_on_launch": false,
            "enable_resource_name_dns_aaaa_record_on_launch": false,
            "id": "subnet-01e45416c07b9d2d7",
            "ipv6_cidr_block": "",
            "ipv6_cidr_block_association_id": "",
            "ipv6_native": false,
            "map_customer_owned_ip_on_launch": false,
            "map_public_ip_on_launch": true,
            "outpost_arn": "",
            "owner_id": "993407081893",
            "private_dns_hostname_type_on_launch": "ip-name",
            "tags": {
              "Name": "public-1-us-west-2"
            },
            "tags_all": {
              "Name": "public-1-us-west-2"
            },
            "timeouts": null,
            "vpc_id": "vpc-0f7a6ad7b15087ee9"
          },
          "sensitive_attributes": [],
          "private": "eyJlMmJmYjczMC1lY2FhLTExZTYtOGY4OC0zNDM2M2JjN2M0YzAiOnsiY3JlYXRlIjo2MDAwMDAwMDAwMDAsImRlbGV0ZSI6MTIwMDAwMDAwMDAwMH0sInNjaGVtYV92ZXJzaW9uIjoiMSJ9",
          "dependencies": [
            "module.vpc_oregon.aws_vpc.this"
          ]
        }
      ]
    },
    {
      "module": "module.vpc_oregon",
      "mode": "managed",
      "type": "aws_vpc",
      "name": "this",
      "provider": "provider[\"registry.terraform.io/hashicorp/aws\"].oregon",
      "instances": [
        {
          "schema_version": 1,
          "attributes": {
            "arn": "arn:aws:ec2:us-west-2:993407081893:vpc/vpc-0f7a6ad7b15087ee9",
            "assign_generated_ipv6_cidr_block": false,
            "cidr_block": "10.1.0.0/16",
            "default_network_acl_id": "acl-09535db4128b08b69",
            "default_route_table_id": "rtb-00d41bdbc5092fc6a",
            "default_security_group_id": "sg-0c3ec553fbcb39739",
            "dhcp_options_id": "dopt-51edb735",
            "enable_classiclink": false,
            "enable_classiclink_dns_support": false,
            "enable_dns_hostnames": true,
            "enable_dns_support": true,
            "enable_network_address_usage_metrics": false,
            "id": "vpc-0f7a6ad7b15087ee9",
            "instance_tenancy": "default",
            "ipv4_ipam_pool_id": null,
            "ipv4_netmask_length": null,
            "ipv6_association_id": "",
            "ipv6_cidr_block": "",
            "ipv6_cidr_block_network_border_group": "",
            "ipv6_ipam_pool_id": "",
            "ipv6_netmask_length": 0,
            "main_route_table_id": "rtb-00d41bdbc5092fc6a",
            "owner_id": "993407081893",
            "tags": {
              "Name": "vpc-us-west-2"
            },
            "tags_all": {
              "Name": "vpc-us-west-2"
            }
          },
          "sensitive_attributes": [],
          "private": "eyJzY2hlbWFfdmVyc2lvbiI6IjEifQ=="
        }
      ]
    },
    {
      "module": "module.vpc_virginia",
      "mode": "managed",
      "type": "aws_eip",
      "name": "nat",
      "provider": "provider[\"registry.terraform.io/hashicorp/aws\"].virginia",
      "instances": [
        {
          "index_key": 0,
          "schema_version": 0,
          "attributes": {
            "address": null,
            "allocation_id": "eipalloc-0a628c79768dc42e0",
            "associate_with_private_ip": null,
            "association_id": "",
            "carrier_ip": "",
            "customer_owned_ip": "",
            "customer_owned_ipv4_pool": "",
            "domain": "vpc",
            "id": "eipalloc-0a628c79768dc42e0",
            "instance": "",
            "network_border_group": "us-east-1",
            "network_interface": "",
            "private_dns": null,
            "private_ip": "",
            "public_dns": "ec2-3-216-129-75.compute-1.amazonaws.com",
            "public_ip": "3.216.129.75",
            "public_ipv4_pool": "amazon",
            "tags": {
              "Name": "us-east-1-nat-eip"
            },
            "tags_all": {
              "Name": "us-east-1-nat-eip"
            },
            "timeouts": null,
            "vpc": true
          },
          "sensitive_attributes": [],
          "private": "eyJlMmJmYjczMC1lY2FhLTExZTYtOGY4OC0zNDM2M2JjN2M0YzAiOnsiZGVsZXRlIjoxODAwMDAwMDAwMDAsInJlYWQiOjkwMDAwMDAwMDAwMCwidXBkYXRlIjozMDAwMDAwMDAwMDB9fQ=="
        }
      ]
    },
    {
      "module": "module.vpc_virginia",
      "mode": "managed",
      "type": "aws_internet_gateway",
      "name": "this",
      "provider": "provider[\"registry.terraform.io/hashicorp/aws\"].virginia",
      "instances": [
        {
          "schema_version": 0,
          "attributes": {
            "arn": "arn:aws:ec2:us-east-1:993407081893:internet-gateway/igw-064e1ab63a373df51",
            "id": "igw-064e1ab63a373df51",
            "owner_id": "993407081893",
            "tags": {
              "Name": "igw-us-east-1"
            },
            "tags_all": {
              "Name": "igw-us-east-1"
            },
            "timeouts": null,
            "vpc_id": "vpc-04b1b1325f03077fd"
          },
          "sensitive_attributes": [],
          "private": "eyJlMmJmYjczMC1lY2FhLTExZTYtOGY4OC0zNDM2M2JjN2M0YzAiOnsiY3JlYXRlIjoxMjAwMDAwMDAwMDAwLCJkZWxldGUiOjEyMDAwMDAwMDAwMDAsInVwZGF0ZSI6MTIwMDAwMDAwMDAwMH19",
          "dependencies": [
            "module.vpc_virginia.aws_vpc.this"
          ]
        }
      ]
    },
    {
      "module": "module.vpc_virginia",
      "mode": "managed",
      "type": "aws_nat_gateway",
      "name": "nat",
      "provider": "provider[\"registry.terraform.io/hashicorp/aws\"].virginia",
      "instances": [
        {
          "index_key": 0,
          "schema_version": 0,
          "attributes": {
            "allocation_id": "eipalloc-0a628c79768dc42e0",
            "association_id": "eipassoc-0930ed71854cb0177",
            "connectivity_type": "public",
            "id": "nat-052f37a8e5e29d55d",
            "network_interface_id": "eni-07d1754f9c478d0cb",
            "private_ip": "10.0.1.165",
            "public_ip": "3.216.129.75",
            "subnet_id": "subnet-0572fe7afad9caae3",
            "tags": {
              "Name": "us-east-1-nat-gateway"
            },
            "tags_all": {
              "Name": "us-east-1-nat-gateway"
            }
          },
          "sensitive_attributes": [],
          "private": "bnVsbA==",
          "dependencies": [
            "module.vpc_virginia.aws_eip.nat",
            "module.vpc_virginia.aws_subnet.public",
            "module.vpc_virginia.aws_vpc.this"
          ]
        }
      ]
    },
    {
      "module": "module.vpc_virginia",
      "mode": "managed",
      "type": "aws_route_table",
      "name": "private",
      "provider": "provider[\"registry.terraform.io/hashicorp/aws\"].virginia",
      "instances": [
        {
          "schema_version": 0,
          "attributes": {
            "arn": "arn:aws:ec2:us-east-1:993407081893:route-table/rtb-06190250c715bdc41",
            "id": "rtb-06190250c715bdc41",
            "owner_id": "993407081893",
            "propagating_vgws": [],
            "route": [
              {
                "carrier_gateway_id": "",
                "cidr_block": "0.0.0.0/0",
                "core_network_arn": "",
                "destination_prefix_list_id": "",
                "egress_only_gateway_id": "",
                "gateway_id": "",
                "instance_id": "",
                "ipv6_cidr_block": "",
                "local_gateway_id": "",
                "nat_gateway_id": "nat-052f37a8e5e29d55d",
                "network_interface_id": "",
                "transit_gateway_id": "",
                "vpc_endpoint_id": "",
                "vpc_peering_connection_id": ""
              }
            ],
            "tags": {
              "Name": "private-rt-us-east-1"
            },
            "tags_all": {
              "Name": "private-rt-us-east-1"
            },
            "timeouts": null,
            "vpc_id": "vpc-04b1b1325f03077fd"
          },
          "sensitive_attributes": [],
          "private": "eyJlMmJmYjczMC1lY2FhLTExZTYtOGY4OC0zNDM2M2JjN2M0YzAiOnsiY3JlYXRlIjozMDAwMDAwMDAwMDAsImRlbGV0ZSI6MzAwMDAwMDAwMDAwLCJ1cGRhdGUiOjEyMDAwMDAwMDAwMH19",
          "dependencies": [
            "module.vpc_virginia.aws_eip.nat",
            "module.vpc_virginia.aws_nat_gateway.nat",
            "module.vpc_virginia.aws_subnet.public",
            "module.vpc_virginia.aws_vpc.this"
          ]
        }
      ]
    },
    {
      "module": "module.vpc_virginia",
      "mode": "managed",
      "type": "aws_route_table",
      "name": "public",
      "provider": "provider[\"registry.terraform.io/hashicorp/aws\"].virginia",
      "instances": [
        {
          "schema_version": 0,
          "attributes": {
            "arn": "arn:aws:ec2:us-east-1:993407081893:route-table/rtb-0160948be18804d96",
            "id": "rtb-0160948be18804d96",
            "owner_id": "993407081893",
            "propagating_vgws": [],
            "route": [
              {
                "carrier_gateway_id": "",
                "cidr_block": "0.0.0.0/0",
                "core_network_arn": "",
                "destination_prefix_list_id": "",
                "egress_only_gateway_id": "",
                "gateway_id": "igw-064e1ab63a373df51",
                "instance_id": "",
                "ipv6_cidr_block": "",
                "local_gateway_id": "",
                "nat_gateway_id": "",
                "network_interface_id": "",
                "transit_gateway_id": "",
                "vpc_endpoint_id": "",
                "vpc_peering_connection_id": ""
              }
            ],
            "tags": {
              "Name": "public-rt-us-east-1"
            },
            "tags_all": {
              "Name": "public-rt-us-east-1"
            },
            "timeouts": null,
            "vpc_id": "vpc-04b1b1325f03077fd"
          },
          "sensitive_attributes": [],
          "private": "eyJlMmJmYjczMC1lY2FhLTExZTYtOGY4OC0zNDM2M2JjN2M0YzAiOnsiY3JlYXRlIjozMDAwMDAwMDAwMDAsImRlbGV0ZSI6MzAwMDAwMDAwMDAwLCJ1cGRhdGUiOjEyMDAwMDAwMDAwMH19",
          "dependencies": [
            "module.vpc_virginia.aws_internet_gateway.this",
            "module.vpc_virginia.aws_vpc.this"
          ]
        }
      ]
    },
    {
      "module": "module.vpc_virginia",
      "mode": "managed",
      "type": "aws_route_table_association",
      "name": "private",
      "provider": "provider[\"registry.terraform.io/hashicorp/aws\"].virginia",
      "instances": [
        {
          "index_key": 0,
          "schema_version": 0,
          "attributes": {
            "gateway_id": "",
            "id": "rtbassoc-0bd1981101b2f527f",
            "route_table_id": "rtb-06190250c715bdc41",
            "subnet_id": "subnet-05913949f72f2ee24",
            "timeouts": null
          },
          "sensitive_attributes": [],
          "private": "eyJlMmJmYjczMC1lY2FhLTExZTYtOGY4OC0zNDM2M2JjN2M0YzAiOnsiY3JlYXRlIjozMDAwMDAwMDAwMDAsImRlbGV0ZSI6MzAwMDAwMDAwMDAwLCJ1cGRhdGUiOjEyMDAwMDAwMDAwMH19",
          "dependencies": [
            "module.vpc_virginia.aws_eip.nat",
            "module.vpc_virginia.aws_nat_gateway.nat",
            "module.vpc_virginia.aws_route_table.private",
            "module.vpc_virginia.aws_subnet.private",
            "module.vpc_virginia.aws_subnet.public",
            "module.vpc_virginia.aws_vpc.this"
          ]
        },
        {
          "index_key": 1,
          "schema_version": 0,
          "attributes": {
            "gateway_id": "",
            "id": "rtbassoc-02f5530ea591292ed",
            "route_table_id": "rtb-06190250c715bdc41",
            "subnet_id": "subnet-071b8fe1383641041",
            "timeouts": null
          },
          "sensitive_attributes": [],
          "private": "eyJlMmJmYjczMC1lY2FhLTExZTYtOGY4OC0zNDM2M2JjN2M0YzAiOnsiY3JlYXRlIjozMDAwMDAwMDAwMDAsImRlbGV0ZSI6MzAwMDAwMDAwMDAwLCJ1cGRhdGUiOjEyMDAwMDAwMDAwMH19",
          "dependencies": [
            "module.vpc_virginia.aws_eip.nat",
            "module.vpc_virginia.aws_nat_gateway.nat",
            "module.vpc_virginia.aws_route_table.private",
            "module.vpc_virginia.aws_subnet.private",
            "module.vpc_virginia.aws_subnet.public",
            "module.vpc_virginia.aws_vpc.this"
          ]
        }
      ]
    },
    {
      "module": "module.vpc_virginia",
      "mode": "managed",
      "type": "aws_route_table_association",
      "name": "public",
      "provider": "provider[\"registry.terraform.io/hashicorp/aws\"].virginia",
      "instances": [
        {
          "index_key": 0,
          "schema_version": 0,
          "attributes": {
            "gateway_id": "",
            "id": "rtbassoc-053f4ae7740109273",
            "route_table_id": "rtb-0160948be18804d96",
            "subnet_id": "subnet-0572fe7afad9caae3",
            "timeouts": null
          },
          "sensitive_attributes": [],
          "private": "eyJlMmJmYjczMC1lY2FhLTExZTYtOGY4OC0zNDM2M2JjN2M0YzAiOnsiY3JlYXRlIjozMDAwMDAwMDAwMDAsImRlbGV0ZSI6MzAwMDAwMDAwMDAwLCJ1cGRhdGUiOjEyMDAwMDAwMDAwMH19",
          "dependencies": [
            "module.vpc_virginia.aws_internet_gateway.this",
            "module.vpc_virginia.aws_route_table.public",
            "module.vpc_virginia.aws_subnet.public",
            "module.vpc_virginia.aws_vpc.this"
          ]
        },
        {
          "index_key": 1,
          "schema_version": 0,
          "attributes": {
            "gateway_id": "",
            "id": "rtbassoc-0a0a4f77c9b24f5ed",
            "route_table_id": "rtb-0160948be18804d96",
            "subnet_id": "subnet-0f77a0d61f9781082",
            "timeouts": null
          },
          "sensitive_attributes": [],
          "private": "eyJlMmJmYjczMC1lY2FhLTExZTYtOGY4OC0zNDM2M2JjN2M0YzAiOnsiY3JlYXRlIjozMDAwMDAwMDAwMDAsImRlbGV0ZSI6MzAwMDAwMDAwMDAwLCJ1cGRhdGUiOjEyMDAwMDAwMDAwMH19",
          "dependencies": [
            "module.vpc_virginia.aws_internet_gateway.this",
            "module.vpc_virginia.aws_route_table.public",
            "module.vpc_virginia.aws_subnet.public",
            "module.vpc_virginia.aws_vpc.this"
          ]
        }
      ]
    },
    {
      "module": "module.vpc_virginia",
      "mode": "managed",
      "type": "aws_subnet",
      "name": "private",
      "provider": "provider[\"registry.terraform.io/hashicorp/aws\"].virginia",
      "instances": [
        {
          "index_key": 0,
          "schema_version": 1,
          "attributes": {
            "arn": "arn:aws:ec2:us-east-1:993407081893:subnet/subnet-05913949f72f2ee24",
            "assign_ipv6_address_on_creation": false,
            "availability_zone": "us-east-1a",
            "availability_zone_id": "use1-az4",
            "cidr_block": "10.0.3.0/24",
            "customer_owned_ipv4_pool": "",
            "enable_dns64": false,
            "enable_lni_at_device_index": 0,
            "enable_resource_name_dns_a_record_on_launch": false,
            "enable_resource_name_dns_aaaa_record_on_launch": false,
            "id": "subnet-05913949f72f2ee24",
            "ipv6_cidr_block": "",
            "ipv6_cidr_block_association_id": "",
            "ipv6_native": false,
            "map_customer_owned_ip_on_launch": false,
            "map_public_ip_on_launch": false,
            "outpost_arn": "",
            "owner_id": "993407081893",
            "private_dns_hostname_type_on_launch": "ip-name",
            "tags": {
              "Name": "private-0-us-east-1"
            },
            "tags_all": {
              "Name": "private-0-us-east-1"
            },
            "timeouts": null,
            "vpc_id": "vpc-04b1b1325f03077fd"
          },
          "sensitive_attributes": [],
          "private": "eyJlMmJmYjczMC1lY2FhLTExZTYtOGY4OC0zNDM2M2JjN2M0YzAiOnsiY3JlYXRlIjo2MDAwMDAwMDAwMDAsImRlbGV0ZSI6MTIwMDAwMDAwMDAwMH0sInNjaGVtYV92ZXJzaW9uIjoiMSJ9",
          "dependencies": [
            "module.vpc_virginia.aws_vpc.this"
          ]
        },
        {
          "index_key": 1,
          "schema_version": 1,
          "attributes": {
            "arn": "arn:aws:ec2:us-east-1:993407081893:subnet/subnet-071b8fe1383641041",
            "assign_ipv6_address_on_creation": false,
            "availability_zone": "us-east-1b",
            "availability_zone_id": "use1-az6",
            "cidr_block": "10.0.4.0/24",
            "customer_owned_ipv4_pool": "",
            "enable_dns64": false,
            "enable_lni_at_device_index": 0,
            "enable_resource_name_dns_a_record_on_launch": false,
            "enable_resource_name_dns_aaaa_record_on_launch": false,
            "id": "subnet-071b8fe1383641041",
            "ipv6_cidr_block": "",
            "ipv6_cidr_block_association_id": "",
            "ipv6_native": false,
            "map_customer_owned_ip_on_launch": false,
            "map_public_ip_on_launch": false,
            "outpost_arn": "",
            "owner_id": "993407081893",
            "private_dns_hostname_type_on_launch": "ip-name",
            "tags": {
              "Name": "private-1-us-east-1"
            },
            "tags_all": {
              "Name": "private-1-us-east-1"
            },
            "timeouts": null,
            "vpc_id": "vpc-04b1b1325f03077fd"
          },
          "sensitive_attributes": [],
          "private": "eyJlMmJmYjczMC1lY2FhLTExZTYtOGY4OC0zNDM2M2JjN2M0YzAiOnsiY3JlYXRlIjo2MDAwMDAwMDAwMDAsImRlbGV0ZSI6MTIwMDAwMDAwMDAwMH0sInNjaGVtYV92ZXJzaW9uIjoiMSJ9",
          "dependencies": [
            "module.vpc_virginia.aws_vpc.this"
          ]
        }
      ]
    },
    {
      "module": "module.vpc_virginia",
      "mode": "managed",
      "type": "aws_subnet",
      "name": "public",
      "provider": "provider[\"registry.terraform.io/hashicorp/aws\"].virginia",
      "instances": [
        {
          "index_key": 0,
          "schema_version": 1,
          "attributes": {
            "arn": "arn:aws:ec2:us-east-1:993407081893:subnet/subnet-0572fe7afad9caae3",
            "assign_ipv6_address_on_creation": false,
            "availability_zone": "us-east-1a",
            "availability_zone_id": "use1-az4",
            "cidr_block": "10.0.1.0/24",
            "customer_owned_ipv4_pool": "",
            "enable_dns64": false,
            "enable_lni_at_device_index": 0,
            "enable_resource_name_dns_a_record_on_launch": false,
            "enable_resource_name_dns_aaaa_record_on_launch": false,
            "id": "subnet-0572fe7afad9caae3",
            "ipv6_cidr_block": "",
            "ipv6_cidr_block_association_id": "",
            "ipv6_native": false,
            "map_customer_owned_ip_on_launch": false,
            "map_public_ip_on_launch": true,
            "outpost_arn": "",
            "owner_id": "993407081893",
            "private_dns_hostname_type_on_launch": "ip-name",
            "tags": {
              "Name": "public-0-us-east-1"
            },
            "tags_all": {
              "Name": "public-0-us-east-1"
            },
            "timeouts": null,
            "vpc_id": "vpc-04b1b1325f03077fd"
          },
          "sensitive_attributes": [],
          "private": "eyJlMmJmYjczMC1lY2FhLTExZTYtOGY4OC0zNDM2M2JjN2M0YzAiOnsiY3JlYXRlIjo2MDAwMDAwMDAwMDAsImRlbGV0ZSI6MTIwMDAwMDAwMDAwMH0sInNjaGVtYV92ZXJzaW9uIjoiMSJ9",
          "dependencies": [
            "module.vpc_virginia.aws_vpc.this"
          ]
        },
        {
          "index_key": 1,
          "schema_version": 1,
          "attributes": {
            "arn": "arn:aws:ec2:us-east-1:993407081893:subnet/subnet-0f77a0d61f9781082",
            "assign_ipv6_address_on_creation": false,
            "availability_zone": "us-east-1b",
            "availability_zone_id": "use1-az6",
            "cidr_block": "10.0.2.0/24",
            "customer_owned_ipv4_pool": "",
            "enable_dns64": false,
            "enable_lni_at_device_index": 0,
            "enable_resource_name_dns_a_record_on_launch": false,
            "enable_resource_name_dns_aaaa_record_on_launch": false,
            "id": "subnet-0f77a0d61f9781082",
            "ipv6_cidr_block": "",
            "ipv6_cidr_block_association_id": "",
            "ipv6_native": false,
            "map_customer_owned_ip_on_launch": false,
            "map_public_ip_on_launch": true,
            "outpost_arn": "",
            "owner_id": "993407081893",
            "private_dns_hostname_type_on_launch": "ip-name",
            "tags": {
              "Name": "public-1-us-east-1"
            },
            "tags_all": {
              "Name": "public-1-us-east-1"
            },
            "timeouts": null,
            "vpc_id": "vpc-04b1b1325f03077fd"
          },
          "sensitive_attributes": [],
          "private": "eyJlMmJmYjczMC1lY2FhLTExZTYtOGY4OC0zNDM2M2JjN2M0YzAiOnsiY3JlYXRlIjo2MDAwMDAwMDAwMDAsImRlbGV0ZSI6MTIwMDAwMDAwMDAwMH0sInNjaGVtYV92ZXJzaW9uIjoiMSJ9",
          "dependencies": [
            "module.vpc_virginia.aws_vpc.this"
          ]
        }
      ]
    },
    {
      "module": "module.vpc_virginia",
      "mode": "managed",
      "type": "aws_vpc",
      "name": "this",
      "provider": "provider[\"registry.terraform.io/hashicorp/aws\"].virginia",
      "instances": [
        {
          "schema_version": 1,
          "attributes": {
            "arn": "arn:aws:ec2:us-east-1:993407081893:vpc/vpc-04b1b1325f03077fd",
            "assign_generated_ipv6_cidr_block": false,
            "cidr_block": "10.0.0.0/16",
            "default_network_acl_id": "acl-0dabc5d52d1a2d004",
            "default_route_table_id": "rtb-09a470c44f9ac21a7",
            "default_security_group_id": "sg-0967980333a5372aa",
            "dhcp_options_id": "dopt-12589a75",
            "enable_classiclink": false,
            "enable_classiclink_dns_support": false,
            "enable_dns_hostnames": true,
            "enable_dns_support": true,
            "enable_network_address_usage_metrics": false,
            "id": "vpc-04b1b1325f03077fd",
            "instance_tenancy": "default",
            "ipv4_ipam_pool_id": null,
            "ipv4_netmask_length": null,
            "ipv6_association_id": "",
            "ipv6_cidr_block": "",
            "ipv6_cidr_block_network_border_group": "",
            "ipv6_ipam_pool_id": "",
            "ipv6_netmask_length": 0,
            "main_route_table_id": "rtb-09a470c44f9ac21a7",
            "owner_id": "993407081893",
            "tags": {
              "Name": "vpc-us-east-1"
            },
            "tags_all": {
              "Name": "vpc-us-east-1"
            }
          },
          "sensitive_attributes": [],
          "private": "eyJzY2hlbWFfdmVyc2lvbiI6IjEifQ=="
        }
      ]
    }
  ],
  "check_results": null
}
