{
  "version": 4,
  "terraform_version": "1.8.5",
  "serial": 18118,
  "lineage": "f36e03d1-beba-da02-0869-ee451da8585a",
  "outputs": {
    "alb_oregon_dns_name": {
      "value": "ALB-Main-Oregon-431290722.us-west-2.elb.amazonaws.com",
      "type": "string"
    },
    "alb_virginia_dns_name": {
      "value": "ALB-Main-Virginia-1868977722.us-east-1.elb.amazonaws.com",
      "type": "string"
    },
    "instance_info_bastion_oregon": {
      "value": "Bastion Oregon - i-06f9d47812ae4282f",
      "type": "string"
    },
    "instance_info_bastion_virginia": {
      "value": "Bastion Virginia - i-02dd3a0c5cb47761e",
      "type": "string"
    },
    "task_execution_role_arn": {
      "value": "arn:aws:iam::993407081893:role/ecsTaskExecutionRole",
      "type": "string"
    },
    "task_role_arn": {
      "value": "arn:aws:iam::993407081893:role/ecsTaskRole",
      "type": "string"
    }
  },
  "resources": [
    {
      "mode": "data",
      "type": "aws_elb_service_account",
      "name": "main",
      "provider": "provider[\"registry.terraform.io/hashicorp/aws\"]",
      "instances": [
        {
          "schema_version": 0,
          "attributes": {
            "arn": "arn:aws:iam::127311923021:root",
            "id": "127311923021",
            "region": null
          },
          "sensitive_attributes": []
        }
      ]
    },
    {
      "mode": "data",
      "type": "aws_region",
      "name": "oregon",
      "provider": "provider[\"registry.terraform.io/hashicorp/aws\"].oregon",
      "instances": [
        {
          "schema_version": 0,
          "attributes": {
            "description": "US West (Oregon)",
            "endpoint": "ec2.us-west-2.amazonaws.com",
            "id": "us-west-2",
            "name": "us-west-2"
          },
          "sensitive_attributes": []
        }
      ]
    },
    {
      "mode": "data",
      "type": "aws_region",
      "name": "virginia",
      "provider": "provider[\"registry.terraform.io/hashicorp/aws\"].virginia",
      "instances": [
        {
          "schema_version": 0,
          "attributes": {
            "description": "US East (N. Virginia)",
            "endpoint": "ec2.us-east-1.amazonaws.com",
            "id": "us-east-1",
            "name": "us-east-1"
          },
          "sensitive_attributes": []
        }
      ]
    },
    {
      "mode": "managed",
      "type": "aws_ec2_transit_gateway",
      "name": "oregon",
      "provider": "provider[\"registry.terraform.io/hashicorp/aws\"].oregon",
      "instances": [
        {
          "schema_version": 0,
          "attributes": {
            "amazon_side_asn": 64512,
            "arn": "arn:aws:ec2:us-west-2:993407081893:transit-gateway/tgw-097316ac759bfda6d",
            "association_default_route_table_id": "tgw-rtb-062b4b6c936bcea5d",
            "auto_accept_shared_attachments": "disable",
            "default_route_table_association": "enable",
            "default_route_table_propagation": "enable",
            "description": "Transit Gateway for Oregon region",
            "dns_support": "enable",
            "id": "tgw-097316ac759bfda6d",
            "multicast_support": "disable",
            "owner_id": "993407081893",
            "propagation_default_route_table_id": "tgw-rtb-062b4b6c936bcea5d",
            "tags": {
              "Name": "transit-gateway-oregon"
            },
            "tags_all": {
              "Name": "transit-gateway-oregon"
            },
            "timeouts": null,
            "transit_gateway_cidr_blocks": null,
            "vpn_ecmp_support": "enable"
          },
          "sensitive_attributes": [],
          "private": "eyJlMmJmYjczMC1lY2FhLTExZTYtOGY4OC0zNDM2M2JjN2M0YzAiOnsiY3JlYXRlIjo2MDAwMDAwMDAwMDAsImRlbGV0ZSI6NjAwMDAwMDAwMDAwLCJ1cGRhdGUiOjYwMDAwMDAwMDAwMH19"
        }
      ]
    },
    {
      "mode": "managed",
      "type": "aws_ec2_transit_gateway",
      "name": "virginia",
      "provider": "provider[\"registry.terraform.io/hashicorp/aws\"].virginia",
      "instances": [
        {
          "schema_version": 0,
          "attributes": {
            "amazon_side_asn": 64512,
            "arn": "arn:aws:ec2:us-east-1:993407081893:transit-gateway/tgw-0efcbfbdfed2f6c83",
            "association_default_route_table_id": "tgw-rtb-0a1211c0214ed637e",
            "auto_accept_shared_attachments": "disable",
            "default_route_table_association": "enable",
            "default_route_table_propagation": "enable",
            "description": "Transit Gateway for Virginia region",
            "dns_support": "enable",
            "id": "tgw-0efcbfbdfed2f6c83",
            "multicast_support": "disable",
            "owner_id": "993407081893",
            "propagation_default_route_table_id": "tgw-rtb-0a1211c0214ed637e",
            "tags": {
              "Name": "transit-gateway-virginia"
            },
            "tags_all": {
              "Name": "transit-gateway-virginia"
            },
            "timeouts": null,
            "transit_gateway_cidr_blocks": null,
            "vpn_ecmp_support": "enable"
          },
          "sensitive_attributes": [],
          "private": "eyJlMmJmYjczMC1lY2FhLTExZTYtOGY4OC0zNDM2M2JjN2M0YzAiOnsiY3JlYXRlIjo2MDAwMDAwMDAwMDAsImRlbGV0ZSI6NjAwMDAwMDAwMDAwLCJ1cGRhdGUiOjYwMDAwMDAwMDAwMH19"
        }
      ]
    },
    {
      "mode": "managed",
      "type": "aws_ecr_repository",
      "name": "nginx",
      "provider": "provider[\"registry.terraform.io/hashicorp/aws\"]",
      "instances": [
        {
          "schema_version": 0,
          "attributes": {
            "arn": "arn:aws:ecr:us-east-1:565987550548:repository/nginx-repo",
            "encryption_configuration": [
              {
                "encryption_type": "AES256",
                "kms_key": ""
              }
            ],
            "force_delete": true,
            "id": "nginx-repo",
            "image_scanning_configuration": [
              {
                "scan_on_push": true
              }
            ],
            "image_tag_mutability": "MUTABLE",
            "name": "nginx-repo",
            "registry_id": "565987550548",
            "repository_url": "565987550548.dkr.ecr.us-east-1.amazonaws.com/nginx-repo",
            "tags": null,
            "tags_all": {},
            "timeouts": null
          },
          "sensitive_attributes": [],
          "private": "eyJlMmJmYjczMC1lY2FhLTExZTYtOGY4OC0zNDM2M2JjN2M0YzAiOnsiZGVsZXRlIjoxMjAwMDAwMDAwMDAwfX0="
        }
      ]
    },
    {
      "mode": "managed",
      "type": "aws_ecs_cluster",
      "name": "ecs_cluster_virginia",
      "provider": "provider[\"registry.terraform.io/hashicorp/aws\"].virginia",
      "instances": [
        {
          "schema_version": 0,
          "attributes": {
            "arn": "arn:aws:ecs:us-east-1:993407081893:cluster/Dev-Prod-Cluster-Puntoxpress",
            "capacity_providers": [],
            "configuration": [],
            "default_capacity_provider_strategy": [],
            "id": "arn:aws:ecs:us-east-1:993407081893:cluster/Dev-Prod-Cluster-Puntoxpress",
            "name": "Dev-Prod-Cluster-Puntoxpress",
            "service_connect_defaults": [],
            "setting": [
              {
                "name": "containerInsights",
                "value": "disabled"
              }
            ],
            "tags": null,
            "tags_all": {}
          },
          "sensitive_attributes": [],
          "private": "bnVsbA=="
        }
      ]
    },
    {
      "mode": "managed",
      "type": "aws_ecs_service",
      "name": "ecs_service_virginia",
      "provider": "provider[\"registry.terraform.io/hashicorp/aws\"].virginia",
      "instances": [
        {
          "index_key": 0,
          "schema_version": 0,
          "attributes": {
            "alarms": [],
            "capacity_provider_strategy": [],
            "cluster": "arn:aws:ecs:us-east-1:993407081893:cluster/Dev-Prod-Cluster-Puntoxpress",
            "deployment_circuit_breaker": [
              {
                "enable": false,
                "rollback": false
              }
            ],
            "deployment_controller": [
              {
                "type": "ECS"
              }
            ],
            "deployment_maximum_percent": 200,
            "deployment_minimum_healthy_percent": 100,
            "desired_count": 1,
            "enable_ecs_managed_tags": false,
            "enable_execute_command": false,
            "force_new_deployment": null,
            "health_check_grace_period_seconds": 0,
            "iam_role": "/aws-service-role/ecs.amazonaws.com/AWSServiceRoleForECS",
            "id": "arn:aws:ecs:us-east-1:993407081893:service/Dev-Prod-Cluster-Puntoxpress/Dev-ecs-service-1",
            "launch_type": "FARGATE",
            "load_balancer": [
              {
                "container_name": "app",
                "container_port": 80,
                "elb_name": "",
                "target_group_arn": "arn:aws:elasticloadbalancing:us-east-1:993407081893:targetgroup/Dev-TGroup-Puntoxpress-1/9deff69b052e2ae0"
              }
            ],
            "name": "Dev-ecs-service-1",
            "network_configuration": [
              {
                "assign_public_ip": false,
                "security_groups": [
                  "sg-0d9c11e2014191c3b"
                ],
                "subnets": [
                  "subnet-075f02d5052f3bedb",
                  "subnet-0d0fb0279e955c960"
                ]
              }
            ],
            "ordered_placement_strategy": [],
            "placement_constraints": [],
            "platform_version": "LATEST",
            "propagate_tags": "NONE",
            "scheduling_strategy": "REPLICA",
            "service_connect_configuration": [],
            "service_registries": [],
            "tags": null,
            "tags_all": {},
            "task_definition": "arn:aws:ecs:us-east-1:993407081893:task-definition/Dev-task-def-1:8",
            "timeouts": null,
            "triggers": {},
            "wait_for_steady_state": false
          },
          "sensitive_attributes": [],
          "private": "eyJlMmJmYjczMC1lY2FhLTExZTYtOGY4OC0zNDM2M2JjN2M0YzAiOnsiY3JlYXRlIjoxMjAwMDAwMDAwMDAwLCJkZWxldGUiOjEyMDAwMDAwMDAwMDAsInVwZGF0ZSI6MTIwMDAwMDAwMDAwMH19",
          "dependencies": [
            "aws_ecr_repository.nginx",
            "aws_ecs_cluster.ecs_cluster_virginia",
            "aws_ecs_task_definition.ecs_task_def_virginia",
            "aws_iam_role.ecs_task_execution_role",
            "aws_iam_role.ecs_task_role",
            "aws_iam_role_policy.ecs_task_policy",
            "aws_iam_role_policy_attachment.ecs_task_execution_role_policy",
            "aws_lb.ecs_app_lb_virginia",
            "aws_lb_listener.ecs_https_listener_virginia",
            "aws_lb_target_group.ecs_app_tg_virginia",
            "aws_security_group.ecs_lb_sg_virginia",
            "module.vpc_virginia.aws_subnet.private",
            "module.vpc_virginia.aws_subnet.public",
            "module.vpc_virginia.aws_vpc.this",
            "time_sleep.wait_30_seconds"
          ]
        },
        {
          "index_key": 1,
          "schema_version": 0,
          "attributes": {
            "alarms": [],
            "capacity_provider_strategy": [],
            "cluster": "arn:aws:ecs:us-east-1:993407081893:cluster/Dev-Prod-Cluster-Puntoxpress",
            "deployment_circuit_breaker": [
              {
                "enable": false,
                "rollback": false
              }
            ],
            "deployment_controller": [
              {
                "type": "ECS"
              }
            ],
            "deployment_maximum_percent": 200,
            "deployment_minimum_healthy_percent": 100,
            "desired_count": 1,
            "enable_ecs_managed_tags": false,
            "enable_execute_command": false,
            "force_new_deployment": null,
            "health_check_grace_period_seconds": 0,
            "iam_role": "/aws-service-role/ecs.amazonaws.com/AWSServiceRoleForECS",
            "id": "arn:aws:ecs:us-east-1:993407081893:service/Dev-Prod-Cluster-Puntoxpress/Dev-ecs-service-2",
            "launch_type": "FARGATE",
            "load_balancer": [
              {
                "container_name": "app",
                "container_port": 80,
                "elb_name": "",
                "target_group_arn": "arn:aws:elasticloadbalancing:us-east-1:993407081893:targetgroup/Dev-TGroup-Puntoxpress-2/758ba503bfa3ff17"
              }
            ],
            "name": "Dev-ecs-service-2",
            "network_configuration": [
              {
                "assign_public_ip": false,
                "security_groups": [
                  "sg-0d9c11e2014191c3b"
                ],
                "subnets": [
                  "subnet-075f02d5052f3bedb",
                  "subnet-0d0fb0279e955c960"
                ]
              }
            ],
            "ordered_placement_strategy": [],
            "placement_constraints": [],
            "platform_version": "LATEST",
            "propagate_tags": "NONE",
            "scheduling_strategy": "REPLICA",
            "service_connect_configuration": [],
            "service_registries": [],
            "tags": null,
            "tags_all": {},
            "task_definition": "arn:aws:ecs:us-east-1:993407081893:task-definition/Dev-task-def-2:8",
            "timeouts": null,
            "triggers": {},
            "wait_for_steady_state": false
          },
          "sensitive_attributes": [],
          "private": "eyJlMmJmYjczMC1lY2FhLTExZTYtOGY4OC0zNDM2M2JjN2M0YzAiOnsiY3JlYXRlIjoxMjAwMDAwMDAwMDAwLCJkZWxldGUiOjEyMDAwMDAwMDAwMDAsInVwZGF0ZSI6MTIwMDAwMDAwMDAwMH19",
          "dependencies": [
            "aws_ecr_repository.nginx",
            "aws_ecs_cluster.ecs_cluster_virginia",
            "aws_ecs_task_definition.ecs_task_def_virginia",
            "aws_iam_role.ecs_task_execution_role",
            "aws_iam_role.ecs_task_role",
            "aws_iam_role_policy.ecs_task_policy",
            "aws_iam_role_policy_attachment.ecs_task_execution_role_policy",
            "aws_lb.ecs_app_lb_virginia",
            "aws_lb_listener.ecs_https_listener_virginia",
            "aws_lb_target_group.ecs_app_tg_virginia",
            "aws_security_group.ecs_lb_sg_virginia",
            "module.vpc_virginia.aws_subnet.private",
            "module.vpc_virginia.aws_subnet.public",
            "module.vpc_virginia.aws_vpc.this",
            "time_sleep.wait_30_seconds"
          ]
        },
        {
          "index_key": 2,
          "schema_version": 0,
          "attributes": {
            "alarms": [],
            "capacity_provider_strategy": [],
            "cluster": "arn:aws:ecs:us-east-1:993407081893:cluster/Dev-Prod-Cluster-Puntoxpress",
            "deployment_circuit_breaker": [
              {
                "enable": false,
                "rollback": false
              }
            ],
            "deployment_controller": [
              {
                "type": "ECS"
              }
            ],
            "deployment_maximum_percent": 200,
            "deployment_minimum_healthy_percent": 100,
            "desired_count": 1,
            "enable_ecs_managed_tags": false,
            "enable_execute_command": false,
            "force_new_deployment": null,
            "health_check_grace_period_seconds": 0,
            "iam_role": "/aws-service-role/ecs.amazonaws.com/AWSServiceRoleForECS",
            "id": "arn:aws:ecs:us-east-1:993407081893:service/Dev-Prod-Cluster-Puntoxpress/Dev-ecs-service-3",
            "launch_type": "FARGATE",
            "load_balancer": [
              {
                "container_name": "app",
                "container_port": 80,
                "elb_name": "",
                "target_group_arn": "arn:aws:elasticloadbalancing:us-east-1:993407081893:targetgroup/Dev-TGroup-Puntoxpress-3/0e763f007bed30ef"
              }
            ],
            "name": "Dev-ecs-service-3",
            "network_configuration": [
              {
                "assign_public_ip": false,
                "security_groups": [
                  "sg-0d9c11e2014191c3b"
                ],
                "subnets": [
                  "subnet-075f02d5052f3bedb",
                  "subnet-0d0fb0279e955c960"
                ]
              }
            ],
            "ordered_placement_strategy": [],
            "placement_constraints": [],
            "platform_version": "LATEST",
            "propagate_tags": "NONE",
            "scheduling_strategy": "REPLICA",
            "service_connect_configuration": [],
            "service_registries": [],
            "tags": null,
            "tags_all": {},
            "task_definition": "arn:aws:ecs:us-east-1:993407081893:task-definition/Dev-task-def-3:8",
            "timeouts": null,
            "triggers": {},
            "wait_for_steady_state": false
          },
          "sensitive_attributes": [],
          "private": "eyJlMmJmYjczMC1lY2FhLTExZTYtOGY4OC0zNDM2M2JjN2M0YzAiOnsiY3JlYXRlIjoxMjAwMDAwMDAwMDAwLCJkZWxldGUiOjEyMDAwMDAwMDAwMDAsInVwZGF0ZSI6MTIwMDAwMDAwMDAwMH19",
          "dependencies": [
            "aws_ecr_repository.nginx",
            "aws_ecs_cluster.ecs_cluster_virginia",
            "aws_ecs_task_definition.ecs_task_def_virginia",
            "aws_iam_role.ecs_task_execution_role",
            "aws_iam_role.ecs_task_role",
            "aws_iam_role_policy.ecs_task_policy",
            "aws_iam_role_policy_attachment.ecs_task_execution_role_policy",
            "aws_lb.ecs_app_lb_virginia",
            "aws_lb_listener.ecs_https_listener_virginia",
            "aws_lb_target_group.ecs_app_tg_virginia",
            "aws_security_group.ecs_lb_sg_virginia",
            "module.vpc_virginia.aws_subnet.private",
            "module.vpc_virginia.aws_subnet.public",
            "module.vpc_virginia.aws_vpc.this",
            "time_sleep.wait_30_seconds"
          ]
        },
        {
          "index_key": 3,
          "schema_version": 0,
          "attributes": {
            "alarms": [],
            "capacity_provider_strategy": [],
            "cluster": "arn:aws:ecs:us-east-1:993407081893:cluster/Dev-Prod-Cluster-Puntoxpress",
            "deployment_circuit_breaker": [
              {
                "enable": false,
                "rollback": false
              }
            ],
            "deployment_controller": [
              {
                "type": "ECS"
              }
            ],
            "deployment_maximum_percent": 200,
            "deployment_minimum_healthy_percent": 100,
            "desired_count": 1,
            "enable_ecs_managed_tags": false,
            "enable_execute_command": false,
            "force_new_deployment": null,
            "health_check_grace_period_seconds": 0,
            "iam_role": "/aws-service-role/ecs.amazonaws.com/AWSServiceRoleForECS",
            "id": "arn:aws:ecs:us-east-1:993407081893:service/Dev-Prod-Cluster-Puntoxpress/Dev-ecs-service-4",
            "launch_type": "FARGATE",
            "load_balancer": [
              {
                "container_name": "app",
                "container_port": 80,
                "elb_name": "",
                "target_group_arn": "arn:aws:elasticloadbalancing:us-east-1:993407081893:targetgroup/Dev-TGroup-Puntoxpress-4/479cf65b58cb6bca"
              }
            ],
            "name": "Dev-ecs-service-4",
            "network_configuration": [
              {
                "assign_public_ip": false,
                "security_groups": [
                  "sg-0d9c11e2014191c3b"
                ],
                "subnets": [
                  "subnet-075f02d5052f3bedb",
                  "subnet-0d0fb0279e955c960"
                ]
              }
            ],
            "ordered_placement_strategy": [],
            "placement_constraints": [],
            "platform_version": "LATEST",
            "propagate_tags": "NONE",
            "scheduling_strategy": "REPLICA",
            "service_connect_configuration": [],
            "service_registries": [],
            "tags": null,
            "tags_all": {},
            "task_definition": "arn:aws:ecs:us-east-1:993407081893:task-definition/Dev-task-def-4:8",
            "timeouts": null,
            "triggers": {},
            "wait_for_steady_state": false
          },
          "sensitive_attributes": [],
          "private": "eyJlMmJmYjczMC1lY2FhLTExZTYtOGY4OC0zNDM2M2JjN2M0YzAiOnsiY3JlYXRlIjoxMjAwMDAwMDAwMDAwLCJkZWxldGUiOjEyMDAwMDAwMDAwMDAsInVwZGF0ZSI6MTIwMDAwMDAwMDAwMH19",
          "dependencies": [
            "aws_ecr_repository.nginx",
            "aws_ecs_cluster.ecs_cluster_virginia",
            "aws_ecs_task_definition.ecs_task_def_virginia",
            "aws_iam_role.ecs_task_execution_role",
            "aws_iam_role.ecs_task_role",
            "aws_iam_role_policy.ecs_task_policy",
            "aws_iam_role_policy_attachment.ecs_task_execution_role_policy",
            "aws_lb.ecs_app_lb_virginia",
            "aws_lb_listener.ecs_https_listener_virginia",
            "aws_lb_target_group.ecs_app_tg_virginia",
            "aws_security_group.ecs_lb_sg_virginia",
            "module.vpc_virginia.aws_subnet.private",
            "module.vpc_virginia.aws_subnet.public",
            "module.vpc_virginia.aws_vpc.this",
            "time_sleep.wait_30_seconds"
          ]
        },
        {
          "index_key": 4,
          "schema_version": 0,
          "attributes": {
            "alarms": [],
            "capacity_provider_strategy": [],
            "cluster": "arn:aws:ecs:us-east-1:993407081893:cluster/Dev-Prod-Cluster-Puntoxpress",
            "deployment_circuit_breaker": [
              {
                "enable": false,
                "rollback": false
              }
            ],
            "deployment_controller": [
              {
                "type": "ECS"
              }
            ],
            "deployment_maximum_percent": 200,
            "deployment_minimum_healthy_percent": 100,
            "desired_count": 1,
            "enable_ecs_managed_tags": false,
            "enable_execute_command": false,
            "force_new_deployment": null,
            "health_check_grace_period_seconds": 0,
            "iam_role": "/aws-service-role/ecs.amazonaws.com/AWSServiceRoleForECS",
            "id": "arn:aws:ecs:us-east-1:993407081893:service/Dev-Prod-Cluster-Puntoxpress/Dev-ecs-service-5",
            "launch_type": "FARGATE",
            "load_balancer": [
              {
                "container_name": "app",
                "container_port": 80,
                "elb_name": "",
                "target_group_arn": "arn:aws:elasticloadbalancing:us-east-1:993407081893:targetgroup/Dev-TGroup-Puntoxpress-5/2cecf7474064dd59"
              }
            ],
            "name": "Dev-ecs-service-5",
            "network_configuration": [
              {
                "assign_public_ip": false,
                "security_groups": [
                  "sg-0d9c11e2014191c3b"
                ],
                "subnets": [
                  "subnet-075f02d5052f3bedb",
                  "subnet-0d0fb0279e955c960"
                ]
              }
            ],
            "ordered_placement_strategy": [],
            "placement_constraints": [],
            "platform_version": "LATEST",
            "propagate_tags": "NONE",
            "scheduling_strategy": "REPLICA",
            "service_connect_configuration": [],
            "service_registries": [],
            "tags": null,
            "tags_all": {},
            "task_definition": "arn:aws:ecs:us-east-1:993407081893:task-definition/Dev-task-def-5:8",
            "timeouts": null,
            "triggers": {},
            "wait_for_steady_state": false
          },
          "sensitive_attributes": [],
          "private": "eyJlMmJmYjczMC1lY2FhLTExZTYtOGY4OC0zNDM2M2JjN2M0YzAiOnsiY3JlYXRlIjoxMjAwMDAwMDAwMDAwLCJkZWxldGUiOjEyMDAwMDAwMDAwMDAsInVwZGF0ZSI6MTIwMDAwMDAwMDAwMH19",
          "dependencies": [
            "aws_ecr_repository.nginx",
            "aws_ecs_cluster.ecs_cluster_virginia",
            "aws_ecs_task_definition.ecs_task_def_virginia",
            "aws_iam_role.ecs_task_execution_role",
            "aws_iam_role.ecs_task_role",
            "aws_iam_role_policy.ecs_task_policy",
            "aws_iam_role_policy_attachment.ecs_task_execution_role_policy",
            "aws_lb.ecs_app_lb_virginia",
            "aws_lb_listener.ecs_https_listener_virginia",
            "aws_lb_target_group.ecs_app_tg_virginia",
            "aws_security_group.ecs_lb_sg_virginia",
            "module.vpc_virginia.aws_subnet.private",
            "module.vpc_virginia.aws_subnet.public",
            "module.vpc_virginia.aws_vpc.this",
            "time_sleep.wait_30_seconds"
          ]
        },
        {
          "index_key": 5,
          "schema_version": 0,
          "attributes": {
            "alarms": [],
            "capacity_provider_strategy": [],
            "cluster": "arn:aws:ecs:us-east-1:993407081893:cluster/Dev-Prod-Cluster-Puntoxpress",
            "deployment_circuit_breaker": [
              {
                "enable": false,
                "rollback": false
              }
            ],
            "deployment_controller": [
              {
                "type": "ECS"
              }
            ],
            "deployment_maximum_percent": 200,
            "deployment_minimum_healthy_percent": 100,
            "desired_count": 1,
            "enable_ecs_managed_tags": false,
            "enable_execute_command": false,
            "force_new_deployment": null,
            "health_check_grace_period_seconds": 0,
            "iam_role": "/aws-service-role/ecs.amazonaws.com/AWSServiceRoleForECS",
            "id": "arn:aws:ecs:us-east-1:993407081893:service/Dev-Prod-Cluster-Puntoxpress/Dev-ecs-service-6",
            "launch_type": "FARGATE",
            "load_balancer": [
              {
                "container_name": "app",
                "container_port": 80,
                "elb_name": "",
                "target_group_arn": "arn:aws:elasticloadbalancing:us-east-1:993407081893:targetgroup/Dev-TGroup-Puntoxpress-6/a5701e0bc081b4b4"
              }
            ],
            "name": "Dev-ecs-service-6",
            "network_configuration": [
              {
                "assign_public_ip": false,
                "security_groups": [
                  "sg-0d9c11e2014191c3b"
                ],
                "subnets": [
                  "subnet-075f02d5052f3bedb",
                  "subnet-0d0fb0279e955c960"
                ]
              }
            ],
            "ordered_placement_strategy": [],
            "placement_constraints": [],
            "platform_version": "LATEST",
            "propagate_tags": "NONE",
            "scheduling_strategy": "REPLICA",
            "service_connect_configuration": [],
            "service_registries": [],
            "tags": null,
            "tags_all": {},
            "task_definition": "arn:aws:ecs:us-east-1:993407081893:task-definition/Dev-task-def-6:8",
            "timeouts": null,
            "triggers": {},
            "wait_for_steady_state": false
          },
          "sensitive_attributes": [],
          "private": "eyJlMmJmYjczMC1lY2FhLTExZTYtOGY4OC0zNDM2M2JjN2M0YzAiOnsiY3JlYXRlIjoxMjAwMDAwMDAwMDAwLCJkZWxldGUiOjEyMDAwMDAwMDAwMDAsInVwZGF0ZSI6MTIwMDAwMDAwMDAwMH19",
          "dependencies": [
            "aws_ecr_repository.nginx",
            "aws_ecs_cluster.ecs_cluster_virginia",
            "aws_ecs_task_definition.ecs_task_def_virginia",
            "aws_iam_role.ecs_task_execution_role",
            "aws_iam_role.ecs_task_role",
            "aws_iam_role_policy.ecs_task_policy",
            "aws_iam_role_policy_attachment.ecs_task_execution_role_policy",
            "aws_lb.ecs_app_lb_virginia",
            "aws_lb_listener.ecs_https_listener_virginia",
            "aws_lb_target_group.ecs_app_tg_virginia",
            "aws_security_group.ecs_lb_sg_virginia",
            "module.vpc_virginia.aws_subnet.private",
            "module.vpc_virginia.aws_subnet.public",
            "module.vpc_virginia.aws_vpc.this",
            "time_sleep.wait_30_seconds"
          ]
        },
        {
          "index_key": 6,
          "schema_version": 0,
          "attributes": {
            "alarms": [],
            "capacity_provider_strategy": [],
            "cluster": "arn:aws:ecs:us-east-1:993407081893:cluster/Dev-Prod-Cluster-Puntoxpress",
            "deployment_circuit_breaker": [
              {
                "enable": false,
                "rollback": false
              }
            ],
            "deployment_controller": [
              {
                "type": "ECS"
              }
            ],
            "deployment_maximum_percent": 200,
            "deployment_minimum_healthy_percent": 100,
            "desired_count": 1,
            "enable_ecs_managed_tags": false,
            "enable_execute_command": false,
            "force_new_deployment": null,
            "health_check_grace_period_seconds": 0,
            "iam_role": "/aws-service-role/ecs.amazonaws.com/AWSServiceRoleForECS",
            "id": "arn:aws:ecs:us-east-1:993407081893:service/Dev-Prod-Cluster-Puntoxpress/Dev-ecs-service-7",
            "launch_type": "FARGATE",
            "load_balancer": [
              {
                "container_name": "app",
                "container_port": 80,
                "elb_name": "",
                "target_group_arn": "arn:aws:elasticloadbalancing:us-east-1:993407081893:targetgroup/Dev-TGroup-Puntoxpress-7/0b2616ff246f2752"
              }
            ],
            "name": "Dev-ecs-service-7",
            "network_configuration": [
              {
                "assign_public_ip": false,
                "security_groups": [
                  "sg-0d9c11e2014191c3b"
                ],
                "subnets": [
                  "subnet-075f02d5052f3bedb",
                  "subnet-0d0fb0279e955c960"
                ]
              }
            ],
            "ordered_placement_strategy": [],
            "placement_constraints": [],
            "platform_version": "LATEST",
            "propagate_tags": "NONE",
            "scheduling_strategy": "REPLICA",
            "service_connect_configuration": [],
            "service_registries": [],
            "tags": null,
            "tags_all": {},
            "task_definition": "arn:aws:ecs:us-east-1:993407081893:task-definition/Dev-task-def-7:8",
            "timeouts": null,
            "triggers": {},
            "wait_for_steady_state": false
          },
          "sensitive_attributes": [],
          "private": "eyJlMmJmYjczMC1lY2FhLTExZTYtOGY4OC0zNDM2M2JjN2M0YzAiOnsiY3JlYXRlIjoxMjAwMDAwMDAwMDAwLCJkZWxldGUiOjEyMDAwMDAwMDAwMDAsInVwZGF0ZSI6MTIwMDAwMDAwMDAwMH19",
          "dependencies": [
            "aws_ecr_repository.nginx",
            "aws_ecs_cluster.ecs_cluster_virginia",
            "aws_ecs_task_definition.ecs_task_def_virginia",
            "aws_iam_role.ecs_task_execution_role",
            "aws_iam_role.ecs_task_role",
            "aws_iam_role_policy.ecs_task_policy",
            "aws_iam_role_policy_attachment.ecs_task_execution_role_policy",
            "aws_lb.ecs_app_lb_virginia",
            "aws_lb_listener.ecs_https_listener_virginia",
            "aws_lb_target_group.ecs_app_tg_virginia",
            "aws_security_group.ecs_lb_sg_virginia",
            "module.vpc_virginia.aws_subnet.private",
            "module.vpc_virginia.aws_subnet.public",
            "module.vpc_virginia.aws_vpc.this",
            "time_sleep.wait_30_seconds"
          ]
        },
        {
          "index_key": 7,
          "schema_version": 0,
          "attributes": {
            "alarms": [],
            "capacity_provider_strategy": [],
            "cluster": "arn:aws:ecs:us-east-1:993407081893:cluster/Dev-Prod-Cluster-Puntoxpress",
            "deployment_circuit_breaker": [
              {
                "enable": false,
                "rollback": false
              }
            ],
            "deployment_controller": [
              {
                "type": "ECS"
              }
            ],
            "deployment_maximum_percent": 200,
            "deployment_minimum_healthy_percent": 100,
            "desired_count": 1,
            "enable_ecs_managed_tags": false,
            "enable_execute_command": false,
            "force_new_deployment": null,
            "health_check_grace_period_seconds": 0,
            "iam_role": "/aws-service-role/ecs.amazonaws.com/AWSServiceRoleForECS",
            "id": "arn:aws:ecs:us-east-1:993407081893:service/Dev-Prod-Cluster-Puntoxpress/Dev-ecs-service-8",
            "launch_type": "FARGATE",
            "load_balancer": [
              {
                "container_name": "app",
                "container_port": 80,
                "elb_name": "",
                "target_group_arn": "arn:aws:elasticloadbalancing:us-east-1:993407081893:targetgroup/Dev-TGroup-Puntoxpress-8/7c6c24348665aa84"
              }
            ],
            "name": "Dev-ecs-service-8",
            "network_configuration": [
              {
                "assign_public_ip": false,
                "security_groups": [
                  "sg-0d9c11e2014191c3b"
                ],
                "subnets": [
                  "subnet-075f02d5052f3bedb",
                  "subnet-0d0fb0279e955c960"
                ]
              }
            ],
            "ordered_placement_strategy": [],
            "placement_constraints": [],
            "platform_version": "LATEST",
            "propagate_tags": "NONE",
            "scheduling_strategy": "REPLICA",
            "service_connect_configuration": [],
            "service_registries": [],
            "tags": null,
            "tags_all": {},
            "task_definition": "arn:aws:ecs:us-east-1:993407081893:task-definition/Dev-task-def-8:8",
            "timeouts": null,
            "triggers": {},
            "wait_for_steady_state": false
          },
          "sensitive_attributes": [],
          "private": "eyJlMmJmYjczMC1lY2FhLTExZTYtOGY4OC0zNDM2M2JjN2M0YzAiOnsiY3JlYXRlIjoxMjAwMDAwMDAwMDAwLCJkZWxldGUiOjEyMDAwMDAwMDAwMDAsInVwZGF0ZSI6MTIwMDAwMDAwMDAwMH19",
          "dependencies": [
            "aws_ecr_repository.nginx",
            "aws_ecs_cluster.ecs_cluster_virginia",
            "aws_ecs_task_definition.ecs_task_def_virginia",
            "aws_iam_role.ecs_task_execution_role",
            "aws_iam_role.ecs_task_role",
            "aws_iam_role_policy.ecs_task_policy",
            "aws_iam_role_policy_attachment.ecs_task_execution_role_policy",
            "aws_lb.ecs_app_lb_virginia",
            "aws_lb_listener.ecs_https_listener_virginia",
            "aws_lb_target_group.ecs_app_tg_virginia",
            "aws_security_group.ecs_lb_sg_virginia",
            "module.vpc_virginia.aws_subnet.private",
            "module.vpc_virginia.aws_subnet.public",
            "module.vpc_virginia.aws_vpc.this",
            "time_sleep.wait_30_seconds"
          ]
        }
      ]
    },
    {
      "mode": "managed",
      "type": "aws_ecs_task_definition",
      "name": "ecs_task_def_virginia",
      "provider": "provider[\"registry.terraform.io/hashicorp/aws\"].virginia",
      "instances": [
        {
          "index_key": 0,
          "schema_version": 1,
          "attributes": {
            "arn": "arn:aws:ecs:us-east-1:993407081893:task-definition/Dev-task-def-1:8",
            "arn_without_revision": "arn:aws:ecs:us-east-1:993407081893:task-definition/Dev-task-def-1",
            "container_definitions": "[{\"cpu\":0,\"environment\":[],\"essential\":true,\"image\":\"565987550548.dkr.ecr.us-east-1.amazonaws.com/nginx-repo:1.21.3\",\"mountPoints\":[],\"name\":\"app\",\"portMappings\":[{\"containerPort\":80,\"hostPort\":80,\"protocol\":\"tcp\"}],\"systemControls\":[],\"volumesFrom\":[]}]",
            "cpu": "256",
            "ephemeral_storage": [],
            "execution_role_arn": "arn:aws:iam::993407081893:role/ecsTaskExecutionRole",
            "family": "Dev-task-def-1",
            "id": "Dev-task-def-1",
            "inference_accelerator": [],
            "ipc_mode": "",
            "memory": "512",
            "network_mode": "awsvpc",
            "pid_mode": "",
            "placement_constraints": [],
            "proxy_configuration": [],
            "requires_compatibilities": [
              "FARGATE"
            ],
            "revision": 8,
            "runtime_platform": [],
            "skip_destroy": false,
            "tags": null,
            "tags_all": {},
            "task_role_arn": "arn:aws:iam::993407081893:role/ecsTaskRole",
            "volume": []
          },
          "sensitive_attributes": [],
          "private": "eyJzY2hlbWFfdmVyc2lvbiI6IjEifQ==",
          "dependencies": [
            "aws_ecr_repository.nginx",
            "aws_iam_role.ecs_task_execution_role",
            "aws_iam_role.ecs_task_role",
            "aws_iam_role_policy_attachment.ecs_task_execution_role_policy",
            "time_sleep.wait_30_seconds"
          ]
        },
        {
          "index_key": 1,
          "schema_version": 1,
          "attributes": {
            "arn": "arn:aws:ecs:us-east-1:993407081893:task-definition/Dev-task-def-2:8",
            "arn_without_revision": "arn:aws:ecs:us-east-1:993407081893:task-definition/Dev-task-def-2",
            "container_definitions": "[{\"cpu\":0,\"environment\":[],\"essential\":true,\"image\":\"565987550548.dkr.ecr.us-east-1.amazonaws.com/nginx-repo:1.21.3\",\"mountPoints\":[],\"name\":\"app\",\"portMappings\":[{\"containerPort\":80,\"hostPort\":80,\"protocol\":\"tcp\"}],\"systemControls\":[],\"volumesFrom\":[]}]",
            "cpu": "256",
            "ephemeral_storage": [],
            "execution_role_arn": "arn:aws:iam::993407081893:role/ecsTaskExecutionRole",
            "family": "Dev-task-def-2",
            "id": "Dev-task-def-2",
            "inference_accelerator": [],
            "ipc_mode": "",
            "memory": "512",
            "network_mode": "awsvpc",
            "pid_mode": "",
            "placement_constraints": [],
            "proxy_configuration": [],
            "requires_compatibilities": [
              "FARGATE"
            ],
            "revision": 8,
            "runtime_platform": [],
            "skip_destroy": false,
            "tags": null,
            "tags_all": {},
            "task_role_arn": "arn:aws:iam::993407081893:role/ecsTaskRole",
            "volume": []
          },
          "sensitive_attributes": [],
          "private": "eyJzY2hlbWFfdmVyc2lvbiI6IjEifQ==",
          "dependencies": [
            "aws_ecr_repository.nginx",
            "aws_iam_role.ecs_task_execution_role",
            "aws_iam_role.ecs_task_role",
            "aws_iam_role_policy_attachment.ecs_task_execution_role_policy",
            "time_sleep.wait_30_seconds"
          ]
        },
        {
          "index_key": 2,
          "schema_version": 1,
          "attributes": {
            "arn": "arn:aws:ecs:us-east-1:993407081893:task-definition/Dev-task-def-3:8",
            "arn_without_revision": "arn:aws:ecs:us-east-1:993407081893:task-definition/Dev-task-def-3",
            "container_definitions": "[{\"cpu\":0,\"environment\":[],\"essential\":true,\"image\":\"565987550548.dkr.ecr.us-east-1.amazonaws.com/nginx-repo:1.21.3\",\"mountPoints\":[],\"name\":\"app\",\"portMappings\":[{\"containerPort\":80,\"hostPort\":80,\"protocol\":\"tcp\"}],\"systemControls\":[],\"volumesFrom\":[]}]",
            "cpu": "256",
            "ephemeral_storage": [],
            "execution_role_arn": "arn:aws:iam::993407081893:role/ecsTaskExecutionRole",
            "family": "Dev-task-def-3",
            "id": "Dev-task-def-3",
            "inference_accelerator": [],
            "ipc_mode": "",
            "memory": "512",
            "network_mode": "awsvpc",
            "pid_mode": "",
            "placement_constraints": [],
            "proxy_configuration": [],
            "requires_compatibilities": [
              "FARGATE"
            ],
            "revision": 8,
            "runtime_platform": [],
            "skip_destroy": false,
            "tags": null,
            "tags_all": {},
            "task_role_arn": "arn:aws:iam::993407081893:role/ecsTaskRole",
            "volume": []
          },
          "sensitive_attributes": [],
          "private": "eyJzY2hlbWFfdmVyc2lvbiI6IjEifQ==",
          "dependencies": [
            "aws_ecr_repository.nginx",
            "aws_iam_role.ecs_task_execution_role",
            "aws_iam_role.ecs_task_role",
            "aws_iam_role_policy_attachment.ecs_task_execution_role_policy",
            "time_sleep.wait_30_seconds"
          ]
        },
        {
          "index_key": 3,
          "schema_version": 1,
          "attributes": {
            "arn": "arn:aws:ecs:us-east-1:993407081893:task-definition/Dev-task-def-4:8",
            "arn_without_revision": "arn:aws:ecs:us-east-1:993407081893:task-definition/Dev-task-def-4",
            "container_definitions": "[{\"cpu\":0,\"environment\":[],\"essential\":true,\"image\":\"565987550548.dkr.ecr.us-east-1.amazonaws.com/nginx-repo:1.21.3\",\"mountPoints\":[],\"name\":\"app\",\"portMappings\":[{\"containerPort\":80,\"hostPort\":80,\"protocol\":\"tcp\"}],\"systemControls\":[],\"volumesFrom\":[]}]",
            "cpu": "256",
            "ephemeral_storage": [],
            "execution_role_arn": "arn:aws:iam::993407081893:role/ecsTaskExecutionRole",
            "family": "Dev-task-def-4",
            "id": "Dev-task-def-4",
            "inference_accelerator": [],
            "ipc_mode": "",
            "memory": "512",
            "network_mode": "awsvpc",
            "pid_mode": "",
            "placement_constraints": [],
            "proxy_configuration": [],
            "requires_compatibilities": [
              "FARGATE"
            ],
            "revision": 8,
            "runtime_platform": [],
            "skip_destroy": false,
            "tags": null,
            "tags_all": {},
            "task_role_arn": "arn:aws:iam::993407081893:role/ecsTaskRole",
            "volume": []
          },
          "sensitive_attributes": [],
          "private": "eyJzY2hlbWFfdmVyc2lvbiI6IjEifQ==",
          "dependencies": [
            "aws_ecr_repository.nginx",
            "aws_iam_role.ecs_task_execution_role",
            "aws_iam_role.ecs_task_role",
            "aws_iam_role_policy_attachment.ecs_task_execution_role_policy",
            "time_sleep.wait_30_seconds"
          ]
        },
        {
          "index_key": 4,
          "schema_version": 1,
          "attributes": {
            "arn": "arn:aws:ecs:us-east-1:993407081893:task-definition/Dev-task-def-5:8",
            "arn_without_revision": "arn:aws:ecs:us-east-1:993407081893:task-definition/Dev-task-def-5",
            "container_definitions": "[{\"cpu\":0,\"environment\":[],\"essential\":true,\"image\":\"565987550548.dkr.ecr.us-east-1.amazonaws.com/nginx-repo:1.21.3\",\"mountPoints\":[],\"name\":\"app\",\"portMappings\":[{\"containerPort\":80,\"hostPort\":80,\"protocol\":\"tcp\"}],\"systemControls\":[],\"volumesFrom\":[]}]",
            "cpu": "256",
            "ephemeral_storage": [],
            "execution_role_arn": "arn:aws:iam::993407081893:role/ecsTaskExecutionRole",
            "family": "Dev-task-def-5",
            "id": "Dev-task-def-5",
            "inference_accelerator": [],
            "ipc_mode": "",
            "memory": "512",
            "network_mode": "awsvpc",
            "pid_mode": "",
            "placement_constraints": [],
            "proxy_configuration": [],
            "requires_compatibilities": [
              "FARGATE"
            ],
            "revision": 8,
            "runtime_platform": [],
            "skip_destroy": false,
            "tags": null,
            "tags_all": {},
            "task_role_arn": "arn:aws:iam::993407081893:role/ecsTaskRole",
            "volume": []
          },
          "sensitive_attributes": [],
          "private": "eyJzY2hlbWFfdmVyc2lvbiI6IjEifQ==",
          "dependencies": [
            "aws_ecr_repository.nginx",
            "aws_iam_role.ecs_task_execution_role",
            "aws_iam_role.ecs_task_role",
            "aws_iam_role_policy_attachment.ecs_task_execution_role_policy",
            "time_sleep.wait_30_seconds"
          ]
        },
        {
          "index_key": 5,
          "schema_version": 1,
          "attributes": {
            "arn": "arn:aws:ecs:us-east-1:993407081893:task-definition/Dev-task-def-6:8",
            "arn_without_revision": "arn:aws:ecs:us-east-1:993407081893:task-definition/Dev-task-def-6",
            "container_definitions": "[{\"cpu\":0,\"environment\":[],\"essential\":true,\"image\":\"565987550548.dkr.ecr.us-east-1.amazonaws.com/nginx-repo:1.21.3\",\"mountPoints\":[],\"name\":\"app\",\"portMappings\":[{\"containerPort\":80,\"hostPort\":80,\"protocol\":\"tcp\"}],\"systemControls\":[],\"volumesFrom\":[]}]",
            "cpu": "256",
            "ephemeral_storage": [],
            "execution_role_arn": "arn:aws:iam::993407081893:role/ecsTaskExecutionRole",
            "family": "Dev-task-def-6",
            "id": "Dev-task-def-6",
            "inference_accelerator": [],
            "ipc_mode": "",
            "memory": "512",
            "network_mode": "awsvpc",
            "pid_mode": "",
            "placement_constraints": [],
            "proxy_configuration": [],
            "requires_compatibilities": [
              "FARGATE"
            ],
            "revision": 8,
            "runtime_platform": [],
            "skip_destroy": false,
            "tags": null,
            "tags_all": {},
            "task_role_arn": "arn:aws:iam::993407081893:role/ecsTaskRole",
            "volume": []
          },
          "sensitive_attributes": [],
          "private": "eyJzY2hlbWFfdmVyc2lvbiI6IjEifQ==",
          "dependencies": [
            "aws_ecr_repository.nginx",
            "aws_iam_role.ecs_task_execution_role",
            "aws_iam_role.ecs_task_role",
            "aws_iam_role_policy_attachment.ecs_task_execution_role_policy",
            "time_sleep.wait_30_seconds"
          ]
        },
        {
          "index_key": 6,
          "schema_version": 1,
          "attributes": {
            "arn": "arn:aws:ecs:us-east-1:993407081893:task-definition/Dev-task-def-7:8",
            "arn_without_revision": "arn:aws:ecs:us-east-1:993407081893:task-definition/Dev-task-def-7",
            "container_definitions": "[{\"cpu\":0,\"environment\":[],\"essential\":true,\"image\":\"565987550548.dkr.ecr.us-east-1.amazonaws.com/nginx-repo:1.21.3\",\"mountPoints\":[],\"name\":\"app\",\"portMappings\":[{\"containerPort\":80,\"hostPort\":80,\"protocol\":\"tcp\"}],\"systemControls\":[],\"volumesFrom\":[]}]",
            "cpu": "256",
            "ephemeral_storage": [],
            "execution_role_arn": "arn:aws:iam::993407081893:role/ecsTaskExecutionRole",
            "family": "Dev-task-def-7",
            "id": "Dev-task-def-7",
            "inference_accelerator": [],
            "ipc_mode": "",
            "memory": "512",
            "network_mode": "awsvpc",
            "pid_mode": "",
            "placement_constraints": [],
            "proxy_configuration": [],
            "requires_compatibilities": [
              "FARGATE"
            ],
            "revision": 8,
            "runtime_platform": [],
            "skip_destroy": false,
            "tags": null,
            "tags_all": {},
            "task_role_arn": "arn:aws:iam::993407081893:role/ecsTaskRole",
            "volume": []
          },
          "sensitive_attributes": [],
          "private": "eyJzY2hlbWFfdmVyc2lvbiI6IjEifQ==",
          "dependencies": [
            "aws_ecr_repository.nginx",
            "aws_iam_role.ecs_task_execution_role",
            "aws_iam_role.ecs_task_role",
            "aws_iam_role_policy_attachment.ecs_task_execution_role_policy",
            "time_sleep.wait_30_seconds"
          ]
        },
        {
          "index_key": 7,
          "schema_version": 1,
          "attributes": {
            "arn": "arn:aws:ecs:us-east-1:993407081893:task-definition/Dev-task-def-8:8",
            "arn_without_revision": "arn:aws:ecs:us-east-1:993407081893:task-definition/Dev-task-def-8",
            "container_definitions": "[{\"cpu\":0,\"environment\":[],\"essential\":true,\"image\":\"565987550548.dkr.ecr.us-east-1.amazonaws.com/nginx-repo:1.21.3\",\"mountPoints\":[],\"name\":\"app\",\"portMappings\":[{\"containerPort\":80,\"hostPort\":80,\"protocol\":\"tcp\"}],\"systemControls\":[],\"volumesFrom\":[]}]",
            "cpu": "256",
            "ephemeral_storage": [],
            "execution_role_arn": "arn:aws:iam::993407081893:role/ecsTaskExecutionRole",
            "family": "Dev-task-def-8",
            "id": "Dev-task-def-8",
            "inference_accelerator": [],
            "ipc_mode": "",
            "memory": "512",
            "network_mode": "awsvpc",
            "pid_mode": "",
            "placement_constraints": [],
            "proxy_configuration": [],
            "requires_compatibilities": [
              "FARGATE"
            ],
            "revision": 8,
            "runtime_platform": [],
            "skip_destroy": false,
            "tags": null,
            "tags_all": {},
            "task_role_arn": "arn:aws:iam::993407081893:role/ecsTaskRole",
            "volume": []
          },
          "sensitive_attributes": [],
          "private": "eyJzY2hlbWFfdmVyc2lvbiI6IjEifQ==",
          "dependencies": [
            "aws_ecr_repository.nginx",
            "aws_iam_role.ecs_task_execution_role",
            "aws_iam_role.ecs_task_role",
            "aws_iam_role_policy_attachment.ecs_task_execution_role_policy",
            "time_sleep.wait_30_seconds"
          ]
        }
      ]
    },
    {
      "mode": "managed",
      "type": "aws_iam_instance_profile",
      "name": "ssm_instance_profile",
      "provider": "provider[\"registry.terraform.io/hashicorp/aws\"].virginia",
      "instances": [
        {
          "schema_version": 0,
          "attributes": {
            "arn": "arn:aws:iam::993407081893:instance-profile/my_ssm_instance_profile",
            "create_date": "2024-06-30T01:27:56Z",
            "id": "my_ssm_instance_profile",
            "name": "my_ssm_instance_profile",
            "name_prefix": "",
            "path": "/",
            "role": "ssm_role",
            "tags": null,
            "tags_all": {},
            "unique_id": "AIPA6OS5NDWS3NYZNI4YN"
          },
          "sensitive_attributes": [],
          "private": "bnVsbA==",
          "dependencies": [
            "aws_iam_role.ssm_role"
          ]
        }
      ]
    },
    {
      "mode": "managed",
      "type": "aws_iam_role",
      "name": "ecs_task_execution_role",
      "provider": "provider[\"registry.terraform.io/hashicorp/aws\"].virginia",
      "instances": [
        {
          "schema_version": 0,
          "attributes": {
            "arn": "arn:aws:iam::993407081893:role/ecsTaskExecutionRole",
            "assume_role_policy": "{\"Statement\":[{\"Action\":\"sts:AssumeRole\",\"Effect\":\"Allow\",\"Principal\":{\"Service\":\"ecs-tasks.amazonaws.com\"}}],\"Version\":\"2012-10-17\"}",
            "create_date": "2024-06-30T01:27:54Z",
            "description": "",
            "force_detach_policies": false,
            "id": "ecsTaskExecutionRole",
            "inline_policy": [],
            "managed_policy_arns": [],
            "max_session_duration": 3600,
            "name": "ecsTaskExecutionRole",
            "name_prefix": "",
            "path": "/",
            "permissions_boundary": null,
            "role_last_used": [
              {
                "last_used_date": "",
                "region": ""
              }
            ],
            "tags": null,
            "tags_all": {},
            "unique_id": "AROA6OS5NDWSTWWV7U3ZZ"
          },
          "sensitive_attributes": [],
          "private": "bnVsbA=="
        }
      ]
    },
    {
      "mode": "managed",
      "type": "aws_iam_role",
      "name": "ecs_task_role",
      "provider": "provider[\"registry.terraform.io/hashicorp/aws\"].virginia",
      "instances": [
        {
          "schema_version": 0,
          "attributes": {
            "arn": "arn:aws:iam::993407081893:role/ecsTaskRole",
            "assume_role_policy": "{\"Statement\":[{\"Action\":\"sts:AssumeRole\",\"Effect\":\"Allow\",\"Principal\":{\"Service\":\"ecs-tasks.amazonaws.com\"}}],\"Version\":\"2012-10-17\"}",
            "create_date": "2024-06-30T01:27:54Z",
            "description": "",
            "force_detach_policies": false,
            "id": "ecsTaskRole",
            "inline_policy": [],
            "managed_policy_arns": [],
            "max_session_duration": 3600,
            "name": "ecsTaskRole",
            "name_prefix": "",
            "path": "/",
            "permissions_boundary": null,
            "role_last_used": [
              {
                "last_used_date": "",
                "region": ""
              }
            ],
            "tags": null,
            "tags_all": {},
            "unique_id": "AROA6OS5NDWSTC44GKCXB"
          },
          "sensitive_attributes": [],
          "private": "bnVsbA=="
        }
      ]
    },
    {
      "mode": "managed",
      "type": "aws_iam_role",
      "name": "ssm_role",
      "provider": "provider[\"registry.terraform.io/hashicorp/aws\"].virginia",
      "instances": [
        {
          "schema_version": 0,
          "attributes": {
            "arn": "arn:aws:iam::993407081893:role/ssm_role",
            "assume_role_policy": "{\"Statement\":[{\"Action\":\"sts:AssumeRole\",\"Effect\":\"Allow\",\"Principal\":{\"Service\":\"ec2.amazonaws.com\"},\"Sid\":\"AllowEC2AssumeRole\"}],\"Version\":\"2012-10-17\"}",
            "create_date": "2024-06-30T01:27:54Z",
            "description": "",
            "force_detach_policies": false,
            "id": "ssm_role",
            "inline_policy": [],
            "managed_policy_arns": [],
            "max_session_duration": 3600,
            "name": "ssm_role",
            "name_prefix": "",
            "path": "/",
            "permissions_boundary": null,
            "role_last_used": [
              {
                "last_used_date": "",
                "region": ""
              }
            ],
            "tags": null,
            "tags_all": {},
            "unique_id": "AROA6OS5NDWSW7FXQATK3"
          },
          "sensitive_attributes": [],
          "private": "bnVsbA=="
        }
      ]
    },
    {
      "mode": "managed",
      "type": "aws_iam_role_policy",
      "name": "ecs_task_policy",
      "provider": "provider[\"registry.terraform.io/hashicorp/aws\"].virginia",
      "instances": [
        {
          "schema_version": 0,
          "attributes": {
            "id": "ecsTaskRole:ecsTaskPolicy",
            "name": "ecsTaskPolicy",
            "name_prefix": null,
            "policy": "{\"Version\":\"2012-10-17\",\"Statement\":[{\"Action\":[\"ecs:DescribeClusters\",\"ecs:DescribeTasks\",\"ecs:ListTasks\",\"logs:CreateLogStream\",\"logs:PutLogEvents\"],\"Effect\":\"Allow\",\"Resource\":\"*\"}]}",
            "role": "ecsTaskRole"
          },
          "sensitive_attributes": [],
          "private": "bnVsbA==",
          "dependencies": [
            "aws_iam_role.ecs_task_role"
          ]
        }
      ]
    },
    {
      "mode": "managed",
      "type": "aws_iam_role_policy_attachment",
      "name": "ecs_task_execution_role_policy",
      "provider": "provider[\"registry.terraform.io/hashicorp/aws\"].virginia",
      "instances": [
        {
          "schema_version": 0,
          "attributes": {
            "id": "ecsTaskExecutionRole-20240630012757480900000002",
            "policy_arn": "arn:aws:iam::aws:policy/service-role/AmazonECSTaskExecutionRolePolicy",
            "role": "ecsTaskExecutionRole"
          },
          "sensitive_attributes": [],
          "private": "bnVsbA==",
          "dependencies": [
            "aws_iam_role.ecs_task_execution_role"
          ]
        }
      ]
    },
    {
      "mode": "managed",
      "type": "aws_iam_role_policy_attachment",
      "name": "ssm_attach",
      "provider": "provider[\"registry.terraform.io/hashicorp/aws\"].virginia",
      "instances": [
        {
          "schema_version": 0,
          "attributes": {
            "id": "ssm_role-20240630012757137900000001",
            "policy_arn": "arn:aws:iam::aws:policy/AmazonSSMManagedInstanceCore",
            "role": "ssm_role"
          },
          "sensitive_attributes": [],
          "private": "bnVsbA==",
          "dependencies": [
            "aws_iam_role.ssm_role"
          ]
        }
      ]
    },
    {
      "mode": "managed",
      "type": "aws_instance",
      "name": "bastion_oregon",
      "provider": "provider[\"registry.terraform.io/hashicorp/aws\"].oregon",
      "instances": [
        {
          "schema_version": 1,
          "attributes": {
            "ami": "ami-0676a735c5f8e67c4",
            "arn": "arn:aws:ec2:us-west-2:993407081893:instance/i-06f9d47812ae4282f",
            "associate_public_ip_address": true,
            "availability_zone": "us-west-2a",
            "capacity_reservation_specification": [
              {
                "capacity_reservation_preference": "open",
                "capacity_reservation_target": []
              }
            ],
            "cpu_core_count": 1,
            "cpu_options": [
              {
                "amd_sev_snp": "",
                "core_count": 1,
                "threads_per_core": 1
              }
            ],
            "cpu_threads_per_core": 1,
            "credit_specification": [
              {
                "cpu_credits": "standard"
              }
            ],
            "disable_api_stop": false,
            "disable_api_termination": false,
            "ebs_block_device": [],
            "ebs_optimized": false,
            "enclave_options": [
              {
                "enabled": false
              }
            ],
            "ephemeral_block_device": [],
            "get_password_data": false,
            "hibernation": false,
            "host_id": "",
            "host_resource_group_arn": null,
            "iam_instance_profile": "my_ssm_instance_profile",
            "id": "i-06f9d47812ae4282f",
            "instance_initiated_shutdown_behavior": "stop",
            "instance_state": "running",
            "instance_type": "t2.micro",
            "ipv6_address_count": 0,
            "ipv6_addresses": [],
            "key_name": "BaseKeyAcces",
            "launch_template": [],
            "maintenance_options": [
              {
                "auto_recovery": "default"
              }
            ],
            "metadata_options": [
              {
                "http_endpoint": "enabled",
                "http_put_response_hop_limit": 1,
                "http_tokens": "optional",
                "instance_metadata_tags": "disabled"
              }
            ],
            "monitoring": false,
            "network_interface": [],
            "outpost_arn": "",
            "password_data": "",
            "placement_group": "",
            "placement_partition_number": 0,
            "primary_network_interface_id": "eni-049eb28b1749d658d",
            "private_dns": "ip-10-1-1-35.us-west-2.compute.internal",
            "private_dns_name_options": [
              {
                "enable_resource_name_dns_a_record": false,
                "enable_resource_name_dns_aaaa_record": false,
                "hostname_type": "ip-name"
              }
            ],
            "private_ip": "10.1.1.35",
            "public_dns": "ec2-35-86-114-56.us-west-2.compute.amazonaws.com",
            "public_ip": "35.86.114.56",
            "root_block_device": [
              {
                "delete_on_termination": true,
                "device_name": "/dev/xvda",
                "encrypted": false,
                "iops": 100,
                "kms_key_id": "",
                "tags": {},
                "throughput": 0,
                "volume_id": "vol-0ccd1bbef884cae6b",
                "volume_size": 8,
                "volume_type": "gp2"
              }
            ],
            "secondary_private_ips": [],
            "security_groups": [],
            "source_dest_check": true,
            "subnet_id": "subnet-0de983c4d08d5ca2d",
            "tags": {
              "Name": "Bastion Oregon"
            },
            "tags_all": {
              "Name": "Bastion Oregon"
            },
            "tenancy": "default",
            "timeouts": null,
            "user_data": "cdab662636ac4ec2121657a5ee540a4302865e33",
            "user_data_base64": null,
            "user_data_replace_on_change": false,
            "volume_tags": null,
            "vpc_security_group_ids": [
              "sg-000934d67e6d29e8d"
            ]
          },
          "sensitive_attributes": [],
          "private": "eyJlMmJmYjczMC1lY2FhLTExZTYtOGY4OC0zNDM2M2JjN2M0YzAiOnsiY3JlYXRlIjo2MDAwMDAwMDAwMDAsImRlbGV0ZSI6MTIwMDAwMDAwMDAwMCwidXBkYXRlIjo2MDAwMDAwMDAwMDB9LCJzY2hlbWFfdmVyc2lvbiI6IjEifQ==",
          "dependencies": [
            "aws_iam_instance_profile.ssm_instance_profile",
            "aws_iam_role.ssm_role",
            "aws_security_group.bastion_sg_oregon",
            "module.vpc_oregon.aws_subnet.public",
            "module.vpc_oregon.aws_vpc.this"
          ]
        }
      ]
    },
    {
      "mode": "managed",
      "type": "aws_instance",
      "name": "bastion_virginia",
      "provider": "provider[\"registry.terraform.io/hashicorp/aws\"].virginia",
      "instances": [
        {
          "schema_version": 1,
          "attributes": {
            "ami": "ami-04e8b3e527208c8cf",
            "arn": "arn:aws:ec2:us-east-1:993407081893:instance/i-02dd3a0c5cb47761e",
            "associate_public_ip_address": true,
            "availability_zone": "us-east-1a",
            "capacity_reservation_specification": [
              {
                "capacity_reservation_preference": "open",
                "capacity_reservation_target": []
              }
            ],
            "cpu_core_count": 1,
            "cpu_options": [
              {
                "amd_sev_snp": "",
                "core_count": 1,
                "threads_per_core": 1
              }
            ],
            "cpu_threads_per_core": 1,
            "credit_specification": [
              {
                "cpu_credits": "standard"
              }
            ],
            "disable_api_stop": false,
            "disable_api_termination": false,
            "ebs_block_device": [],
            "ebs_optimized": false,
            "enclave_options": [
              {
                "enabled": false
              }
            ],
            "ephemeral_block_device": [],
            "get_password_data": false,
            "hibernation": false,
            "host_id": "",
            "host_resource_group_arn": null,
            "iam_instance_profile": "my_ssm_instance_profile",
            "id": "i-02dd3a0c5cb47761e",
            "instance_initiated_shutdown_behavior": "stop",
            "instance_state": "running",
            "instance_type": "t2.micro",
            "ipv6_address_count": 0,
            "ipv6_addresses": [],
            "key_name": "BaseKeyAcces",
            "launch_template": [],
            "maintenance_options": [
              {
                "auto_recovery": "default"
              }
            ],
            "metadata_options": [
              {
                "http_endpoint": "enabled",
                "http_put_response_hop_limit": 1,
                "http_tokens": "optional",
                "instance_metadata_tags": "disabled"
              }
            ],
            "monitoring": false,
            "network_interface": [],
            "outpost_arn": "",
            "password_data": "",
            "placement_group": "",
            "placement_partition_number": 0,
            "primary_network_interface_id": "eni-0362918b007527510",
            "private_dns": "ip-10-0-1-36.ec2.internal",
            "private_dns_name_options": [
              {
                "enable_resource_name_dns_a_record": false,
                "enable_resource_name_dns_aaaa_record": false,
                "hostname_type": "ip-name"
              }
            ],
            "private_ip": "10.0.1.36",
            "public_dns": "ec2-3-94-191-215.compute-1.amazonaws.com",
            "public_ip": "3.94.191.215",
            "root_block_device": [
              {
                "delete_on_termination": true,
                "device_name": "/dev/xvda",
                "encrypted": false,
                "iops": 100,
                "kms_key_id": "",
                "tags": {},
                "throughput": 0,
                "volume_id": "vol-0e3788950fb47d31d",
                "volume_size": 8,
                "volume_type": "gp2"
              }
            ],
            "secondary_private_ips": [],
            "security_groups": [],
            "source_dest_check": true,
            "subnet_id": "subnet-024f9b62f8f68f0d2",
            "tags": {
              "Name": "Bastion Virginia"
            },
            "tags_all": {
              "Name": "Bastion Virginia"
            },
            "tenancy": "default",
            "timeouts": null,
            "user_data": "cdab662636ac4ec2121657a5ee540a4302865e33",
            "user_data_base64": null,
            "user_data_replace_on_change": false,
            "volume_tags": null,
            "vpc_security_group_ids": [
              "sg-0e03d0ab51cac2944"
            ]
          },
          "sensitive_attributes": [],
          "private": "eyJlMmJmYjczMC1lY2FhLTExZTYtOGY4OC0zNDM2M2JjN2M0YzAiOnsiY3JlYXRlIjo2MDAwMDAwMDAwMDAsImRlbGV0ZSI6MTIwMDAwMDAwMDAwMCwidXBkYXRlIjo2MDAwMDAwMDAwMDB9LCJzY2hlbWFfdmVyc2lvbiI6IjEifQ==",
          "dependencies": [
            "aws_iam_instance_profile.ssm_instance_profile",
            "aws_iam_role.ssm_role",
            "aws_security_group.bastion_sg_virginia",
            "module.vpc_virginia.aws_subnet.public",
            "module.vpc_virginia.aws_vpc.this"
          ]
        }
      ]
    },
    {
      "mode": "managed",
      "type": "aws_lb",
      "name": "ecs_app_lb_virginia",
      "provider": "provider[\"registry.terraform.io/hashicorp/aws\"].virginia",
      "instances": [
        {
          "schema_version": 0,
          "attributes": {
            "access_logs": [
              {
                "bucket": "",
                "enabled": false,
                "prefix": ""
              }
            ],
            "arn": "arn:aws:elasticloadbalancing:us-east-1:993407081893:loadbalancer/app/Dev-ALB-Puntoxpress/5c41f1492a3f7103",
            "arn_suffix": "app/Dev-ALB-Puntoxpress/5c41f1492a3f7103",
            "customer_owned_ipv4_pool": "",
            "desync_mitigation_mode": "defensive",
            "dns_name": "Dev-ALB-Puntoxpress-1282395099.us-east-1.elb.amazonaws.com",
            "drop_invalid_header_fields": false,
            "enable_cross_zone_load_balancing": true,
            "enable_deletion_protection": false,
            "enable_http2": true,
            "enable_tls_version_and_cipher_suite_headers": false,
            "enable_waf_fail_open": false,
            "enable_xff_client_port": false,
            "id": "arn:aws:elasticloadbalancing:us-east-1:993407081893:loadbalancer/app/Dev-ALB-Puntoxpress/5c41f1492a3f7103",
            "idle_timeout": 60,
            "internal": false,
            "ip_address_type": "ipv4",
            "load_balancer_type": "application",
            "name": "Dev-ALB-Puntoxpress",
            "name_prefix": null,
            "preserve_host_header": false,
            "security_groups": [
              "sg-0d9c11e2014191c3b"
            ],
            "subnet_mapping": [
              {
                "allocation_id": "",
                "ipv6_address": "",
                "outpost_id": "",
                "private_ipv4_address": "",
                "subnet_id": "subnet-024f9b62f8f68f0d2"
              },
              {
                "allocation_id": "",
                "ipv6_address": "",
                "outpost_id": "",
                "private_ipv4_address": "",
                "subnet_id": "subnet-0fad6da6ecc677396"
              }
            ],
            "subnets": [
              "subnet-024f9b62f8f68f0d2",
              "subnet-0fad6da6ecc677396"
            ],
            "tags": null,
            "tags_all": {},
            "timeouts": null,
            "vpc_id": "vpc-0d8b2c523ad1ee227",
            "xff_header_processing_mode": "append",
            "zone_id": "Z35SXDOTRQ7X7K"
          },
          "sensitive_attributes": [],
          "private": "eyJlMmJmYjczMC1lY2FhLTExZTYtOGY4OC0zNDM2M2JjN2M0YzAiOnsiY3JlYXRlIjo2MDAwMDAwMDAwMDAsImRlbGV0ZSI6NjAwMDAwMDAwMDAwLCJ1cGRhdGUiOjYwMDAwMDAwMDAwMH19",
          "dependencies": [
            "aws_security_group.ecs_lb_sg_virginia",
            "module.vpc_virginia.aws_subnet.public",
            "module.vpc_virginia.aws_vpc.this"
          ],
          "create_before_destroy": true
        }
      ]
    },
    {
      "mode": "managed",
      "type": "aws_lb_listener",
      "name": "ecs_https_listener_virginia",
      "provider": "provider[\"registry.terraform.io/hashicorp/aws\"].virginia",
      "instances": [
        {
          "schema_version": 0,
          "attributes": {
            "alpn_policy": null,
            "arn": "arn:aws:elasticloadbalancing:us-east-1:993407081893:listener/app/Dev-ALB-Puntoxpress/5c41f1492a3f7103/e309975e0371dd24",
            "certificate_arn": "arn:aws:acm:us-east-1:993407081893:certificate/e3109390-1044-48fe-9078-fc7b519ff5aa",
            "default_action": [
              {
                "authenticate_cognito": [],
                "authenticate_oidc": [],
                "fixed_response": [
                  {
                    "content_type": "text/plain",
                    "message_body": "Please use a specific service URL",
                    "status_code": "200"
                  }
                ],
                "forward": [],
                "order": 1,
                "redirect": [],
                "target_group_arn": "",
                "type": "fixed-response"
              }
            ],
            "id": "arn:aws:elasticloadbalancing:us-east-1:993407081893:listener/app/Dev-ALB-Puntoxpress/5c41f1492a3f7103/e309975e0371dd24",
            "load_balancer_arn": "arn:aws:elasticloadbalancing:us-east-1:993407081893:loadbalancer/app/Dev-ALB-Puntoxpress/5c41f1492a3f7103",
            "port": 443,
            "protocol": "HTTPS",
            "ssl_policy": "ELBSecurityPolicy-TLS-1-2-2017-01",
            "tags": null,
            "tags_all": {},
            "timeouts": null
          },
          "sensitive_attributes": [],
          "private": "eyJlMmJmYjczMC1lY2FhLTExZTYtOGY4OC0zNDM2M2JjN2M0YzAiOnsicmVhZCI6NjAwMDAwMDAwMDAwfX0=",
          "dependencies": [
            "aws_lb.ecs_app_lb_virginia",
            "aws_lb_target_group.ecs_app_tg_virginia",
            "aws_security_group.ecs_lb_sg_virginia",
            "module.vpc_virginia.aws_subnet.public",
            "module.vpc_virginia.aws_vpc.this"
          ]
        }
      ]
    },
    {
      "mode": "managed",
      "type": "aws_lb_listener_rule",
      "name": "ecs_rule_virginia",
      "provider": "provider[\"registry.terraform.io/hashicorp/aws\"].virginia",
      "instances": [
        {
          "index_key": 0,
          "schema_version": 0,
          "attributes": {
            "action": [
              {
                "authenticate_cognito": [],
                "authenticate_oidc": [],
                "fixed_response": [],
                "forward": [],
                "order": 1,
                "redirect": [],
                "target_group_arn": "arn:aws:elasticloadbalancing:us-east-1:993407081893:targetgroup/Dev-TGroup-Puntoxpress-1/9deff69b052e2ae0",
                "type": "forward"
              }
            ],
            "arn": "arn:aws:elasticloadbalancing:us-east-1:993407081893:listener-rule/app/Dev-ALB-Puntoxpress/5c41f1492a3f7103/e309975e0371dd24/216c298bf952638e",
            "condition": [
              {
                "host_header": [
                  {
                    "values": [
                      "srv1.isolated-virginia.kubixcorp.com"
                    ]
                  }
                ],
                "http_header": [],
                "http_request_method": [],
                "path_pattern": [],
                "query_string": [],
                "source_ip": []
              }
            ],
            "id": "arn:aws:elasticloadbalancing:us-east-1:993407081893:listener-rule/app/Dev-ALB-Puntoxpress/5c41f1492a3f7103/e309975e0371dd24/216c298bf952638e",
            "listener_arn": "arn:aws:elasticloadbalancing:us-east-1:993407081893:listener/app/Dev-ALB-Puntoxpress/5c41f1492a3f7103/e309975e0371dd24",
            "priority": 100,
            "tags": {
              "Name": "ecs_rule_virginia_1"
            },
            "tags_all": {
              "Name": "ecs_rule_virginia_1"
            }
          },
          "sensitive_attributes": [],
          "private": "bnVsbA==",
          "dependencies": [
            "aws_lb.ecs_app_lb_virginia",
            "aws_lb_listener.ecs_https_listener_virginia",
            "aws_lb_target_group.ecs_app_tg_virginia",
            "aws_security_group.ecs_lb_sg_virginia",
            "module.vpc_virginia.aws_subnet.public",
            "module.vpc_virginia.aws_vpc.this"
          ]
        },
        {
          "index_key": 1,
          "schema_version": 0,
          "attributes": {
            "action": [
              {
                "authenticate_cognito": [],
                "authenticate_oidc": [],
                "fixed_response": [],
                "forward": [],
                "order": 1,
                "redirect": [],
                "target_group_arn": "arn:aws:elasticloadbalancing:us-east-1:993407081893:targetgroup/Dev-TGroup-Puntoxpress-2/758ba503bfa3ff17",
                "type": "forward"
              }
            ],
            "arn": "arn:aws:elasticloadbalancing:us-east-1:993407081893:listener-rule/app/Dev-ALB-Puntoxpress/5c41f1492a3f7103/e309975e0371dd24/bfd8b1122324d15a",
            "condition": [
              {
                "host_header": [
                  {
                    "values": [
                      "srv2.isolated-virginia.kubixcorp.com"
                    ]
                  }
                ],
                "http_header": [],
                "http_request_method": [],
                "path_pattern": [],
                "query_string": [],
                "source_ip": []
              }
            ],
            "id": "arn:aws:elasticloadbalancing:us-east-1:993407081893:listener-rule/app/Dev-ALB-Puntoxpress/5c41f1492a3f7103/e309975e0371dd24/bfd8b1122324d15a",
            "listener_arn": "arn:aws:elasticloadbalancing:us-east-1:993407081893:listener/app/Dev-ALB-Puntoxpress/5c41f1492a3f7103/e309975e0371dd24",
            "priority": 101,
            "tags": {
              "Name": "ecs_rule_virginia_2"
            },
            "tags_all": {
              "Name": "ecs_rule_virginia_2"
            }
          },
          "sensitive_attributes": [],
          "private": "bnVsbA==",
          "dependencies": [
            "aws_lb.ecs_app_lb_virginia",
            "aws_lb_listener.ecs_https_listener_virginia",
            "aws_lb_target_group.ecs_app_tg_virginia",
            "aws_security_group.ecs_lb_sg_virginia",
            "module.vpc_virginia.aws_subnet.public",
            "module.vpc_virginia.aws_vpc.this"
          ]
        },
        {
          "index_key": 2,
          "schema_version": 0,
          "attributes": {
            "action": [
              {
                "authenticate_cognito": [],
                "authenticate_oidc": [],
                "fixed_response": [],
                "forward": [],
                "order": 1,
                "redirect": [],
                "target_group_arn": "arn:aws:elasticloadbalancing:us-east-1:993407081893:targetgroup/Dev-TGroup-Puntoxpress-3/0e763f007bed30ef",
                "type": "forward"
              }
            ],
            "arn": "arn:aws:elasticloadbalancing:us-east-1:993407081893:listener-rule/app/Dev-ALB-Puntoxpress/5c41f1492a3f7103/e309975e0371dd24/e30c4399c1e11f98",
            "condition": [
              {
                "host_header": [
                  {
                    "values": [
                      "srv3.isolated-virginia.kubixcorp.com"
                    ]
                  }
                ],
                "http_header": [],
                "http_request_method": [],
                "path_pattern": [],
                "query_string": [],
                "source_ip": []
              }
            ],
            "id": "arn:aws:elasticloadbalancing:us-east-1:993407081893:listener-rule/app/Dev-ALB-Puntoxpress/5c41f1492a3f7103/e309975e0371dd24/e30c4399c1e11f98",
            "listener_arn": "arn:aws:elasticloadbalancing:us-east-1:993407081893:listener/app/Dev-ALB-Puntoxpress/5c41f1492a3f7103/e309975e0371dd24",
            "priority": 102,
            "tags": {
              "Name": "ecs_rule_virginia_3"
            },
            "tags_all": {
              "Name": "ecs_rule_virginia_3"
            }
          },
          "sensitive_attributes": [],
          "private": "bnVsbA==",
          "dependencies": [
            "aws_lb.ecs_app_lb_virginia",
            "aws_lb_listener.ecs_https_listener_virginia",
            "aws_lb_target_group.ecs_app_tg_virginia",
            "aws_security_group.ecs_lb_sg_virginia",
            "module.vpc_virginia.aws_subnet.public",
            "module.vpc_virginia.aws_vpc.this"
          ]
        },
        {
          "index_key": 3,
          "schema_version": 0,
          "attributes": {
            "action": [
              {
                "authenticate_cognito": [],
                "authenticate_oidc": [],
                "fixed_response": [],
                "forward": [],
                "order": 1,
                "redirect": [],
                "target_group_arn": "arn:aws:elasticloadbalancing:us-east-1:993407081893:targetgroup/Dev-TGroup-Puntoxpress-4/479cf65b58cb6bca",
                "type": "forward"
              }
            ],
            "arn": "arn:aws:elasticloadbalancing:us-east-1:993407081893:listener-rule/app/Dev-ALB-Puntoxpress/5c41f1492a3f7103/e309975e0371dd24/30a8a4faa4b494d7",
            "condition": [
              {
                "host_header": [
                  {
                    "values": [
                      "srv4.isolated-virginia.kubixcorp.com"
                    ]
                  }
                ],
                "http_header": [],
                "http_request_method": [],
                "path_pattern": [],
                "query_string": [],
                "source_ip": []
              }
            ],
            "id": "arn:aws:elasticloadbalancing:us-east-1:993407081893:listener-rule/app/Dev-ALB-Puntoxpress/5c41f1492a3f7103/e309975e0371dd24/30a8a4faa4b494d7",
            "listener_arn": "arn:aws:elasticloadbalancing:us-east-1:993407081893:listener/app/Dev-ALB-Puntoxpress/5c41f1492a3f7103/e309975e0371dd24",
            "priority": 103,
            "tags": {
              "Name": "ecs_rule_virginia_4"
            },
            "tags_all": {
              "Name": "ecs_rule_virginia_4"
            }
          },
          "sensitive_attributes": [],
          "private": "bnVsbA==",
          "dependencies": [
            "aws_lb.ecs_app_lb_virginia",
            "aws_lb_listener.ecs_https_listener_virginia",
            "aws_lb_target_group.ecs_app_tg_virginia",
            "aws_security_group.ecs_lb_sg_virginia",
            "module.vpc_virginia.aws_subnet.public",
            "module.vpc_virginia.aws_vpc.this"
          ]
        },
        {
          "index_key": 4,
          "schema_version": 0,
          "attributes": {
            "action": [
              {
                "authenticate_cognito": [],
                "authenticate_oidc": [],
                "fixed_response": [],
                "forward": [],
                "order": 1,
                "redirect": [],
                "target_group_arn": "arn:aws:elasticloadbalancing:us-east-1:993407081893:targetgroup/Dev-TGroup-Puntoxpress-5/2cecf7474064dd59",
                "type": "forward"
              }
            ],
            "arn": "arn:aws:elasticloadbalancing:us-east-1:993407081893:listener-rule/app/Dev-ALB-Puntoxpress/5c41f1492a3f7103/e309975e0371dd24/09ff97fd230ff351",
            "condition": [
              {
                "host_header": [
                  {
                    "values": [
                      "srv5.isolated-virginia.kubixcorp.com"
                    ]
                  }
                ],
                "http_header": [],
                "http_request_method": [],
                "path_pattern": [],
                "query_string": [],
                "source_ip": []
              }
            ],
            "id": "arn:aws:elasticloadbalancing:us-east-1:993407081893:listener-rule/app/Dev-ALB-Puntoxpress/5c41f1492a3f7103/e309975e0371dd24/09ff97fd230ff351",
            "listener_arn": "arn:aws:elasticloadbalancing:us-east-1:993407081893:listener/app/Dev-ALB-Puntoxpress/5c41f1492a3f7103/e309975e0371dd24",
            "priority": 104,
            "tags": {
              "Name": "ecs_rule_virginia_5"
            },
            "tags_all": {
              "Name": "ecs_rule_virginia_5"
            }
          },
          "sensitive_attributes": [],
          "private": "bnVsbA==",
          "dependencies": [
            "aws_lb.ecs_app_lb_virginia",
            "aws_lb_listener.ecs_https_listener_virginia",
            "aws_lb_target_group.ecs_app_tg_virginia",
            "aws_security_group.ecs_lb_sg_virginia",
            "module.vpc_virginia.aws_subnet.public",
            "module.vpc_virginia.aws_vpc.this"
          ]
        },
        {
          "index_key": 5,
          "schema_version": 0,
          "attributes": {
            "action": [
              {
                "authenticate_cognito": [],
                "authenticate_oidc": [],
                "fixed_response": [],
                "forward": [],
                "order": 1,
                "redirect": [],
                "target_group_arn": "arn:aws:elasticloadbalancing:us-east-1:993407081893:targetgroup/Dev-TGroup-Puntoxpress-6/a5701e0bc081b4b4",
                "type": "forward"
              }
            ],
            "arn": "arn:aws:elasticloadbalancing:us-east-1:993407081893:listener-rule/app/Dev-ALB-Puntoxpress/5c41f1492a3f7103/e309975e0371dd24/5b9967cb277771f5",
            "condition": [
              {
                "host_header": [
                  {
                    "values": [
                      "srv6.isolated-virginia.kubixcorp.com"
                    ]
                  }
                ],
                "http_header": [],
                "http_request_method": [],
                "path_pattern": [],
                "query_string": [],
                "source_ip": []
              }
            ],
            "id": "arn:aws:elasticloadbalancing:us-east-1:993407081893:listener-rule/app/Dev-ALB-Puntoxpress/5c41f1492a3f7103/e309975e0371dd24/5b9967cb277771f5",
            "listener_arn": "arn:aws:elasticloadbalancing:us-east-1:993407081893:listener/app/Dev-ALB-Puntoxpress/5c41f1492a3f7103/e309975e0371dd24",
            "priority": 105,
            "tags": {
              "Name": "ecs_rule_virginia_6"
            },
            "tags_all": {
              "Name": "ecs_rule_virginia_6"
            }
          },
          "sensitive_attributes": [],
          "private": "bnVsbA==",
          "dependencies": [
            "aws_lb.ecs_app_lb_virginia",
            "aws_lb_listener.ecs_https_listener_virginia",
            "aws_lb_target_group.ecs_app_tg_virginia",
            "aws_security_group.ecs_lb_sg_virginia",
            "module.vpc_virginia.aws_subnet.public",
            "module.vpc_virginia.aws_vpc.this"
          ]
        },
        {
          "index_key": 6,
          "schema_version": 0,
          "attributes": {
            "action": [
              {
                "authenticate_cognito": [],
                "authenticate_oidc": [],
                "fixed_response": [],
                "forward": [],
                "order": 1,
                "redirect": [],
                "target_group_arn": "arn:aws:elasticloadbalancing:us-east-1:993407081893:targetgroup/Dev-TGroup-Puntoxpress-7/0b2616ff246f2752",
                "type": "forward"
              }
            ],
            "arn": "arn:aws:elasticloadbalancing:us-east-1:993407081893:listener-rule/app/Dev-ALB-Puntoxpress/5c41f1492a3f7103/e309975e0371dd24/32facb536619924b",
            "condition": [
              {
                "host_header": [
                  {
                    "values": [
                      "srv7.isolated-virginia.kubixcorp.com"
                    ]
                  }
                ],
                "http_header": [],
                "http_request_method": [],
                "path_pattern": [],
                "query_string": [],
                "source_ip": []
              }
            ],
            "id": "arn:aws:elasticloadbalancing:us-east-1:993407081893:listener-rule/app/Dev-ALB-Puntoxpress/5c41f1492a3f7103/e309975e0371dd24/32facb536619924b",
            "listener_arn": "arn:aws:elasticloadbalancing:us-east-1:993407081893:listener/app/Dev-ALB-Puntoxpress/5c41f1492a3f7103/e309975e0371dd24",
            "priority": 106,
            "tags": {
              "Name": "ecs_rule_virginia_7"
            },
            "tags_all": {
              "Name": "ecs_rule_virginia_7"
            }
          },
          "sensitive_attributes": [],
          "private": "bnVsbA==",
          "dependencies": [
            "aws_lb.ecs_app_lb_virginia",
            "aws_lb_listener.ecs_https_listener_virginia",
            "aws_lb_target_group.ecs_app_tg_virginia",
            "aws_security_group.ecs_lb_sg_virginia",
            "module.vpc_virginia.aws_subnet.public",
            "module.vpc_virginia.aws_vpc.this"
          ]
        },
        {
          "index_key": 7,
          "schema_version": 0,
          "attributes": {
            "action": [
              {
                "authenticate_cognito": [],
                "authenticate_oidc": [],
                "fixed_response": [],
                "forward": [],
                "order": 1,
                "redirect": [],
                "target_group_arn": "arn:aws:elasticloadbalancing:us-east-1:993407081893:targetgroup/Dev-TGroup-Puntoxpress-8/7c6c24348665aa84",
                "type": "forward"
              }
            ],
            "arn": "arn:aws:elasticloadbalancing:us-east-1:993407081893:listener-rule/app/Dev-ALB-Puntoxpress/5c41f1492a3f7103/e309975e0371dd24/b47b0bf11020ca0d",
            "condition": [
              {
                "host_header": [
                  {
                    "values": [
                      "srv8.isolated-virginia.kubixcorp.com"
                    ]
                  }
                ],
                "http_header": [],
                "http_request_method": [],
                "path_pattern": [],
                "query_string": [],
                "source_ip": []
              }
            ],
            "id": "arn:aws:elasticloadbalancing:us-east-1:993407081893:listener-rule/app/Dev-ALB-Puntoxpress/5c41f1492a3f7103/e309975e0371dd24/b47b0bf11020ca0d",
            "listener_arn": "arn:aws:elasticloadbalancing:us-east-1:993407081893:listener/app/Dev-ALB-Puntoxpress/5c41f1492a3f7103/e309975e0371dd24",
            "priority": 107,
            "tags": {
              "Name": "ecs_rule_virginia_8"
            },
            "tags_all": {
              "Name": "ecs_rule_virginia_8"
            }
          },
          "sensitive_attributes": [],
          "private": "bnVsbA==",
          "dependencies": [
            "aws_lb.ecs_app_lb_virginia",
            "aws_lb_listener.ecs_https_listener_virginia",
            "aws_lb_target_group.ecs_app_tg_virginia",
            "aws_security_group.ecs_lb_sg_virginia",
            "module.vpc_virginia.aws_subnet.public",
            "module.vpc_virginia.aws_vpc.this"
          ]
        }
      ]
    },
    {
      "mode": "managed",
      "type": "aws_lb_target_group",
      "name": "ecs_app_tg_virginia",
      "provider": "provider[\"registry.terraform.io/hashicorp/aws\"].virginia",
      "instances": [
        {
          "index_key": 0,
          "schema_version": 0,
          "attributes": {
            "arn": "arn:aws:elasticloadbalancing:us-east-1:993407081893:targetgroup/Dev-TGroup-Puntoxpress-1/9deff69b052e2ae0",
            "arn_suffix": "targetgroup/Dev-TGroup-Puntoxpress-1/9deff69b052e2ae0",
            "connection_termination": false,
            "deregistration_delay": "300",
            "health_check": [
              {
                "enabled": true,
                "healthy_threshold": 3,
                "interval": 30,
                "matcher": "200",
                "path": "/",
                "port": "traffic-port",
                "protocol": "HTTP",
                "timeout": 3,
                "unhealthy_threshold": 2
              }
            ],
            "id": "arn:aws:elasticloadbalancing:us-east-1:993407081893:targetgroup/Dev-TGroup-Puntoxpress-1/9deff69b052e2ae0",
            "ip_address_type": "ipv4",
            "lambda_multi_value_headers_enabled": false,
            "load_balancing_algorithm_type": "round_robin",
            "load_balancing_cross_zone_enabled": "use_load_balancer_configuration",
            "name": "Dev-TGroup-Puntoxpress-1",
            "name_prefix": null,
            "port": 80,
            "preserve_client_ip": null,
            "protocol": "HTTP",
            "protocol_version": "HTTP1",
            "proxy_protocol_v2": false,
            "slow_start": 0,
            "stickiness": [
              {
                "cookie_duration": 86400,
                "cookie_name": "",
                "enabled": false,
                "type": "lb_cookie"
              }
            ],
            "tags": null,
            "tags_all": {},
            "target_failover": [
              {
                "on_deregistration": null,
                "on_unhealthy": null
              }
            ],
            "target_type": "ip",
            "vpc_id": "vpc-0d8b2c523ad1ee227"
          },
          "sensitive_attributes": [],
          "private": "bnVsbA==",
          "dependencies": [
            "aws_lb.ecs_app_lb_virginia",
            "aws_security_group.ecs_lb_sg_virginia",
            "module.vpc_virginia.aws_subnet.public",
            "module.vpc_virginia.aws_vpc.this"
          ],
          "create_before_destroy": true
        },
        {
          "index_key": 1,
          "schema_version": 0,
          "attributes": {
            "arn": "arn:aws:elasticloadbalancing:us-east-1:993407081893:targetgroup/Dev-TGroup-Puntoxpress-2/758ba503bfa3ff17",
            "arn_suffix": "targetgroup/Dev-TGroup-Puntoxpress-2/758ba503bfa3ff17",
            "connection_termination": false,
            "deregistration_delay": "300",
            "health_check": [
              {
                "enabled": true,
                "healthy_threshold": 3,
                "interval": 30,
                "matcher": "200",
                "path": "/",
                "port": "traffic-port",
                "protocol": "HTTP",
                "timeout": 3,
                "unhealthy_threshold": 2
              }
            ],
            "id": "arn:aws:elasticloadbalancing:us-east-1:993407081893:targetgroup/Dev-TGroup-Puntoxpress-2/758ba503bfa3ff17",
            "ip_address_type": "ipv4",
            "lambda_multi_value_headers_enabled": false,
            "load_balancing_algorithm_type": "round_robin",
            "load_balancing_cross_zone_enabled": "use_load_balancer_configuration",
            "name": "Dev-TGroup-Puntoxpress-2",
            "name_prefix": null,
            "port": 80,
            "preserve_client_ip": null,
            "protocol": "HTTP",
            "protocol_version": "HTTP1",
            "proxy_protocol_v2": false,
            "slow_start": 0,
            "stickiness": [
              {
                "cookie_duration": 86400,
                "cookie_name": "",
                "enabled": false,
                "type": "lb_cookie"
              }
            ],
            "tags": null,
            "tags_all": {},
            "target_failover": [
              {
                "on_deregistration": null,
                "on_unhealthy": null
              }
            ],
            "target_type": "ip",
            "vpc_id": "vpc-0d8b2c523ad1ee227"
          },
          "sensitive_attributes": [],
          "private": "bnVsbA==",
          "dependencies": [
            "aws_lb.ecs_app_lb_virginia",
            "aws_security_group.ecs_lb_sg_virginia",
            "module.vpc_virginia.aws_subnet.public",
            "module.vpc_virginia.aws_vpc.this"
          ],
          "create_before_destroy": true
        },
        {
          "index_key": 2,
          "schema_version": 0,
          "attributes": {
            "arn": "arn:aws:elasticloadbalancing:us-east-1:993407081893:targetgroup/Dev-TGroup-Puntoxpress-3/0e763f007bed30ef",
            "arn_suffix": "targetgroup/Dev-TGroup-Puntoxpress-3/0e763f007bed30ef",
            "connection_termination": false,
            "deregistration_delay": "300",
            "health_check": [
              {
                "enabled": true,
                "healthy_threshold": 3,
                "interval": 30,
                "matcher": "200",
                "path": "/",
                "port": "traffic-port",
                "protocol": "HTTP",
                "timeout": 3,
                "unhealthy_threshold": 2
              }
            ],
            "id": "arn:aws:elasticloadbalancing:us-east-1:993407081893:targetgroup/Dev-TGroup-Puntoxpress-3/0e763f007bed30ef",
            "ip_address_type": "ipv4",
            "lambda_multi_value_headers_enabled": false,
            "load_balancing_algorithm_type": "round_robin",
            "load_balancing_cross_zone_enabled": "use_load_balancer_configuration",
            "name": "Dev-TGroup-Puntoxpress-3",
            "name_prefix": null,
            "port": 80,
            "preserve_client_ip": null,
            "protocol": "HTTP",
            "protocol_version": "HTTP1",
            "proxy_protocol_v2": false,
            "slow_start": 0,
            "stickiness": [
              {
                "cookie_duration": 86400,
                "cookie_name": "",
                "enabled": false,
                "type": "lb_cookie"
              }
            ],
            "tags": null,
            "tags_all": {},
            "target_failover": [
              {
                "on_deregistration": null,
                "on_unhealthy": null
              }
            ],
            "target_type": "ip",
            "vpc_id": "vpc-0d8b2c523ad1ee227"
          },
          "sensitive_attributes": [],
          "private": "bnVsbA==",
          "dependencies": [
            "aws_lb.ecs_app_lb_virginia",
            "aws_security_group.ecs_lb_sg_virginia",
            "module.vpc_virginia.aws_subnet.public",
            "module.vpc_virginia.aws_vpc.this"
          ],
          "create_before_destroy": true
        },
        {
          "index_key": 3,
          "schema_version": 0,
          "attributes": {
            "arn": "arn:aws:elasticloadbalancing:us-east-1:993407081893:targetgroup/Dev-TGroup-Puntoxpress-4/479cf65b58cb6bca",
            "arn_suffix": "targetgroup/Dev-TGroup-Puntoxpress-4/479cf65b58cb6bca",
            "connection_termination": false,
            "deregistration_delay": "300",
            "health_check": [
              {
                "enabled": true,
                "healthy_threshold": 3,
                "interval": 30,
                "matcher": "200",
                "path": "/",
                "port": "traffic-port",
                "protocol": "HTTP",
                "timeout": 3,
                "unhealthy_threshold": 2
              }
            ],
            "id": "arn:aws:elasticloadbalancing:us-east-1:993407081893:targetgroup/Dev-TGroup-Puntoxpress-4/479cf65b58cb6bca",
            "ip_address_type": "ipv4",
            "lambda_multi_value_headers_enabled": false,
            "load_balancing_algorithm_type": "round_robin",
            "load_balancing_cross_zone_enabled": "use_load_balancer_configuration",
            "name": "Dev-TGroup-Puntoxpress-4",
            "name_prefix": null,
            "port": 80,
            "preserve_client_ip": null,
            "protocol": "HTTP",
            "protocol_version": "HTTP1",
            "proxy_protocol_v2": false,
            "slow_start": 0,
            "stickiness": [
              {
                "cookie_duration": 86400,
                "cookie_name": "",
                "enabled": false,
                "type": "lb_cookie"
              }
            ],
            "tags": null,
            "tags_all": {},
            "target_failover": [
              {
                "on_deregistration": null,
                "on_unhealthy": null
              }
            ],
            "target_type": "ip",
            "vpc_id": "vpc-0d8b2c523ad1ee227"
          },
          "sensitive_attributes": [],
          "private": "bnVsbA==",
          "dependencies": [
            "aws_lb.ecs_app_lb_virginia",
            "aws_security_group.ecs_lb_sg_virginia",
            "module.vpc_virginia.aws_subnet.public",
            "module.vpc_virginia.aws_vpc.this"
          ],
          "create_before_destroy": true
        },
        {
          "index_key": 4,
          "schema_version": 0,
          "attributes": {
            "arn": "arn:aws:elasticloadbalancing:us-east-1:993407081893:targetgroup/Dev-TGroup-Puntoxpress-5/2cecf7474064dd59",
            "arn_suffix": "targetgroup/Dev-TGroup-Puntoxpress-5/2cecf7474064dd59",
            "connection_termination": false,
            "deregistration_delay": "300",
            "health_check": [
              {
                "enabled": true,
                "healthy_threshold": 3,
                "interval": 30,
                "matcher": "200",
                "path": "/",
                "port": "traffic-port",
                "protocol": "HTTP",
                "timeout": 3,
                "unhealthy_threshold": 2
              }
            ],
            "id": "arn:aws:elasticloadbalancing:us-east-1:993407081893:targetgroup/Dev-TGroup-Puntoxpress-5/2cecf7474064dd59",
            "ip_address_type": "ipv4",
            "lambda_multi_value_headers_enabled": false,
            "load_balancing_algorithm_type": "round_robin",
            "load_balancing_cross_zone_enabled": "use_load_balancer_configuration",
            "name": "Dev-TGroup-Puntoxpress-5",
            "name_prefix": null,
            "port": 80,
            "preserve_client_ip": null,
            "protocol": "HTTP",
            "protocol_version": "HTTP1",
            "proxy_protocol_v2": false,
            "slow_start": 0,
            "stickiness": [
              {
                "cookie_duration": 86400,
                "cookie_name": "",
                "enabled": false,
                "type": "lb_cookie"
              }
            ],
            "tags": null,
            "tags_all": {},
            "target_failover": [
              {
                "on_deregistration": null,
                "on_unhealthy": null
              }
            ],
            "target_type": "ip",
            "vpc_id": "vpc-0d8b2c523ad1ee227"
          },
          "sensitive_attributes": [],
          "private": "bnVsbA==",
          "dependencies": [
            "aws_lb.ecs_app_lb_virginia",
            "aws_security_group.ecs_lb_sg_virginia",
            "module.vpc_virginia.aws_subnet.public",
            "module.vpc_virginia.aws_vpc.this"
          ],
          "create_before_destroy": true
        },
        {
          "index_key": 5,
          "schema_version": 0,
          "attributes": {
            "arn": "arn:aws:elasticloadbalancing:us-east-1:993407081893:targetgroup/Dev-TGroup-Puntoxpress-6/a5701e0bc081b4b4",
            "arn_suffix": "targetgroup/Dev-TGroup-Puntoxpress-6/a5701e0bc081b4b4",
            "connection_termination": false,
            "deregistration_delay": "300",
            "health_check": [
              {
                "enabled": true,
                "healthy_threshold": 3,
                "interval": 30,
                "matcher": "200",
                "path": "/",
                "port": "traffic-port",
                "protocol": "HTTP",
                "timeout": 3,
                "unhealthy_threshold": 2
              }
            ],
            "id": "arn:aws:elasticloadbalancing:us-east-1:993407081893:targetgroup/Dev-TGroup-Puntoxpress-6/a5701e0bc081b4b4",
            "ip_address_type": "ipv4",
            "lambda_multi_value_headers_enabled": false,
            "load_balancing_algorithm_type": "round_robin",
            "load_balancing_cross_zone_enabled": "use_load_balancer_configuration",
            "name": "Dev-TGroup-Puntoxpress-6",
            "name_prefix": null,
            "port": 80,
            "preserve_client_ip": null,
            "protocol": "HTTP",
            "protocol_version": "HTTP1",
            "proxy_protocol_v2": false,
            "slow_start": 0,
            "stickiness": [
              {
                "cookie_duration": 86400,
                "cookie_name": "",
                "enabled": false,
                "type": "lb_cookie"
              }
            ],
            "tags": null,
            "tags_all": {},
            "target_failover": [
              {
                "on_deregistration": null,
                "on_unhealthy": null
              }
            ],
            "target_type": "ip",
            "vpc_id": "vpc-0d8b2c523ad1ee227"
          },
          "sensitive_attributes": [],
          "private": "bnVsbA==",
          "dependencies": [
            "aws_lb.ecs_app_lb_virginia",
            "aws_security_group.ecs_lb_sg_virginia",
            "module.vpc_virginia.aws_subnet.public",
            "module.vpc_virginia.aws_vpc.this"
          ],
          "create_before_destroy": true
        },
        {
          "index_key": 6,
          "schema_version": 0,
          "attributes": {
            "arn": "arn:aws:elasticloadbalancing:us-east-1:993407081893:targetgroup/Dev-TGroup-Puntoxpress-7/0b2616ff246f2752",
            "arn_suffix": "targetgroup/Dev-TGroup-Puntoxpress-7/0b2616ff246f2752",
            "connection_termination": false,
            "deregistration_delay": "300",
            "health_check": [
              {
                "enabled": true,
                "healthy_threshold": 3,
                "interval": 30,
                "matcher": "200",
                "path": "/",
                "port": "traffic-port",
                "protocol": "HTTP",
                "timeout": 3,
                "unhealthy_threshold": 2
              }
            ],
            "id": "arn:aws:elasticloadbalancing:us-east-1:993407081893:targetgroup/Dev-TGroup-Puntoxpress-7/0b2616ff246f2752",
            "ip_address_type": "ipv4",
            "lambda_multi_value_headers_enabled": false,
            "load_balancing_algorithm_type": "round_robin",
            "load_balancing_cross_zone_enabled": "use_load_balancer_configuration",
            "name": "Dev-TGroup-Puntoxpress-7",
            "name_prefix": null,
            "port": 80,
            "preserve_client_ip": null,
            "protocol": "HTTP",
            "protocol_version": "HTTP1",
            "proxy_protocol_v2": false,
            "slow_start": 0,
            "stickiness": [
              {
                "cookie_duration": 86400,
                "cookie_name": "",
                "enabled": false,
                "type": "lb_cookie"
              }
            ],
            "tags": null,
            "tags_all": {},
            "target_failover": [
              {
                "on_deregistration": null,
                "on_unhealthy": null
              }
            ],
            "target_type": "ip",
            "vpc_id": "vpc-0d8b2c523ad1ee227"
          },
          "sensitive_attributes": [],
          "private": "bnVsbA==",
          "dependencies": [
            "aws_lb.ecs_app_lb_virginia",
            "aws_security_group.ecs_lb_sg_virginia",
            "module.vpc_virginia.aws_subnet.public",
            "module.vpc_virginia.aws_vpc.this"
          ],
          "create_before_destroy": true
        },
        {
          "index_key": 7,
          "schema_version": 0,
          "attributes": {
            "arn": "arn:aws:elasticloadbalancing:us-east-1:993407081893:targetgroup/Dev-TGroup-Puntoxpress-8/7c6c24348665aa84",
            "arn_suffix": "targetgroup/Dev-TGroup-Puntoxpress-8/7c6c24348665aa84",
            "connection_termination": false,
            "deregistration_delay": "300",
            "health_check": [
              {
                "enabled": true,
                "healthy_threshold": 3,
                "interval": 30,
                "matcher": "200",
                "path": "/",
                "port": "traffic-port",
                "protocol": "HTTP",
                "timeout": 3,
                "unhealthy_threshold": 2
              }
            ],
            "id": "arn:aws:elasticloadbalancing:us-east-1:993407081893:targetgroup/Dev-TGroup-Puntoxpress-8/7c6c24348665aa84",
            "ip_address_type": "ipv4",
            "lambda_multi_value_headers_enabled": false,
            "load_balancing_algorithm_type": "round_robin",
            "load_balancing_cross_zone_enabled": "use_load_balancer_configuration",
            "name": "Dev-TGroup-Puntoxpress-8",
            "name_prefix": null,
            "port": 80,
            "preserve_client_ip": null,
            "protocol": "HTTP",
            "protocol_version": "HTTP1",
            "proxy_protocol_v2": false,
            "slow_start": 0,
            "stickiness": [
              {
                "cookie_duration": 86400,
                "cookie_name": "",
                "enabled": false,
                "type": "lb_cookie"
              }
            ],
            "tags": null,
            "tags_all": {},
            "target_failover": [
              {
                "on_deregistration": null,
                "on_unhealthy": null
              }
            ],
            "target_type": "ip",
            "vpc_id": "vpc-0d8b2c523ad1ee227"
          },
          "sensitive_attributes": [],
          "private": "bnVsbA==",
          "dependencies": [
            "aws_lb.ecs_app_lb_virginia",
            "aws_security_group.ecs_lb_sg_virginia",
            "module.vpc_virginia.aws_subnet.public",
            "module.vpc_virginia.aws_vpc.this"
          ],
          "create_before_destroy": true
        }
      ]
    },
    {
      "mode": "managed",
      "type": "aws_route53_record",
      "name": "ecs_tasks_dns_virginia",
      "provider": "provider[\"registry.terraform.io/hashicorp/aws\"].route53",
      "instances": [
        {
          "index_key": 0,
          "schema_version": 2,
          "attributes": {
            "alias": [
              {
                "evaluate_target_health": true,
                "name": "dev-alb-puntoxpress-1282395099.us-east-1.elb.amazonaws.com",
                "zone_id": "Z35SXDOTRQ7X7K"
              }
            ],
            "allow_overwrite": null,
            "cidr_routing_policy": [],
            "failover_routing_policy": [],
            "fqdn": "srv1.isolated-virginia.kubixcorp.com",
            "geolocation_routing_policy": [],
            "health_check_id": "",
            "id": "Z07774303G2AYPCGKGZSX_srv1.isolated-virginia.kubixcorp.com_A",
            "latency_routing_policy": [],
            "multivalue_answer_routing_policy": false,
            "name": "srv1.isolated-virginia.kubixcorp.com",
            "records": null,
            "set_identifier": "",
            "ttl": 0,
            "type": "A",
            "weighted_routing_policy": [],
            "zone_id": "Z07774303G2AYPCGKGZSX"
          },
          "sensitive_attributes": [],
          "private": "eyJzY2hlbWFfdmVyc2lvbiI6IjIifQ==",
          "dependencies": [
            "aws_lb.ecs_app_lb_virginia",
            "aws_security_group.ecs_lb_sg_virginia",
            "module.vpc_virginia.aws_subnet.public",
            "module.vpc_virginia.aws_vpc.this"
          ]
        },
        {
          "index_key": 1,
          "schema_version": 2,
          "attributes": {
            "alias": [
              {
                "evaluate_target_health": true,
                "name": "dev-alb-puntoxpress-1282395099.us-east-1.elb.amazonaws.com",
                "zone_id": "Z35SXDOTRQ7X7K"
              }
            ],
            "allow_overwrite": null,
            "cidr_routing_policy": [],
            "failover_routing_policy": [],
            "fqdn": "srv2.isolated-virginia.kubixcorp.com",
            "geolocation_routing_policy": [],
            "health_check_id": "",
            "id": "Z07774303G2AYPCGKGZSX_srv2.isolated-virginia.kubixcorp.com_A",
            "latency_routing_policy": [],
            "multivalue_answer_routing_policy": false,
            "name": "srv2.isolated-virginia.kubixcorp.com",
            "records": null,
            "set_identifier": "",
            "ttl": 0,
            "type": "A",
            "weighted_routing_policy": [],
            "zone_id": "Z07774303G2AYPCGKGZSX"
          },
          "sensitive_attributes": [],
          "private": "eyJzY2hlbWFfdmVyc2lvbiI6IjIifQ==",
          "dependencies": [
            "aws_lb.ecs_app_lb_virginia",
            "aws_security_group.ecs_lb_sg_virginia",
            "module.vpc_virginia.aws_subnet.public",
            "module.vpc_virginia.aws_vpc.this"
          ]
        },
        {
          "index_key": 2,
          "schema_version": 2,
          "attributes": {
            "alias": [
              {
                "evaluate_target_health": true,
                "name": "dev-alb-puntoxpress-1282395099.us-east-1.elb.amazonaws.com",
                "zone_id": "Z35SXDOTRQ7X7K"
              }
            ],
            "allow_overwrite": null,
            "cidr_routing_policy": [],
            "failover_routing_policy": [],
            "fqdn": "srv3.isolated-virginia.kubixcorp.com",
            "geolocation_routing_policy": [],
            "health_check_id": "",
            "id": "Z07774303G2AYPCGKGZSX_srv3.isolated-virginia.kubixcorp.com_A",
            "latency_routing_policy": [],
            "multivalue_answer_routing_policy": false,
            "name": "srv3.isolated-virginia.kubixcorp.com",
            "records": null,
            "set_identifier": "",
            "ttl": 0,
            "type": "A",
            "weighted_routing_policy": [],
            "zone_id": "Z07774303G2AYPCGKGZSX"
          },
          "sensitive_attributes": [],
          "private": "eyJzY2hlbWFfdmVyc2lvbiI6IjIifQ==",
          "dependencies": [
            "aws_lb.ecs_app_lb_virginia",
            "aws_security_group.ecs_lb_sg_virginia",
            "module.vpc_virginia.aws_subnet.public",
            "module.vpc_virginia.aws_vpc.this"
          ]
        },
        {
          "index_key": 3,
          "schema_version": 2,
          "attributes": {
            "alias": [
              {
                "evaluate_target_health": true,
                "name": "dev-alb-puntoxpress-1282395099.us-east-1.elb.amazonaws.com",
                "zone_id": "Z35SXDOTRQ7X7K"
              }
            ],
            "allow_overwrite": null,
            "cidr_routing_policy": [],
            "failover_routing_policy": [],
            "fqdn": "srv4.isolated-virginia.kubixcorp.com",
            "geolocation_routing_policy": [],
            "health_check_id": "",
            "id": "Z07774303G2AYPCGKGZSX_srv4.isolated-virginia.kubixcorp.com_A",
            "latency_routing_policy": [],
            "multivalue_answer_routing_policy": false,
            "name": "srv4.isolated-virginia.kubixcorp.com",
            "records": null,
            "set_identifier": "",
            "ttl": 0,
            "type": "A",
            "weighted_routing_policy": [],
            "zone_id": "Z07774303G2AYPCGKGZSX"
          },
          "sensitive_attributes": [],
          "private": "eyJzY2hlbWFfdmVyc2lvbiI6IjIifQ==",
          "dependencies": [
            "aws_lb.ecs_app_lb_virginia",
            "aws_security_group.ecs_lb_sg_virginia",
            "module.vpc_virginia.aws_subnet.public",
            "module.vpc_virginia.aws_vpc.this"
          ]
        },
        {
          "index_key": 4,
          "schema_version": 2,
          "attributes": {
            "alias": [
              {
                "evaluate_target_health": true,
                "name": "dev-alb-puntoxpress-1282395099.us-east-1.elb.amazonaws.com",
                "zone_id": "Z35SXDOTRQ7X7K"
              }
            ],
            "allow_overwrite": null,
            "cidr_routing_policy": [],
            "failover_routing_policy": [],
            "fqdn": "srv5.isolated-virginia.kubixcorp.com",
            "geolocation_routing_policy": [],
            "health_check_id": "",
            "id": "Z07774303G2AYPCGKGZSX_srv5.isolated-virginia.kubixcorp.com_A",
            "latency_routing_policy": [],
            "multivalue_answer_routing_policy": false,
            "name": "srv5.isolated-virginia.kubixcorp.com",
            "records": null,
            "set_identifier": "",
            "ttl": 0,
            "type": "A",
            "weighted_routing_policy": [],
            "zone_id": "Z07774303G2AYPCGKGZSX"
          },
          "sensitive_attributes": [],
          "private": "eyJzY2hlbWFfdmVyc2lvbiI6IjIifQ==",
          "dependencies": [
            "aws_lb.ecs_app_lb_virginia",
            "aws_security_group.ecs_lb_sg_virginia",
            "module.vpc_virginia.aws_subnet.public",
            "module.vpc_virginia.aws_vpc.this"
          ]
        },
        {
          "index_key": 5,
          "schema_version": 2,
          "attributes": {
            "alias": [
              {
                "evaluate_target_health": true,
                "name": "dev-alb-puntoxpress-1282395099.us-east-1.elb.amazonaws.com",
                "zone_id": "Z35SXDOTRQ7X7K"
              }
            ],
            "allow_overwrite": null,
            "cidr_routing_policy": [],
            "failover_routing_policy": [],
            "fqdn": "srv6.isolated-virginia.kubixcorp.com",
            "geolocation_routing_policy": [],
            "health_check_id": "",
            "id": "Z07774303G2AYPCGKGZSX_srv6.isolated-virginia.kubixcorp.com_A",
            "latency_routing_policy": [],
            "multivalue_answer_routing_policy": false,
            "name": "srv6.isolated-virginia.kubixcorp.com",
            "records": null,
            "set_identifier": "",
            "ttl": 0,
            "type": "A",
            "weighted_routing_policy": [],
            "zone_id": "Z07774303G2AYPCGKGZSX"
          },
          "sensitive_attributes": [],
          "private": "eyJzY2hlbWFfdmVyc2lvbiI6IjIifQ==",
          "dependencies": [
            "aws_lb.ecs_app_lb_virginia",
            "aws_security_group.ecs_lb_sg_virginia",
            "module.vpc_virginia.aws_subnet.public",
            "module.vpc_virginia.aws_vpc.this"
          ]
        },
        {
          "index_key": 6,
          "schema_version": 2,
          "attributes": {
            "alias": [
              {
                "evaluate_target_health": true,
                "name": "dev-alb-puntoxpress-1282395099.us-east-1.elb.amazonaws.com",
                "zone_id": "Z35SXDOTRQ7X7K"
              }
            ],
            "allow_overwrite": null,
            "cidr_routing_policy": [],
            "failover_routing_policy": [],
            "fqdn": "srv7.isolated-virginia.kubixcorp.com",
            "geolocation_routing_policy": [],
            "health_check_id": "",
            "id": "Z07774303G2AYPCGKGZSX_srv7.isolated-virginia.kubixcorp.com_A",
            "latency_routing_policy": [],
            "multivalue_answer_routing_policy": false,
            "name": "srv7.isolated-virginia.kubixcorp.com",
            "records": null,
            "set_identifier": "",
            "ttl": 0,
            "type": "A",
            "weighted_routing_policy": [],
            "zone_id": "Z07774303G2AYPCGKGZSX"
          },
          "sensitive_attributes": [],
          "private": "eyJzY2hlbWFfdmVyc2lvbiI6IjIifQ==",
          "dependencies": [
            "aws_lb.ecs_app_lb_virginia",
            "aws_security_group.ecs_lb_sg_virginia",
            "module.vpc_virginia.aws_subnet.public",
            "module.vpc_virginia.aws_vpc.this"
          ]
        },
        {
          "index_key": 7,
          "schema_version": 2,
          "attributes": {
            "alias": [
              {
                "evaluate_target_health": true,
                "name": "dev-alb-puntoxpress-1282395099.us-east-1.elb.amazonaws.com",
                "zone_id": "Z35SXDOTRQ7X7K"
              }
            ],
            "allow_overwrite": null,
            "cidr_routing_policy": [],
            "failover_routing_policy": [],
            "fqdn": "srv8.isolated-virginia.kubixcorp.com",
            "geolocation_routing_policy": [],
            "health_check_id": "",
            "id": "Z07774303G2AYPCGKGZSX_srv8.isolated-virginia.kubixcorp.com_A",
            "latency_routing_policy": [],
            "multivalue_answer_routing_policy": false,
            "name": "srv8.isolated-virginia.kubixcorp.com",
            "records": null,
            "set_identifier": "",
            "ttl": 0,
            "type": "A",
            "weighted_routing_policy": [],
            "zone_id": "Z07774303G2AYPCGKGZSX"
          },
          "sensitive_attributes": [],
          "private": "eyJzY2hlbWFfdmVyc2lvbiI6IjIifQ==",
          "dependencies": [
            "aws_lb.ecs_app_lb_virginia",
            "aws_security_group.ecs_lb_sg_virginia",
            "module.vpc_virginia.aws_subnet.public",
            "module.vpc_virginia.aws_vpc.this"
          ]
        }
      ]
    },
    {
      "mode": "managed",
      "type": "aws_s3_bucket",
      "name": "alb_logs_oregon",
      "provider": "provider[\"registry.terraform.io/hashicorp/aws\"].oregon",
      "instances": [
        {
          "schema_version": 0,
          "attributes": {
            "acceleration_status": "",
            "acl": null,
            "arn": "arn:aws:s3:::alb-logs-isolated-oregon",
            "bucket": "alb-logs-isolated-oregon",
            "bucket_domain_name": "alb-logs-isolated-oregon.s3.amazonaws.com",
            "bucket_prefix": "",
            "bucket_regional_domain_name": "alb-logs-isolated-oregon.s3.us-west-2.amazonaws.com",
            "cors_rule": [],
            "force_destroy": true,
            "grant": [
              {
                "id": "ab125ce127cb8dc76343c5471d93fe1f6978f0443b1f8832d5342ea577ed777d",
                "permissions": [
                  "FULL_CONTROL"
                ],
                "type": "CanonicalUser",
                "uri": ""
              }
            ],
            "hosted_zone_id": "Z3BJ6K6RIION7M",
            "id": "alb-logs-isolated-oregon",
            "lifecycle_rule": [],
            "logging": [],
            "object_lock_configuration": [],
            "object_lock_enabled": false,
            "policy": "",
            "region": "us-west-2",
            "replication_configuration": [],
            "request_payer": "BucketOwner",
            "server_side_encryption_configuration": [
              {
                "rule": [
                  {
                    "apply_server_side_encryption_by_default": [
                      {
                        "kms_master_key_id": "",
                        "sse_algorithm": "AES256"
                      }
                    ],
                    "bucket_key_enabled": false
                  }
                ]
              }
            ],
            "tags": {
              "Name": "ALB Logs Bucket Oregon"
            },
            "tags_all": {
              "Name": "ALB Logs Bucket Oregon"
            },
            "timeouts": null,
            "versioning": [
              {
                "enabled": false,
                "mfa_delete": false
              }
            ],
            "website": [],
            "website_domain": null,
            "website_endpoint": null
          },
          "sensitive_attributes": [],
          "private": "eyJlMmJmYjczMC1lY2FhLTExZTYtOGY4OC0zNDM2M2JjN2M0YzAiOnsiY3JlYXRlIjoxMjAwMDAwMDAwMDAwLCJkZWxldGUiOjM2MDAwMDAwMDAwMDAsInJlYWQiOjEyMDAwMDAwMDAwMDAsInVwZGF0ZSI6MTIwMDAwMDAwMDAwMH19"
        }
      ]
    },
    {
      "mode": "managed",
      "type": "aws_s3_bucket",
      "name": "alb_logs_virginia",
      "provider": "provider[\"registry.terraform.io/hashicorp/aws\"].virginia",
      "instances": [
        {
          "schema_version": 0,
          "attributes": {
            "acceleration_status": "",
            "acl": null,
            "arn": "arn:aws:s3:::alb-logs-isolated-virginia",
            "bucket": "alb-logs-isolated-virginia",
            "bucket_domain_name": "alb-logs-isolated-virginia.s3.amazonaws.com",
            "bucket_prefix": "",
            "bucket_regional_domain_name": "alb-logs-isolated-virginia.s3.amazonaws.com",
            "cors_rule": [],
            "force_destroy": true,
            "grant": [
              {
                "id": "ab125ce127cb8dc76343c5471d93fe1f6978f0443b1f8832d5342ea577ed777d",
                "permissions": [
                  "FULL_CONTROL"
                ],
                "type": "CanonicalUser",
                "uri": ""
              }
            ],
            "hosted_zone_id": "Z3AQBSTGFYJSTF",
            "id": "alb-logs-isolated-virginia",
            "lifecycle_rule": [],
            "logging": [],
            "object_lock_configuration": [],
            "object_lock_enabled": false,
            "policy": "",
            "region": "us-east-1",
            "replication_configuration": [],
            "request_payer": "BucketOwner",
            "server_side_encryption_configuration": [
              {
                "rule": [
                  {
                    "apply_server_side_encryption_by_default": [
                      {
                        "kms_master_key_id": "",
                        "sse_algorithm": "AES256"
                      }
                    ],
                    "bucket_key_enabled": false
                  }
                ]
              }
            ],
            "tags": {
              "Name": "ALB Logs Bucket Virginia"
            },
            "tags_all": {
              "Name": "ALB Logs Bucket Virginia"
            },
            "timeouts": null,
            "versioning": [
              {
                "enabled": false,
                "mfa_delete": false
              }
            ],
            "website": [],
            "website_domain": null,
            "website_endpoint": null
          },
          "sensitive_attributes": [],
          "private": "eyJlMmJmYjczMC1lY2FhLTExZTYtOGY4OC0zNDM2M2JjN2M0YzAiOnsiY3JlYXRlIjoxMjAwMDAwMDAwMDAwLCJkZWxldGUiOjM2MDAwMDAwMDAwMDAsInJlYWQiOjEyMDAwMDAwMDAwMDAsInVwZGF0ZSI6MTIwMDAwMDAwMDAwMH19"
        }
      ]
    },
    {
      "mode": "managed",
      "type": "aws_s3_bucket_policy",
      "name": "alb_logs_oregon_policy",
      "provider": "provider[\"registry.terraform.io/hashicorp/aws\"].oregon",
      "instances": [
        {
          "schema_version": 0,
          "attributes": {
            "bucket": "alb-logs-isolated-oregon",
            "id": "alb-logs-isolated-oregon",
            "policy": "{\"Statement\":[{\"Action\":\"s3:PutObject\",\"Effect\":\"Allow\",\"Principal\":{\"AWS\":\"arn:aws:iam::127311923021:root\"},\"Resource\":\"arn:aws:s3:::alb-logs-isolated-oregon/*\"}],\"Version\":\"2012-10-17\"}"
          },
          "sensitive_attributes": [],
          "private": "bnVsbA==",
          "dependencies": [
            "aws_s3_bucket.alb_logs_oregon",
            "data.aws_elb_service_account.main"
          ]
        }
      ]
    },
    {
      "mode": "managed",
      "type": "aws_s3_bucket_policy",
      "name": "alb_logs_virginia_policy",
      "provider": "provider[\"registry.terraform.io/hashicorp/aws\"].virginia",
      "instances": [
        {
          "schema_version": 0,
          "attributes": {
            "bucket": "alb-logs-isolated-virginia",
            "id": "alb-logs-isolated-virginia",
            "policy": "{\"Statement\":[{\"Action\":\"s3:PutObject\",\"Effect\":\"Allow\",\"Principal\":{\"AWS\":\"arn:aws:iam::127311923021:root\"},\"Resource\":\"arn:aws:s3:::alb-logs-isolated-virginia/*\"}],\"Version\":\"2012-10-17\"}"
          },
          "sensitive_attributes": [],
          "private": "bnVsbA==",
          "dependencies": [
            "aws_s3_bucket.alb_logs_virginia",
            "data.aws_elb_service_account.main"
          ]
        }
      ]
    },
    {
      "mode": "managed",
      "type": "aws_security_group",
      "name": "alb_sg_oregon",
      "provider": "provider[\"registry.terraform.io/hashicorp/aws\"].oregon",
      "instances": [
        {
          "schema_version": 1,
          "attributes": {
            "arn": "arn:aws:ec2:us-west-2:993407081893:security-group/sg-0f65fd0023e01ab19",
            "description": "ALB Security Group Oregon",
            "egress": [
              {
                "cidr_blocks": [
                  "0.0.0.0/0"
                ],
                "description": "",
                "from_port": 0,
                "ipv6_cidr_blocks": [],
                "prefix_list_ids": [],
                "protocol": "-1",
                "security_groups": [],
                "self": false,
                "to_port": 0
              }
            ],
            "id": "sg-0f65fd0023e01ab19",
            "ingress": [
              {
                "cidr_blocks": [
                  "0.0.0.0/0"
                ],
                "description": "",
                "from_port": 443,
                "ipv6_cidr_blocks": [],
                "prefix_list_ids": [],
                "protocol": "tcp",
                "security_groups": [],
                "self": false,
                "to_port": 443
              }
            ],
            "name": "alb_sg_oregon",
            "name_prefix": "",
            "owner_id": "993407081893",
            "revoke_rules_on_delete": false,
            "tags": {
              "Name": "ALB Security Group Oregon"
            },
            "tags_all": {
              "Name": "ALB Security Group Oregon"
            },
            "timeouts": null,
            "vpc_id": "vpc-052be579f3c611f5b"
          },
          "sensitive_attributes": [],
          "private": "eyJlMmJmYjczMC1lY2FhLTExZTYtOGY4OC0zNDM2M2JjN2M0YzAiOnsiY3JlYXRlIjo2MDAwMDAwMDAwMDAsImRlbGV0ZSI6OTAwMDAwMDAwMDAwfSwic2NoZW1hX3ZlcnNpb24iOiIxIn0=",
          "dependencies": [
            "module.vpc_oregon.aws_vpc.this"
          ]
        }
      ]
    },
    {
      "mode": "managed",
      "type": "aws_security_group",
      "name": "alb_sg_virginia",
      "provider": "provider[\"registry.terraform.io/hashicorp/aws\"].virginia",
      "instances": [
        {
          "schema_version": 1,
          "attributes": {
            "arn": "arn:aws:ec2:us-east-1:993407081893:security-group/sg-0f7dca95c3f75e4aa",
            "description": "ALB Security Group Virginia",
            "egress": [
              {
                "cidr_blocks": [
                  "0.0.0.0/0"
                ],
                "description": "",
                "from_port": 0,
                "ipv6_cidr_blocks": [],
                "prefix_list_ids": [],
                "protocol": "-1",
                "security_groups": [],
                "self": false,
                "to_port": 0
              }
            ],
            "id": "sg-0f7dca95c3f75e4aa",
            "ingress": [
              {
                "cidr_blocks": [
                  "0.0.0.0/0"
                ],
                "description": "",
                "from_port": 443,
                "ipv6_cidr_blocks": [],
                "prefix_list_ids": [],
                "protocol": "tcp",
                "security_groups": [],
                "self": false,
                "to_port": 443
              }
            ],
            "name": "alb_sg_virginia",
            "name_prefix": "",
            "owner_id": "993407081893",
            "revoke_rules_on_delete": false,
            "tags": {
              "Name": "ALB Security Group Virginia"
            },
            "tags_all": {
              "Name": "ALB Security Group Virginia"
            },
            "timeouts": null,
            "vpc_id": "vpc-0d8b2c523ad1ee227"
          },
          "sensitive_attributes": [],
          "private": "eyJlMmJmYjczMC1lY2FhLTExZTYtOGY4OC0zNDM2M2JjN2M0YzAiOnsiY3JlYXRlIjo2MDAwMDAwMDAwMDAsImRlbGV0ZSI6OTAwMDAwMDAwMDAwfSwic2NoZW1hX3ZlcnNpb24iOiIxIn0=",
          "dependencies": [
            "module.vpc_virginia.aws_vpc.this"
          ]
        }
      ]
    },
    {
      "mode": "managed",
      "type": "aws_security_group",
      "name": "bastion_sg_oregon",
      "provider": "provider[\"registry.terraform.io/hashicorp/aws\"].oregon",
      "instances": [
        {
          "schema_version": 1,
          "attributes": {
            "arn": "arn:aws:ec2:us-west-2:993407081893:security-group/sg-000934d67e6d29e8d",
            "description": "Allow SSH traffic",
            "egress": [
              {
                "cidr_blocks": [
                  "0.0.0.0/0"
                ],
                "description": "",
                "from_port": 0,
                "ipv6_cidr_blocks": [],
                "prefix_list_ids": [],
                "protocol": "-1",
                "security_groups": [],
                "self": false,
                "to_port": 0
              }
            ],
            "id": "sg-000934d67e6d29e8d",
            "ingress": [
              {
                "cidr_blocks": [
                  "0.0.0.0/0"
                ],
                "description": "",
                "from_port": 22,
                "ipv6_cidr_blocks": [],
                "prefix_list_ids": [],
                "protocol": "tcp",
                "security_groups": [],
                "self": false,
                "to_port": 22
              }
            ],
            "name": "oregon_sg_virginia",
            "name_prefix": "",
            "owner_id": "993407081893",
            "revoke_rules_on_delete": false,
            "tags": {
              "Name": "Bastion SG Oregon"
            },
            "tags_all": {
              "Name": "Bastion SG Oregon"
            },
            "timeouts": null,
            "vpc_id": "vpc-052be579f3c611f5b"
          },
          "sensitive_attributes": [],
          "private": "eyJlMmJmYjczMC1lY2FhLTExZTYtOGY4OC0zNDM2M2JjN2M0YzAiOnsiY3JlYXRlIjo2MDAwMDAwMDAwMDAsImRlbGV0ZSI6OTAwMDAwMDAwMDAwfSwic2NoZW1hX3ZlcnNpb24iOiIxIn0=",
          "dependencies": [
            "module.vpc_oregon.aws_vpc.this"
          ]
        }
      ]
    },
    {
      "mode": "managed",
      "type": "aws_security_group",
      "name": "bastion_sg_virginia",
      "provider": "provider[\"registry.terraform.io/hashicorp/aws\"].virginia",
      "instances": [
        {
          "schema_version": 1,
          "attributes": {
            "arn": "arn:aws:ec2:us-east-1:993407081893:security-group/sg-0e03d0ab51cac2944",
            "description": "Allow SSH traffic",
            "egress": [
              {
                "cidr_blocks": [
                  "0.0.0.0/0"
                ],
                "description": "",
                "from_port": 0,
                "ipv6_cidr_blocks": [],
                "prefix_list_ids": [],
                "protocol": "-1",
                "security_groups": [],
                "self": false,
                "to_port": 0
              }
            ],
            "id": "sg-0e03d0ab51cac2944",
            "ingress": [
              {
                "cidr_blocks": [
                  "0.0.0.0/0"
                ],
                "description": "",
                "from_port": 22,
                "ipv6_cidr_blocks": [],
                "prefix_list_ids": [],
                "protocol": "tcp",
                "security_groups": [],
                "self": false,
                "to_port": 22
              }
            ],
            "name": "bastion_sg_virginia",
            "name_prefix": "",
            "owner_id": "993407081893",
            "revoke_rules_on_delete": false,
            "tags": {
              "Name": "Bastion SG Virginia"
            },
            "tags_all": {
              "Name": "Bastion SG Virginia"
            },
            "timeouts": null,
            "vpc_id": "vpc-0d8b2c523ad1ee227"
          },
          "sensitive_attributes": [],
          "private": "eyJlMmJmYjczMC1lY2FhLTExZTYtOGY4OC0zNDM2M2JjN2M0YzAiOnsiY3JlYXRlIjo2MDAwMDAwMDAwMDAsImRlbGV0ZSI6OTAwMDAwMDAwMDAwfSwic2NoZW1hX3ZlcnNpb24iOiIxIn0=",
          "dependencies": [
            "module.vpc_virginia.aws_vpc.this"
          ]
        }
      ]
    },
    {
      "mode": "managed",
      "type": "aws_security_group",
      "name": "ecs_lb_sg_virginia",
      "provider": "provider[\"registry.terraform.io/hashicorp/aws\"].virginia",
      "instances": [
        {
          "schema_version": 1,
          "attributes": {
            "arn": "arn:aws:ec2:us-east-1:993407081893:security-group/sg-0d9c11e2014191c3b",
            "description": "Managed by Terraform",
            "egress": [
              {
                "cidr_blocks": [
                  "0.0.0.0/0"
                ],
                "description": "",
                "from_port": 0,
                "ipv6_cidr_blocks": [],
                "prefix_list_ids": [],
                "protocol": "-1",
                "security_groups": [],
                "self": false,
                "to_port": 0
              }
            ],
            "id": "sg-0d9c11e2014191c3b",
            "ingress": [
              {
                "cidr_blocks": [
                  "0.0.0.0/0"
                ],
                "description": "",
                "from_port": 443,
                "ipv6_cidr_blocks": [],
                "prefix_list_ids": [],
                "protocol": "tcp",
                "security_groups": [],
                "self": false,
                "to_port": 443
              },
              {
                "cidr_blocks": [
                  "0.0.0.0/0"
                ],
                "description": "",
                "from_port": 80,
                "ipv6_cidr_blocks": [],
                "prefix_list_ids": [],
                "protocol": "tcp",
                "security_groups": [],
                "self": false,
                "to_port": 80
              }
            ],
            "name": "Dev-lb-sg-puntoxpress",
            "name_prefix": "",
            "owner_id": "993407081893",
            "revoke_rules_on_delete": false,
            "tags": null,
            "tags_all": {},
            "timeouts": null,
            "vpc_id": "vpc-0d8b2c523ad1ee227"
          },
          "sensitive_attributes": [],
          "private": "eyJlMmJmYjczMC1lY2FhLTExZTYtOGY4OC0zNDM2M2JjN2M0YzAiOnsiY3JlYXRlIjo2MDAwMDAwMDAwMDAsImRlbGV0ZSI6OTAwMDAwMDAwMDAwfSwic2NoZW1hX3ZlcnNpb24iOiIxIn0=",
          "dependencies": [
            "module.vpc_virginia.aws_vpc.this"
          ],
          "create_before_destroy": true
        }
      ]
    },
    {
      "mode": "managed",
      "type": "aws_wafv2_ip_set",
      "name": "allowed_ips_oregon",
      "provider": "provider[\"registry.terraform.io/hashicorp/aws\"].oregon",
      "instances": [
        {
          "schema_version": 0,
          "attributes": {
            "addresses": [
              "179.60.173.0/32",
              "203.0.113.0/24"
            ],
            "arn": "arn:aws:wafv2:us-west-2:993407081893:regional/ipset/allowed-ips-oregon/3345783b-ced9-4b49-8ae8-bfb4a2c21fa5",
            "description": "",
            "id": "3345783b-ced9-4b49-8ae8-bfb4a2c21fa5",
            "ip_address_version": "IPV4",
            "lock_token": "b17672ca-0546-424f-bf82-e2b183cd0ff7",
            "name": "allowed-ips-oregon",
            "scope": "REGIONAL",
            "tags": null,
            "tags_all": {}
          },
          "sensitive_attributes": [],
          "private": "bnVsbA=="
        }
      ]
    },
    {
      "mode": "managed",
      "type": "aws_wafv2_ip_set",
      "name": "allowed_ips_virginia",
      "provider": "provider[\"registry.terraform.io/hashicorp/aws\"].virginia",
      "instances": [
        {
          "schema_version": 0,
          "attributes": {
            "addresses": [
              "179.60.173.0/32",
              "203.0.113.0/24"
            ],
            "arn": "arn:aws:wafv2:us-east-1:993407081893:regional/ipset/allowed-ips-virginia/7ba1c438-e9c2-4ecf-8327-2412cd77dc43",
            "description": "",
            "id": "7ba1c438-e9c2-4ecf-8327-2412cd77dc43",
            "ip_address_version": "IPV4",
            "lock_token": "95fb87fd-afb5-44da-b91b-3b6ace49f82d",
            "name": "allowed-ips-virginia",
            "scope": "REGIONAL",
            "tags": null,
            "tags_all": {}
          },
          "sensitive_attributes": [],
          "private": "bnVsbA=="
        }
      ]
    },
    {
      "mode": "managed",
      "type": "aws_wafv2_web_acl",
      "name": "ecs_web_acl_virginia",
      "provider": "provider[\"registry.terraform.io/hashicorp/aws\"].virginia",
      "instances": [
        {
          "schema_version": 0,
          "attributes": {
            "arn": "arn:aws:wafv2:us-east-1:993407081893:regional/webacl/alb-web-acl-ecs-virginia/1dd819b1-4899-404c-afdd-30c5bd794a1a",
            "capacity": 1,
            "captcha_config": [],
            "custom_response_body": [],
            "default_action": [
              {
                "allow": [],
                "block": [
                  {
                    "custom_response": []
                  }
                ]
              }
            ],
            "description": "Web ACL to allow specific IPs",
            "id": "1dd819b1-4899-404c-afdd-30c5bd794a1a",
            "lock_token": "141a2082-644a-4bd6-b3d1-1f4fd7e4f2a0",
            "name": "alb-web-acl-ecs-virginia",
            "rule": [
              {
                "action": [
                  {
                    "allow": [
                      {
                        "custom_request_handling": []
                      }
                    ],
                    "block": [],
                    "captcha": [],
                    "challenge": [],
                    "count": []
                  }
                ],
                "captcha_config": [],
                "name": "allow-specific-ips-ecs-virginia",
                "override_action": [],
                "priority": 1,
                "rule_label": [],
                "statement": [
                  {
                    "and_statement": [],
                    "byte_match_statement": [],
                    "geo_match_statement": [],
                    "ip_set_reference_statement": [
                      {
                        "arn": "arn:aws:wafv2:us-east-1:993407081893:regional/ipset/allowed-ips-virginia/7ba1c438-e9c2-4ecf-8327-2412cd77dc43",
                        "ip_set_forwarded_ip_config": []
                      }
                    ],
                    "label_match_statement": [],
                    "managed_rule_group_statement": [],
                    "not_statement": [],
                    "or_statement": [],
                    "rate_based_statement": [],
                    "regex_match_statement": [],
                    "regex_pattern_set_reference_statement": [],
                    "rule_group_reference_statement": [],
                    "size_constraint_statement": [],
                    "sqli_match_statement": [],
                    "xss_match_statement": []
                  }
                ],
                "visibility_config": [
                  {
                    "cloudwatch_metrics_enabled": true,
                    "metric_name": "allow-specific-ips-ecs-virginia",
                    "sampled_requests_enabled": true
                  }
                ]
              }
            ],
            "scope": "REGIONAL",
            "tags": null,
            "tags_all": {},
            "token_domains": null,
            "visibility_config": [
              {
                "cloudwatch_metrics_enabled": true,
                "metric_name": "web-acl-metrics-ecs-virginia",
                "sampled_requests_enabled": true
              }
            ]
          },
          "sensitive_attributes": [],
          "private": "bnVsbA==",
          "dependencies": [
            "aws_wafv2_ip_set.allowed_ips_virginia"
          ]
        }
      ]
    },
    {
      "mode": "managed",
      "type": "aws_wafv2_web_acl",
      "name": "web_acl_oregon",
      "provider": "provider[\"registry.terraform.io/hashicorp/aws\"].oregon",
      "instances": [
        {
          "schema_version": 0,
          "attributes": {
            "arn": "arn:aws:wafv2:us-west-2:993407081893:regional/webacl/alb-web-acl-oregon/b5c85eb4-0682-4da6-a1fb-50db7000223c",
            "capacity": 1,
            "captcha_config": [],
            "custom_response_body": [],
            "default_action": [
              {
                "allow": [],
                "block": [
                  {
                    "custom_response": []
                  }
                ]
              }
            ],
            "description": "Web ACL to allow specific IPs",
            "id": "b5c85eb4-0682-4da6-a1fb-50db7000223c",
            "lock_token": "7468fde7-fcfa-4162-bb4c-dc1ac9e057b1",
            "name": "alb-web-acl-oregon",
            "rule": [
              {
                "action": [
                  {
                    "allow": [
                      {
                        "custom_request_handling": []
                      }
                    ],
                    "block": [],
                    "captcha": [],
                    "challenge": [],
                    "count": []
                  }
                ],
                "captcha_config": [],
                "name": "allow-specific-ips-oregon",
                "override_action": [],
                "priority": 1,
                "rule_label": [],
                "statement": [
                  {
                    "and_statement": [],
                    "byte_match_statement": [],
                    "geo_match_statement": [],
                    "ip_set_reference_statement": [
                      {
                        "arn": "arn:aws:wafv2:us-west-2:993407081893:regional/ipset/allowed-ips-oregon/3345783b-ced9-4b49-8ae8-bfb4a2c21fa5",
                        "ip_set_forwarded_ip_config": []
                      }
                    ],
                    "label_match_statement": [],
                    "managed_rule_group_statement": [],
                    "not_statement": [],
                    "or_statement": [],
                    "rate_based_statement": [],
                    "regex_match_statement": [],
                    "regex_pattern_set_reference_statement": [],
                    "rule_group_reference_statement": [],
                    "size_constraint_statement": [],
                    "sqli_match_statement": [],
                    "xss_match_statement": []
                  }
                ],
                "visibility_config": [
                  {
                    "cloudwatch_metrics_enabled": true,
                    "metric_name": "allow-specific-ips-oregon",
                    "sampled_requests_enabled": true
                  }
                ]
              }
            ],
            "scope": "REGIONAL",
            "tags": null,
            "tags_all": {},
            "token_domains": null,
            "visibility_config": [
              {
                "cloudwatch_metrics_enabled": true,
                "metric_name": "web-acl-metrics-oregon",
                "sampled_requests_enabled": true
              }
            ]
          },
          "sensitive_attributes": [],
          "private": "bnVsbA==",
          "dependencies": [
            "aws_wafv2_ip_set.allowed_ips_oregon"
          ]
        }
      ]
    },
    {
      "mode": "managed",
      "type": "aws_wafv2_web_acl",
      "name": "web_acl_virginia",
      "provider": "provider[\"registry.terraform.io/hashicorp/aws\"].virginia",
      "instances": [
        {
          "schema_version": 0,
          "attributes": {
            "arn": "arn:aws:wafv2:us-east-1:993407081893:regional/webacl/alb-web-acl-virginia/0fa88099-b72d-4f66-91f0-783d6672ca68",
            "capacity": 1,
            "captcha_config": [],
            "custom_response_body": [],
            "default_action": [
              {
                "allow": [],
                "block": [
                  {
                    "custom_response": []
                  }
                ]
              }
            ],
            "description": "Web ACL to allow specific IPs",
            "id": "0fa88099-b72d-4f66-91f0-783d6672ca68",
            "lock_token": "3d4fbc96-3735-4c08-bc27-03c97602bfb8",
            "name": "alb-web-acl-virginia",
            "rule": [
              {
                "action": [
                  {
                    "allow": [
                      {
                        "custom_request_handling": []
                      }
                    ],
                    "block": [],
                    "captcha": [],
                    "challenge": [],
                    "count": []
                  }
                ],
                "captcha_config": [],
                "name": "allow-specific-ips-virginia",
                "override_action": [],
                "priority": 1,
                "rule_label": [],
                "statement": [
                  {
                    "and_statement": [],
                    "byte_match_statement": [],
                    "geo_match_statement": [],
                    "ip_set_reference_statement": [
                      {
                        "arn": "arn:aws:wafv2:us-east-1:993407081893:regional/ipset/allowed-ips-virginia/7ba1c438-e9c2-4ecf-8327-2412cd77dc43",
                        "ip_set_forwarded_ip_config": []
                      }
                    ],
                    "label_match_statement": [],
                    "managed_rule_group_statement": [],
                    "not_statement": [],
                    "or_statement": [],
                    "rate_based_statement": [],
                    "regex_match_statement": [],
                    "regex_pattern_set_reference_statement": [],
                    "rule_group_reference_statement": [],
                    "size_constraint_statement": [],
                    "sqli_match_statement": [],
                    "xss_match_statement": []
                  }
                ],
                "visibility_config": [
                  {
                    "cloudwatch_metrics_enabled": true,
                    "metric_name": "allow-specific-ips-virginia",
                    "sampled_requests_enabled": true
                  }
                ]
              }
            ],
            "scope": "REGIONAL",
            "tags": null,
            "tags_all": {},
            "token_domains": null,
            "visibility_config": [
              {
                "cloudwatch_metrics_enabled": true,
                "metric_name": "web-acl-metrics-virginia",
                "sampled_requests_enabled": true
              }
            ]
          },
          "sensitive_attributes": [],
          "private": "bnVsbA==",
          "dependencies": [
            "aws_wafv2_ip_set.allowed_ips_virginia"
          ]
        }
      ]
    },
    {
      "mode": "managed",
      "type": "aws_wafv2_web_acl_association",
      "name": "ecs_web_acl_association_virginia",
      "provider": "provider[\"registry.terraform.io/hashicorp/aws\"].virginia",
      "instances": [
        {
          "schema_version": 0,
          "attributes": {
            "id": "arn:aws:wafv2:us-east-1:993407081893:regional/webacl/alb-web-acl-ecs-virginia/1dd819b1-4899-404c-afdd-30c5bd794a1a,arn:aws:elasticloadbalancing:us-east-1:993407081893:loadbalancer/app/Dev-ALB-Puntoxpress/5c41f1492a3f7103",
            "resource_arn": "arn:aws:elasticloadbalancing:us-east-1:993407081893:loadbalancer/app/Dev-ALB-Puntoxpress/5c41f1492a3f7103",
            "timeouts": null,
            "web_acl_arn": "arn:aws:wafv2:us-east-1:993407081893:regional/webacl/alb-web-acl-ecs-virginia/1dd819b1-4899-404c-afdd-30c5bd794a1a"
          },
          "sensitive_attributes": [],
          "private": "eyJlMmJmYjczMC1lY2FhLTExZTYtOGY4OC0zNDM2M2JjN2M0YzAiOnsiY3JlYXRlIjozMDAwMDAwMDAwMDB9fQ==",
          "dependencies": [
            "aws_lb.ecs_app_lb_virginia",
            "aws_security_group.ecs_lb_sg_virginia",
            "aws_wafv2_ip_set.allowed_ips_virginia",
            "aws_wafv2_web_acl.ecs_web_acl_virginia",
            "module.vpc_virginia.aws_subnet.public",
            "module.vpc_virginia.aws_vpc.this"
          ]
        }
      ]
    },
    {
      "mode": "managed",
      "type": "aws_wafv2_web_acl_association",
      "name": "web_acl_association_oregon",
      "provider": "provider[\"registry.terraform.io/hashicorp/aws\"].oregon",
      "instances": [
        {
          "schema_version": 0,
          "attributes": {
            "id": "arn:aws:wafv2:us-west-2:993407081893:regional/webacl/alb-web-acl-oregon/b5c85eb4-0682-4da6-a1fb-50db7000223c,arn:aws:elasticloadbalancing:us-west-2:993407081893:loadbalancer/app/ALB-Main-Oregon/537e347a265cb09c",
            "resource_arn": "arn:aws:elasticloadbalancing:us-west-2:993407081893:loadbalancer/app/ALB-Main-Oregon/537e347a265cb09c",
            "timeouts": null,
            "web_acl_arn": "arn:aws:wafv2:us-west-2:993407081893:regional/webacl/alb-web-acl-oregon/b5c85eb4-0682-4da6-a1fb-50db7000223c"
          },
          "sensitive_attributes": [],
          "private": "eyJlMmJmYjczMC1lY2FhLTExZTYtOGY4OC0zNDM2M2JjN2M0YzAiOnsiY3JlYXRlIjozMDAwMDAwMDAwMDB9fQ==",
          "dependencies": [
            "aws_s3_bucket.alb_logs_oregon",
            "aws_security_group.alb_sg_oregon",
            "aws_wafv2_ip_set.allowed_ips_oregon",
            "aws_wafv2_web_acl.web_acl_oregon",
            "module.alb_oregon.aws_lb.this",
            "module.alb_oregon.aws_lb_listener.https",
            "module.alb_oregon.aws_lb_target_group.this",
            "module.vpc_oregon.aws_subnet.public",
            "module.vpc_oregon.aws_vpc.this"
          ]
        }
      ]
    },
    {
      "mode": "managed",
      "type": "aws_wafv2_web_acl_association",
      "name": "web_acl_association_virginia",
      "provider": "provider[\"registry.terraform.io/hashicorp/aws\"].virginia",
      "instances": [
        {
          "schema_version": 0,
          "attributes": {
            "id": "arn:aws:wafv2:us-east-1:993407081893:regional/webacl/alb-web-acl-virginia/0fa88099-b72d-4f66-91f0-783d6672ca68,arn:aws:elasticloadbalancing:us-east-1:993407081893:loadbalancer/app/ALB-Main-Virginia/5a6a49c80a82d8ff",
            "resource_arn": "arn:aws:elasticloadbalancing:us-east-1:993407081893:loadbalancer/app/ALB-Main-Virginia/5a6a49c80a82d8ff",
            "timeouts": null,
            "web_acl_arn": "arn:aws:wafv2:us-east-1:993407081893:regional/webacl/alb-web-acl-virginia/0fa88099-b72d-4f66-91f0-783d6672ca68"
          },
          "sensitive_attributes": [],
          "private": "eyJlMmJmYjczMC1lY2FhLTExZTYtOGY4OC0zNDM2M2JjN2M0YzAiOnsiY3JlYXRlIjozMDAwMDAwMDAwMDB9fQ==",
          "dependencies": [
            "aws_s3_bucket.alb_logs_virginia",
            "aws_security_group.alb_sg_virginia",
            "aws_wafv2_ip_set.allowed_ips_virginia",
            "aws_wafv2_web_acl.web_acl_virginia",
            "module.alb_virginia.aws_lb.this",
            "module.alb_virginia.aws_lb_listener.https",
            "module.alb_virginia.aws_lb_target_group.this",
            "module.vpc_virginia.aws_subnet.public",
            "module.vpc_virginia.aws_vpc.this"
          ]
        }
      ]
    },
    {
      "mode": "managed",
      "type": "null_resource",
      "name": "push_image",
      "provider": "provider[\"registry.terraform.io/hashicorp/null\"]",
      "instances": [
        {
          "schema_version": 0,
          "attributes": {
            "id": "8679814350252311819",
            "triggers": {
              "ecr_repository_url": "565987550548.dkr.ecr.us-east-1.amazonaws.com/nginx-repo"
            }
          },
          "sensitive_attributes": [],
          "dependencies": [
            "aws_ecr_repository.nginx",
            "data.aws_region.virginia"
          ]
        }
      ]
    },
    {
      "mode": "managed",
      "type": "time_sleep",
      "name": "wait_30_seconds",
      "provider": "provider[\"registry.terraform.io/hashicorp/time\"]",
      "instances": [
        {
          "schema_version": 0,
          "attributes": {
            "create_duration": "15s",
            "destroy_duration": null,
            "id": "2024-06-30T01:28:12Z",
            "triggers": null
          },
          "sensitive_attributes": [],
          "dependencies": [
            "aws_iam_role.ecs_task_execution_role",
            "aws_iam_role.ecs_task_role"
          ]
        }
      ]
    },
    {
      "module": "module.alb_oregon",
      "mode": "managed",
      "type": "aws_lb",
      "name": "this",
      "provider": "provider[\"registry.terraform.io/hashicorp/aws\"].oregon",
      "instances": [
        {
          "schema_version": 0,
          "attributes": {
            "access_logs": [
              {
                "bucket": "",
                "enabled": false,
                "prefix": ""
              }
            ],
            "arn": "arn:aws:elasticloadbalancing:us-west-2:993407081893:loadbalancer/app/ALB-Main-Oregon/537e347a265cb09c",
            "arn_suffix": "app/ALB-Main-Oregon/537e347a265cb09c",
            "customer_owned_ipv4_pool": "",
            "desync_mitigation_mode": "defensive",
            "dns_name": "ALB-Main-Oregon-431290722.us-west-2.elb.amazonaws.com",
            "drop_invalid_header_fields": false,
            "enable_cross_zone_load_balancing": true,
            "enable_deletion_protection": false,
            "enable_http2": true,
            "enable_tls_version_and_cipher_suite_headers": false,
            "enable_waf_fail_open": false,
            "enable_xff_client_port": false,
            "id": "arn:aws:elasticloadbalancing:us-west-2:993407081893:loadbalancer/app/ALB-Main-Oregon/537e347a265cb09c",
            "idle_timeout": 60,
            "internal": false,
            "ip_address_type": "ipv4",
            "load_balancer_type": "application",
            "name": "ALB-Main-Oregon",
            "name_prefix": null,
            "preserve_host_header": false,
            "security_groups": [
              "sg-0f65fd0023e01ab19"
            ],
            "subnet_mapping": [
              {
                "allocation_id": "",
                "ipv6_address": "",
                "outpost_id": "",
                "private_ipv4_address": "",
                "subnet_id": "subnet-09f78fbbb7f3d1f9e"
              },
              {
                "allocation_id": "",
                "ipv6_address": "",
                "outpost_id": "",
                "private_ipv4_address": "",
                "subnet_id": "subnet-0de983c4d08d5ca2d"
              }
            ],
            "subnets": [
              "subnet-09f78fbbb7f3d1f9e",
              "subnet-0de983c4d08d5ca2d"
            ],
            "tags": {
              "Name": "ALB Oregon"
            },
            "tags_all": {
              "Name": "ALB Oregon"
            },
            "timeouts": null,
            "vpc_id": "vpc-052be579f3c611f5b",
            "xff_header_processing_mode": "append",
            "zone_id": "Z1H1FL5HABSF5"
          },
          "sensitive_attributes": [],
          "private": "eyJlMmJmYjczMC1lY2FhLTExZTYtOGY4OC0zNDM2M2JjN2M0YzAiOnsiY3JlYXRlIjo2MDAwMDAwMDAwMDAsImRlbGV0ZSI6NjAwMDAwMDAwMDAwLCJ1cGRhdGUiOjYwMDAwMDAwMDAwMH19",
          "dependencies": [
            "aws_s3_bucket.alb_logs_oregon",
            "aws_security_group.alb_sg_oregon",
            "aws_wafv2_ip_set.allowed_ips_oregon",
            "aws_wafv2_web_acl.web_acl_oregon",
            "module.vpc_oregon.aws_subnet.public",
            "module.vpc_oregon.aws_vpc.this"
          ]
        }
      ]
    },
    {
      "module": "module.alb_oregon",
      "mode": "managed",
      "type": "aws_lb_listener",
      "name": "https",
      "provider": "provider[\"registry.terraform.io/hashicorp/aws\"].oregon",
      "instances": [
        {
          "schema_version": 0,
          "attributes": {
            "alpn_policy": null,
            "arn": "arn:aws:elasticloadbalancing:us-west-2:993407081893:listener/app/ALB-Main-Oregon/537e347a265cb09c/f3c61327e0314754",
            "certificate_arn": "arn:aws:acm:us-west-2:993407081893:certificate/dba99dd9-7251-45e5-af91-97ea58552dcd",
            "default_action": [
              {
                "authenticate_cognito": [],
                "authenticate_oidc": [],
                "fixed_response": [
                  {
                    "content_type": "text/plain",
                    "message_body": "Not Found",
                    "status_code": "404"
                  }
                ],
                "forward": [],
                "order": 1,
                "redirect": [],
                "target_group_arn": "",
                "type": "fixed-response"
              }
            ],
            "id": "arn:aws:elasticloadbalancing:us-west-2:993407081893:listener/app/ALB-Main-Oregon/537e347a265cb09c/f3c61327e0314754",
            "load_balancer_arn": "arn:aws:elasticloadbalancing:us-west-2:993407081893:loadbalancer/app/ALB-Main-Oregon/537e347a265cb09c",
            "port": 443,
            "protocol": "HTTPS",
            "ssl_policy": "ELBSecurityPolicy-TLS-1-2-2017-01",
            "tags": {
              "Name": "https"
            },
            "tags_all": {
              "Name": "https"
            },
            "timeouts": null
          },
          "sensitive_attributes": [],
          "private": "eyJlMmJmYjczMC1lY2FhLTExZTYtOGY4OC0zNDM2M2JjN2M0YzAiOnsicmVhZCI6NjAwMDAwMDAwMDAwfX0=",
          "dependencies": [
            "aws_s3_bucket.alb_logs_oregon",
            "aws_security_group.alb_sg_oregon",
            "aws_wafv2_ip_set.allowed_ips_oregon",
            "aws_wafv2_web_acl.web_acl_oregon",
            "module.alb_oregon.aws_lb.this",
            "module.vpc_oregon.aws_subnet.public",
            "module.vpc_oregon.aws_vpc.this"
          ]
        }
      ]
    },
    {
      "module": "module.alb_oregon",
      "mode": "managed",
      "type": "aws_lb_target_group",
      "name": "this",
      "provider": "provider[\"registry.terraform.io/hashicorp/aws\"].oregon",
      "instances": [
        {
          "schema_version": 0,
          "attributes": {
            "arn": "arn:aws:elasticloadbalancing:us-west-2:993407081893:targetgroup/Main-TGroup-oregon/81263c4917ee2c95",
            "arn_suffix": "targetgroup/Main-TGroup-oregon/81263c4917ee2c95",
            "connection_termination": false,
            "deregistration_delay": "300",
            "health_check": [
              {
                "enabled": true,
                "healthy_threshold": 2,
                "interval": 30,
                "matcher": "200-399",
                "path": "/",
                "port": "traffic-port",
                "protocol": "HTTP",
                "timeout": 5,
                "unhealthy_threshold": 2
              }
            ],
            "id": "arn:aws:elasticloadbalancing:us-west-2:993407081893:targetgroup/Main-TGroup-oregon/81263c4917ee2c95",
            "ip_address_type": "ipv4",
            "lambda_multi_value_headers_enabled": false,
            "load_balancing_algorithm_type": "round_robin",
            "load_balancing_cross_zone_enabled": "use_load_balancer_configuration",
            "name": "Main-TGroup-oregon",
            "name_prefix": null,
            "port": 80,
            "preserve_client_ip": null,
            "protocol": "HTTP",
            "protocol_version": "HTTP1",
            "proxy_protocol_v2": false,
            "slow_start": 0,
            "stickiness": [
              {
                "cookie_duration": 86400,
                "cookie_name": "",
                "enabled": false,
                "type": "lb_cookie"
              }
            ],
            "tags": {
              "Name": "ALB Oregon"
            },
            "tags_all": {
              "Name": "ALB Oregon"
            },
            "target_failover": [
              {
                "on_deregistration": null,
                "on_unhealthy": null
              }
            ],
            "target_type": "instance",
            "vpc_id": "vpc-052be579f3c611f5b"
          },
          "sensitive_attributes": [],
          "private": "bnVsbA==",
          "dependencies": [
            "aws_wafv2_ip_set.allowed_ips_oregon",
            "aws_wafv2_web_acl.web_acl_oregon",
            "module.vpc_oregon.aws_vpc.this"
          ]
        }
      ]
    },
    {
      "module": "module.alb_virginia",
      "mode": "managed",
      "type": "aws_lb",
      "name": "this",
      "provider": "provider[\"registry.terraform.io/hashicorp/aws\"].virginia",
      "instances": [
        {
          "schema_version": 0,
          "attributes": {
            "access_logs": [
              {
                "bucket": "alb-logs-isolated-virginia",
                "enabled": true,
                "prefix": ""
              }
            ],
            "arn": "arn:aws:elasticloadbalancing:us-east-1:993407081893:loadbalancer/app/ALB-Main-Virginia/5a6a49c80a82d8ff",
            "arn_suffix": "app/ALB-Main-Virginia/5a6a49c80a82d8ff",
            "customer_owned_ipv4_pool": "",
            "desync_mitigation_mode": "defensive",
            "dns_name": "ALB-Main-Virginia-1868977722.us-east-1.elb.amazonaws.com",
            "drop_invalid_header_fields": false,
            "enable_cross_zone_load_balancing": true,
            "enable_deletion_protection": false,
            "enable_http2": true,
            "enable_tls_version_and_cipher_suite_headers": false,
            "enable_waf_fail_open": false,
            "enable_xff_client_port": false,
            "id": "arn:aws:elasticloadbalancing:us-east-1:993407081893:loadbalancer/app/ALB-Main-Virginia/5a6a49c80a82d8ff",
            "idle_timeout": 60,
            "internal": false,
            "ip_address_type": "ipv4",
            "load_balancer_type": "application",
            "name": "ALB-Main-Virginia",
            "name_prefix": null,
            "preserve_host_header": false,
            "security_groups": [
              "sg-0f7dca95c3f75e4aa"
            ],
            "subnet_mapping": [
              {
                "allocation_id": "",
                "ipv6_address": "",
                "outpost_id": "",
                "private_ipv4_address": "",
                "subnet_id": "subnet-024f9b62f8f68f0d2"
              },
              {
                "allocation_id": "",
                "ipv6_address": "",
                "outpost_id": "",
                "private_ipv4_address": "",
                "subnet_id": "subnet-0fad6da6ecc677396"
              }
            ],
            "subnets": [
              "subnet-024f9b62f8f68f0d2",
              "subnet-0fad6da6ecc677396"
            ],
            "tags": {
              "Name": "ALB Virginia"
            },
            "tags_all": {
              "Name": "ALB Virginia"
            },
            "timeouts": null,
            "vpc_id": "vpc-0d8b2c523ad1ee227",
            "xff_header_processing_mode": "append",
            "zone_id": "Z35SXDOTRQ7X7K"
          },
          "sensitive_attributes": [],
          "private": "eyJlMmJmYjczMC1lY2FhLTExZTYtOGY4OC0zNDM2M2JjN2M0YzAiOnsiY3JlYXRlIjo2MDAwMDAwMDAwMDAsImRlbGV0ZSI6NjAwMDAwMDAwMDAwLCJ1cGRhdGUiOjYwMDAwMDAwMDAwMH19",
          "dependencies": [
            "aws_s3_bucket.alb_logs_virginia",
            "aws_security_group.alb_sg_virginia",
            "aws_wafv2_ip_set.allowed_ips_virginia",
            "aws_wafv2_web_acl.web_acl_virginia",
            "module.vpc_virginia.aws_subnet.public",
            "module.vpc_virginia.aws_vpc.this"
          ]
        }
      ]
    },
    {
      "module": "module.alb_virginia",
      "mode": "managed",
      "type": "aws_lb_listener",
      "name": "https",
      "provider": "provider[\"registry.terraform.io/hashicorp/aws\"].virginia",
      "instances": [
        {
          "schema_version": 0,
          "attributes": {
            "alpn_policy": null,
            "arn": "arn:aws:elasticloadbalancing:us-east-1:993407081893:listener/app/ALB-Main-Virginia/5a6a49c80a82d8ff/e01656c02b023712",
            "certificate_arn": "arn:aws:acm:us-east-1:993407081893:certificate/e3109390-1044-48fe-9078-fc7b519ff5aa",
            "default_action": [
              {
                "authenticate_cognito": [],
                "authenticate_oidc": [],
                "fixed_response": [
                  {
                    "content_type": "text/plain",
                    "message_body": "Not Found",
                    "status_code": "404"
                  }
                ],
                "forward": [],
                "order": 1,
                "redirect": [],
                "target_group_arn": "",
                "type": "fixed-response"
              }
            ],
            "id": "arn:aws:elasticloadbalancing:us-east-1:993407081893:listener/app/ALB-Main-Virginia/5a6a49c80a82d8ff/e01656c02b023712",
            "load_balancer_arn": "arn:aws:elasticloadbalancing:us-east-1:993407081893:loadbalancer/app/ALB-Main-Virginia/5a6a49c80a82d8ff",
            "port": 443,
            "protocol": "HTTPS",
            "ssl_policy": "ELBSecurityPolicy-TLS-1-2-2017-01",
            "tags": {
              "Name": "https"
            },
            "tags_all": {
              "Name": "https"
            },
            "timeouts": null
          },
          "sensitive_attributes": [],
          "private": "eyJlMmJmYjczMC1lY2FhLTExZTYtOGY4OC0zNDM2M2JjN2M0YzAiOnsicmVhZCI6NjAwMDAwMDAwMDAwfX0=",
          "dependencies": [
            "aws_s3_bucket.alb_logs_virginia",
            "aws_security_group.alb_sg_virginia",
            "aws_wafv2_ip_set.allowed_ips_virginia",
            "aws_wafv2_web_acl.web_acl_virginia",
            "module.alb_virginia.aws_lb.this",
            "module.vpc_virginia.aws_subnet.public",
            "module.vpc_virginia.aws_vpc.this"
          ]
        }
      ]
    },
    {
      "module": "module.alb_virginia",
      "mode": "managed",
      "type": "aws_lb_target_group",
      "name": "this",
      "provider": "provider[\"registry.terraform.io/hashicorp/aws\"].virginia",
      "instances": [
        {
          "schema_version": 0,
          "attributes": {
            "arn": "arn:aws:elasticloadbalancing:us-east-1:993407081893:targetgroup/Main-TGroup-virginia/e877797d743dc35a",
            "arn_suffix": "targetgroup/Main-TGroup-virginia/e877797d743dc35a",
            "connection_termination": false,
            "deregistration_delay": "300",
            "health_check": [
              {
                "enabled": true,
                "healthy_threshold": 2,
                "interval": 30,
                "matcher": "200-399",
                "path": "/",
                "port": "traffic-port",
                "protocol": "HTTP",
                "timeout": 5,
                "unhealthy_threshold": 2
              }
            ],
            "id": "arn:aws:elasticloadbalancing:us-east-1:993407081893:targetgroup/Main-TGroup-virginia/e877797d743dc35a",
            "ip_address_type": "ipv4",
            "lambda_multi_value_headers_enabled": false,
            "load_balancing_algorithm_type": "round_robin",
            "load_balancing_cross_zone_enabled": "use_load_balancer_configuration",
            "name": "Main-TGroup-virginia",
            "name_prefix": null,
            "port": 80,
            "preserve_client_ip": null,
            "protocol": "HTTP",
            "protocol_version": "HTTP1",
            "proxy_protocol_v2": false,
            "slow_start": 0,
            "stickiness": [
              {
                "cookie_duration": 86400,
                "cookie_name": "",
                "enabled": false,
                "type": "lb_cookie"
              }
            ],
            "tags": {
              "Name": "ALB Virginia"
            },
            "tags_all": {
              "Name": "ALB Virginia"
            },
            "target_failover": [
              {
                "on_deregistration": null,
                "on_unhealthy": null
              }
            ],
            "target_type": "instance",
            "vpc_id": "vpc-0d8b2c523ad1ee227"
          },
          "sensitive_attributes": [],
          "private": "bnVsbA==",
          "dependencies": [
            "aws_wafv2_ip_set.allowed_ips_virginia",
            "aws_wafv2_web_acl.web_acl_virginia",
            "module.vpc_virginia.aws_vpc.this"
          ]
        }
      ]
    },
    {
      "module": "module.transit_gateway_oregon",
      "mode": "managed",
      "type": "aws_ec2_transit_gateway_vpc_attachment",
      "name": "this",
      "provider": "provider[\"registry.terraform.io/hashicorp/aws\"].oregon",
      "instances": [
        {
          "schema_version": 0,
          "attributes": {
            "appliance_mode_support": "disable",
            "dns_support": "enable",
            "id": "tgw-attach-06030f38a888c5108",
            "ipv6_support": "disable",
            "subnet_ids": [
              "subnet-09f78fbbb7f3d1f9e",
              "subnet-0de983c4d08d5ca2d"
            ],
            "tags": {
              "Name": "transit-gateway-attachment"
            },
            "tags_all": {
              "Name": "transit-gateway-attachment"
            },
            "transit_gateway_default_route_table_association": true,
            "transit_gateway_default_route_table_propagation": true,
            "transit_gateway_id": "tgw-097316ac759bfda6d",
            "vpc_id": "vpc-052be579f3c611f5b",
            "vpc_owner_id": "993407081893"
          },
          "sensitive_attributes": [],
          "private": "bnVsbA==",
          "dependencies": [
            "aws_ec2_transit_gateway.oregon",
            "module.vpc_oregon.aws_subnet.public",
            "module.vpc_oregon.aws_vpc.this"
          ]
        }
      ]
    },
    {
      "module": "module.transit_gateway_virginia",
      "mode": "managed",
      "type": "aws_ec2_transit_gateway_vpc_attachment",
      "name": "this",
      "provider": "provider[\"registry.terraform.io/hashicorp/aws\"].virginia",
      "instances": [
        {
          "schema_version": 0,
          "attributes": {
            "appliance_mode_support": "disable",
            "dns_support": "enable",
            "id": "tgw-attach-0c94d866de6c6690c",
            "ipv6_support": "disable",
            "subnet_ids": [
              "subnet-024f9b62f8f68f0d2",
              "subnet-0fad6da6ecc677396"
            ],
            "tags": {
              "Name": "transit-gateway-attachment"
            },
            "tags_all": {
              "Name": "transit-gateway-attachment"
            },
            "transit_gateway_default_route_table_association": true,
            "transit_gateway_default_route_table_propagation": true,
            "transit_gateway_id": "tgw-0efcbfbdfed2f6c83",
            "vpc_id": "vpc-0d8b2c523ad1ee227",
            "vpc_owner_id": "993407081893"
          },
          "sensitive_attributes": [],
          "private": "bnVsbA==",
          "dependencies": [
            "aws_ec2_transit_gateway.virginia",
            "module.vpc_virginia.aws_subnet.public",
            "module.vpc_virginia.aws_vpc.this"
          ]
        }
      ]
    },
    {
      "module": "module.vpc_oregon",
      "mode": "managed",
      "type": "aws_eip",
      "name": "nat",
      "provider": "provider[\"registry.terraform.io/hashicorp/aws\"].oregon",
      "instances": [
        {
          "index_key": 0,
          "schema_version": 0,
          "attributes": {
            "address": null,
            "allocation_id": "eipalloc-0b746e09aefdfb797",
            "associate_with_private_ip": null,
            "association_id": "",
            "carrier_ip": "",
            "customer_owned_ip": "",
            "customer_owned_ipv4_pool": "",
            "domain": "vpc",
            "id": "eipalloc-0b746e09aefdfb797",
            "instance": "",
            "network_border_group": "us-west-2",
            "network_interface": "",
            "private_dns": null,
            "private_ip": "",
            "public_dns": "ec2-50-112-132-93.us-west-2.compute.amazonaws.com",
            "public_ip": "50.112.132.93",
            "public_ipv4_pool": "amazon",
            "tags": {
              "Name": "us-west-2-nat-eip"
            },
            "tags_all": {
              "Name": "us-west-2-nat-eip"
            },
            "timeouts": null,
            "vpc": true
          },
          "sensitive_attributes": [],
          "private": "eyJlMmJmYjczMC1lY2FhLTExZTYtOGY4OC0zNDM2M2JjN2M0YzAiOnsiZGVsZXRlIjoxODAwMDAwMDAwMDAsInJlYWQiOjkwMDAwMDAwMDAwMCwidXBkYXRlIjozMDAwMDAwMDAwMDB9fQ=="
        }
      ]
    },
    {
      "module": "module.vpc_oregon",
      "mode": "managed",
      "type": "aws_internet_gateway",
      "name": "this",
      "provider": "provider[\"registry.terraform.io/hashicorp/aws\"].oregon",
      "instances": [
        {
          "schema_version": 0,
          "attributes": {
            "arn": "arn:aws:ec2:us-west-2:993407081893:internet-gateway/igw-0672393921879dbba",
            "id": "igw-0672393921879dbba",
            "owner_id": "993407081893",
            "tags": {
              "Name": "igw-us-west-2"
            },
            "tags_all": {
              "Name": "igw-us-west-2"
            },
            "timeouts": null,
            "vpc_id": "vpc-052be579f3c611f5b"
          },
          "sensitive_attributes": [],
          "private": "eyJlMmJmYjczMC1lY2FhLTExZTYtOGY4OC0zNDM2M2JjN2M0YzAiOnsiY3JlYXRlIjoxMjAwMDAwMDAwMDAwLCJkZWxldGUiOjEyMDAwMDAwMDAwMDAsInVwZGF0ZSI6MTIwMDAwMDAwMDAwMH19",
          "dependencies": [
            "module.vpc_oregon.aws_vpc.this"
          ]
        }
      ]
    },
    {
      "module": "module.vpc_oregon",
      "mode": "managed",
      "type": "aws_nat_gateway",
      "name": "nat",
      "provider": "provider[\"registry.terraform.io/hashicorp/aws\"].oregon",
      "instances": [
        {
          "index_key": 0,
          "schema_version": 0,
          "attributes": {
            "allocation_id": "eipalloc-0b746e09aefdfb797",
            "association_id": "eipassoc-0b0f8fe97c53e31aa",
            "connectivity_type": "public",
            "id": "nat-00fdf1e677b177ad8",
            "network_interface_id": "eni-025a2f9df7fa2c615",
            "private_ip": "10.1.1.61",
            "public_ip": "50.112.132.93",
            "subnet_id": "subnet-0de983c4d08d5ca2d",
            "tags": {
              "Name": "us-west-2-nat-gateway"
            },
            "tags_all": {
              "Name": "us-west-2-nat-gateway"
            }
          },
          "sensitive_attributes": [],
          "private": "bnVsbA==",
          "dependencies": [
            "module.vpc_oregon.aws_eip.nat",
            "module.vpc_oregon.aws_subnet.public",
            "module.vpc_oregon.aws_vpc.this"
          ]
        }
      ]
    },
    {
      "module": "module.vpc_oregon",
      "mode": "managed",
      "type": "aws_route_table",
      "name": "private",
      "provider": "provider[\"registry.terraform.io/hashicorp/aws\"].oregon",
      "instances": [
        {
          "schema_version": 0,
          "attributes": {
            "arn": "arn:aws:ec2:us-west-2:993407081893:route-table/rtb-0b19c263f3a994569",
            "id": "rtb-0b19c263f3a994569",
            "owner_id": "993407081893",
            "propagating_vgws": [],
            "route": [
              {
                "carrier_gateway_id": "",
                "cidr_block": "0.0.0.0/0",
                "core_network_arn": "",
                "destination_prefix_list_id": "",
                "egress_only_gateway_id": "",
                "gateway_id": "",
                "instance_id": "",
                "ipv6_cidr_block": "",
                "local_gateway_id": "",
                "nat_gateway_id": "nat-00fdf1e677b177ad8",
                "network_interface_id": "",
                "transit_gateway_id": "",
                "vpc_endpoint_id": "",
                "vpc_peering_connection_id": ""
              }
            ],
            "tags": {
              "Name": "private-rt-us-west-2"
            },
            "tags_all": {
              "Name": "private-rt-us-west-2"
            },
            "timeouts": null,
            "vpc_id": "vpc-052be579f3c611f5b"
          },
          "sensitive_attributes": [],
          "private": "eyJlMmJmYjczMC1lY2FhLTExZTYtOGY4OC0zNDM2M2JjN2M0YzAiOnsiY3JlYXRlIjozMDAwMDAwMDAwMDAsImRlbGV0ZSI6MzAwMDAwMDAwMDAwLCJ1cGRhdGUiOjEyMDAwMDAwMDAwMH19",
          "dependencies": [
            "module.vpc_oregon.aws_eip.nat",
            "module.vpc_oregon.aws_nat_gateway.nat",
            "module.vpc_oregon.aws_subnet.public",
            "module.vpc_oregon.aws_vpc.this"
          ]
        }
      ]
    },
    {
      "module": "module.vpc_oregon",
      "mode": "managed",
      "type": "aws_route_table",
      "name": "public",
      "provider": "provider[\"registry.terraform.io/hashicorp/aws\"].oregon",
      "instances": [
        {
          "schema_version": 0,
          "attributes": {
            "arn": "arn:aws:ec2:us-west-2:993407081893:route-table/rtb-0eb2c4646b666a2db",
            "id": "rtb-0eb2c4646b666a2db",
            "owner_id": "993407081893",
            "propagating_vgws": [],
            "route": [
              {
                "carrier_gateway_id": "",
                "cidr_block": "0.0.0.0/0",
                "core_network_arn": "",
                "destination_prefix_list_id": "",
                "egress_only_gateway_id": "",
                "gateway_id": "igw-0672393921879dbba",
                "instance_id": "",
                "ipv6_cidr_block": "",
                "local_gateway_id": "",
                "nat_gateway_id": "",
                "network_interface_id": "",
                "transit_gateway_id": "",
                "vpc_endpoint_id": "",
                "vpc_peering_connection_id": ""
              }
            ],
            "tags": {
              "Name": "public-rt-us-west-2"
            },
            "tags_all": {
              "Name": "public-rt-us-west-2"
            },
            "timeouts": null,
            "vpc_id": "vpc-052be579f3c611f5b"
          },
          "sensitive_attributes": [],
          "private": "eyJlMmJmYjczMC1lY2FhLTExZTYtOGY4OC0zNDM2M2JjN2M0YzAiOnsiY3JlYXRlIjozMDAwMDAwMDAwMDAsImRlbGV0ZSI6MzAwMDAwMDAwMDAwLCJ1cGRhdGUiOjEyMDAwMDAwMDAwMH19",
          "dependencies": [
            "module.vpc_oregon.aws_internet_gateway.this",
            "module.vpc_oregon.aws_vpc.this"
          ]
        }
      ]
    },
    {
      "module": "module.vpc_oregon",
      "mode": "managed",
      "type": "aws_route_table_association",
      "name": "private",
      "provider": "provider[\"registry.terraform.io/hashicorp/aws\"].oregon",
      "instances": [
        {
          "index_key": 0,
          "schema_version": 0,
          "attributes": {
            "gateway_id": "",
            "id": "rtbassoc-0dc1a4ea96ac0d841",
            "route_table_id": "rtb-0b19c263f3a994569",
            "subnet_id": "subnet-0f5d896448ea55782",
            "timeouts": null
          },
          "sensitive_attributes": [],
          "private": "eyJlMmJmYjczMC1lY2FhLTExZTYtOGY4OC0zNDM2M2JjN2M0YzAiOnsiY3JlYXRlIjozMDAwMDAwMDAwMDAsImRlbGV0ZSI6MzAwMDAwMDAwMDAwLCJ1cGRhdGUiOjEyMDAwMDAwMDAwMH19",
          "dependencies": [
            "module.vpc_oregon.aws_eip.nat",
            "module.vpc_oregon.aws_nat_gateway.nat",
            "module.vpc_oregon.aws_route_table.private",
            "module.vpc_oregon.aws_subnet.private",
            "module.vpc_oregon.aws_subnet.public",
            "module.vpc_oregon.aws_vpc.this"
          ]
        },
        {
          "index_key": 1,
          "schema_version": 0,
          "attributes": {
            "gateway_id": "",
            "id": "rtbassoc-05ead71c344c52c1f",
            "route_table_id": "rtb-0b19c263f3a994569",
            "subnet_id": "subnet-01502b1e7bfce1206",
            "timeouts": null
          },
          "sensitive_attributes": [],
          "private": "eyJlMmJmYjczMC1lY2FhLTExZTYtOGY4OC0zNDM2M2JjN2M0YzAiOnsiY3JlYXRlIjozMDAwMDAwMDAwMDAsImRlbGV0ZSI6MzAwMDAwMDAwMDAwLCJ1cGRhdGUiOjEyMDAwMDAwMDAwMH19",
          "dependencies": [
            "module.vpc_oregon.aws_eip.nat",
            "module.vpc_oregon.aws_nat_gateway.nat",
            "module.vpc_oregon.aws_route_table.private",
            "module.vpc_oregon.aws_subnet.private",
            "module.vpc_oregon.aws_subnet.public",
            "module.vpc_oregon.aws_vpc.this"
          ]
        }
      ]
    },
    {
      "module": "module.vpc_oregon",
      "mode": "managed",
      "type": "aws_route_table_association",
      "name": "public",
      "provider": "provider[\"registry.terraform.io/hashicorp/aws\"].oregon",
      "instances": [
        {
          "index_key": 0,
          "schema_version": 0,
          "attributes": {
            "gateway_id": "",
            "id": "rtbassoc-0d477dcd063c1d199",
            "route_table_id": "rtb-0eb2c4646b666a2db",
            "subnet_id": "subnet-0de983c4d08d5ca2d",
            "timeouts": null
          },
          "sensitive_attributes": [],
          "private": "eyJlMmJmYjczMC1lY2FhLTExZTYtOGY4OC0zNDM2M2JjN2M0YzAiOnsiY3JlYXRlIjozMDAwMDAwMDAwMDAsImRlbGV0ZSI6MzAwMDAwMDAwMDAwLCJ1cGRhdGUiOjEyMDAwMDAwMDAwMH19",
          "dependencies": [
            "module.vpc_oregon.aws_internet_gateway.this",
            "module.vpc_oregon.aws_route_table.public",
            "module.vpc_oregon.aws_subnet.public",
            "module.vpc_oregon.aws_vpc.this"
          ]
        },
        {
          "index_key": 1,
          "schema_version": 0,
          "attributes": {
            "gateway_id": "",
            "id": "rtbassoc-055028c63da83a684",
            "route_table_id": "rtb-0eb2c4646b666a2db",
            "subnet_id": "subnet-09f78fbbb7f3d1f9e",
            "timeouts": null
          },
          "sensitive_attributes": [],
          "private": "eyJlMmJmYjczMC1lY2FhLTExZTYtOGY4OC0zNDM2M2JjN2M0YzAiOnsiY3JlYXRlIjozMDAwMDAwMDAwMDAsImRlbGV0ZSI6MzAwMDAwMDAwMDAwLCJ1cGRhdGUiOjEyMDAwMDAwMDAwMH19",
          "dependencies": [
            "module.vpc_oregon.aws_internet_gateway.this",
            "module.vpc_oregon.aws_route_table.public",
            "module.vpc_oregon.aws_subnet.public",
            "module.vpc_oregon.aws_vpc.this"
          ]
        }
      ]
    },
    {
      "module": "module.vpc_oregon",
      "mode": "managed",
      "type": "aws_subnet",
      "name": "private",
      "provider": "provider[\"registry.terraform.io/hashicorp/aws\"].oregon",
      "instances": [
        {
          "index_key": 0,
          "schema_version": 1,
          "attributes": {
            "arn": "arn:aws:ec2:us-west-2:993407081893:subnet/subnet-0f5d896448ea55782",
            "assign_ipv6_address_on_creation": false,
            "availability_zone": "us-west-2a",
            "availability_zone_id": "usw2-az1",
            "cidr_block": "10.1.3.0/24",
            "customer_owned_ipv4_pool": "",
            "enable_dns64": false,
            "enable_lni_at_device_index": 0,
            "enable_resource_name_dns_a_record_on_launch": false,
            "enable_resource_name_dns_aaaa_record_on_launch": false,
            "id": "subnet-0f5d896448ea55782",
            "ipv6_cidr_block": "",
            "ipv6_cidr_block_association_id": "",
            "ipv6_native": false,
            "map_customer_owned_ip_on_launch": false,
            "map_public_ip_on_launch": false,
            "outpost_arn": "",
            "owner_id": "993407081893",
            "private_dns_hostname_type_on_launch": "ip-name",
            "tags": {
              "Name": "private-0-us-west-2"
            },
            "tags_all": {
              "Name": "private-0-us-west-2"
            },
            "timeouts": null,
            "vpc_id": "vpc-052be579f3c611f5b"
          },
          "sensitive_attributes": [],
          "private": "eyJlMmJmYjczMC1lY2FhLTExZTYtOGY4OC0zNDM2M2JjN2M0YzAiOnsiY3JlYXRlIjo2MDAwMDAwMDAwMDAsImRlbGV0ZSI6MTIwMDAwMDAwMDAwMH0sInNjaGVtYV92ZXJzaW9uIjoiMSJ9",
          "dependencies": [
            "module.vpc_oregon.aws_vpc.this"
          ]
        },
        {
          "index_key": 1,
          "schema_version": 1,
          "attributes": {
            "arn": "arn:aws:ec2:us-west-2:993407081893:subnet/subnet-01502b1e7bfce1206",
            "assign_ipv6_address_on_creation": false,
            "availability_zone": "us-west-2b",
            "availability_zone_id": "usw2-az2",
            "cidr_block": "10.1.4.0/24",
            "customer_owned_ipv4_pool": "",
            "enable_dns64": false,
            "enable_lni_at_device_index": 0,
            "enable_resource_name_dns_a_record_on_launch": false,
            "enable_resource_name_dns_aaaa_record_on_launch": false,
            "id": "subnet-01502b1e7bfce1206",
            "ipv6_cidr_block": "",
            "ipv6_cidr_block_association_id": "",
            "ipv6_native": false,
            "map_customer_owned_ip_on_launch": false,
            "map_public_ip_on_launch": false,
            "outpost_arn": "",
            "owner_id": "993407081893",
            "private_dns_hostname_type_on_launch": "ip-name",
            "tags": {
              "Name": "private-1-us-west-2"
            },
            "tags_all": {
              "Name": "private-1-us-west-2"
            },
            "timeouts": null,
            "vpc_id": "vpc-052be579f3c611f5b"
          },
          "sensitive_attributes": [],
          "private": "eyJlMmJmYjczMC1lY2FhLTExZTYtOGY4OC0zNDM2M2JjN2M0YzAiOnsiY3JlYXRlIjo2MDAwMDAwMDAwMDAsImRlbGV0ZSI6MTIwMDAwMDAwMDAwMH0sInNjaGVtYV92ZXJzaW9uIjoiMSJ9",
          "dependencies": [
            "module.vpc_oregon.aws_vpc.this"
          ]
        }
      ]
    },
    {
      "module": "module.vpc_oregon",
      "mode": "managed",
      "type": "aws_subnet",
      "name": "public",
      "provider": "provider[\"registry.terraform.io/hashicorp/aws\"].oregon",
      "instances": [
        {
          "index_key": 0,
          "schema_version": 1,
          "attributes": {
            "arn": "arn:aws:ec2:us-west-2:993407081893:subnet/subnet-0de983c4d08d5ca2d",
            "assign_ipv6_address_on_creation": false,
            "availability_zone": "us-west-2a",
            "availability_zone_id": "usw2-az1",
            "cidr_block": "10.1.1.0/24",
            "customer_owned_ipv4_pool": "",
            "enable_dns64": false,
            "enable_lni_at_device_index": 0,
            "enable_resource_name_dns_a_record_on_launch": false,
            "enable_resource_name_dns_aaaa_record_on_launch": false,
            "id": "subnet-0de983c4d08d5ca2d",
            "ipv6_cidr_block": "",
            "ipv6_cidr_block_association_id": "",
            "ipv6_native": false,
            "map_customer_owned_ip_on_launch": false,
            "map_public_ip_on_launch": true,
            "outpost_arn": "",
            "owner_id": "993407081893",
            "private_dns_hostname_type_on_launch": "ip-name",
            "tags": {
              "Name": "public-0-us-west-2"
            },
            "tags_all": {
              "Name": "public-0-us-west-2"
            },
            "timeouts": null,
            "vpc_id": "vpc-052be579f3c611f5b"
          },
          "sensitive_attributes": [],
          "private": "eyJlMmJmYjczMC1lY2FhLTExZTYtOGY4OC0zNDM2M2JjN2M0YzAiOnsiY3JlYXRlIjo2MDAwMDAwMDAwMDAsImRlbGV0ZSI6MTIwMDAwMDAwMDAwMH0sInNjaGVtYV92ZXJzaW9uIjoiMSJ9",
          "dependencies": [
            "module.vpc_oregon.aws_vpc.this"
          ]
        },
        {
          "index_key": 1,
          "schema_version": 1,
          "attributes": {
            "arn": "arn:aws:ec2:us-west-2:993407081893:subnet/subnet-09f78fbbb7f3d1f9e",
            "assign_ipv6_address_on_creation": false,
            "availability_zone": "us-west-2b",
            "availability_zone_id": "usw2-az2",
            "cidr_block": "10.1.2.0/24",
            "customer_owned_ipv4_pool": "",
            "enable_dns64": false,
            "enable_lni_at_device_index": 0,
            "enable_resource_name_dns_a_record_on_launch": false,
            "enable_resource_name_dns_aaaa_record_on_launch": false,
            "id": "subnet-09f78fbbb7f3d1f9e",
            "ipv6_cidr_block": "",
            "ipv6_cidr_block_association_id": "",
            "ipv6_native": false,
            "map_customer_owned_ip_on_launch": false,
            "map_public_ip_on_launch": true,
            "outpost_arn": "",
            "owner_id": "993407081893",
            "private_dns_hostname_type_on_launch": "ip-name",
            "tags": {
              "Name": "public-1-us-west-2"
            },
            "tags_all": {
              "Name": "public-1-us-west-2"
            },
            "timeouts": null,
            "vpc_id": "vpc-052be579f3c611f5b"
          },
          "sensitive_attributes": [],
          "private": "eyJlMmJmYjczMC1lY2FhLTExZTYtOGY4OC0zNDM2M2JjN2M0YzAiOnsiY3JlYXRlIjo2MDAwMDAwMDAwMDAsImRlbGV0ZSI6MTIwMDAwMDAwMDAwMH0sInNjaGVtYV92ZXJzaW9uIjoiMSJ9",
          "dependencies": [
            "module.vpc_oregon.aws_vpc.this"
          ]
        }
      ]
    },
    {
      "module": "module.vpc_oregon",
      "mode": "managed",
      "type": "aws_vpc",
      "name": "this",
      "provider": "provider[\"registry.terraform.io/hashicorp/aws\"].oregon",
      "instances": [
        {
          "schema_version": 1,
          "attributes": {
            "arn": "arn:aws:ec2:us-west-2:993407081893:vpc/vpc-052be579f3c611f5b",
            "assign_generated_ipv6_cidr_block": false,
            "cidr_block": "10.1.0.0/16",
            "default_network_acl_id": "acl-0c2901675bceb671a",
            "default_route_table_id": "rtb-067455bda04642d3d",
            "default_security_group_id": "sg-0cb078cb9e116fd79",
            "dhcp_options_id": "dopt-51edb735",
            "enable_classiclink": false,
            "enable_classiclink_dns_support": false,
            "enable_dns_hostnames": true,
            "enable_dns_support": true,
            "enable_network_address_usage_metrics": false,
            "id": "vpc-052be579f3c611f5b",
            "instance_tenancy": "default",
            "ipv4_ipam_pool_id": null,
            "ipv4_netmask_length": null,
            "ipv6_association_id": "",
            "ipv6_cidr_block": "",
            "ipv6_cidr_block_network_border_group": "",
            "ipv6_ipam_pool_id": "",
            "ipv6_netmask_length": 0,
            "main_route_table_id": "rtb-067455bda04642d3d",
            "owner_id": "993407081893",
            "tags": {
              "Name": "vpc-us-west-2"
            },
            "tags_all": {
              "Name": "vpc-us-west-2"
            }
          },
          "sensitive_attributes": [],
          "private": "eyJzY2hlbWFfdmVyc2lvbiI6IjEifQ=="
        }
      ]
    },
    {
      "module": "module.vpc_virginia",
      "mode": "managed",
      "type": "aws_eip",
      "name": "nat",
      "provider": "provider[\"registry.terraform.io/hashicorp/aws\"].virginia",
      "instances": [
        {
          "index_key": 0,
          "schema_version": 0,
          "attributes": {
            "address": null,
            "allocation_id": "eipalloc-004ff8c2aca328e1b",
            "associate_with_private_ip": null,
            "association_id": "",
            "carrier_ip": "",
            "customer_owned_ip": "",
            "customer_owned_ipv4_pool": "",
            "domain": "vpc",
            "id": "eipalloc-004ff8c2aca328e1b",
            "instance": "",
            "network_border_group": "us-east-1",
            "network_interface": "",
            "private_dns": null,
            "private_ip": "",
            "public_dns": "ec2-54-197-126-213.compute-1.amazonaws.com",
            "public_ip": "54.197.126.213",
            "public_ipv4_pool": "amazon",
            "tags": {
              "Name": "us-east-1-nat-eip"
            },
            "tags_all": {
              "Name": "us-east-1-nat-eip"
            },
            "timeouts": null,
            "vpc": true
          },
          "sensitive_attributes": [],
          "private": "eyJlMmJmYjczMC1lY2FhLTExZTYtOGY4OC0zNDM2M2JjN2M0YzAiOnsiZGVsZXRlIjoxODAwMDAwMDAwMDAsInJlYWQiOjkwMDAwMDAwMDAwMCwidXBkYXRlIjozMDAwMDAwMDAwMDB9fQ=="
        }
      ]
    },
    {
      "module": "module.vpc_virginia",
      "mode": "managed",
      "type": "aws_internet_gateway",
      "name": "this",
      "provider": "provider[\"registry.terraform.io/hashicorp/aws\"].virginia",
      "instances": [
        {
          "schema_version": 0,
          "attributes": {
            "arn": "arn:aws:ec2:us-east-1:993407081893:internet-gateway/igw-02cb37736d4ac3666",
            "id": "igw-02cb37736d4ac3666",
            "owner_id": "993407081893",
            "tags": {
              "Name": "igw-us-east-1"
            },
            "tags_all": {
              "Name": "igw-us-east-1"
            },
            "timeouts": null,
            "vpc_id": "vpc-0d8b2c523ad1ee227"
          },
          "sensitive_attributes": [],
          "private": "eyJlMmJmYjczMC1lY2FhLTExZTYtOGY4OC0zNDM2M2JjN2M0YzAiOnsiY3JlYXRlIjoxMjAwMDAwMDAwMDAwLCJkZWxldGUiOjEyMDAwMDAwMDAwMDAsInVwZGF0ZSI6MTIwMDAwMDAwMDAwMH19",
          "dependencies": [
            "module.vpc_virginia.aws_vpc.this"
          ]
        }
      ]
    },
    {
      "module": "module.vpc_virginia",
      "mode": "managed",
      "type": "aws_nat_gateway",
      "name": "nat",
      "provider": "provider[\"registry.terraform.io/hashicorp/aws\"].virginia",
      "instances": [
        {
          "index_key": 0,
          "schema_version": 0,
          "attributes": {
            "allocation_id": "eipalloc-004ff8c2aca328e1b",
            "association_id": "eipassoc-0fb8e013975d405c1",
            "connectivity_type": "public",
            "id": "nat-023b0777133c3ae3e",
            "network_interface_id": "eni-0f44ac2e5b9d835e9",
            "private_ip": "10.0.1.235",
            "public_ip": "54.197.126.213",
            "subnet_id": "subnet-024f9b62f8f68f0d2",
            "tags": {
              "Name": "us-east-1-nat-gateway"
            },
            "tags_all": {
              "Name": "us-east-1-nat-gateway"
            }
          },
          "sensitive_attributes": [],
          "private": "bnVsbA==",
          "dependencies": [
            "module.vpc_virginia.aws_eip.nat",
            "module.vpc_virginia.aws_subnet.public",
            "module.vpc_virginia.aws_vpc.this"
          ]
        }
      ]
    },
    {
      "module": "module.vpc_virginia",
      "mode": "managed",
      "type": "aws_route_table",
      "name": "private",
      "provider": "provider[\"registry.terraform.io/hashicorp/aws\"].virginia",
      "instances": [
        {
          "schema_version": 0,
          "attributes": {
            "arn": "arn:aws:ec2:us-east-1:993407081893:route-table/rtb-02b17f254433bf05f",
            "id": "rtb-02b17f254433bf05f",
            "owner_id": "993407081893",
            "propagating_vgws": [],
            "route": [
              {
                "carrier_gateway_id": "",
                "cidr_block": "0.0.0.0/0",
                "core_network_arn": "",
                "destination_prefix_list_id": "",
                "egress_only_gateway_id": "",
                "gateway_id": "",
                "instance_id": "",
                "ipv6_cidr_block": "",
                "local_gateway_id": "",
                "nat_gateway_id": "nat-023b0777133c3ae3e",
                "network_interface_id": "",
                "transit_gateway_id": "",
                "vpc_endpoint_id": "",
                "vpc_peering_connection_id": ""
              }
            ],
            "tags": {
              "Name": "private-rt-us-east-1"
            },
            "tags_all": {
              "Name": "private-rt-us-east-1"
            },
            "timeouts": null,
            "vpc_id": "vpc-0d8b2c523ad1ee227"
          },
          "sensitive_attributes": [],
          "private": "eyJlMmJmYjczMC1lY2FhLTExZTYtOGY4OC0zNDM2M2JjN2M0YzAiOnsiY3JlYXRlIjozMDAwMDAwMDAwMDAsImRlbGV0ZSI6MzAwMDAwMDAwMDAwLCJ1cGRhdGUiOjEyMDAwMDAwMDAwMH19",
          "dependencies": [
            "module.vpc_virginia.aws_eip.nat",
            "module.vpc_virginia.aws_nat_gateway.nat",
            "module.vpc_virginia.aws_subnet.public",
            "module.vpc_virginia.aws_vpc.this"
          ]
        }
      ]
    },
    {
      "module": "module.vpc_virginia",
      "mode": "managed",
      "type": "aws_route_table",
      "name": "public",
      "provider": "provider[\"registry.terraform.io/hashicorp/aws\"].virginia",
      "instances": [
        {
          "schema_version": 0,
          "attributes": {
            "arn": "arn:aws:ec2:us-east-1:993407081893:route-table/rtb-00d6712bcd3e8fa3f",
            "id": "rtb-00d6712bcd3e8fa3f",
            "owner_id": "993407081893",
            "propagating_vgws": [],
            "route": [
              {
                "carrier_gateway_id": "",
                "cidr_block": "0.0.0.0/0",
                "core_network_arn": "",
                "destination_prefix_list_id": "",
                "egress_only_gateway_id": "",
                "gateway_id": "igw-02cb37736d4ac3666",
                "instance_id": "",
                "ipv6_cidr_block": "",
                "local_gateway_id": "",
                "nat_gateway_id": "",
                "network_interface_id": "",
                "transit_gateway_id": "",
                "vpc_endpoint_id": "",
                "vpc_peering_connection_id": ""
              }
            ],
            "tags": {
              "Name": "public-rt-us-east-1"
            },
            "tags_all": {
              "Name": "public-rt-us-east-1"
            },
            "timeouts": null,
            "vpc_id": "vpc-0d8b2c523ad1ee227"
          },
          "sensitive_attributes": [],
          "private": "eyJlMmJmYjczMC1lY2FhLTExZTYtOGY4OC0zNDM2M2JjN2M0YzAiOnsiY3JlYXRlIjozMDAwMDAwMDAwMDAsImRlbGV0ZSI6MzAwMDAwMDAwMDAwLCJ1cGRhdGUiOjEyMDAwMDAwMDAwMH19",
          "dependencies": [
            "module.vpc_virginia.aws_internet_gateway.this",
            "module.vpc_virginia.aws_vpc.this"
          ]
        }
      ]
    },
    {
      "module": "module.vpc_virginia",
      "mode": "managed",
      "type": "aws_route_table_association",
      "name": "private",
      "provider": "provider[\"registry.terraform.io/hashicorp/aws\"].virginia",
      "instances": [
        {
          "index_key": 0,
          "schema_version": 0,
          "attributes": {
            "gateway_id": "",
            "id": "rtbassoc-0856b821aec51b9ec",
            "route_table_id": "rtb-02b17f254433bf05f",
            "subnet_id": "subnet-0d0fb0279e955c960",
            "timeouts": null
          },
          "sensitive_attributes": [],
          "private": "eyJlMmJmYjczMC1lY2FhLTExZTYtOGY4OC0zNDM2M2JjN2M0YzAiOnsiY3JlYXRlIjozMDAwMDAwMDAwMDAsImRlbGV0ZSI6MzAwMDAwMDAwMDAwLCJ1cGRhdGUiOjEyMDAwMDAwMDAwMH19",
          "dependencies": [
            "module.vpc_virginia.aws_eip.nat",
            "module.vpc_virginia.aws_nat_gateway.nat",
            "module.vpc_virginia.aws_route_table.private",
            "module.vpc_virginia.aws_subnet.private",
            "module.vpc_virginia.aws_subnet.public",
            "module.vpc_virginia.aws_vpc.this"
          ]
        },
        {
          "index_key": 1,
          "schema_version": 0,
          "attributes": {
            "gateway_id": "",
            "id": "rtbassoc-0b3a7e6d36c7647bb",
            "route_table_id": "rtb-02b17f254433bf05f",
            "subnet_id": "subnet-075f02d5052f3bedb",
            "timeouts": null
          },
          "sensitive_attributes": [],
          "private": "eyJlMmJmYjczMC1lY2FhLTExZTYtOGY4OC0zNDM2M2JjN2M0YzAiOnsiY3JlYXRlIjozMDAwMDAwMDAwMDAsImRlbGV0ZSI6MzAwMDAwMDAwMDAwLCJ1cGRhdGUiOjEyMDAwMDAwMDAwMH19",
          "dependencies": [
            "module.vpc_virginia.aws_eip.nat",
            "module.vpc_virginia.aws_nat_gateway.nat",
            "module.vpc_virginia.aws_route_table.private",
            "module.vpc_virginia.aws_subnet.private",
            "module.vpc_virginia.aws_subnet.public",
            "module.vpc_virginia.aws_vpc.this"
          ]
        }
      ]
    },
    {
      "module": "module.vpc_virginia",
      "mode": "managed",
      "type": "aws_route_table_association",
      "name": "public",
      "provider": "provider[\"registry.terraform.io/hashicorp/aws\"].virginia",
      "instances": [
        {
          "index_key": 0,
          "schema_version": 0,
          "attributes": {
            "gateway_id": "",
            "id": "rtbassoc-027d18122e1244b68",
            "route_table_id": "rtb-00d6712bcd3e8fa3f",
            "subnet_id": "subnet-024f9b62f8f68f0d2",
            "timeouts": null
          },
          "sensitive_attributes": [],
          "private": "eyJlMmJmYjczMC1lY2FhLTExZTYtOGY4OC0zNDM2M2JjN2M0YzAiOnsiY3JlYXRlIjozMDAwMDAwMDAwMDAsImRlbGV0ZSI6MzAwMDAwMDAwMDAwLCJ1cGRhdGUiOjEyMDAwMDAwMDAwMH19",
          "dependencies": [
            "module.vpc_virginia.aws_internet_gateway.this",
            "module.vpc_virginia.aws_route_table.public",
            "module.vpc_virginia.aws_subnet.public",
            "module.vpc_virginia.aws_vpc.this"
          ]
        },
        {
          "index_key": 1,
          "schema_version": 0,
          "attributes": {
            "gateway_id": "",
            "id": "rtbassoc-09e56a74f471f8872",
            "route_table_id": "rtb-00d6712bcd3e8fa3f",
            "subnet_id": "subnet-0fad6da6ecc677396",
            "timeouts": null
          },
          "sensitive_attributes": [],
          "private": "eyJlMmJmYjczMC1lY2FhLTExZTYtOGY4OC0zNDM2M2JjN2M0YzAiOnsiY3JlYXRlIjozMDAwMDAwMDAwMDAsImRlbGV0ZSI6MzAwMDAwMDAwMDAwLCJ1cGRhdGUiOjEyMDAwMDAwMDAwMH19",
          "dependencies": [
            "module.vpc_virginia.aws_internet_gateway.this",
            "module.vpc_virginia.aws_route_table.public",
            "module.vpc_virginia.aws_subnet.public",
            "module.vpc_virginia.aws_vpc.this"
          ]
        }
      ]
    },
    {
      "module": "module.vpc_virginia",
      "mode": "managed",
      "type": "aws_subnet",
      "name": "private",
      "provider": "provider[\"registry.terraform.io/hashicorp/aws\"].virginia",
      "instances": [
        {
          "index_key": 0,
          "schema_version": 1,
          "attributes": {
            "arn": "arn:aws:ec2:us-east-1:993407081893:subnet/subnet-0d0fb0279e955c960",
            "assign_ipv6_address_on_creation": false,
            "availability_zone": "us-east-1a",
            "availability_zone_id": "use1-az4",
            "cidr_block": "10.0.3.0/24",
            "customer_owned_ipv4_pool": "",
            "enable_dns64": false,
            "enable_lni_at_device_index": 0,
            "enable_resource_name_dns_a_record_on_launch": false,
            "enable_resource_name_dns_aaaa_record_on_launch": false,
            "id": "subnet-0d0fb0279e955c960",
            "ipv6_cidr_block": "",
            "ipv6_cidr_block_association_id": "",
            "ipv6_native": false,
            "map_customer_owned_ip_on_launch": false,
            "map_public_ip_on_launch": false,
            "outpost_arn": "",
            "owner_id": "993407081893",
            "private_dns_hostname_type_on_launch": "ip-name",
            "tags": {
              "Name": "private-0-us-east-1"
            },
            "tags_all": {
              "Name": "private-0-us-east-1"
            },
            "timeouts": null,
            "vpc_id": "vpc-0d8b2c523ad1ee227"
          },
          "sensitive_attributes": [],
          "private": "eyJlMmJmYjczMC1lY2FhLTExZTYtOGY4OC0zNDM2M2JjN2M0YzAiOnsiY3JlYXRlIjo2MDAwMDAwMDAwMDAsImRlbGV0ZSI6MTIwMDAwMDAwMDAwMH0sInNjaGVtYV92ZXJzaW9uIjoiMSJ9",
          "dependencies": [
            "module.vpc_virginia.aws_vpc.this"
          ]
        },
        {
          "index_key": 1,
          "schema_version": 1,
          "attributes": {
            "arn": "arn:aws:ec2:us-east-1:993407081893:subnet/subnet-075f02d5052f3bedb",
            "assign_ipv6_address_on_creation": false,
            "availability_zone": "us-east-1b",
            "availability_zone_id": "use1-az6",
            "cidr_block": "10.0.4.0/24",
            "customer_owned_ipv4_pool": "",
            "enable_dns64": false,
            "enable_lni_at_device_index": 0,
            "enable_resource_name_dns_a_record_on_launch": false,
            "enable_resource_name_dns_aaaa_record_on_launch": false,
            "id": "subnet-075f02d5052f3bedb",
            "ipv6_cidr_block": "",
            "ipv6_cidr_block_association_id": "",
            "ipv6_native": false,
            "map_customer_owned_ip_on_launch": false,
            "map_public_ip_on_launch": false,
            "outpost_arn": "",
            "owner_id": "993407081893",
            "private_dns_hostname_type_on_launch": "ip-name",
            "tags": {
              "Name": "private-1-us-east-1"
            },
            "tags_all": {
              "Name": "private-1-us-east-1"
            },
            "timeouts": null,
            "vpc_id": "vpc-0d8b2c523ad1ee227"
          },
          "sensitive_attributes": [],
          "private": "eyJlMmJmYjczMC1lY2FhLTExZTYtOGY4OC0zNDM2M2JjN2M0YzAiOnsiY3JlYXRlIjo2MDAwMDAwMDAwMDAsImRlbGV0ZSI6MTIwMDAwMDAwMDAwMH0sInNjaGVtYV92ZXJzaW9uIjoiMSJ9",
          "dependencies": [
            "module.vpc_virginia.aws_vpc.this"
          ]
        }
      ]
    },
    {
      "module": "module.vpc_virginia",
      "mode": "managed",
      "type": "aws_subnet",
      "name": "public",
      "provider": "provider[\"registry.terraform.io/hashicorp/aws\"].virginia",
      "instances": [
        {
          "index_key": 0,
          "schema_version": 1,
          "attributes": {
            "arn": "arn:aws:ec2:us-east-1:993407081893:subnet/subnet-024f9b62f8f68f0d2",
            "assign_ipv6_address_on_creation": false,
            "availability_zone": "us-east-1a",
            "availability_zone_id": "use1-az4",
            "cidr_block": "10.0.1.0/24",
            "customer_owned_ipv4_pool": "",
            "enable_dns64": false,
            "enable_lni_at_device_index": 0,
            "enable_resource_name_dns_a_record_on_launch": false,
            "enable_resource_name_dns_aaaa_record_on_launch": false,
            "id": "subnet-024f9b62f8f68f0d2",
            "ipv6_cidr_block": "",
            "ipv6_cidr_block_association_id": "",
            "ipv6_native": false,
            "map_customer_owned_ip_on_launch": false,
            "map_public_ip_on_launch": true,
            "outpost_arn": "",
            "owner_id": "993407081893",
            "private_dns_hostname_type_on_launch": "ip-name",
            "tags": {
              "Name": "public-0-us-east-1"
            },
            "tags_all": {
              "Name": "public-0-us-east-1"
            },
            "timeouts": null,
            "vpc_id": "vpc-0d8b2c523ad1ee227"
          },
          "sensitive_attributes": [],
          "private": "eyJlMmJmYjczMC1lY2FhLTExZTYtOGY4OC0zNDM2M2JjN2M0YzAiOnsiY3JlYXRlIjo2MDAwMDAwMDAwMDAsImRlbGV0ZSI6MTIwMDAwMDAwMDAwMH0sInNjaGVtYV92ZXJzaW9uIjoiMSJ9",
          "dependencies": [
            "module.vpc_virginia.aws_vpc.this"
          ],
          "create_before_destroy": true
        },
        {
          "index_key": 1,
          "schema_version": 1,
          "attributes": {
            "arn": "arn:aws:ec2:us-east-1:993407081893:subnet/subnet-0fad6da6ecc677396",
            "assign_ipv6_address_on_creation": false,
            "availability_zone": "us-east-1b",
            "availability_zone_id": "use1-az6",
            "cidr_block": "10.0.2.0/24",
            "customer_owned_ipv4_pool": "",
            "enable_dns64": false,
            "enable_lni_at_device_index": 0,
            "enable_resource_name_dns_a_record_on_launch": false,
            "enable_resource_name_dns_aaaa_record_on_launch": false,
            "id": "subnet-0fad6da6ecc677396",
            "ipv6_cidr_block": "",
            "ipv6_cidr_block_association_id": "",
            "ipv6_native": false,
            "map_customer_owned_ip_on_launch": false,
            "map_public_ip_on_launch": true,
            "outpost_arn": "",
            "owner_id": "993407081893",
            "private_dns_hostname_type_on_launch": "ip-name",
            "tags": {
              "Name": "public-1-us-east-1"
            },
            "tags_all": {
              "Name": "public-1-us-east-1"
            },
            "timeouts": null,
            "vpc_id": "vpc-0d8b2c523ad1ee227"
          },
          "sensitive_attributes": [],
          "private": "eyJlMmJmYjczMC1lY2FhLTExZTYtOGY4OC0zNDM2M2JjN2M0YzAiOnsiY3JlYXRlIjo2MDAwMDAwMDAwMDAsImRlbGV0ZSI6MTIwMDAwMDAwMDAwMH0sInNjaGVtYV92ZXJzaW9uIjoiMSJ9",
          "dependencies": [
            "module.vpc_virginia.aws_vpc.this"
          ],
          "create_before_destroy": true
        }
      ]
    },
    {
      "module": "module.vpc_virginia",
      "mode": "managed",
      "type": "aws_vpc",
      "name": "this",
      "provider": "provider[\"registry.terraform.io/hashicorp/aws\"].virginia",
      "instances": [
        {
          "schema_version": 1,
          "attributes": {
            "arn": "arn:aws:ec2:us-east-1:993407081893:vpc/vpc-0d8b2c523ad1ee227",
            "assign_generated_ipv6_cidr_block": false,
            "cidr_block": "10.0.0.0/16",
            "default_network_acl_id": "acl-065d2d19c035b201e",
            "default_route_table_id": "rtb-0b282336597d743cb",
            "default_security_group_id": "sg-08856cc1ac85f939a",
            "dhcp_options_id": "dopt-12589a75",
            "enable_classiclink": false,
            "enable_classiclink_dns_support": false,
            "enable_dns_hostnames": true,
            "enable_dns_support": true,
            "enable_network_address_usage_metrics": false,
            "id": "vpc-0d8b2c523ad1ee227",
            "instance_tenancy": "default",
            "ipv4_ipam_pool_id": null,
            "ipv4_netmask_length": null,
            "ipv6_association_id": "",
            "ipv6_cidr_block": "",
            "ipv6_cidr_block_network_border_group": "",
            "ipv6_ipam_pool_id": "",
            "ipv6_netmask_length": 0,
            "main_route_table_id": "rtb-0b282336597d743cb",
            "owner_id": "993407081893",
            "tags": {
              "Name": "vpc-us-east-1"
            },
            "tags_all": {
              "Name": "vpc-us-east-1"
            }
          },
          "sensitive_attributes": [],
          "private": "eyJzY2hlbWFfdmVyc2lvbiI6IjEifQ==",
          "create_before_destroy": true
        }
      ]
    }
  ],
  "check_results": null
}
