{
  "version": 4,
  "terraform_version": "1.8.5",
  "serial": 17650,
  "lineage": "f36e03d1-beba-da02-0869-ee451da8585a",
  "outputs": {
    "alb_oregon_dns_name": {
      "value": "ALB-Main-Oregon-1475989167.us-west-2.elb.amazonaws.com",
      "type": "string"
    },
    "alb_virginia_dns_name": {
      "value": "ALB-Main-Virginia-1138629594.us-east-1.elb.amazonaws.com",
      "type": "string"
    },
    "instance_info_bastion_oregon": {
      "value": "Bastion Oregon - i-05c28a8ea7103d6e9",
      "type": "string"
    },
    "instance_info_bastion_virginia": {
      "value": "Bastion Virginia - i-0fd6519c2cc7342e0",
      "type": "string"
    },
    "task_execution_role_arn": {
      "value": "arn:aws:iam::993407081893:role/ecsTaskExecutionRole",
      "type": "string"
    },
    "task_role_arn": {
      "value": "arn:aws:iam::993407081893:role/ecsTaskRole",
      "type": "string"
    }
  },
  "resources": [
    {
      "mode": "data",
      "type": "aws_elb_service_account",
      "name": "main",
      "provider": "provider[\"registry.terraform.io/hashicorp/aws\"]",
      "instances": [
        {
          "schema_version": 0,
          "attributes": {
            "arn": "arn:aws:iam::127311923021:root",
            "id": "127311923021",
            "region": null
          },
          "sensitive_attributes": []
        }
      ]
    },
    {
      "mode": "managed",
      "type": "aws_ec2_transit_gateway",
      "name": "oregon",
      "provider": "provider[\"registry.terraform.io/hashicorp/aws\"].oregon",
      "instances": [
        {
          "schema_version": 0,
          "attributes": {
            "amazon_side_asn": 64512,
            "arn": "arn:aws:ec2:us-west-2:993407081893:transit-gateway/tgw-050119c43a4443306",
            "association_default_route_table_id": "tgw-rtb-008e394836271b1b3",
            "auto_accept_shared_attachments": "disable",
            "default_route_table_association": "enable",
            "default_route_table_propagation": "enable",
            "description": "Transit Gateway for Oregon region",
            "dns_support": "enable",
            "id": "tgw-050119c43a4443306",
            "multicast_support": "disable",
            "owner_id": "993407081893",
            "propagation_default_route_table_id": "tgw-rtb-008e394836271b1b3",
            "tags": {
              "Name": "transit-gateway-oregon"
            },
            "tags_all": {
              "Name": "transit-gateway-oregon"
            },
            "timeouts": null,
            "transit_gateway_cidr_blocks": null,
            "vpn_ecmp_support": "enable"
          },
          "sensitive_attributes": [],
          "private": "eyJlMmJmYjczMC1lY2FhLTExZTYtOGY4OC0zNDM2M2JjN2M0YzAiOnsiY3JlYXRlIjo2MDAwMDAwMDAwMDAsImRlbGV0ZSI6NjAwMDAwMDAwMDAwLCJ1cGRhdGUiOjYwMDAwMDAwMDAwMH19"
        }
      ]
    },
    {
      "mode": "managed",
      "type": "aws_ec2_transit_gateway",
      "name": "virginia",
      "provider": "provider[\"registry.terraform.io/hashicorp/aws\"].virginia",
      "instances": [
        {
          "schema_version": 0,
          "attributes": {
            "amazon_side_asn": 64512,
            "arn": "arn:aws:ec2:us-east-1:993407081893:transit-gateway/tgw-04f6bc2e8c999acf3",
            "association_default_route_table_id": "tgw-rtb-0d7448df6b32e9a36",
            "auto_accept_shared_attachments": "disable",
            "default_route_table_association": "enable",
            "default_route_table_propagation": "enable",
            "description": "Transit Gateway for Virginia region",
            "dns_support": "enable",
            "id": "tgw-04f6bc2e8c999acf3",
            "multicast_support": "disable",
            "owner_id": "993407081893",
            "propagation_default_route_table_id": "tgw-rtb-0d7448df6b32e9a36",
            "tags": {
              "Name": "transit-gateway-virginia"
            },
            "tags_all": {
              "Name": "transit-gateway-virginia"
            },
            "timeouts": null,
            "transit_gateway_cidr_blocks": null,
            "vpn_ecmp_support": "enable"
          },
          "sensitive_attributes": [],
          "private": "eyJlMmJmYjczMC1lY2FhLTExZTYtOGY4OC0zNDM2M2JjN2M0YzAiOnsiY3JlYXRlIjo2MDAwMDAwMDAwMDAsImRlbGV0ZSI6NjAwMDAwMDAwMDAwLCJ1cGRhdGUiOjYwMDAwMDAwMDAwMH19"
        }
      ]
    },
    {
      "mode": "managed",
      "type": "aws_ecs_cluster",
      "name": "ecs_cluster_virginia",
      "provider": "provider[\"registry.terraform.io/hashicorp/aws\"].virginia",
      "instances": [
        {
          "schema_version": 0,
          "attributes": {
            "arn": "arn:aws:ecs:us-east-1:993407081893:cluster/Dev-Prod-Cluster-Puntoxpress",
            "capacity_providers": [],
            "configuration": [],
            "default_capacity_provider_strategy": [],
            "id": "arn:aws:ecs:us-east-1:993407081893:cluster/Dev-Prod-Cluster-Puntoxpress",
            "name": "Dev-Prod-Cluster-Puntoxpress",
            "service_connect_defaults": [],
            "setting": [
              {
                "name": "containerInsights",
                "value": "disabled"
              }
            ],
            "tags": null,
            "tags_all": {}
          },
          "sensitive_attributes": [],
          "private": "bnVsbA=="
        }
      ]
    },
    {
      "mode": "managed",
      "type": "aws_ecs_service",
      "name": "ecs_service_virginia",
      "provider": "provider[\"registry.terraform.io/hashicorp/aws\"].virginia",
      "instances": [
        {
          "index_key": 0,
          "schema_version": 0,
          "attributes": {
            "alarms": [],
            "capacity_provider_strategy": [],
            "cluster": "arn:aws:ecs:us-east-1:993407081893:cluster/Dev-Prod-Cluster-Puntoxpress",
            "deployment_circuit_breaker": [
              {
                "enable": false,
                "rollback": false
              }
            ],
            "deployment_controller": [
              {
                "type": "ECS"
              }
            ],
            "deployment_maximum_percent": 200,
            "deployment_minimum_healthy_percent": 100,
            "desired_count": 1,
            "enable_ecs_managed_tags": false,
            "enable_execute_command": false,
            "force_new_deployment": null,
            "health_check_grace_period_seconds": 0,
            "iam_role": "/aws-service-role/ecs.amazonaws.com/AWSServiceRoleForECS",
            "id": "arn:aws:ecs:us-east-1:993407081893:service/Dev-Prod-Cluster-Puntoxpress/Dev-ecs-service-1",
            "launch_type": "FARGATE",
            "load_balancer": [
              {
                "container_name": "app",
                "container_port": 80,
                "elb_name": "",
                "target_group_arn": "arn:aws:elasticloadbalancing:us-east-1:993407081893:targetgroup/Dev-TGroup-Puntoxpress-1/de0fea93c177c246"
              }
            ],
            "name": "Dev-ecs-service-1",
            "network_configuration": [
              {
                "assign_public_ip": true,
                "security_groups": [
                  "sg-0d51bffcf3959cf64"
                ],
                "subnets": [
                  "subnet-09927275552be6298",
                  "subnet-0c82e0bf819e79470"
                ]
              }
            ],
            "ordered_placement_strategy": [],
            "placement_constraints": [],
            "platform_version": "LATEST",
            "propagate_tags": "NONE",
            "scheduling_strategy": "REPLICA",
            "service_connect_configuration": [],
            "service_registries": [],
            "tags": null,
            "tags_all": {},
            "task_definition": "arn:aws:ecs:us-east-1:993407081893:task-definition/Dev-task-def-1:6",
            "timeouts": null,
            "triggers": {},
            "wait_for_steady_state": false
          },
          "sensitive_attributes": [],
          "private": "eyJlMmJmYjczMC1lY2FhLTExZTYtOGY4OC0zNDM2M2JjN2M0YzAiOnsiY3JlYXRlIjoxMjAwMDAwMDAwMDAwLCJkZWxldGUiOjEyMDAwMDAwMDAwMDAsInVwZGF0ZSI6MTIwMDAwMDAwMDAwMH19",
          "dependencies": [
            "aws_ecs_cluster.ecs_cluster_virginia",
            "aws_ecs_task_definition.task_def_virginia",
            "aws_iam_role.ecs_task_execution_role",
            "aws_iam_role.ecs_task_role",
            "aws_iam_role_policy.ecs_task_policy",
            "aws_iam_role_policy_attachment.ecs_task_execution_role_policy",
            "aws_lb.app_lb_virginia",
            "aws_lb_listener.https_listener_virginia",
            "aws_lb_target_group.app_tg_virginia",
            "aws_security_group.lb_sg_virginia",
            "module.vpc_virginia.aws_subnet.public",
            "module.vpc_virginia.aws_vpc.this",
            "time_sleep.wait_30_seconds"
          ]
        },
        {
          "index_key": 1,
          "schema_version": 0,
          "attributes": {
            "alarms": [],
            "capacity_provider_strategy": [],
            "cluster": "arn:aws:ecs:us-east-1:993407081893:cluster/Dev-Prod-Cluster-Puntoxpress",
            "deployment_circuit_breaker": [
              {
                "enable": false,
                "rollback": false
              }
            ],
            "deployment_controller": [
              {
                "type": "ECS"
              }
            ],
            "deployment_maximum_percent": 200,
            "deployment_minimum_healthy_percent": 100,
            "desired_count": 1,
            "enable_ecs_managed_tags": false,
            "enable_execute_command": false,
            "force_new_deployment": null,
            "health_check_grace_period_seconds": 0,
            "iam_role": "/aws-service-role/ecs.amazonaws.com/AWSServiceRoleForECS",
            "id": "arn:aws:ecs:us-east-1:993407081893:service/Dev-Prod-Cluster-Puntoxpress/Dev-ecs-service-2",
            "launch_type": "FARGATE",
            "load_balancer": [
              {
                "container_name": "app",
                "container_port": 80,
                "elb_name": "",
                "target_group_arn": "arn:aws:elasticloadbalancing:us-east-1:993407081893:targetgroup/Dev-TGroup-Puntoxpress-2/521a417dd4c4193d"
              }
            ],
            "name": "Dev-ecs-service-2",
            "network_configuration": [
              {
                "assign_public_ip": true,
                "security_groups": [
                  "sg-0d51bffcf3959cf64"
                ],
                "subnets": [
                  "subnet-09927275552be6298",
                  "subnet-0c82e0bf819e79470"
                ]
              }
            ],
            "ordered_placement_strategy": [],
            "placement_constraints": [],
            "platform_version": "LATEST",
            "propagate_tags": "NONE",
            "scheduling_strategy": "REPLICA",
            "service_connect_configuration": [],
            "service_registries": [],
            "tags": null,
            "tags_all": {},
            "task_definition": "arn:aws:ecs:us-east-1:993407081893:task-definition/Dev-task-def-2:6",
            "timeouts": null,
            "triggers": {},
            "wait_for_steady_state": false
          },
          "sensitive_attributes": [],
          "private": "eyJlMmJmYjczMC1lY2FhLTExZTYtOGY4OC0zNDM2M2JjN2M0YzAiOnsiY3JlYXRlIjoxMjAwMDAwMDAwMDAwLCJkZWxldGUiOjEyMDAwMDAwMDAwMDAsInVwZGF0ZSI6MTIwMDAwMDAwMDAwMH19",
          "dependencies": [
            "aws_ecs_cluster.ecs_cluster_virginia",
            "aws_ecs_task_definition.task_def_virginia",
            "aws_iam_role.ecs_task_execution_role",
            "aws_iam_role.ecs_task_role",
            "aws_iam_role_policy.ecs_task_policy",
            "aws_iam_role_policy_attachment.ecs_task_execution_role_policy",
            "aws_lb.app_lb_virginia",
            "aws_lb_listener.https_listener_virginia",
            "aws_lb_target_group.app_tg_virginia",
            "aws_security_group.lb_sg_virginia",
            "module.vpc_virginia.aws_subnet.public",
            "module.vpc_virginia.aws_vpc.this",
            "time_sleep.wait_30_seconds"
          ]
        },
        {
          "index_key": 2,
          "schema_version": 0,
          "attributes": {
            "alarms": [],
            "capacity_provider_strategy": [],
            "cluster": "arn:aws:ecs:us-east-1:993407081893:cluster/Dev-Prod-Cluster-Puntoxpress",
            "deployment_circuit_breaker": [
              {
                "enable": false,
                "rollback": false
              }
            ],
            "deployment_controller": [
              {
                "type": "ECS"
              }
            ],
            "deployment_maximum_percent": 200,
            "deployment_minimum_healthy_percent": 100,
            "desired_count": 1,
            "enable_ecs_managed_tags": false,
            "enable_execute_command": false,
            "force_new_deployment": null,
            "health_check_grace_period_seconds": 0,
            "iam_role": "/aws-service-role/ecs.amazonaws.com/AWSServiceRoleForECS",
            "id": "arn:aws:ecs:us-east-1:993407081893:service/Dev-Prod-Cluster-Puntoxpress/Dev-ecs-service-3",
            "launch_type": "FARGATE",
            "load_balancer": [
              {
                "container_name": "app",
                "container_port": 80,
                "elb_name": "",
                "target_group_arn": "arn:aws:elasticloadbalancing:us-east-1:993407081893:targetgroup/Dev-TGroup-Puntoxpress-3/7ddb8edf2cbf4e50"
              }
            ],
            "name": "Dev-ecs-service-3",
            "network_configuration": [
              {
                "assign_public_ip": true,
                "security_groups": [
                  "sg-0d51bffcf3959cf64"
                ],
                "subnets": [
                  "subnet-09927275552be6298",
                  "subnet-0c82e0bf819e79470"
                ]
              }
            ],
            "ordered_placement_strategy": [],
            "placement_constraints": [],
            "platform_version": "LATEST",
            "propagate_tags": "NONE",
            "scheduling_strategy": "REPLICA",
            "service_connect_configuration": [],
            "service_registries": [],
            "tags": null,
            "tags_all": {},
            "task_definition": "arn:aws:ecs:us-east-1:993407081893:task-definition/Dev-task-def-3:6",
            "timeouts": null,
            "triggers": {},
            "wait_for_steady_state": false
          },
          "sensitive_attributes": [],
          "private": "eyJlMmJmYjczMC1lY2FhLTExZTYtOGY4OC0zNDM2M2JjN2M0YzAiOnsiY3JlYXRlIjoxMjAwMDAwMDAwMDAwLCJkZWxldGUiOjEyMDAwMDAwMDAwMDAsInVwZGF0ZSI6MTIwMDAwMDAwMDAwMH19",
          "dependencies": [
            "aws_ecs_cluster.ecs_cluster_virginia",
            "aws_ecs_task_definition.task_def_virginia",
            "aws_iam_role.ecs_task_execution_role",
            "aws_iam_role.ecs_task_role",
            "aws_iam_role_policy.ecs_task_policy",
            "aws_iam_role_policy_attachment.ecs_task_execution_role_policy",
            "aws_lb.app_lb_virginia",
            "aws_lb_listener.https_listener_virginia",
            "aws_lb_target_group.app_tg_virginia",
            "aws_security_group.lb_sg_virginia",
            "module.vpc_virginia.aws_subnet.public",
            "module.vpc_virginia.aws_vpc.this",
            "time_sleep.wait_30_seconds"
          ]
        },
        {
          "index_key": 3,
          "schema_version": 0,
          "attributes": {
            "alarms": [],
            "capacity_provider_strategy": [],
            "cluster": "arn:aws:ecs:us-east-1:993407081893:cluster/Dev-Prod-Cluster-Puntoxpress",
            "deployment_circuit_breaker": [
              {
                "enable": false,
                "rollback": false
              }
            ],
            "deployment_controller": [
              {
                "type": "ECS"
              }
            ],
            "deployment_maximum_percent": 200,
            "deployment_minimum_healthy_percent": 100,
            "desired_count": 1,
            "enable_ecs_managed_tags": false,
            "enable_execute_command": false,
            "force_new_deployment": null,
            "health_check_grace_period_seconds": 0,
            "iam_role": "/aws-service-role/ecs.amazonaws.com/AWSServiceRoleForECS",
            "id": "arn:aws:ecs:us-east-1:993407081893:service/Dev-Prod-Cluster-Puntoxpress/Dev-ecs-service-4",
            "launch_type": "FARGATE",
            "load_balancer": [
              {
                "container_name": "app",
                "container_port": 80,
                "elb_name": "",
                "target_group_arn": "arn:aws:elasticloadbalancing:us-east-1:993407081893:targetgroup/Dev-TGroup-Puntoxpress-4/0aec137adfbadd61"
              }
            ],
            "name": "Dev-ecs-service-4",
            "network_configuration": [
              {
                "assign_public_ip": true,
                "security_groups": [
                  "sg-0d51bffcf3959cf64"
                ],
                "subnets": [
                  "subnet-09927275552be6298",
                  "subnet-0c82e0bf819e79470"
                ]
              }
            ],
            "ordered_placement_strategy": [],
            "placement_constraints": [],
            "platform_version": "LATEST",
            "propagate_tags": "NONE",
            "scheduling_strategy": "REPLICA",
            "service_connect_configuration": [],
            "service_registries": [],
            "tags": null,
            "tags_all": {},
            "task_definition": "arn:aws:ecs:us-east-1:993407081893:task-definition/Dev-task-def-4:6",
            "timeouts": null,
            "triggers": {},
            "wait_for_steady_state": false
          },
          "sensitive_attributes": [],
          "private": "eyJlMmJmYjczMC1lY2FhLTExZTYtOGY4OC0zNDM2M2JjN2M0YzAiOnsiY3JlYXRlIjoxMjAwMDAwMDAwMDAwLCJkZWxldGUiOjEyMDAwMDAwMDAwMDAsInVwZGF0ZSI6MTIwMDAwMDAwMDAwMH19",
          "dependencies": [
            "aws_ecs_cluster.ecs_cluster_virginia",
            "aws_ecs_task_definition.task_def_virginia",
            "aws_iam_role.ecs_task_execution_role",
            "aws_iam_role.ecs_task_role",
            "aws_iam_role_policy.ecs_task_policy",
            "aws_iam_role_policy_attachment.ecs_task_execution_role_policy",
            "aws_lb.app_lb_virginia",
            "aws_lb_listener.https_listener_virginia",
            "aws_lb_target_group.app_tg_virginia",
            "aws_security_group.lb_sg_virginia",
            "module.vpc_virginia.aws_subnet.public",
            "module.vpc_virginia.aws_vpc.this",
            "time_sleep.wait_30_seconds"
          ]
        },
        {
          "index_key": 4,
          "schema_version": 0,
          "attributes": {
            "alarms": [],
            "capacity_provider_strategy": [],
            "cluster": "arn:aws:ecs:us-east-1:993407081893:cluster/Dev-Prod-Cluster-Puntoxpress",
            "deployment_circuit_breaker": [
              {
                "enable": false,
                "rollback": false
              }
            ],
            "deployment_controller": [
              {
                "type": "ECS"
              }
            ],
            "deployment_maximum_percent": 200,
            "deployment_minimum_healthy_percent": 100,
            "desired_count": 1,
            "enable_ecs_managed_tags": false,
            "enable_execute_command": false,
            "force_new_deployment": null,
            "health_check_grace_period_seconds": 0,
            "iam_role": "/aws-service-role/ecs.amazonaws.com/AWSServiceRoleForECS",
            "id": "arn:aws:ecs:us-east-1:993407081893:service/Dev-Prod-Cluster-Puntoxpress/Dev-ecs-service-5",
            "launch_type": "FARGATE",
            "load_balancer": [
              {
                "container_name": "app",
                "container_port": 80,
                "elb_name": "",
                "target_group_arn": "arn:aws:elasticloadbalancing:us-east-1:993407081893:targetgroup/Dev-TGroup-Puntoxpress-5/c7e98415e615856d"
              }
            ],
            "name": "Dev-ecs-service-5",
            "network_configuration": [
              {
                "assign_public_ip": true,
                "security_groups": [
                  "sg-0d51bffcf3959cf64"
                ],
                "subnets": [
                  "subnet-09927275552be6298",
                  "subnet-0c82e0bf819e79470"
                ]
              }
            ],
            "ordered_placement_strategy": [],
            "placement_constraints": [],
            "platform_version": "LATEST",
            "propagate_tags": "NONE",
            "scheduling_strategy": "REPLICA",
            "service_connect_configuration": [],
            "service_registries": [],
            "tags": null,
            "tags_all": {},
            "task_definition": "arn:aws:ecs:us-east-1:993407081893:task-definition/Dev-task-def-5:6",
            "timeouts": null,
            "triggers": {},
            "wait_for_steady_state": false
          },
          "sensitive_attributes": [],
          "private": "eyJlMmJmYjczMC1lY2FhLTExZTYtOGY4OC0zNDM2M2JjN2M0YzAiOnsiY3JlYXRlIjoxMjAwMDAwMDAwMDAwLCJkZWxldGUiOjEyMDAwMDAwMDAwMDAsInVwZGF0ZSI6MTIwMDAwMDAwMDAwMH19",
          "dependencies": [
            "aws_ecs_cluster.ecs_cluster_virginia",
            "aws_ecs_task_definition.task_def_virginia",
            "aws_iam_role.ecs_task_execution_role",
            "aws_iam_role.ecs_task_role",
            "aws_iam_role_policy.ecs_task_policy",
            "aws_iam_role_policy_attachment.ecs_task_execution_role_policy",
            "aws_lb.app_lb_virginia",
            "aws_lb_listener.https_listener_virginia",
            "aws_lb_target_group.app_tg_virginia",
            "aws_security_group.lb_sg_virginia",
            "module.vpc_virginia.aws_subnet.public",
            "module.vpc_virginia.aws_vpc.this",
            "time_sleep.wait_30_seconds"
          ]
        },
        {
          "index_key": 5,
          "schema_version": 0,
          "attributes": {
            "alarms": [],
            "capacity_provider_strategy": [],
            "cluster": "arn:aws:ecs:us-east-1:993407081893:cluster/Dev-Prod-Cluster-Puntoxpress",
            "deployment_circuit_breaker": [
              {
                "enable": false,
                "rollback": false
              }
            ],
            "deployment_controller": [
              {
                "type": "ECS"
              }
            ],
            "deployment_maximum_percent": 200,
            "deployment_minimum_healthy_percent": 100,
            "desired_count": 1,
            "enable_ecs_managed_tags": false,
            "enable_execute_command": false,
            "force_new_deployment": null,
            "health_check_grace_period_seconds": 0,
            "iam_role": "/aws-service-role/ecs.amazonaws.com/AWSServiceRoleForECS",
            "id": "arn:aws:ecs:us-east-1:993407081893:service/Dev-Prod-Cluster-Puntoxpress/Dev-ecs-service-6",
            "launch_type": "FARGATE",
            "load_balancer": [
              {
                "container_name": "app",
                "container_port": 80,
                "elb_name": "",
                "target_group_arn": "arn:aws:elasticloadbalancing:us-east-1:993407081893:targetgroup/Dev-TGroup-Puntoxpress-6/729d304e30c81c14"
              }
            ],
            "name": "Dev-ecs-service-6",
            "network_configuration": [
              {
                "assign_public_ip": true,
                "security_groups": [
                  "sg-0d51bffcf3959cf64"
                ],
                "subnets": [
                  "subnet-09927275552be6298",
                  "subnet-0c82e0bf819e79470"
                ]
              }
            ],
            "ordered_placement_strategy": [],
            "placement_constraints": [],
            "platform_version": "LATEST",
            "propagate_tags": "NONE",
            "scheduling_strategy": "REPLICA",
            "service_connect_configuration": [],
            "service_registries": [],
            "tags": null,
            "tags_all": {},
            "task_definition": "arn:aws:ecs:us-east-1:993407081893:task-definition/Dev-task-def-6:6",
            "timeouts": null,
            "triggers": {},
            "wait_for_steady_state": false
          },
          "sensitive_attributes": [],
          "private": "eyJlMmJmYjczMC1lY2FhLTExZTYtOGY4OC0zNDM2M2JjN2M0YzAiOnsiY3JlYXRlIjoxMjAwMDAwMDAwMDAwLCJkZWxldGUiOjEyMDAwMDAwMDAwMDAsInVwZGF0ZSI6MTIwMDAwMDAwMDAwMH19",
          "dependencies": [
            "aws_ecs_cluster.ecs_cluster_virginia",
            "aws_ecs_task_definition.task_def_virginia",
            "aws_iam_role.ecs_task_execution_role",
            "aws_iam_role.ecs_task_role",
            "aws_iam_role_policy.ecs_task_policy",
            "aws_iam_role_policy_attachment.ecs_task_execution_role_policy",
            "aws_lb.app_lb_virginia",
            "aws_lb_listener.https_listener_virginia",
            "aws_lb_target_group.app_tg_virginia",
            "aws_security_group.lb_sg_virginia",
            "module.vpc_virginia.aws_subnet.public",
            "module.vpc_virginia.aws_vpc.this",
            "time_sleep.wait_30_seconds"
          ]
        },
        {
          "index_key": 6,
          "schema_version": 0,
          "attributes": {
            "alarms": [],
            "capacity_provider_strategy": [],
            "cluster": "arn:aws:ecs:us-east-1:993407081893:cluster/Dev-Prod-Cluster-Puntoxpress",
            "deployment_circuit_breaker": [
              {
                "enable": false,
                "rollback": false
              }
            ],
            "deployment_controller": [
              {
                "type": "ECS"
              }
            ],
            "deployment_maximum_percent": 200,
            "deployment_minimum_healthy_percent": 100,
            "desired_count": 1,
            "enable_ecs_managed_tags": false,
            "enable_execute_command": false,
            "force_new_deployment": null,
            "health_check_grace_period_seconds": 0,
            "iam_role": "/aws-service-role/ecs.amazonaws.com/AWSServiceRoleForECS",
            "id": "arn:aws:ecs:us-east-1:993407081893:service/Dev-Prod-Cluster-Puntoxpress/Dev-ecs-service-7",
            "launch_type": "FARGATE",
            "load_balancer": [
              {
                "container_name": "app",
                "container_port": 80,
                "elb_name": "",
                "target_group_arn": "arn:aws:elasticloadbalancing:us-east-1:993407081893:targetgroup/Dev-TGroup-Puntoxpress-7/6c3be3d5aadcdce6"
              }
            ],
            "name": "Dev-ecs-service-7",
            "network_configuration": [
              {
                "assign_public_ip": true,
                "security_groups": [
                  "sg-0d51bffcf3959cf64"
                ],
                "subnets": [
                  "subnet-09927275552be6298",
                  "subnet-0c82e0bf819e79470"
                ]
              }
            ],
            "ordered_placement_strategy": [],
            "placement_constraints": [],
            "platform_version": "LATEST",
            "propagate_tags": "NONE",
            "scheduling_strategy": "REPLICA",
            "service_connect_configuration": [],
            "service_registries": [],
            "tags": null,
            "tags_all": {},
            "task_definition": "arn:aws:ecs:us-east-1:993407081893:task-definition/Dev-task-def-7:6",
            "timeouts": null,
            "triggers": {},
            "wait_for_steady_state": false
          },
          "sensitive_attributes": [],
          "private": "eyJlMmJmYjczMC1lY2FhLTExZTYtOGY4OC0zNDM2M2JjN2M0YzAiOnsiY3JlYXRlIjoxMjAwMDAwMDAwMDAwLCJkZWxldGUiOjEyMDAwMDAwMDAwMDAsInVwZGF0ZSI6MTIwMDAwMDAwMDAwMH19",
          "dependencies": [
            "aws_ecs_cluster.ecs_cluster_virginia",
            "aws_ecs_task_definition.task_def_virginia",
            "aws_iam_role.ecs_task_execution_role",
            "aws_iam_role.ecs_task_role",
            "aws_iam_role_policy.ecs_task_policy",
            "aws_iam_role_policy_attachment.ecs_task_execution_role_policy",
            "aws_lb.app_lb_virginia",
            "aws_lb_listener.https_listener_virginia",
            "aws_lb_target_group.app_tg_virginia",
            "aws_security_group.lb_sg_virginia",
            "module.vpc_virginia.aws_subnet.public",
            "module.vpc_virginia.aws_vpc.this",
            "time_sleep.wait_30_seconds"
          ]
        },
        {
          "index_key": 7,
          "schema_version": 0,
          "attributes": {
            "alarms": [],
            "capacity_provider_strategy": [],
            "cluster": "arn:aws:ecs:us-east-1:993407081893:cluster/Dev-Prod-Cluster-Puntoxpress",
            "deployment_circuit_breaker": [
              {
                "enable": false,
                "rollback": false
              }
            ],
            "deployment_controller": [
              {
                "type": "ECS"
              }
            ],
            "deployment_maximum_percent": 200,
            "deployment_minimum_healthy_percent": 100,
            "desired_count": 1,
            "enable_ecs_managed_tags": false,
            "enable_execute_command": false,
            "force_new_deployment": null,
            "health_check_grace_period_seconds": 0,
            "iam_role": "/aws-service-role/ecs.amazonaws.com/AWSServiceRoleForECS",
            "id": "arn:aws:ecs:us-east-1:993407081893:service/Dev-Prod-Cluster-Puntoxpress/Dev-ecs-service-8",
            "launch_type": "FARGATE",
            "load_balancer": [
              {
                "container_name": "app",
                "container_port": 80,
                "elb_name": "",
                "target_group_arn": "arn:aws:elasticloadbalancing:us-east-1:993407081893:targetgroup/Dev-TGroup-Puntoxpress-8/9b8d07a4879fa3c0"
              }
            ],
            "name": "Dev-ecs-service-8",
            "network_configuration": [
              {
                "assign_public_ip": true,
                "security_groups": [
                  "sg-0d51bffcf3959cf64"
                ],
                "subnets": [
                  "subnet-09927275552be6298",
                  "subnet-0c82e0bf819e79470"
                ]
              }
            ],
            "ordered_placement_strategy": [],
            "placement_constraints": [],
            "platform_version": "LATEST",
            "propagate_tags": "NONE",
            "scheduling_strategy": "REPLICA",
            "service_connect_configuration": [],
            "service_registries": [],
            "tags": null,
            "tags_all": {},
            "task_definition": "arn:aws:ecs:us-east-1:993407081893:task-definition/Dev-task-def-8:6",
            "timeouts": null,
            "triggers": {},
            "wait_for_steady_state": false
          },
          "sensitive_attributes": [],
          "private": "eyJlMmJmYjczMC1lY2FhLTExZTYtOGY4OC0zNDM2M2JjN2M0YzAiOnsiY3JlYXRlIjoxMjAwMDAwMDAwMDAwLCJkZWxldGUiOjEyMDAwMDAwMDAwMDAsInVwZGF0ZSI6MTIwMDAwMDAwMDAwMH19",
          "dependencies": [
            "aws_ecs_cluster.ecs_cluster_virginia",
            "aws_ecs_task_definition.task_def_virginia",
            "aws_iam_role.ecs_task_execution_role",
            "aws_iam_role.ecs_task_role",
            "aws_iam_role_policy.ecs_task_policy",
            "aws_iam_role_policy_attachment.ecs_task_execution_role_policy",
            "aws_lb.app_lb_virginia",
            "aws_lb_listener.https_listener_virginia",
            "aws_lb_target_group.app_tg_virginia",
            "aws_security_group.lb_sg_virginia",
            "module.vpc_virginia.aws_subnet.public",
            "module.vpc_virginia.aws_vpc.this",
            "time_sleep.wait_30_seconds"
          ]
        }
      ]
    },
    {
      "mode": "managed",
      "type": "aws_ecs_task_definition",
      "name": "task_def_virginia",
      "provider": "provider[\"registry.terraform.io/hashicorp/aws\"].virginia",
      "instances": [
        {
          "index_key": 0,
          "schema_version": 1,
          "attributes": {
            "arn": "arn:aws:ecs:us-east-1:993407081893:task-definition/Dev-task-def-1:6",
            "arn_without_revision": "arn:aws:ecs:us-east-1:993407081893:task-definition/Dev-task-def-1",
            "container_definitions": "[{\"cpu\":0,\"environment\":[],\"essential\":true,\"image\":\"nginx\",\"mountPoints\":[],\"name\":\"app\",\"portMappings\":[{\"containerPort\":80,\"hostPort\":80,\"protocol\":\"tcp\"}],\"systemControls\":[],\"volumesFrom\":[]}]",
            "cpu": "256",
            "ephemeral_storage": [],
            "execution_role_arn": "arn:aws:iam::993407081893:role/ecsTaskExecutionRole",
            "family": "Dev-task-def-1",
            "id": "Dev-task-def-1",
            "inference_accelerator": [],
            "ipc_mode": "",
            "memory": "512",
            "network_mode": "awsvpc",
            "pid_mode": "",
            "placement_constraints": [],
            "proxy_configuration": [],
            "requires_compatibilities": [
              "FARGATE"
            ],
            "revision": 6,
            "runtime_platform": [],
            "skip_destroy": false,
            "tags": null,
            "tags_all": {},
            "task_role_arn": "arn:aws:iam::993407081893:role/ecsTaskRole",
            "volume": []
          },
          "sensitive_attributes": [],
          "private": "eyJzY2hlbWFfdmVyc2lvbiI6IjEifQ==",
          "dependencies": [
            "aws_iam_role.ecs_task_execution_role",
            "aws_iam_role.ecs_task_role",
            "time_sleep.wait_30_seconds"
          ]
        },
        {
          "index_key": 1,
          "schema_version": 1,
          "attributes": {
            "arn": "arn:aws:ecs:us-east-1:993407081893:task-definition/Dev-task-def-2:6",
            "arn_without_revision": "arn:aws:ecs:us-east-1:993407081893:task-definition/Dev-task-def-2",
            "container_definitions": "[{\"cpu\":0,\"environment\":[],\"essential\":true,\"image\":\"nginx\",\"mountPoints\":[],\"name\":\"app\",\"portMappings\":[{\"containerPort\":80,\"hostPort\":80,\"protocol\":\"tcp\"}],\"systemControls\":[],\"volumesFrom\":[]}]",
            "cpu": "256",
            "ephemeral_storage": [],
            "execution_role_arn": "arn:aws:iam::993407081893:role/ecsTaskExecutionRole",
            "family": "Dev-task-def-2",
            "id": "Dev-task-def-2",
            "inference_accelerator": [],
            "ipc_mode": "",
            "memory": "512",
            "network_mode": "awsvpc",
            "pid_mode": "",
            "placement_constraints": [],
            "proxy_configuration": [],
            "requires_compatibilities": [
              "FARGATE"
            ],
            "revision": 6,
            "runtime_platform": [],
            "skip_destroy": false,
            "tags": null,
            "tags_all": {},
            "task_role_arn": "arn:aws:iam::993407081893:role/ecsTaskRole",
            "volume": []
          },
          "sensitive_attributes": [],
          "private": "eyJzY2hlbWFfdmVyc2lvbiI6IjEifQ==",
          "dependencies": [
            "aws_iam_role.ecs_task_execution_role",
            "aws_iam_role.ecs_task_role",
            "time_sleep.wait_30_seconds"
          ]
        },
        {
          "index_key": 2,
          "schema_version": 1,
          "attributes": {
            "arn": "arn:aws:ecs:us-east-1:993407081893:task-definition/Dev-task-def-3:6",
            "arn_without_revision": "arn:aws:ecs:us-east-1:993407081893:task-definition/Dev-task-def-3",
            "container_definitions": "[{\"cpu\":0,\"environment\":[],\"essential\":true,\"image\":\"nginx\",\"mountPoints\":[],\"name\":\"app\",\"portMappings\":[{\"containerPort\":80,\"hostPort\":80,\"protocol\":\"tcp\"}],\"systemControls\":[],\"volumesFrom\":[]}]",
            "cpu": "256",
            "ephemeral_storage": [],
            "execution_role_arn": "arn:aws:iam::993407081893:role/ecsTaskExecutionRole",
            "family": "Dev-task-def-3",
            "id": "Dev-task-def-3",
            "inference_accelerator": [],
            "ipc_mode": "",
            "memory": "512",
            "network_mode": "awsvpc",
            "pid_mode": "",
            "placement_constraints": [],
            "proxy_configuration": [],
            "requires_compatibilities": [
              "FARGATE"
            ],
            "revision": 6,
            "runtime_platform": [],
            "skip_destroy": false,
            "tags": null,
            "tags_all": {},
            "task_role_arn": "arn:aws:iam::993407081893:role/ecsTaskRole",
            "volume": []
          },
          "sensitive_attributes": [],
          "private": "eyJzY2hlbWFfdmVyc2lvbiI6IjEifQ==",
          "dependencies": [
            "aws_iam_role.ecs_task_execution_role",
            "aws_iam_role.ecs_task_role",
            "time_sleep.wait_30_seconds"
          ]
        },
        {
          "index_key": 3,
          "schema_version": 1,
          "attributes": {
            "arn": "arn:aws:ecs:us-east-1:993407081893:task-definition/Dev-task-def-4:6",
            "arn_without_revision": "arn:aws:ecs:us-east-1:993407081893:task-definition/Dev-task-def-4",
            "container_definitions": "[{\"cpu\":0,\"environment\":[],\"essential\":true,\"image\":\"nginx\",\"mountPoints\":[],\"name\":\"app\",\"portMappings\":[{\"containerPort\":80,\"hostPort\":80,\"protocol\":\"tcp\"}],\"systemControls\":[],\"volumesFrom\":[]}]",
            "cpu": "256",
            "ephemeral_storage": [],
            "execution_role_arn": "arn:aws:iam::993407081893:role/ecsTaskExecutionRole",
            "family": "Dev-task-def-4",
            "id": "Dev-task-def-4",
            "inference_accelerator": [],
            "ipc_mode": "",
            "memory": "512",
            "network_mode": "awsvpc",
            "pid_mode": "",
            "placement_constraints": [],
            "proxy_configuration": [],
            "requires_compatibilities": [
              "FARGATE"
            ],
            "revision": 6,
            "runtime_platform": [],
            "skip_destroy": false,
            "tags": null,
            "tags_all": {},
            "task_role_arn": "arn:aws:iam::993407081893:role/ecsTaskRole",
            "volume": []
          },
          "sensitive_attributes": [],
          "private": "eyJzY2hlbWFfdmVyc2lvbiI6IjEifQ==",
          "dependencies": [
            "aws_iam_role.ecs_task_execution_role",
            "aws_iam_role.ecs_task_role",
            "time_sleep.wait_30_seconds"
          ]
        },
        {
          "index_key": 4,
          "schema_version": 1,
          "attributes": {
            "arn": "arn:aws:ecs:us-east-1:993407081893:task-definition/Dev-task-def-5:6",
            "arn_without_revision": "arn:aws:ecs:us-east-1:993407081893:task-definition/Dev-task-def-5",
            "container_definitions": "[{\"cpu\":0,\"environment\":[],\"essential\":true,\"image\":\"nginx\",\"mountPoints\":[],\"name\":\"app\",\"portMappings\":[{\"containerPort\":80,\"hostPort\":80,\"protocol\":\"tcp\"}],\"systemControls\":[],\"volumesFrom\":[]}]",
            "cpu": "256",
            "ephemeral_storage": [],
            "execution_role_arn": "arn:aws:iam::993407081893:role/ecsTaskExecutionRole",
            "family": "Dev-task-def-5",
            "id": "Dev-task-def-5",
            "inference_accelerator": [],
            "ipc_mode": "",
            "memory": "512",
            "network_mode": "awsvpc",
            "pid_mode": "",
            "placement_constraints": [],
            "proxy_configuration": [],
            "requires_compatibilities": [
              "FARGATE"
            ],
            "revision": 6,
            "runtime_platform": [],
            "skip_destroy": false,
            "tags": null,
            "tags_all": {},
            "task_role_arn": "arn:aws:iam::993407081893:role/ecsTaskRole",
            "volume": []
          },
          "sensitive_attributes": [],
          "private": "eyJzY2hlbWFfdmVyc2lvbiI6IjEifQ==",
          "dependencies": [
            "aws_iam_role.ecs_task_execution_role",
            "aws_iam_role.ecs_task_role",
            "time_sleep.wait_30_seconds"
          ]
        },
        {
          "index_key": 5,
          "schema_version": 1,
          "attributes": {
            "arn": "arn:aws:ecs:us-east-1:993407081893:task-definition/Dev-task-def-6:6",
            "arn_without_revision": "arn:aws:ecs:us-east-1:993407081893:task-definition/Dev-task-def-6",
            "container_definitions": "[{\"cpu\":0,\"environment\":[],\"essential\":true,\"image\":\"nginx\",\"mountPoints\":[],\"name\":\"app\",\"portMappings\":[{\"containerPort\":80,\"hostPort\":80,\"protocol\":\"tcp\"}],\"systemControls\":[],\"volumesFrom\":[]}]",
            "cpu": "256",
            "ephemeral_storage": [],
            "execution_role_arn": "arn:aws:iam::993407081893:role/ecsTaskExecutionRole",
            "family": "Dev-task-def-6",
            "id": "Dev-task-def-6",
            "inference_accelerator": [],
            "ipc_mode": "",
            "memory": "512",
            "network_mode": "awsvpc",
            "pid_mode": "",
            "placement_constraints": [],
            "proxy_configuration": [],
            "requires_compatibilities": [
              "FARGATE"
            ],
            "revision": 6,
            "runtime_platform": [],
            "skip_destroy": false,
            "tags": null,
            "tags_all": {},
            "task_role_arn": "arn:aws:iam::993407081893:role/ecsTaskRole",
            "volume": []
          },
          "sensitive_attributes": [],
          "private": "eyJzY2hlbWFfdmVyc2lvbiI6IjEifQ==",
          "dependencies": [
            "aws_iam_role.ecs_task_execution_role",
            "aws_iam_role.ecs_task_role",
            "time_sleep.wait_30_seconds"
          ]
        },
        {
          "index_key": 6,
          "schema_version": 1,
          "attributes": {
            "arn": "arn:aws:ecs:us-east-1:993407081893:task-definition/Dev-task-def-7:6",
            "arn_without_revision": "arn:aws:ecs:us-east-1:993407081893:task-definition/Dev-task-def-7",
            "container_definitions": "[{\"cpu\":0,\"environment\":[],\"essential\":true,\"image\":\"nginx\",\"mountPoints\":[],\"name\":\"app\",\"portMappings\":[{\"containerPort\":80,\"hostPort\":80,\"protocol\":\"tcp\"}],\"systemControls\":[],\"volumesFrom\":[]}]",
            "cpu": "256",
            "ephemeral_storage": [],
            "execution_role_arn": "arn:aws:iam::993407081893:role/ecsTaskExecutionRole",
            "family": "Dev-task-def-7",
            "id": "Dev-task-def-7",
            "inference_accelerator": [],
            "ipc_mode": "",
            "memory": "512",
            "network_mode": "awsvpc",
            "pid_mode": "",
            "placement_constraints": [],
            "proxy_configuration": [],
            "requires_compatibilities": [
              "FARGATE"
            ],
            "revision": 6,
            "runtime_platform": [],
            "skip_destroy": false,
            "tags": null,
            "tags_all": {},
            "task_role_arn": "arn:aws:iam::993407081893:role/ecsTaskRole",
            "volume": []
          },
          "sensitive_attributes": [],
          "private": "eyJzY2hlbWFfdmVyc2lvbiI6IjEifQ==",
          "dependencies": [
            "aws_iam_role.ecs_task_execution_role",
            "aws_iam_role.ecs_task_role",
            "time_sleep.wait_30_seconds"
          ]
        },
        {
          "index_key": 7,
          "schema_version": 1,
          "attributes": {
            "arn": "arn:aws:ecs:us-east-1:993407081893:task-definition/Dev-task-def-8:6",
            "arn_without_revision": "arn:aws:ecs:us-east-1:993407081893:task-definition/Dev-task-def-8",
            "container_definitions": "[{\"cpu\":0,\"environment\":[],\"essential\":true,\"image\":\"nginx\",\"mountPoints\":[],\"name\":\"app\",\"portMappings\":[{\"containerPort\":80,\"hostPort\":80,\"protocol\":\"tcp\"}],\"systemControls\":[],\"volumesFrom\":[]}]",
            "cpu": "256",
            "ephemeral_storage": [],
            "execution_role_arn": "arn:aws:iam::993407081893:role/ecsTaskExecutionRole",
            "family": "Dev-task-def-8",
            "id": "Dev-task-def-8",
            "inference_accelerator": [],
            "ipc_mode": "",
            "memory": "512",
            "network_mode": "awsvpc",
            "pid_mode": "",
            "placement_constraints": [],
            "proxy_configuration": [],
            "requires_compatibilities": [
              "FARGATE"
            ],
            "revision": 6,
            "runtime_platform": [],
            "skip_destroy": false,
            "tags": null,
            "tags_all": {},
            "task_role_arn": "arn:aws:iam::993407081893:role/ecsTaskRole",
            "volume": []
          },
          "sensitive_attributes": [],
          "private": "eyJzY2hlbWFfdmVyc2lvbiI6IjEifQ==",
          "dependencies": [
            "aws_iam_role.ecs_task_execution_role",
            "aws_iam_role.ecs_task_role",
            "time_sleep.wait_30_seconds"
          ]
        }
      ]
    },
    {
      "mode": "managed",
      "type": "aws_iam_instance_profile",
      "name": "ssm_instance_profile",
      "provider": "provider[\"registry.terraform.io/hashicorp/aws\"].virginia",
      "instances": [
        {
          "schema_version": 0,
          "attributes": {
            "arn": "arn:aws:iam::993407081893:instance-profile/my_ssm_instance_profile",
            "create_date": "2024-06-30T00:30:51Z",
            "id": "my_ssm_instance_profile",
            "name": "my_ssm_instance_profile",
            "name_prefix": "",
            "path": "/",
            "role": "ssm_role",
            "tags": null,
            "tags_all": {},
            "unique_id": "AIPA6OS5NDWSQJEOX623A"
          },
          "sensitive_attributes": [],
          "private": "bnVsbA==",
          "dependencies": [
            "aws_iam_role.ssm_role"
          ]
        }
      ]
    },
    {
      "mode": "managed",
      "type": "aws_iam_role",
      "name": "ecs_task_execution_role",
      "provider": "provider[\"registry.terraform.io/hashicorp/aws\"].virginia",
      "instances": [
        {
          "schema_version": 0,
          "attributes": {
            "arn": "arn:aws:iam::993407081893:role/ecsTaskExecutionRole",
            "assume_role_policy": "{\"Statement\":[{\"Action\":\"sts:AssumeRole\",\"Effect\":\"Allow\",\"Principal\":{\"Service\":\"ecs-tasks.amazonaws.com\"}}],\"Version\":\"2012-10-17\"}",
            "create_date": "2024-06-30T00:30:49Z",
            "description": "",
            "force_detach_policies": false,
            "id": "ecsTaskExecutionRole",
            "inline_policy": [],
            "managed_policy_arns": [],
            "max_session_duration": 3600,
            "name": "ecsTaskExecutionRole",
            "name_prefix": "",
            "path": "/",
            "permissions_boundary": null,
            "role_last_used": [
              {
                "last_used_date": "",
                "region": ""
              }
            ],
            "tags": null,
            "tags_all": {},
            "unique_id": "AROA6OS5NDWSRQMQJX4O3"
          },
          "sensitive_attributes": [],
          "private": "bnVsbA=="
        }
      ]
    },
    {
      "mode": "managed",
      "type": "aws_iam_role",
      "name": "ecs_task_role",
      "provider": "provider[\"registry.terraform.io/hashicorp/aws\"].virginia",
      "instances": [
        {
          "schema_version": 0,
          "attributes": {
            "arn": "arn:aws:iam::993407081893:role/ecsTaskRole",
            "assume_role_policy": "{\"Statement\":[{\"Action\":\"sts:AssumeRole\",\"Effect\":\"Allow\",\"Principal\":{\"Service\":\"ecs-tasks.amazonaws.com\"}}],\"Version\":\"2012-10-17\"}",
            "create_date": "2024-06-30T00:30:49Z",
            "description": "",
            "force_detach_policies": false,
            "id": "ecsTaskRole",
            "inline_policy": [],
            "managed_policy_arns": [],
            "max_session_duration": 3600,
            "name": "ecsTaskRole",
            "name_prefix": "",
            "path": "/",
            "permissions_boundary": null,
            "role_last_used": [
              {
                "last_used_date": "",
                "region": ""
              }
            ],
            "tags": null,
            "tags_all": {},
            "unique_id": "AROA6OS5NDWSTKAOEINHL"
          },
          "sensitive_attributes": [],
          "private": "bnVsbA=="
        }
      ]
    },
    {
      "mode": "managed",
      "type": "aws_iam_role",
      "name": "ssm_role",
      "provider": "provider[\"registry.terraform.io/hashicorp/aws\"].virginia",
      "instances": [
        {
          "schema_version": 0,
          "attributes": {
            "arn": "arn:aws:iam::993407081893:role/ssm_role",
            "assume_role_policy": "{\"Statement\":[{\"Action\":\"sts:AssumeRole\",\"Effect\":\"Allow\",\"Principal\":{\"Service\":\"ec2.amazonaws.com\"},\"Sid\":\"AllowEC2AssumeRole\"}],\"Version\":\"2012-10-17\"}",
            "create_date": "2024-06-30T00:30:49Z",
            "description": "",
            "force_detach_policies": false,
            "id": "ssm_role",
            "inline_policy": [],
            "managed_policy_arns": [],
            "max_session_duration": 3600,
            "name": "ssm_role",
            "name_prefix": "",
            "path": "/",
            "permissions_boundary": null,
            "role_last_used": [
              {
                "last_used_date": "",
                "region": ""
              }
            ],
            "tags": null,
            "tags_all": {},
            "unique_id": "AROA6OS5NDWSRE55WOQQP"
          },
          "sensitive_attributes": [],
          "private": "bnVsbA=="
        }
      ]
    },
    {
      "mode": "managed",
      "type": "aws_iam_role_policy",
      "name": "ecs_task_policy",
      "provider": "provider[\"registry.terraform.io/hashicorp/aws\"].virginia",
      "instances": [
        {
          "schema_version": 0,
          "attributes": {
            "id": "ecsTaskRole:ecsTaskPolicy",
            "name": "ecsTaskPolicy",
            "name_prefix": null,
            "policy": "{\"Version\":\"2012-10-17\",\"Statement\":[{\"Action\":[\"ecs:DescribeClusters\",\"ecs:DescribeTasks\",\"ecs:ListTasks\",\"logs:CreateLogStream\",\"logs:PutLogEvents\"],\"Effect\":\"Allow\",\"Resource\":\"*\"}]}",
            "role": "ecsTaskRole"
          },
          "sensitive_attributes": [],
          "private": "bnVsbA==",
          "dependencies": [
            "aws_iam_role.ecs_task_role"
          ]
        }
      ]
    },
    {
      "mode": "managed",
      "type": "aws_iam_role_policy_attachment",
      "name": "ecs_task_execution_role_policy",
      "provider": "provider[\"registry.terraform.io/hashicorp/aws\"].virginia",
      "instances": [
        {
          "schema_version": 0,
          "attributes": {
            "id": "ecsTaskExecutionRole-20240630003050862600000001",
            "policy_arn": "arn:aws:iam::aws:policy/service-role/AmazonECSTaskExecutionRolePolicy",
            "role": "ecsTaskExecutionRole"
          },
          "sensitive_attributes": [],
          "private": "bnVsbA==",
          "dependencies": [
            "aws_iam_role.ecs_task_execution_role"
          ]
        }
      ]
    },
    {
      "mode": "managed",
      "type": "aws_iam_role_policy_attachment",
      "name": "ssm_attach",
      "provider": "provider[\"registry.terraform.io/hashicorp/aws\"].virginia",
      "instances": [
        {
          "schema_version": 0,
          "attributes": {
            "id": "ssm_role-20240630003051268200000002",
            "policy_arn": "arn:aws:iam::aws:policy/AmazonSSMManagedInstanceCore",
            "role": "ssm_role"
          },
          "sensitive_attributes": [],
          "private": "bnVsbA==",
          "dependencies": [
            "aws_iam_role.ssm_role"
          ]
        }
      ]
    },
    {
      "mode": "managed",
      "type": "aws_instance",
      "name": "bastion_oregon",
      "provider": "provider[\"registry.terraform.io/hashicorp/aws\"].oregon",
      "instances": [
        {
          "schema_version": 1,
          "attributes": {
            "ami": "ami-0676a735c5f8e67c4",
            "arn": "arn:aws:ec2:us-west-2:993407081893:instance/i-05c28a8ea7103d6e9",
            "associate_public_ip_address": true,
            "availability_zone": "us-west-2a",
            "capacity_reservation_specification": [
              {
                "capacity_reservation_preference": "open",
                "capacity_reservation_target": []
              }
            ],
            "cpu_core_count": 1,
            "cpu_options": [
              {
                "amd_sev_snp": "",
                "core_count": 1,
                "threads_per_core": 1
              }
            ],
            "cpu_threads_per_core": 1,
            "credit_specification": [
              {
                "cpu_credits": "standard"
              }
            ],
            "disable_api_stop": false,
            "disable_api_termination": false,
            "ebs_block_device": [],
            "ebs_optimized": false,
            "enclave_options": [
              {
                "enabled": false
              }
            ],
            "ephemeral_block_device": [],
            "get_password_data": false,
            "hibernation": false,
            "host_id": "",
            "host_resource_group_arn": null,
            "iam_instance_profile": "my_ssm_instance_profile",
            "id": "i-05c28a8ea7103d6e9",
            "instance_initiated_shutdown_behavior": "stop",
            "instance_state": "running",
            "instance_type": "t2.micro",
            "ipv6_address_count": 0,
            "ipv6_addresses": [],
            "key_name": "BaseKeyAcces",
            "launch_template": [],
            "maintenance_options": [
              {
                "auto_recovery": "default"
              }
            ],
            "metadata_options": [
              {
                "http_endpoint": "enabled",
                "http_put_response_hop_limit": 1,
                "http_tokens": "optional",
                "instance_metadata_tags": "disabled"
              }
            ],
            "monitoring": false,
            "network_interface": [],
            "outpost_arn": "",
            "password_data": "",
            "placement_group": "",
            "placement_partition_number": 0,
            "primary_network_interface_id": "eni-03e0030a89d718a8e",
            "private_dns": "ip-10-1-1-120.us-west-2.compute.internal",
            "private_dns_name_options": [
              {
                "enable_resource_name_dns_a_record": false,
                "enable_resource_name_dns_aaaa_record": false,
                "hostname_type": "ip-name"
              }
            ],
            "private_ip": "10.1.1.120",
            "public_dns": "ec2-34-219-117-188.us-west-2.compute.amazonaws.com",
            "public_ip": "34.219.117.188",
            "root_block_device": [
              {
                "delete_on_termination": true,
                "device_name": "/dev/xvda",
                "encrypted": false,
                "iops": 100,
                "kms_key_id": "",
                "tags": {},
                "throughput": 0,
                "volume_id": "vol-01f94b32006bcc769",
                "volume_size": 8,
                "volume_type": "gp2"
              }
            ],
            "secondary_private_ips": [],
            "security_groups": [],
            "source_dest_check": true,
            "subnet_id": "subnet-027367183157f927d",
            "tags": {
              "Name": "Bastion Oregon"
            },
            "tags_all": {
              "Name": "Bastion Oregon"
            },
            "tenancy": "default",
            "timeouts": null,
            "user_data": "cdab662636ac4ec2121657a5ee540a4302865e33",
            "user_data_base64": null,
            "user_data_replace_on_change": false,
            "volume_tags": null,
            "vpc_security_group_ids": [
              "sg-02b1429e62c63aec6"
            ]
          },
          "sensitive_attributes": [],
          "private": "eyJlMmJmYjczMC1lY2FhLTExZTYtOGY4OC0zNDM2M2JjN2M0YzAiOnsiY3JlYXRlIjo2MDAwMDAwMDAwMDAsImRlbGV0ZSI6MTIwMDAwMDAwMDAwMCwidXBkYXRlIjo2MDAwMDAwMDAwMDB9LCJzY2hlbWFfdmVyc2lvbiI6IjEifQ==",
          "dependencies": [
            "aws_iam_instance_profile.ssm_instance_profile",
            "aws_iam_role.ssm_role",
            "aws_security_group.bastion_sg_oregon",
            "module.vpc_oregon.aws_subnet.public",
            "module.vpc_oregon.aws_vpc.this"
          ]
        }
      ]
    },
    {
      "mode": "managed",
      "type": "aws_instance",
      "name": "bastion_virginia",
      "provider": "provider[\"registry.terraform.io/hashicorp/aws\"].virginia",
      "instances": [
        {
          "schema_version": 1,
          "attributes": {
            "ami": "ami-04e8b3e527208c8cf",
            "arn": "arn:aws:ec2:us-east-1:993407081893:instance/i-0fd6519c2cc7342e0",
            "associate_public_ip_address": true,
            "availability_zone": "us-east-1a",
            "capacity_reservation_specification": [
              {
                "capacity_reservation_preference": "open",
                "capacity_reservation_target": []
              }
            ],
            "cpu_core_count": 1,
            "cpu_options": [
              {
                "amd_sev_snp": "",
                "core_count": 1,
                "threads_per_core": 1
              }
            ],
            "cpu_threads_per_core": 1,
            "credit_specification": [
              {
                "cpu_credits": "standard"
              }
            ],
            "disable_api_stop": false,
            "disable_api_termination": false,
            "ebs_block_device": [],
            "ebs_optimized": false,
            "enclave_options": [
              {
                "enabled": false
              }
            ],
            "ephemeral_block_device": [],
            "get_password_data": false,
            "hibernation": false,
            "host_id": "",
            "host_resource_group_arn": null,
            "iam_instance_profile": "my_ssm_instance_profile",
            "id": "i-0fd6519c2cc7342e0",
            "instance_initiated_shutdown_behavior": "stop",
            "instance_state": "running",
            "instance_type": "t2.micro",
            "ipv6_address_count": 0,
            "ipv6_addresses": [],
            "key_name": "BaseKeyAcces",
            "launch_template": [],
            "maintenance_options": [
              {
                "auto_recovery": "default"
              }
            ],
            "metadata_options": [
              {
                "http_endpoint": "enabled",
                "http_put_response_hop_limit": 1,
                "http_tokens": "optional",
                "instance_metadata_tags": "disabled"
              }
            ],
            "monitoring": false,
            "network_interface": [],
            "outpost_arn": "",
            "password_data": "",
            "placement_group": "",
            "placement_partition_number": 0,
            "primary_network_interface_id": "eni-006c230b4bed68ae2",
            "private_dns": "ip-10-0-1-151.ec2.internal",
            "private_dns_name_options": [
              {
                "enable_resource_name_dns_a_record": false,
                "enable_resource_name_dns_aaaa_record": false,
                "hostname_type": "ip-name"
              }
            ],
            "private_ip": "10.0.1.151",
            "public_dns": "ec2-52-200-150-45.compute-1.amazonaws.com",
            "public_ip": "52.200.150.45",
            "root_block_device": [
              {
                "delete_on_termination": true,
                "device_name": "/dev/xvda",
                "encrypted": false,
                "iops": 100,
                "kms_key_id": "",
                "tags": {},
                "throughput": 0,
                "volume_id": "vol-0e13c38cc4867f8a5",
                "volume_size": 8,
                "volume_type": "gp2"
              }
            ],
            "secondary_private_ips": [],
            "security_groups": [],
            "source_dest_check": true,
            "subnet_id": "subnet-0c82e0bf819e79470",
            "tags": {
              "Name": "Bastion Virginia"
            },
            "tags_all": {
              "Name": "Bastion Virginia"
            },
            "tenancy": "default",
            "timeouts": null,
            "user_data": "cdab662636ac4ec2121657a5ee540a4302865e33",
            "user_data_base64": null,
            "user_data_replace_on_change": false,
            "volume_tags": null,
            "vpc_security_group_ids": [
              "sg-09f8540fab485bf58"
            ]
          },
          "sensitive_attributes": [],
          "private": "eyJlMmJmYjczMC1lY2FhLTExZTYtOGY4OC0zNDM2M2JjN2M0YzAiOnsiY3JlYXRlIjo2MDAwMDAwMDAwMDAsImRlbGV0ZSI6MTIwMDAwMDAwMDAwMCwidXBkYXRlIjo2MDAwMDAwMDAwMDB9LCJzY2hlbWFfdmVyc2lvbiI6IjEifQ==",
          "dependencies": [
            "aws_iam_instance_profile.ssm_instance_profile",
            "aws_iam_role.ssm_role",
            "aws_security_group.bastion_sg_virginia",
            "module.vpc_virginia.aws_subnet.public",
            "module.vpc_virginia.aws_vpc.this"
          ]
        }
      ]
    },
    {
      "mode": "managed",
      "type": "aws_lb",
      "name": "app_lb_virginia",
      "provider": "provider[\"registry.terraform.io/hashicorp/aws\"].virginia",
      "instances": [
        {
          "schema_version": 0,
          "attributes": {
            "access_logs": [
              {
                "bucket": "",
                "enabled": false,
                "prefix": ""
              }
            ],
            "arn": "arn:aws:elasticloadbalancing:us-east-1:993407081893:loadbalancer/app/Dev-ALB-Puntoxpress/7c17849125dd71f6",
            "arn_suffix": "app/Dev-ALB-Puntoxpress/7c17849125dd71f6",
            "customer_owned_ipv4_pool": "",
            "desync_mitigation_mode": "defensive",
            "dns_name": "Dev-ALB-Puntoxpress-1255832022.us-east-1.elb.amazonaws.com",
            "drop_invalid_header_fields": false,
            "enable_cross_zone_load_balancing": true,
            "enable_deletion_protection": false,
            "enable_http2": true,
            "enable_tls_version_and_cipher_suite_headers": false,
            "enable_waf_fail_open": false,
            "enable_xff_client_port": false,
            "id": "arn:aws:elasticloadbalancing:us-east-1:993407081893:loadbalancer/app/Dev-ALB-Puntoxpress/7c17849125dd71f6",
            "idle_timeout": 60,
            "internal": false,
            "ip_address_type": "ipv4",
            "load_balancer_type": "application",
            "name": "Dev-ALB-Puntoxpress",
            "name_prefix": null,
            "preserve_host_header": false,
            "security_groups": [
              "sg-0d51bffcf3959cf64"
            ],
            "subnet_mapping": [
              {
                "allocation_id": "",
                "ipv6_address": "",
                "outpost_id": "",
                "private_ipv4_address": "",
                "subnet_id": "subnet-09927275552be6298"
              },
              {
                "allocation_id": "",
                "ipv6_address": "",
                "outpost_id": "",
                "private_ipv4_address": "",
                "subnet_id": "subnet-0c82e0bf819e79470"
              }
            ],
            "subnets": [
              "subnet-09927275552be6298",
              "subnet-0c82e0bf819e79470"
            ],
            "tags": null,
            "tags_all": {},
            "timeouts": null,
            "vpc_id": "vpc-0a6b9fec541c6e564",
            "xff_header_processing_mode": "append",
            "zone_id": "Z35SXDOTRQ7X7K"
          },
          "sensitive_attributes": [],
          "private": "eyJlMmJmYjczMC1lY2FhLTExZTYtOGY4OC0zNDM2M2JjN2M0YzAiOnsiY3JlYXRlIjo2MDAwMDAwMDAwMDAsImRlbGV0ZSI6NjAwMDAwMDAwMDAwLCJ1cGRhdGUiOjYwMDAwMDAwMDAwMH19",
          "dependencies": [
            "aws_security_group.lb_sg_virginia",
            "module.vpc_virginia.aws_subnet.public",
            "module.vpc_virginia.aws_vpc.this"
          ],
          "create_before_destroy": true
        }
      ]
    },
    {
      "mode": "managed",
      "type": "aws_lb_listener",
      "name": "https_listener_virginia",
      "provider": "provider[\"registry.terraform.io/hashicorp/aws\"].virginia",
      "instances": [
        {
          "schema_version": 0,
          "attributes": {
            "alpn_policy": null,
            "arn": "arn:aws:elasticloadbalancing:us-east-1:993407081893:listener/app/Dev-ALB-Puntoxpress/7c17849125dd71f6/7323b9fbc483568b",
            "certificate_arn": "arn:aws:acm:us-east-1:993407081893:certificate/e3109390-1044-48fe-9078-fc7b519ff5aa",
            "default_action": [
              {
                "authenticate_cognito": [],
                "authenticate_oidc": [],
                "fixed_response": [
                  {
                    "content_type": "text/plain",
                    "message_body": "Please use a specific service URL",
                    "status_code": "200"
                  }
                ],
                "forward": [],
                "order": 1,
                "redirect": [],
                "target_group_arn": "",
                "type": "fixed-response"
              }
            ],
            "id": "arn:aws:elasticloadbalancing:us-east-1:993407081893:listener/app/Dev-ALB-Puntoxpress/7c17849125dd71f6/7323b9fbc483568b",
            "load_balancer_arn": "arn:aws:elasticloadbalancing:us-east-1:993407081893:loadbalancer/app/Dev-ALB-Puntoxpress/7c17849125dd71f6",
            "port": 443,
            "protocol": "HTTPS",
            "ssl_policy": "ELBSecurityPolicy-TLS-1-2-2017-01",
            "tags": null,
            "tags_all": {},
            "timeouts": null
          },
          "sensitive_attributes": [],
          "private": "eyJlMmJmYjczMC1lY2FhLTExZTYtOGY4OC0zNDM2M2JjN2M0YzAiOnsicmVhZCI6NjAwMDAwMDAwMDAwfX0=",
          "dependencies": [
            "aws_lb.app_lb_virginia",
            "aws_lb_target_group.app_tg_virginia",
            "aws_security_group.lb_sg_virginia",
            "module.vpc_virginia.aws_subnet.public",
            "module.vpc_virginia.aws_vpc.this"
          ]
        }
      ]
    },
    {
      "mode": "managed",
      "type": "aws_lb_listener_rule",
      "name": "ecs_rule_virginia",
      "provider": "provider[\"registry.terraform.io/hashicorp/aws\"].virginia",
      "instances": [
        {
          "index_key": 0,
          "schema_version": 0,
          "attributes": {
            "action": [
              {
                "authenticate_cognito": [],
                "authenticate_oidc": [],
                "fixed_response": [],
                "forward": [],
                "order": 1,
                "redirect": [],
                "target_group_arn": "arn:aws:elasticloadbalancing:us-east-1:993407081893:targetgroup/Dev-TGroup-Puntoxpress-1/de0fea93c177c246",
                "type": "forward"
              }
            ],
            "arn": "arn:aws:elasticloadbalancing:us-east-1:993407081893:listener-rule/app/Dev-ALB-Puntoxpress/7c17849125dd71f6/7323b9fbc483568b/80661d7ebbb9f6c2",
            "condition": [
              {
                "host_header": [
                  {
                    "values": [
                      "srv1.isolated-virginia.kubixcorp.com"
                    ]
                  }
                ],
                "http_header": [],
                "http_request_method": [],
                "path_pattern": [],
                "query_string": [],
                "source_ip": []
              }
            ],
            "id": "arn:aws:elasticloadbalancing:us-east-1:993407081893:listener-rule/app/Dev-ALB-Puntoxpress/7c17849125dd71f6/7323b9fbc483568b/80661d7ebbb9f6c2",
            "listener_arn": "arn:aws:elasticloadbalancing:us-east-1:993407081893:listener/app/Dev-ALB-Puntoxpress/7c17849125dd71f6/7323b9fbc483568b",
            "priority": 100,
            "tags": null,
            "tags_all": {}
          },
          "sensitive_attributes": [],
          "private": "bnVsbA==",
          "dependencies": [
            "aws_lb.app_lb_virginia",
            "aws_lb_listener.https_listener_virginia",
            "aws_lb_target_group.app_tg_virginia",
            "aws_security_group.lb_sg_virginia",
            "module.vpc_virginia.aws_subnet.public",
            "module.vpc_virginia.aws_vpc.this"
          ]
        },
        {
          "index_key": 1,
          "schema_version": 0,
          "attributes": {
            "action": [
              {
                "authenticate_cognito": [],
                "authenticate_oidc": [],
                "fixed_response": [],
                "forward": [],
                "order": 1,
                "redirect": [],
                "target_group_arn": "arn:aws:elasticloadbalancing:us-east-1:993407081893:targetgroup/Dev-TGroup-Puntoxpress-2/521a417dd4c4193d",
                "type": "forward"
              }
            ],
            "arn": "arn:aws:elasticloadbalancing:us-east-1:993407081893:listener-rule/app/Dev-ALB-Puntoxpress/7c17849125dd71f6/7323b9fbc483568b/dd6515618c4f3ca2",
            "condition": [
              {
                "host_header": [
                  {
                    "values": [
                      "srv2.isolated-virginia.kubixcorp.com"
                    ]
                  }
                ],
                "http_header": [],
                "http_request_method": [],
                "path_pattern": [],
                "query_string": [],
                "source_ip": []
              }
            ],
            "id": "arn:aws:elasticloadbalancing:us-east-1:993407081893:listener-rule/app/Dev-ALB-Puntoxpress/7c17849125dd71f6/7323b9fbc483568b/dd6515618c4f3ca2",
            "listener_arn": "arn:aws:elasticloadbalancing:us-east-1:993407081893:listener/app/Dev-ALB-Puntoxpress/7c17849125dd71f6/7323b9fbc483568b",
            "priority": 101,
            "tags": null,
            "tags_all": {}
          },
          "sensitive_attributes": [],
          "private": "bnVsbA==",
          "dependencies": [
            "aws_lb.app_lb_virginia",
            "aws_lb_listener.https_listener_virginia",
            "aws_lb_target_group.app_tg_virginia",
            "aws_security_group.lb_sg_virginia",
            "module.vpc_virginia.aws_subnet.public",
            "module.vpc_virginia.aws_vpc.this"
          ]
        },
        {
          "index_key": 2,
          "schema_version": 0,
          "attributes": {
            "action": [
              {
                "authenticate_cognito": [],
                "authenticate_oidc": [],
                "fixed_response": [],
                "forward": [],
                "order": 1,
                "redirect": [],
                "target_group_arn": "arn:aws:elasticloadbalancing:us-east-1:993407081893:targetgroup/Dev-TGroup-Puntoxpress-3/7ddb8edf2cbf4e50",
                "type": "forward"
              }
            ],
            "arn": "arn:aws:elasticloadbalancing:us-east-1:993407081893:listener-rule/app/Dev-ALB-Puntoxpress/7c17849125dd71f6/7323b9fbc483568b/321ca181c07c0bdd",
            "condition": [
              {
                "host_header": [
                  {
                    "values": [
                      "srv3.isolated-virginia.kubixcorp.com"
                    ]
                  }
                ],
                "http_header": [],
                "http_request_method": [],
                "path_pattern": [],
                "query_string": [],
                "source_ip": []
              }
            ],
            "id": "arn:aws:elasticloadbalancing:us-east-1:993407081893:listener-rule/app/Dev-ALB-Puntoxpress/7c17849125dd71f6/7323b9fbc483568b/321ca181c07c0bdd",
            "listener_arn": "arn:aws:elasticloadbalancing:us-east-1:993407081893:listener/app/Dev-ALB-Puntoxpress/7c17849125dd71f6/7323b9fbc483568b",
            "priority": 102,
            "tags": null,
            "tags_all": {}
          },
          "sensitive_attributes": [],
          "private": "bnVsbA==",
          "dependencies": [
            "aws_lb.app_lb_virginia",
            "aws_lb_listener.https_listener_virginia",
            "aws_lb_target_group.app_tg_virginia",
            "aws_security_group.lb_sg_virginia",
            "module.vpc_virginia.aws_subnet.public",
            "module.vpc_virginia.aws_vpc.this"
          ]
        },
        {
          "index_key": 3,
          "schema_version": 0,
          "attributes": {
            "action": [
              {
                "authenticate_cognito": [],
                "authenticate_oidc": [],
                "fixed_response": [],
                "forward": [],
                "order": 1,
                "redirect": [],
                "target_group_arn": "arn:aws:elasticloadbalancing:us-east-1:993407081893:targetgroup/Dev-TGroup-Puntoxpress-4/0aec137adfbadd61",
                "type": "forward"
              }
            ],
            "arn": "arn:aws:elasticloadbalancing:us-east-1:993407081893:listener-rule/app/Dev-ALB-Puntoxpress/7c17849125dd71f6/7323b9fbc483568b/c1a66796b01df8fb",
            "condition": [
              {
                "host_header": [
                  {
                    "values": [
                      "srv4.isolated-virginia.kubixcorp.com"
                    ]
                  }
                ],
                "http_header": [],
                "http_request_method": [],
                "path_pattern": [],
                "query_string": [],
                "source_ip": []
              }
            ],
            "id": "arn:aws:elasticloadbalancing:us-east-1:993407081893:listener-rule/app/Dev-ALB-Puntoxpress/7c17849125dd71f6/7323b9fbc483568b/c1a66796b01df8fb",
            "listener_arn": "arn:aws:elasticloadbalancing:us-east-1:993407081893:listener/app/Dev-ALB-Puntoxpress/7c17849125dd71f6/7323b9fbc483568b",
            "priority": 103,
            "tags": null,
            "tags_all": {}
          },
          "sensitive_attributes": [],
          "private": "bnVsbA==",
          "dependencies": [
            "aws_lb.app_lb_virginia",
            "aws_lb_listener.https_listener_virginia",
            "aws_lb_target_group.app_tg_virginia",
            "aws_security_group.lb_sg_virginia",
            "module.vpc_virginia.aws_subnet.public",
            "module.vpc_virginia.aws_vpc.this"
          ]
        },
        {
          "index_key": 4,
          "schema_version": 0,
          "attributes": {
            "action": [
              {
                "authenticate_cognito": [],
                "authenticate_oidc": [],
                "fixed_response": [],
                "forward": [],
                "order": 1,
                "redirect": [],
                "target_group_arn": "arn:aws:elasticloadbalancing:us-east-1:993407081893:targetgroup/Dev-TGroup-Puntoxpress-5/c7e98415e615856d",
                "type": "forward"
              }
            ],
            "arn": "arn:aws:elasticloadbalancing:us-east-1:993407081893:listener-rule/app/Dev-ALB-Puntoxpress/7c17849125dd71f6/7323b9fbc483568b/9a682f21a529342c",
            "condition": [
              {
                "host_header": [
                  {
                    "values": [
                      "srv5.isolated-virginia.kubixcorp.com"
                    ]
                  }
                ],
                "http_header": [],
                "http_request_method": [],
                "path_pattern": [],
                "query_string": [],
                "source_ip": []
              }
            ],
            "id": "arn:aws:elasticloadbalancing:us-east-1:993407081893:listener-rule/app/Dev-ALB-Puntoxpress/7c17849125dd71f6/7323b9fbc483568b/9a682f21a529342c",
            "listener_arn": "arn:aws:elasticloadbalancing:us-east-1:993407081893:listener/app/Dev-ALB-Puntoxpress/7c17849125dd71f6/7323b9fbc483568b",
            "priority": 104,
            "tags": null,
            "tags_all": {}
          },
          "sensitive_attributes": [],
          "private": "bnVsbA==",
          "dependencies": [
            "aws_lb.app_lb_virginia",
            "aws_lb_listener.https_listener_virginia",
            "aws_lb_target_group.app_tg_virginia",
            "aws_security_group.lb_sg_virginia",
            "module.vpc_virginia.aws_subnet.public",
            "module.vpc_virginia.aws_vpc.this"
          ]
        },
        {
          "index_key": 5,
          "schema_version": 0,
          "attributes": {
            "action": [
              {
                "authenticate_cognito": [],
                "authenticate_oidc": [],
                "fixed_response": [],
                "forward": [],
                "order": 1,
                "redirect": [],
                "target_group_arn": "arn:aws:elasticloadbalancing:us-east-1:993407081893:targetgroup/Dev-TGroup-Puntoxpress-6/729d304e30c81c14",
                "type": "forward"
              }
            ],
            "arn": "arn:aws:elasticloadbalancing:us-east-1:993407081893:listener-rule/app/Dev-ALB-Puntoxpress/7c17849125dd71f6/7323b9fbc483568b/343ca96b09e446bd",
            "condition": [
              {
                "host_header": [
                  {
                    "values": [
                      "srv6.isolated-virginia.kubixcorp.com"
                    ]
                  }
                ],
                "http_header": [],
                "http_request_method": [],
                "path_pattern": [],
                "query_string": [],
                "source_ip": []
              }
            ],
            "id": "arn:aws:elasticloadbalancing:us-east-1:993407081893:listener-rule/app/Dev-ALB-Puntoxpress/7c17849125dd71f6/7323b9fbc483568b/343ca96b09e446bd",
            "listener_arn": "arn:aws:elasticloadbalancing:us-east-1:993407081893:listener/app/Dev-ALB-Puntoxpress/7c17849125dd71f6/7323b9fbc483568b",
            "priority": 105,
            "tags": null,
            "tags_all": {}
          },
          "sensitive_attributes": [],
          "private": "bnVsbA==",
          "dependencies": [
            "aws_lb.app_lb_virginia",
            "aws_lb_listener.https_listener_virginia",
            "aws_lb_target_group.app_tg_virginia",
            "aws_security_group.lb_sg_virginia",
            "module.vpc_virginia.aws_subnet.public",
            "module.vpc_virginia.aws_vpc.this"
          ]
        },
        {
          "index_key": 6,
          "schema_version": 0,
          "attributes": {
            "action": [
              {
                "authenticate_cognito": [],
                "authenticate_oidc": [],
                "fixed_response": [],
                "forward": [],
                "order": 1,
                "redirect": [],
                "target_group_arn": "arn:aws:elasticloadbalancing:us-east-1:993407081893:targetgroup/Dev-TGroup-Puntoxpress-7/6c3be3d5aadcdce6",
                "type": "forward"
              }
            ],
            "arn": "arn:aws:elasticloadbalancing:us-east-1:993407081893:listener-rule/app/Dev-ALB-Puntoxpress/7c17849125dd71f6/7323b9fbc483568b/cc17bc905952cef7",
            "condition": [
              {
                "host_header": [
                  {
                    "values": [
                      "srv7.isolated-virginia.kubixcorp.com"
                    ]
                  }
                ],
                "http_header": [],
                "http_request_method": [],
                "path_pattern": [],
                "query_string": [],
                "source_ip": []
              }
            ],
            "id": "arn:aws:elasticloadbalancing:us-east-1:993407081893:listener-rule/app/Dev-ALB-Puntoxpress/7c17849125dd71f6/7323b9fbc483568b/cc17bc905952cef7",
            "listener_arn": "arn:aws:elasticloadbalancing:us-east-1:993407081893:listener/app/Dev-ALB-Puntoxpress/7c17849125dd71f6/7323b9fbc483568b",
            "priority": 106,
            "tags": null,
            "tags_all": {}
          },
          "sensitive_attributes": [],
          "private": "bnVsbA==",
          "dependencies": [
            "aws_lb.app_lb_virginia",
            "aws_lb_listener.https_listener_virginia",
            "aws_lb_target_group.app_tg_virginia",
            "aws_security_group.lb_sg_virginia",
            "module.vpc_virginia.aws_subnet.public",
            "module.vpc_virginia.aws_vpc.this"
          ]
        },
        {
          "index_key": 7,
          "schema_version": 0,
          "attributes": {
            "action": [
              {
                "authenticate_cognito": [],
                "authenticate_oidc": [],
                "fixed_response": [],
                "forward": [],
                "order": 1,
                "redirect": [],
                "target_group_arn": "arn:aws:elasticloadbalancing:us-east-1:993407081893:targetgroup/Dev-TGroup-Puntoxpress-8/9b8d07a4879fa3c0",
                "type": "forward"
              }
            ],
            "arn": "arn:aws:elasticloadbalancing:us-east-1:993407081893:listener-rule/app/Dev-ALB-Puntoxpress/7c17849125dd71f6/7323b9fbc483568b/4292ddeebf9f1319",
            "condition": [
              {
                "host_header": [
                  {
                    "values": [
                      "srv8.isolated-virginia.kubixcorp.com"
                    ]
                  }
                ],
                "http_header": [],
                "http_request_method": [],
                "path_pattern": [],
                "query_string": [],
                "source_ip": []
              }
            ],
            "id": "arn:aws:elasticloadbalancing:us-east-1:993407081893:listener-rule/app/Dev-ALB-Puntoxpress/7c17849125dd71f6/7323b9fbc483568b/4292ddeebf9f1319",
            "listener_arn": "arn:aws:elasticloadbalancing:us-east-1:993407081893:listener/app/Dev-ALB-Puntoxpress/7c17849125dd71f6/7323b9fbc483568b",
            "priority": 107,
            "tags": null,
            "tags_all": {}
          },
          "sensitive_attributes": [],
          "private": "bnVsbA==",
          "dependencies": [
            "aws_lb.app_lb_virginia",
            "aws_lb_listener.https_listener_virginia",
            "aws_lb_target_group.app_tg_virginia",
            "aws_security_group.lb_sg_virginia",
            "module.vpc_virginia.aws_subnet.public",
            "module.vpc_virginia.aws_vpc.this"
          ]
        }
      ]
    },
    {
      "mode": "managed",
      "type": "aws_lb_target_group",
      "name": "app_tg_virginia",
      "provider": "provider[\"registry.terraform.io/hashicorp/aws\"].virginia",
      "instances": [
        {
          "index_key": 0,
          "schema_version": 0,
          "attributes": {
            "arn": "arn:aws:elasticloadbalancing:us-east-1:993407081893:targetgroup/Dev-TGroup-Puntoxpress-1/de0fea93c177c246",
            "arn_suffix": "targetgroup/Dev-TGroup-Puntoxpress-1/de0fea93c177c246",
            "connection_termination": false,
            "deregistration_delay": "300",
            "health_check": [
              {
                "enabled": true,
                "healthy_threshold": 3,
                "interval": 30,
                "matcher": "200",
                "path": "/",
                "port": "traffic-port",
                "protocol": "HTTP",
                "timeout": 3,
                "unhealthy_threshold": 2
              }
            ],
            "id": "arn:aws:elasticloadbalancing:us-east-1:993407081893:targetgroup/Dev-TGroup-Puntoxpress-1/de0fea93c177c246",
            "ip_address_type": "ipv4",
            "lambda_multi_value_headers_enabled": false,
            "load_balancing_algorithm_type": "round_robin",
            "load_balancing_cross_zone_enabled": "use_load_balancer_configuration",
            "name": "Dev-TGroup-Puntoxpress-1",
            "name_prefix": null,
            "port": 80,
            "preserve_client_ip": null,
            "protocol": "HTTP",
            "protocol_version": "HTTP1",
            "proxy_protocol_v2": false,
            "slow_start": 0,
            "stickiness": [
              {
                "cookie_duration": 86400,
                "cookie_name": "",
                "enabled": false,
                "type": "lb_cookie"
              }
            ],
            "tags": null,
            "tags_all": {},
            "target_failover": [
              {
                "on_deregistration": null,
                "on_unhealthy": null
              }
            ],
            "target_type": "ip",
            "vpc_id": "vpc-0a6b9fec541c6e564"
          },
          "sensitive_attributes": [],
          "private": "bnVsbA==",
          "dependencies": [
            "aws_lb.app_lb_virginia",
            "aws_security_group.lb_sg_virginia",
            "module.vpc_virginia.aws_subnet.public",
            "module.vpc_virginia.aws_vpc.this"
          ],
          "create_before_destroy": true
        },
        {
          "index_key": 1,
          "schema_version": 0,
          "attributes": {
            "arn": "arn:aws:elasticloadbalancing:us-east-1:993407081893:targetgroup/Dev-TGroup-Puntoxpress-2/521a417dd4c4193d",
            "arn_suffix": "targetgroup/Dev-TGroup-Puntoxpress-2/521a417dd4c4193d",
            "connection_termination": false,
            "deregistration_delay": "300",
            "health_check": [
              {
                "enabled": true,
                "healthy_threshold": 3,
                "interval": 30,
                "matcher": "200",
                "path": "/",
                "port": "traffic-port",
                "protocol": "HTTP",
                "timeout": 3,
                "unhealthy_threshold": 2
              }
            ],
            "id": "arn:aws:elasticloadbalancing:us-east-1:993407081893:targetgroup/Dev-TGroup-Puntoxpress-2/521a417dd4c4193d",
            "ip_address_type": "ipv4",
            "lambda_multi_value_headers_enabled": false,
            "load_balancing_algorithm_type": "round_robin",
            "load_balancing_cross_zone_enabled": "use_load_balancer_configuration",
            "name": "Dev-TGroup-Puntoxpress-2",
            "name_prefix": null,
            "port": 80,
            "preserve_client_ip": null,
            "protocol": "HTTP",
            "protocol_version": "HTTP1",
            "proxy_protocol_v2": false,
            "slow_start": 0,
            "stickiness": [
              {
                "cookie_duration": 86400,
                "cookie_name": "",
                "enabled": false,
                "type": "lb_cookie"
              }
            ],
            "tags": null,
            "tags_all": {},
            "target_failover": [
              {
                "on_deregistration": null,
                "on_unhealthy": null
              }
            ],
            "target_type": "ip",
            "vpc_id": "vpc-0a6b9fec541c6e564"
          },
          "sensitive_attributes": [],
          "private": "bnVsbA==",
          "dependencies": [
            "aws_lb.app_lb_virginia",
            "aws_security_group.lb_sg_virginia",
            "module.vpc_virginia.aws_subnet.public",
            "module.vpc_virginia.aws_vpc.this"
          ],
          "create_before_destroy": true
        },
        {
          "index_key": 2,
          "schema_version": 0,
          "attributes": {
            "arn": "arn:aws:elasticloadbalancing:us-east-1:993407081893:targetgroup/Dev-TGroup-Puntoxpress-3/7ddb8edf2cbf4e50",
            "arn_suffix": "targetgroup/Dev-TGroup-Puntoxpress-3/7ddb8edf2cbf4e50",
            "connection_termination": false,
            "deregistration_delay": "300",
            "health_check": [
              {
                "enabled": true,
                "healthy_threshold": 3,
                "interval": 30,
                "matcher": "200",
                "path": "/",
                "port": "traffic-port",
                "protocol": "HTTP",
                "timeout": 3,
                "unhealthy_threshold": 2
              }
            ],
            "id": "arn:aws:elasticloadbalancing:us-east-1:993407081893:targetgroup/Dev-TGroup-Puntoxpress-3/7ddb8edf2cbf4e50",
            "ip_address_type": "ipv4",
            "lambda_multi_value_headers_enabled": false,
            "load_balancing_algorithm_type": "round_robin",
            "load_balancing_cross_zone_enabled": "use_load_balancer_configuration",
            "name": "Dev-TGroup-Puntoxpress-3",
            "name_prefix": null,
            "port": 80,
            "preserve_client_ip": null,
            "protocol": "HTTP",
            "protocol_version": "HTTP1",
            "proxy_protocol_v2": false,
            "slow_start": 0,
            "stickiness": [
              {
                "cookie_duration": 86400,
                "cookie_name": "",
                "enabled": false,
                "type": "lb_cookie"
              }
            ],
            "tags": null,
            "tags_all": {},
            "target_failover": [
              {
                "on_deregistration": null,
                "on_unhealthy": null
              }
            ],
            "target_type": "ip",
            "vpc_id": "vpc-0a6b9fec541c6e564"
          },
          "sensitive_attributes": [],
          "private": "bnVsbA==",
          "dependencies": [
            "aws_lb.app_lb_virginia",
            "aws_security_group.lb_sg_virginia",
            "module.vpc_virginia.aws_subnet.public",
            "module.vpc_virginia.aws_vpc.this"
          ],
          "create_before_destroy": true
        },
        {
          "index_key": 3,
          "schema_version": 0,
          "attributes": {
            "arn": "arn:aws:elasticloadbalancing:us-east-1:993407081893:targetgroup/Dev-TGroup-Puntoxpress-4/0aec137adfbadd61",
            "arn_suffix": "targetgroup/Dev-TGroup-Puntoxpress-4/0aec137adfbadd61",
            "connection_termination": false,
            "deregistration_delay": "300",
            "health_check": [
              {
                "enabled": true,
                "healthy_threshold": 3,
                "interval": 30,
                "matcher": "200",
                "path": "/",
                "port": "traffic-port",
                "protocol": "HTTP",
                "timeout": 3,
                "unhealthy_threshold": 2
              }
            ],
            "id": "arn:aws:elasticloadbalancing:us-east-1:993407081893:targetgroup/Dev-TGroup-Puntoxpress-4/0aec137adfbadd61",
            "ip_address_type": "ipv4",
            "lambda_multi_value_headers_enabled": false,
            "load_balancing_algorithm_type": "round_robin",
            "load_balancing_cross_zone_enabled": "use_load_balancer_configuration",
            "name": "Dev-TGroup-Puntoxpress-4",
            "name_prefix": null,
            "port": 80,
            "preserve_client_ip": null,
            "protocol": "HTTP",
            "protocol_version": "HTTP1",
            "proxy_protocol_v2": false,
            "slow_start": 0,
            "stickiness": [
              {
                "cookie_duration": 86400,
                "cookie_name": "",
                "enabled": false,
                "type": "lb_cookie"
              }
            ],
            "tags": null,
            "tags_all": {},
            "target_failover": [
              {
                "on_deregistration": null,
                "on_unhealthy": null
              }
            ],
            "target_type": "ip",
            "vpc_id": "vpc-0a6b9fec541c6e564"
          },
          "sensitive_attributes": [],
          "private": "bnVsbA==",
          "dependencies": [
            "aws_lb.app_lb_virginia",
            "aws_security_group.lb_sg_virginia",
            "module.vpc_virginia.aws_subnet.public",
            "module.vpc_virginia.aws_vpc.this"
          ],
          "create_before_destroy": true
        },
        {
          "index_key": 4,
          "schema_version": 0,
          "attributes": {
            "arn": "arn:aws:elasticloadbalancing:us-east-1:993407081893:targetgroup/Dev-TGroup-Puntoxpress-5/c7e98415e615856d",
            "arn_suffix": "targetgroup/Dev-TGroup-Puntoxpress-5/c7e98415e615856d",
            "connection_termination": false,
            "deregistration_delay": "300",
            "health_check": [
              {
                "enabled": true,
                "healthy_threshold": 3,
                "interval": 30,
                "matcher": "200",
                "path": "/",
                "port": "traffic-port",
                "protocol": "HTTP",
                "timeout": 3,
                "unhealthy_threshold": 2
              }
            ],
            "id": "arn:aws:elasticloadbalancing:us-east-1:993407081893:targetgroup/Dev-TGroup-Puntoxpress-5/c7e98415e615856d",
            "ip_address_type": "ipv4",
            "lambda_multi_value_headers_enabled": false,
            "load_balancing_algorithm_type": "round_robin",
            "load_balancing_cross_zone_enabled": "use_load_balancer_configuration",
            "name": "Dev-TGroup-Puntoxpress-5",
            "name_prefix": null,
            "port": 80,
            "preserve_client_ip": null,
            "protocol": "HTTP",
            "protocol_version": "HTTP1",
            "proxy_protocol_v2": false,
            "slow_start": 0,
            "stickiness": [
              {
                "cookie_duration": 86400,
                "cookie_name": "",
                "enabled": false,
                "type": "lb_cookie"
              }
            ],
            "tags": null,
            "tags_all": {},
            "target_failover": [
              {
                "on_deregistration": null,
                "on_unhealthy": null
              }
            ],
            "target_type": "ip",
            "vpc_id": "vpc-0a6b9fec541c6e564"
          },
          "sensitive_attributes": [],
          "private": "bnVsbA==",
          "dependencies": [
            "aws_lb.app_lb_virginia",
            "aws_security_group.lb_sg_virginia",
            "module.vpc_virginia.aws_subnet.public",
            "module.vpc_virginia.aws_vpc.this"
          ],
          "create_before_destroy": true
        },
        {
          "index_key": 5,
          "schema_version": 0,
          "attributes": {
            "arn": "arn:aws:elasticloadbalancing:us-east-1:993407081893:targetgroup/Dev-TGroup-Puntoxpress-6/729d304e30c81c14",
            "arn_suffix": "targetgroup/Dev-TGroup-Puntoxpress-6/729d304e30c81c14",
            "connection_termination": false,
            "deregistration_delay": "300",
            "health_check": [
              {
                "enabled": true,
                "healthy_threshold": 3,
                "interval": 30,
                "matcher": "200",
                "path": "/",
                "port": "traffic-port",
                "protocol": "HTTP",
                "timeout": 3,
                "unhealthy_threshold": 2
              }
            ],
            "id": "arn:aws:elasticloadbalancing:us-east-1:993407081893:targetgroup/Dev-TGroup-Puntoxpress-6/729d304e30c81c14",
            "ip_address_type": "ipv4",
            "lambda_multi_value_headers_enabled": false,
            "load_balancing_algorithm_type": "round_robin",
            "load_balancing_cross_zone_enabled": "use_load_balancer_configuration",
            "name": "Dev-TGroup-Puntoxpress-6",
            "name_prefix": null,
            "port": 80,
            "preserve_client_ip": null,
            "protocol": "HTTP",
            "protocol_version": "HTTP1",
            "proxy_protocol_v2": false,
            "slow_start": 0,
            "stickiness": [
              {
                "cookie_duration": 86400,
                "cookie_name": "",
                "enabled": false,
                "type": "lb_cookie"
              }
            ],
            "tags": null,
            "tags_all": {},
            "target_failover": [
              {
                "on_deregistration": null,
                "on_unhealthy": null
              }
            ],
            "target_type": "ip",
            "vpc_id": "vpc-0a6b9fec541c6e564"
          },
          "sensitive_attributes": [],
          "private": "bnVsbA==",
          "dependencies": [
            "aws_lb.app_lb_virginia",
            "aws_security_group.lb_sg_virginia",
            "module.vpc_virginia.aws_subnet.public",
            "module.vpc_virginia.aws_vpc.this"
          ],
          "create_before_destroy": true
        },
        {
          "index_key": 6,
          "schema_version": 0,
          "attributes": {
            "arn": "arn:aws:elasticloadbalancing:us-east-1:993407081893:targetgroup/Dev-TGroup-Puntoxpress-7/6c3be3d5aadcdce6",
            "arn_suffix": "targetgroup/Dev-TGroup-Puntoxpress-7/6c3be3d5aadcdce6",
            "connection_termination": false,
            "deregistration_delay": "300",
            "health_check": [
              {
                "enabled": true,
                "healthy_threshold": 3,
                "interval": 30,
                "matcher": "200",
                "path": "/",
                "port": "traffic-port",
                "protocol": "HTTP",
                "timeout": 3,
                "unhealthy_threshold": 2
              }
            ],
            "id": "arn:aws:elasticloadbalancing:us-east-1:993407081893:targetgroup/Dev-TGroup-Puntoxpress-7/6c3be3d5aadcdce6",
            "ip_address_type": "ipv4",
            "lambda_multi_value_headers_enabled": false,
            "load_balancing_algorithm_type": "round_robin",
            "load_balancing_cross_zone_enabled": "use_load_balancer_configuration",
            "name": "Dev-TGroup-Puntoxpress-7",
            "name_prefix": null,
            "port": 80,
            "preserve_client_ip": null,
            "protocol": "HTTP",
            "protocol_version": "HTTP1",
            "proxy_protocol_v2": false,
            "slow_start": 0,
            "stickiness": [
              {
                "cookie_duration": 86400,
                "cookie_name": "",
                "enabled": false,
                "type": "lb_cookie"
              }
            ],
            "tags": null,
            "tags_all": {},
            "target_failover": [
              {
                "on_deregistration": null,
                "on_unhealthy": null
              }
            ],
            "target_type": "ip",
            "vpc_id": "vpc-0a6b9fec541c6e564"
          },
          "sensitive_attributes": [],
          "private": "bnVsbA==",
          "dependencies": [
            "aws_lb.app_lb_virginia",
            "aws_security_group.lb_sg_virginia",
            "module.vpc_virginia.aws_subnet.public",
            "module.vpc_virginia.aws_vpc.this"
          ],
          "create_before_destroy": true
        },
        {
          "index_key": 7,
          "schema_version": 0,
          "attributes": {
            "arn": "arn:aws:elasticloadbalancing:us-east-1:993407081893:targetgroup/Dev-TGroup-Puntoxpress-8/9b8d07a4879fa3c0",
            "arn_suffix": "targetgroup/Dev-TGroup-Puntoxpress-8/9b8d07a4879fa3c0",
            "connection_termination": false,
            "deregistration_delay": "300",
            "health_check": [
              {
                "enabled": true,
                "healthy_threshold": 3,
                "interval": 30,
                "matcher": "200",
                "path": "/",
                "port": "traffic-port",
                "protocol": "HTTP",
                "timeout": 3,
                "unhealthy_threshold": 2
              }
            ],
            "id": "arn:aws:elasticloadbalancing:us-east-1:993407081893:targetgroup/Dev-TGroup-Puntoxpress-8/9b8d07a4879fa3c0",
            "ip_address_type": "ipv4",
            "lambda_multi_value_headers_enabled": false,
            "load_balancing_algorithm_type": "round_robin",
            "load_balancing_cross_zone_enabled": "use_load_balancer_configuration",
            "name": "Dev-TGroup-Puntoxpress-8",
            "name_prefix": null,
            "port": 80,
            "preserve_client_ip": null,
            "protocol": "HTTP",
            "protocol_version": "HTTP1",
            "proxy_protocol_v2": false,
            "slow_start": 0,
            "stickiness": [
              {
                "cookie_duration": 86400,
                "cookie_name": "",
                "enabled": false,
                "type": "lb_cookie"
              }
            ],
            "tags": null,
            "tags_all": {},
            "target_failover": [
              {
                "on_deregistration": null,
                "on_unhealthy": null
              }
            ],
            "target_type": "ip",
            "vpc_id": "vpc-0a6b9fec541c6e564"
          },
          "sensitive_attributes": [],
          "private": "bnVsbA==",
          "dependencies": [
            "aws_lb.app_lb_virginia",
            "aws_security_group.lb_sg_virginia",
            "module.vpc_virginia.aws_subnet.public",
            "module.vpc_virginia.aws_vpc.this"
          ],
          "create_before_destroy": true
        }
      ]
    },
    {
      "mode": "managed",
      "type": "aws_route53_record",
      "name": "tasks_dns_ecs_virginia",
      "provider": "provider[\"registry.terraform.io/hashicorp/aws\"].route53",
      "instances": [
        {
          "index_key": 0,
          "schema_version": 2,
          "attributes": {
            "alias": [
              {
                "evaluate_target_health": true,
                "name": "dev-alb-puntoxpress-1255832022.us-east-1.elb.amazonaws.com",
                "zone_id": "Z35SXDOTRQ7X7K"
              }
            ],
            "allow_overwrite": null,
            "cidr_routing_policy": [],
            "failover_routing_policy": [],
            "fqdn": "srv1.isolated-virginia.kubixcorp.com",
            "geolocation_routing_policy": [],
            "health_check_id": "",
            "id": "Z07774303G2AYPCGKGZSX_srv1.isolated-virginia.kubixcorp.com_A",
            "latency_routing_policy": [],
            "multivalue_answer_routing_policy": false,
            "name": "srv1.isolated-virginia.kubixcorp.com",
            "records": null,
            "set_identifier": "",
            "ttl": 0,
            "type": "A",
            "weighted_routing_policy": [],
            "zone_id": "Z07774303G2AYPCGKGZSX"
          },
          "sensitive_attributes": [],
          "private": "eyJzY2hlbWFfdmVyc2lvbiI6IjIifQ==",
          "dependencies": [
            "aws_lb.app_lb_virginia",
            "aws_security_group.lb_sg_virginia",
            "module.vpc_virginia.aws_subnet.public",
            "module.vpc_virginia.aws_vpc.this"
          ]
        },
        {
          "index_key": 1,
          "schema_version": 2,
          "attributes": {
            "alias": [
              {
                "evaluate_target_health": true,
                "name": "dev-alb-puntoxpress-1255832022.us-east-1.elb.amazonaws.com",
                "zone_id": "Z35SXDOTRQ7X7K"
              }
            ],
            "allow_overwrite": null,
            "cidr_routing_policy": [],
            "failover_routing_policy": [],
            "fqdn": "srv2.isolated-virginia.kubixcorp.com",
            "geolocation_routing_policy": [],
            "health_check_id": "",
            "id": "Z07774303G2AYPCGKGZSX_srv2.isolated-virginia.kubixcorp.com_A",
            "latency_routing_policy": [],
            "multivalue_answer_routing_policy": false,
            "name": "srv2.isolated-virginia.kubixcorp.com",
            "records": null,
            "set_identifier": "",
            "ttl": 0,
            "type": "A",
            "weighted_routing_policy": [],
            "zone_id": "Z07774303G2AYPCGKGZSX"
          },
          "sensitive_attributes": [],
          "private": "eyJzY2hlbWFfdmVyc2lvbiI6IjIifQ==",
          "dependencies": [
            "aws_lb.app_lb_virginia",
            "aws_security_group.lb_sg_virginia",
            "module.vpc_virginia.aws_subnet.public",
            "module.vpc_virginia.aws_vpc.this"
          ]
        },
        {
          "index_key": 2,
          "schema_version": 2,
          "attributes": {
            "alias": [
              {
                "evaluate_target_health": true,
                "name": "dev-alb-puntoxpress-1255832022.us-east-1.elb.amazonaws.com",
                "zone_id": "Z35SXDOTRQ7X7K"
              }
            ],
            "allow_overwrite": null,
            "cidr_routing_policy": [],
            "failover_routing_policy": [],
            "fqdn": "srv3.isolated-virginia.kubixcorp.com",
            "geolocation_routing_policy": [],
            "health_check_id": "",
            "id": "Z07774303G2AYPCGKGZSX_srv3.isolated-virginia.kubixcorp.com_A",
            "latency_routing_policy": [],
            "multivalue_answer_routing_policy": false,
            "name": "srv3.isolated-virginia.kubixcorp.com",
            "records": null,
            "set_identifier": "",
            "ttl": 0,
            "type": "A",
            "weighted_routing_policy": [],
            "zone_id": "Z07774303G2AYPCGKGZSX"
          },
          "sensitive_attributes": [],
          "private": "eyJzY2hlbWFfdmVyc2lvbiI6IjIifQ==",
          "dependencies": [
            "aws_lb.app_lb_virginia",
            "aws_security_group.lb_sg_virginia",
            "module.vpc_virginia.aws_subnet.public",
            "module.vpc_virginia.aws_vpc.this"
          ]
        },
        {
          "index_key": 3,
          "schema_version": 2,
          "attributes": {
            "alias": [
              {
                "evaluate_target_health": true,
                "name": "dev-alb-puntoxpress-1255832022.us-east-1.elb.amazonaws.com",
                "zone_id": "Z35SXDOTRQ7X7K"
              }
            ],
            "allow_overwrite": null,
            "cidr_routing_policy": [],
            "failover_routing_policy": [],
            "fqdn": "srv4.isolated-virginia.kubixcorp.com",
            "geolocation_routing_policy": [],
            "health_check_id": "",
            "id": "Z07774303G2AYPCGKGZSX_srv4.isolated-virginia.kubixcorp.com_A",
            "latency_routing_policy": [],
            "multivalue_answer_routing_policy": false,
            "name": "srv4.isolated-virginia.kubixcorp.com",
            "records": null,
            "set_identifier": "",
            "ttl": 0,
            "type": "A",
            "weighted_routing_policy": [],
            "zone_id": "Z07774303G2AYPCGKGZSX"
          },
          "sensitive_attributes": [],
          "private": "eyJzY2hlbWFfdmVyc2lvbiI6IjIifQ==",
          "dependencies": [
            "aws_lb.app_lb_virginia",
            "aws_security_group.lb_sg_virginia",
            "module.vpc_virginia.aws_subnet.public",
            "module.vpc_virginia.aws_vpc.this"
          ]
        },
        {
          "index_key": 4,
          "schema_version": 2,
          "attributes": {
            "alias": [
              {
                "evaluate_target_health": true,
                "name": "dev-alb-puntoxpress-1255832022.us-east-1.elb.amazonaws.com",
                "zone_id": "Z35SXDOTRQ7X7K"
              }
            ],
            "allow_overwrite": null,
            "cidr_routing_policy": [],
            "failover_routing_policy": [],
            "fqdn": "srv5.isolated-virginia.kubixcorp.com",
            "geolocation_routing_policy": [],
            "health_check_id": "",
            "id": "Z07774303G2AYPCGKGZSX_srv5.isolated-virginia.kubixcorp.com_A",
            "latency_routing_policy": [],
            "multivalue_answer_routing_policy": false,
            "name": "srv5.isolated-virginia.kubixcorp.com",
            "records": null,
            "set_identifier": "",
            "ttl": 0,
            "type": "A",
            "weighted_routing_policy": [],
            "zone_id": "Z07774303G2AYPCGKGZSX"
          },
          "sensitive_attributes": [],
          "private": "eyJzY2hlbWFfdmVyc2lvbiI6IjIifQ==",
          "dependencies": [
            "aws_lb.app_lb_virginia",
            "aws_security_group.lb_sg_virginia",
            "module.vpc_virginia.aws_subnet.public",
            "module.vpc_virginia.aws_vpc.this"
          ]
        },
        {
          "index_key": 5,
          "schema_version": 2,
          "attributes": {
            "alias": [
              {
                "evaluate_target_health": true,
                "name": "dev-alb-puntoxpress-1255832022.us-east-1.elb.amazonaws.com",
                "zone_id": "Z35SXDOTRQ7X7K"
              }
            ],
            "allow_overwrite": null,
            "cidr_routing_policy": [],
            "failover_routing_policy": [],
            "fqdn": "srv6.isolated-virginia.kubixcorp.com",
            "geolocation_routing_policy": [],
            "health_check_id": "",
            "id": "Z07774303G2AYPCGKGZSX_srv6.isolated-virginia.kubixcorp.com_A",
            "latency_routing_policy": [],
            "multivalue_answer_routing_policy": false,
            "name": "srv6.isolated-virginia.kubixcorp.com",
            "records": null,
            "set_identifier": "",
            "ttl": 0,
            "type": "A",
            "weighted_routing_policy": [],
            "zone_id": "Z07774303G2AYPCGKGZSX"
          },
          "sensitive_attributes": [],
          "private": "eyJzY2hlbWFfdmVyc2lvbiI6IjIifQ==",
          "dependencies": [
            "aws_lb.app_lb_virginia",
            "aws_security_group.lb_sg_virginia",
            "module.vpc_virginia.aws_subnet.public",
            "module.vpc_virginia.aws_vpc.this"
          ]
        },
        {
          "index_key": 6,
          "schema_version": 2,
          "attributes": {
            "alias": [
              {
                "evaluate_target_health": true,
                "name": "dev-alb-puntoxpress-1255832022.us-east-1.elb.amazonaws.com",
                "zone_id": "Z35SXDOTRQ7X7K"
              }
            ],
            "allow_overwrite": null,
            "cidr_routing_policy": [],
            "failover_routing_policy": [],
            "fqdn": "srv7.isolated-virginia.kubixcorp.com",
            "geolocation_routing_policy": [],
            "health_check_id": "",
            "id": "Z07774303G2AYPCGKGZSX_srv7.isolated-virginia.kubixcorp.com_A",
            "latency_routing_policy": [],
            "multivalue_answer_routing_policy": false,
            "name": "srv7.isolated-virginia.kubixcorp.com",
            "records": null,
            "set_identifier": "",
            "ttl": 0,
            "type": "A",
            "weighted_routing_policy": [],
            "zone_id": "Z07774303G2AYPCGKGZSX"
          },
          "sensitive_attributes": [],
          "private": "eyJzY2hlbWFfdmVyc2lvbiI6IjIifQ==",
          "dependencies": [
            "aws_lb.app_lb_virginia",
            "aws_security_group.lb_sg_virginia",
            "module.vpc_virginia.aws_subnet.public",
            "module.vpc_virginia.aws_vpc.this"
          ]
        },
        {
          "index_key": 7,
          "schema_version": 2,
          "attributes": {
            "alias": [
              {
                "evaluate_target_health": true,
                "name": "dev-alb-puntoxpress-1255832022.us-east-1.elb.amazonaws.com",
                "zone_id": "Z35SXDOTRQ7X7K"
              }
            ],
            "allow_overwrite": null,
            "cidr_routing_policy": [],
            "failover_routing_policy": [],
            "fqdn": "srv8.isolated-virginia.kubixcorp.com",
            "geolocation_routing_policy": [],
            "health_check_id": "",
            "id": "Z07774303G2AYPCGKGZSX_srv8.isolated-virginia.kubixcorp.com_A",
            "latency_routing_policy": [],
            "multivalue_answer_routing_policy": false,
            "name": "srv8.isolated-virginia.kubixcorp.com",
            "records": null,
            "set_identifier": "",
            "ttl": 0,
            "type": "A",
            "weighted_routing_policy": [],
            "zone_id": "Z07774303G2AYPCGKGZSX"
          },
          "sensitive_attributes": [],
          "private": "eyJzY2hlbWFfdmVyc2lvbiI6IjIifQ==",
          "dependencies": [
            "aws_lb.app_lb_virginia",
            "aws_security_group.lb_sg_virginia",
            "module.vpc_virginia.aws_subnet.public",
            "module.vpc_virginia.aws_vpc.this"
          ]
        }
      ]
    },
    {
      "mode": "managed",
      "type": "aws_s3_bucket",
      "name": "alb_logs_oregon",
      "provider": "provider[\"registry.terraform.io/hashicorp/aws\"].oregon",
      "instances": [
        {
          "schema_version": 0,
          "attributes": {
            "acceleration_status": "",
            "acl": null,
            "arn": "arn:aws:s3:::alb-logs-isolated-oregon",
            "bucket": "alb-logs-isolated-oregon",
            "bucket_domain_name": "alb-logs-isolated-oregon.s3.amazonaws.com",
            "bucket_prefix": "",
            "bucket_regional_domain_name": "alb-logs-isolated-oregon.s3.us-west-2.amazonaws.com",
            "cors_rule": [],
            "force_destroy": true,
            "grant": [
              {
                "id": "ab125ce127cb8dc76343c5471d93fe1f6978f0443b1f8832d5342ea577ed777d",
                "permissions": [
                  "FULL_CONTROL"
                ],
                "type": "CanonicalUser",
                "uri": ""
              }
            ],
            "hosted_zone_id": "Z3BJ6K6RIION7M",
            "id": "alb-logs-isolated-oregon",
            "lifecycle_rule": [],
            "logging": [],
            "object_lock_configuration": [],
            "object_lock_enabled": false,
            "policy": "",
            "region": "us-west-2",
            "replication_configuration": [],
            "request_payer": "BucketOwner",
            "server_side_encryption_configuration": [
              {
                "rule": [
                  {
                    "apply_server_side_encryption_by_default": [
                      {
                        "kms_master_key_id": "",
                        "sse_algorithm": "AES256"
                      }
                    ],
                    "bucket_key_enabled": false
                  }
                ]
              }
            ],
            "tags": {
              "Name": "ALB Logs Bucket Oregon"
            },
            "tags_all": {
              "Name": "ALB Logs Bucket Oregon"
            },
            "timeouts": null,
            "versioning": [
              {
                "enabled": false,
                "mfa_delete": false
              }
            ],
            "website": [],
            "website_domain": null,
            "website_endpoint": null
          },
          "sensitive_attributes": [],
          "private": "eyJlMmJmYjczMC1lY2FhLTExZTYtOGY4OC0zNDM2M2JjN2M0YzAiOnsiY3JlYXRlIjoxMjAwMDAwMDAwMDAwLCJkZWxldGUiOjM2MDAwMDAwMDAwMDAsInJlYWQiOjEyMDAwMDAwMDAwMDAsInVwZGF0ZSI6MTIwMDAwMDAwMDAwMH19"
        }
      ]
    },
    {
      "mode": "managed",
      "type": "aws_s3_bucket",
      "name": "alb_logs_virginia",
      "provider": "provider[\"registry.terraform.io/hashicorp/aws\"].virginia",
      "instances": [
        {
          "schema_version": 0,
          "attributes": {
            "acceleration_status": "",
            "acl": null,
            "arn": "arn:aws:s3:::alb-logs-isolated-virginia",
            "bucket": "alb-logs-isolated-virginia",
            "bucket_domain_name": "alb-logs-isolated-virginia.s3.amazonaws.com",
            "bucket_prefix": "",
            "bucket_regional_domain_name": "alb-logs-isolated-virginia.s3.amazonaws.com",
            "cors_rule": [],
            "force_destroy": true,
            "grant": [
              {
                "id": "ab125ce127cb8dc76343c5471d93fe1f6978f0443b1f8832d5342ea577ed777d",
                "permissions": [
                  "FULL_CONTROL"
                ],
                "type": "CanonicalUser",
                "uri": ""
              }
            ],
            "hosted_zone_id": "Z3AQBSTGFYJSTF",
            "id": "alb-logs-isolated-virginia",
            "lifecycle_rule": [],
            "logging": [],
            "object_lock_configuration": [],
            "object_lock_enabled": false,
            "policy": "",
            "region": "us-east-1",
            "replication_configuration": [],
            "request_payer": "BucketOwner",
            "server_side_encryption_configuration": [
              {
                "rule": [
                  {
                    "apply_server_side_encryption_by_default": [
                      {
                        "kms_master_key_id": "",
                        "sse_algorithm": "AES256"
                      }
                    ],
                    "bucket_key_enabled": false
                  }
                ]
              }
            ],
            "tags": {
              "Name": "ALB Logs Bucket Virginia"
            },
            "tags_all": {
              "Name": "ALB Logs Bucket Virginia"
            },
            "timeouts": null,
            "versioning": [
              {
                "enabled": false,
                "mfa_delete": false
              }
            ],
            "website": [],
            "website_domain": null,
            "website_endpoint": null
          },
          "sensitive_attributes": [],
          "private": "eyJlMmJmYjczMC1lY2FhLTExZTYtOGY4OC0zNDM2M2JjN2M0YzAiOnsiY3JlYXRlIjoxMjAwMDAwMDAwMDAwLCJkZWxldGUiOjM2MDAwMDAwMDAwMDAsInJlYWQiOjEyMDAwMDAwMDAwMDAsInVwZGF0ZSI6MTIwMDAwMDAwMDAwMH19"
        }
      ]
    },
    {
      "mode": "managed",
      "type": "aws_s3_bucket_policy",
      "name": "alb_logs_oregon_policy",
      "provider": "provider[\"registry.terraform.io/hashicorp/aws\"].oregon",
      "instances": [
        {
          "schema_version": 0,
          "attributes": {
            "bucket": "alb-logs-isolated-oregon",
            "id": "alb-logs-isolated-oregon",
            "policy": "{\"Statement\":[{\"Action\":\"s3:PutObject\",\"Effect\":\"Allow\",\"Principal\":{\"AWS\":\"arn:aws:iam::127311923021:root\"},\"Resource\":\"arn:aws:s3:::alb-logs-isolated-oregon/*\"}],\"Version\":\"2012-10-17\"}"
          },
          "sensitive_attributes": [],
          "private": "bnVsbA==",
          "dependencies": [
            "aws_s3_bucket.alb_logs_oregon",
            "data.aws_elb_service_account.main"
          ]
        }
      ]
    },
    {
      "mode": "managed",
      "type": "aws_s3_bucket_policy",
      "name": "alb_logs_virginia_policy",
      "provider": "provider[\"registry.terraform.io/hashicorp/aws\"].virginia",
      "instances": [
        {
          "schema_version": 0,
          "attributes": {
            "bucket": "alb-logs-isolated-virginia",
            "id": "alb-logs-isolated-virginia",
            "policy": "{\"Statement\":[{\"Action\":\"s3:PutObject\",\"Effect\":\"Allow\",\"Principal\":{\"AWS\":\"arn:aws:iam::127311923021:root\"},\"Resource\":\"arn:aws:s3:::alb-logs-isolated-virginia/*\"}],\"Version\":\"2012-10-17\"}"
          },
          "sensitive_attributes": [],
          "private": "bnVsbA==",
          "dependencies": [
            "aws_s3_bucket.alb_logs_virginia",
            "data.aws_elb_service_account.main"
          ]
        }
      ]
    },
    {
      "mode": "managed",
      "type": "aws_security_group",
      "name": "alb_sg_oregon",
      "provider": "provider[\"registry.terraform.io/hashicorp/aws\"].oregon",
      "instances": [
        {
          "schema_version": 1,
          "attributes": {
            "arn": "arn:aws:ec2:us-west-2:993407081893:security-group/sg-09b53a0825b7e119a",
            "description": "ALB Security Group Oregon",
            "egress": [
              {
                "cidr_blocks": [
                  "0.0.0.0/0"
                ],
                "description": "",
                "from_port": 0,
                "ipv6_cidr_blocks": [],
                "prefix_list_ids": [],
                "protocol": "-1",
                "security_groups": [],
                "self": false,
                "to_port": 0
              }
            ],
            "id": "sg-09b53a0825b7e119a",
            "ingress": [
              {
                "cidr_blocks": [
                  "0.0.0.0/0"
                ],
                "description": "",
                "from_port": 443,
                "ipv6_cidr_blocks": [],
                "prefix_list_ids": [],
                "protocol": "tcp",
                "security_groups": [],
                "self": false,
                "to_port": 443
              }
            ],
            "name": "alb_sg_oregon",
            "name_prefix": "",
            "owner_id": "993407081893",
            "revoke_rules_on_delete": false,
            "tags": {
              "Name": "ALB Security Group Oregon"
            },
            "tags_all": {
              "Name": "ALB Security Group Oregon"
            },
            "timeouts": null,
            "vpc_id": "vpc-0508550e312cafe2c"
          },
          "sensitive_attributes": [],
          "private": "eyJlMmJmYjczMC1lY2FhLTExZTYtOGY4OC0zNDM2M2JjN2M0YzAiOnsiY3JlYXRlIjo2MDAwMDAwMDAwMDAsImRlbGV0ZSI6OTAwMDAwMDAwMDAwfSwic2NoZW1hX3ZlcnNpb24iOiIxIn0=",
          "dependencies": [
            "module.vpc_oregon.aws_vpc.this"
          ]
        }
      ]
    },
    {
      "mode": "managed",
      "type": "aws_security_group",
      "name": "alb_sg_virginia",
      "provider": "provider[\"registry.terraform.io/hashicorp/aws\"].virginia",
      "instances": [
        {
          "schema_version": 1,
          "attributes": {
            "arn": "arn:aws:ec2:us-east-1:993407081893:security-group/sg-079973fb6f010b2e1",
            "description": "ALB Security Group Virginia",
            "egress": [
              {
                "cidr_blocks": [
                  "0.0.0.0/0"
                ],
                "description": "",
                "from_port": 0,
                "ipv6_cidr_blocks": [],
                "prefix_list_ids": [],
                "protocol": "-1",
                "security_groups": [],
                "self": false,
                "to_port": 0
              }
            ],
            "id": "sg-079973fb6f010b2e1",
            "ingress": [
              {
                "cidr_blocks": [
                  "0.0.0.0/0"
                ],
                "description": "",
                "from_port": 443,
                "ipv6_cidr_blocks": [],
                "prefix_list_ids": [],
                "protocol": "tcp",
                "security_groups": [],
                "self": false,
                "to_port": 443
              }
            ],
            "name": "alb_sg_virginia",
            "name_prefix": "",
            "owner_id": "993407081893",
            "revoke_rules_on_delete": false,
            "tags": {
              "Name": "ALB Security Group Virginia"
            },
            "tags_all": {
              "Name": "ALB Security Group Virginia"
            },
            "timeouts": null,
            "vpc_id": "vpc-0a6b9fec541c6e564"
          },
          "sensitive_attributes": [],
          "private": "eyJlMmJmYjczMC1lY2FhLTExZTYtOGY4OC0zNDM2M2JjN2M0YzAiOnsiY3JlYXRlIjo2MDAwMDAwMDAwMDAsImRlbGV0ZSI6OTAwMDAwMDAwMDAwfSwic2NoZW1hX3ZlcnNpb24iOiIxIn0=",
          "dependencies": [
            "module.vpc_virginia.aws_vpc.this"
          ]
        }
      ]
    },
    {
      "mode": "managed",
      "type": "aws_security_group",
      "name": "bastion_sg_oregon",
      "provider": "provider[\"registry.terraform.io/hashicorp/aws\"].oregon",
      "instances": [
        {
          "schema_version": 1,
          "attributes": {
            "arn": "arn:aws:ec2:us-west-2:993407081893:security-group/sg-02b1429e62c63aec6",
            "description": "Allow SSH traffic",
            "egress": [
              {
                "cidr_blocks": [
                  "0.0.0.0/0"
                ],
                "description": "",
                "from_port": 0,
                "ipv6_cidr_blocks": [],
                "prefix_list_ids": [],
                "protocol": "-1",
                "security_groups": [],
                "self": false,
                "to_port": 0
              }
            ],
            "id": "sg-02b1429e62c63aec6",
            "ingress": [
              {
                "cidr_blocks": [
                  "0.0.0.0/0"
                ],
                "description": "",
                "from_port": 22,
                "ipv6_cidr_blocks": [],
                "prefix_list_ids": [],
                "protocol": "tcp",
                "security_groups": [],
                "self": false,
                "to_port": 22
              }
            ],
            "name": "oregon_sg_virginia",
            "name_prefix": "",
            "owner_id": "993407081893",
            "revoke_rules_on_delete": false,
            "tags": {
              "Name": "Bastion SG Oregon"
            },
            "tags_all": {
              "Name": "Bastion SG Oregon"
            },
            "timeouts": null,
            "vpc_id": "vpc-0508550e312cafe2c"
          },
          "sensitive_attributes": [],
          "private": "eyJlMmJmYjczMC1lY2FhLTExZTYtOGY4OC0zNDM2M2JjN2M0YzAiOnsiY3JlYXRlIjo2MDAwMDAwMDAwMDAsImRlbGV0ZSI6OTAwMDAwMDAwMDAwfSwic2NoZW1hX3ZlcnNpb24iOiIxIn0=",
          "dependencies": [
            "module.vpc_oregon.aws_vpc.this"
          ]
        }
      ]
    },
    {
      "mode": "managed",
      "type": "aws_security_group",
      "name": "bastion_sg_virginia",
      "provider": "provider[\"registry.terraform.io/hashicorp/aws\"].virginia",
      "instances": [
        {
          "schema_version": 1,
          "attributes": {
            "arn": "arn:aws:ec2:us-east-1:993407081893:security-group/sg-09f8540fab485bf58",
            "description": "Allow SSH traffic",
            "egress": [
              {
                "cidr_blocks": [
                  "0.0.0.0/0"
                ],
                "description": "",
                "from_port": 0,
                "ipv6_cidr_blocks": [],
                "prefix_list_ids": [],
                "protocol": "-1",
                "security_groups": [],
                "self": false,
                "to_port": 0
              }
            ],
            "id": "sg-09f8540fab485bf58",
            "ingress": [
              {
                "cidr_blocks": [
                  "0.0.0.0/0"
                ],
                "description": "",
                "from_port": 22,
                "ipv6_cidr_blocks": [],
                "prefix_list_ids": [],
                "protocol": "tcp",
                "security_groups": [],
                "self": false,
                "to_port": 22
              }
            ],
            "name": "bastion_sg_virginia",
            "name_prefix": "",
            "owner_id": "993407081893",
            "revoke_rules_on_delete": false,
            "tags": {
              "Name": "Bastion SG Virginia"
            },
            "tags_all": {
              "Name": "Bastion SG Virginia"
            },
            "timeouts": null,
            "vpc_id": "vpc-0a6b9fec541c6e564"
          },
          "sensitive_attributes": [],
          "private": "eyJlMmJmYjczMC1lY2FhLTExZTYtOGY4OC0zNDM2M2JjN2M0YzAiOnsiY3JlYXRlIjo2MDAwMDAwMDAwMDAsImRlbGV0ZSI6OTAwMDAwMDAwMDAwfSwic2NoZW1hX3ZlcnNpb24iOiIxIn0=",
          "dependencies": [
            "module.vpc_virginia.aws_vpc.this"
          ]
        }
      ]
    },
    {
      "mode": "managed",
      "type": "aws_security_group",
      "name": "lb_sg_virginia",
      "provider": "provider[\"registry.terraform.io/hashicorp/aws\"].virginia",
      "instances": [
        {
          "schema_version": 1,
          "attributes": {
            "arn": "arn:aws:ec2:us-east-1:993407081893:security-group/sg-0d51bffcf3959cf64",
            "description": "Managed by Terraform",
            "egress": [
              {
                "cidr_blocks": [
                  "0.0.0.0/0"
                ],
                "description": "",
                "from_port": 0,
                "ipv6_cidr_blocks": [],
                "prefix_list_ids": [],
                "protocol": "-1",
                "security_groups": [],
                "self": false,
                "to_port": 0
              }
            ],
            "id": "sg-0d51bffcf3959cf64",
            "ingress": [
              {
                "cidr_blocks": [
                  "0.0.0.0/0"
                ],
                "description": "",
                "from_port": 443,
                "ipv6_cidr_blocks": [],
                "prefix_list_ids": [],
                "protocol": "tcp",
                "security_groups": [],
                "self": false,
                "to_port": 443
              },
              {
                "cidr_blocks": [
                  "0.0.0.0/0"
                ],
                "description": "",
                "from_port": 80,
                "ipv6_cidr_blocks": [],
                "prefix_list_ids": [],
                "protocol": "tcp",
                "security_groups": [],
                "self": false,
                "to_port": 80
              }
            ],
            "name": "Dev-lb-sg-puntoxpress",
            "name_prefix": "",
            "owner_id": "993407081893",
            "revoke_rules_on_delete": false,
            "tags": null,
            "tags_all": {},
            "timeouts": null,
            "vpc_id": "vpc-0a6b9fec541c6e564"
          },
          "sensitive_attributes": [],
          "private": "eyJlMmJmYjczMC1lY2FhLTExZTYtOGY4OC0zNDM2M2JjN2M0YzAiOnsiY3JlYXRlIjo2MDAwMDAwMDAwMDAsImRlbGV0ZSI6OTAwMDAwMDAwMDAwfSwic2NoZW1hX3ZlcnNpb24iOiIxIn0=",
          "dependencies": [
            "module.vpc_virginia.aws_vpc.this"
          ],
          "create_before_destroy": true
        }
      ]
    },
    {
      "mode": "managed",
      "type": "aws_wafv2_ip_set",
      "name": "allowed_ips_oregon",
      "provider": "provider[\"registry.terraform.io/hashicorp/aws\"].oregon",
      "instances": [
        {
          "schema_version": 0,
          "attributes": {
            "addresses": [
              "179.60.173.0/32",
              "203.0.113.0/24"
            ],
            "arn": "arn:aws:wafv2:us-west-2:993407081893:regional/ipset/allowed-ips-oregon/c78d54b6-9606-47d5-a336-34c3797d42fd",
            "description": "",
            "id": "c78d54b6-9606-47d5-a336-34c3797d42fd",
            "ip_address_version": "IPV4",
            "lock_token": "5444a654-6ab6-4c09-8cd3-82fc9f59c2c0",
            "name": "allowed-ips-oregon",
            "scope": "REGIONAL",
            "tags": null,
            "tags_all": {}
          },
          "sensitive_attributes": [],
          "private": "bnVsbA=="
        }
      ]
    },
    {
      "mode": "managed",
      "type": "aws_wafv2_ip_set",
      "name": "allowed_ips_virginia",
      "provider": "provider[\"registry.terraform.io/hashicorp/aws\"].virginia",
      "instances": [
        {
          "schema_version": 0,
          "attributes": {
            "addresses": [
              "179.60.173.0/32",
              "203.0.113.0/24"
            ],
            "arn": "arn:aws:wafv2:us-east-1:993407081893:regional/ipset/allowed-ips-virginia/cfca556c-f39b-4737-a4e8-0758360f9f67",
            "description": "",
            "id": "cfca556c-f39b-4737-a4e8-0758360f9f67",
            "ip_address_version": "IPV4",
            "lock_token": "b134925d-c736-434e-a98c-9e55b417bb35",
            "name": "allowed-ips-virginia",
            "scope": "REGIONAL",
            "tags": null,
            "tags_all": {}
          },
          "sensitive_attributes": [],
          "private": "bnVsbA=="
        }
      ]
    },
    {
      "mode": "managed",
      "type": "aws_wafv2_web_acl",
      "name": "web_acl_ecs_virginia",
      "provider": "provider[\"registry.terraform.io/hashicorp/aws\"].virginia",
      "instances": [
        {
          "schema_version": 0,
          "attributes": {
            "arn": "arn:aws:wafv2:us-east-1:993407081893:regional/webacl/alb-web-acl-ecs-virginia/80c221e4-78f2-43eb-9a63-c87ae1464731",
            "capacity": 1,
            "captcha_config": [],
            "custom_response_body": [],
            "default_action": [
              {
                "allow": [],
                "block": [
                  {
                    "custom_response": []
                  }
                ]
              }
            ],
            "description": "Web ACL to allow specific IPs",
            "id": "80c221e4-78f2-43eb-9a63-c87ae1464731",
            "lock_token": "c9c3eed9-21c7-4dec-88a5-89ef304b161a",
            "name": "alb-web-acl-ecs-virginia",
            "rule": [
              {
                "action": [
                  {
                    "allow": [
                      {
                        "custom_request_handling": []
                      }
                    ],
                    "block": [],
                    "captcha": [],
                    "challenge": [],
                    "count": []
                  }
                ],
                "captcha_config": [],
                "name": "allow-specific-ips-ecs-virginia",
                "override_action": [],
                "priority": 1,
                "rule_label": [],
                "statement": [
                  {
                    "and_statement": [],
                    "byte_match_statement": [],
                    "geo_match_statement": [],
                    "ip_set_reference_statement": [
                      {
                        "arn": "arn:aws:wafv2:us-east-1:993407081893:regional/ipset/allowed-ips-virginia/cfca556c-f39b-4737-a4e8-0758360f9f67",
                        "ip_set_forwarded_ip_config": []
                      }
                    ],
                    "label_match_statement": [],
                    "managed_rule_group_statement": [],
                    "not_statement": [],
                    "or_statement": [],
                    "rate_based_statement": [],
                    "regex_match_statement": [],
                    "regex_pattern_set_reference_statement": [],
                    "rule_group_reference_statement": [],
                    "size_constraint_statement": [],
                    "sqli_match_statement": [],
                    "xss_match_statement": []
                  }
                ],
                "visibility_config": [
                  {
                    "cloudwatch_metrics_enabled": true,
                    "metric_name": "allow-specific-ips-ecs-virginia",
                    "sampled_requests_enabled": true
                  }
                ]
              }
            ],
            "scope": "REGIONAL",
            "tags": null,
            "tags_all": {},
            "token_domains": null,
            "visibility_config": [
              {
                "cloudwatch_metrics_enabled": true,
                "metric_name": "web-acl-metrics-ecs-virginia",
                "sampled_requests_enabled": true
              }
            ]
          },
          "sensitive_attributes": [],
          "private": "bnVsbA==",
          "dependencies": [
            "aws_wafv2_ip_set.allowed_ips_virginia"
          ]
        }
      ]
    },
    {
      "mode": "managed",
      "type": "aws_wafv2_web_acl",
      "name": "web_acl_oregon",
      "provider": "provider[\"registry.terraform.io/hashicorp/aws\"].oregon",
      "instances": [
        {
          "schema_version": 0,
          "attributes": {
            "arn": "arn:aws:wafv2:us-west-2:993407081893:regional/webacl/alb-web-acl-oregon/ee4744a3-adac-46be-ab52-bfbd2acf1581",
            "capacity": 1,
            "captcha_config": [],
            "custom_response_body": [],
            "default_action": [
              {
                "allow": [],
                "block": [
                  {
                    "custom_response": []
                  }
                ]
              }
            ],
            "description": "Web ACL to allow specific IPs",
            "id": "ee4744a3-adac-46be-ab52-bfbd2acf1581",
            "lock_token": "662657ce-38f1-44ac-afbb-b05e0c12e3f9",
            "name": "alb-web-acl-oregon",
            "rule": [
              {
                "action": [
                  {
                    "allow": [
                      {
                        "custom_request_handling": []
                      }
                    ],
                    "block": [],
                    "captcha": [],
                    "challenge": [],
                    "count": []
                  }
                ],
                "captcha_config": [],
                "name": "allow-specific-ips-oregon",
                "override_action": [],
                "priority": 1,
                "rule_label": [],
                "statement": [
                  {
                    "and_statement": [],
                    "byte_match_statement": [],
                    "geo_match_statement": [],
                    "ip_set_reference_statement": [
                      {
                        "arn": "arn:aws:wafv2:us-west-2:993407081893:regional/ipset/allowed-ips-oregon/c78d54b6-9606-47d5-a336-34c3797d42fd",
                        "ip_set_forwarded_ip_config": []
                      }
                    ],
                    "label_match_statement": [],
                    "managed_rule_group_statement": [],
                    "not_statement": [],
                    "or_statement": [],
                    "rate_based_statement": [],
                    "regex_match_statement": [],
                    "regex_pattern_set_reference_statement": [],
                    "rule_group_reference_statement": [],
                    "size_constraint_statement": [],
                    "sqli_match_statement": [],
                    "xss_match_statement": []
                  }
                ],
                "visibility_config": [
                  {
                    "cloudwatch_metrics_enabled": true,
                    "metric_name": "allow-specific-ips-oregon",
                    "sampled_requests_enabled": true
                  }
                ]
              }
            ],
            "scope": "REGIONAL",
            "tags": null,
            "tags_all": {},
            "token_domains": null,
            "visibility_config": [
              {
                "cloudwatch_metrics_enabled": true,
                "metric_name": "web-acl-metrics-oregon",
                "sampled_requests_enabled": true
              }
            ]
          },
          "sensitive_attributes": [],
          "private": "bnVsbA==",
          "dependencies": [
            "aws_wafv2_ip_set.allowed_ips_oregon"
          ]
        }
      ]
    },
    {
      "mode": "managed",
      "type": "aws_wafv2_web_acl",
      "name": "web_acl_virginia",
      "provider": "provider[\"registry.terraform.io/hashicorp/aws\"].virginia",
      "instances": [
        {
          "schema_version": 0,
          "attributes": {
            "arn": "arn:aws:wafv2:us-east-1:993407081893:regional/webacl/alb-web-acl-virginia/47c04f11-d633-4799-b0c3-f0b96609ba2e",
            "capacity": 1,
            "captcha_config": [],
            "custom_response_body": [],
            "default_action": [
              {
                "allow": [],
                "block": [
                  {
                    "custom_response": []
                  }
                ]
              }
            ],
            "description": "Web ACL to allow specific IPs",
            "id": "47c04f11-d633-4799-b0c3-f0b96609ba2e",
            "lock_token": "b4d747de-228f-479a-bb52-80e128677daf",
            "name": "alb-web-acl-virginia",
            "rule": [
              {
                "action": [
                  {
                    "allow": [
                      {
                        "custom_request_handling": []
                      }
                    ],
                    "block": [],
                    "captcha": [],
                    "challenge": [],
                    "count": []
                  }
                ],
                "captcha_config": [],
                "name": "allow-specific-ips-virginia",
                "override_action": [],
                "priority": 1,
                "rule_label": [],
                "statement": [
                  {
                    "and_statement": [],
                    "byte_match_statement": [],
                    "geo_match_statement": [],
                    "ip_set_reference_statement": [
                      {
                        "arn": "arn:aws:wafv2:us-east-1:993407081893:regional/ipset/allowed-ips-virginia/cfca556c-f39b-4737-a4e8-0758360f9f67",
                        "ip_set_forwarded_ip_config": []
                      }
                    ],
                    "label_match_statement": [],
                    "managed_rule_group_statement": [],
                    "not_statement": [],
                    "or_statement": [],
                    "rate_based_statement": [],
                    "regex_match_statement": [],
                    "regex_pattern_set_reference_statement": [],
                    "rule_group_reference_statement": [],
                    "size_constraint_statement": [],
                    "sqli_match_statement": [],
                    "xss_match_statement": []
                  }
                ],
                "visibility_config": [
                  {
                    "cloudwatch_metrics_enabled": true,
                    "metric_name": "allow-specific-ips-virginia",
                    "sampled_requests_enabled": true
                  }
                ]
              }
            ],
            "scope": "REGIONAL",
            "tags": null,
            "tags_all": {},
            "token_domains": null,
            "visibility_config": [
              {
                "cloudwatch_metrics_enabled": true,
                "metric_name": "web-acl-metrics-virginia",
                "sampled_requests_enabled": true
              }
            ]
          },
          "sensitive_attributes": [],
          "private": "bnVsbA==",
          "dependencies": [
            "aws_wafv2_ip_set.allowed_ips_virginia"
          ]
        }
      ]
    },
    {
      "mode": "managed",
      "type": "aws_wafv2_web_acl_association",
      "name": "web_acl_association_ecs_virginia",
      "provider": "provider[\"registry.terraform.io/hashicorp/aws\"].virginia",
      "instances": [
        {
          "schema_version": 0,
          "attributes": {
            "id": "arn:aws:wafv2:us-east-1:993407081893:regional/webacl/alb-web-acl-ecs-virginia/80c221e4-78f2-43eb-9a63-c87ae1464731,arn:aws:elasticloadbalancing:us-east-1:993407081893:loadbalancer/app/Dev-ALB-Puntoxpress/7c17849125dd71f6",
            "resource_arn": "arn:aws:elasticloadbalancing:us-east-1:993407081893:loadbalancer/app/Dev-ALB-Puntoxpress/7c17849125dd71f6",
            "timeouts": null,
            "web_acl_arn": "arn:aws:wafv2:us-east-1:993407081893:regional/webacl/alb-web-acl-ecs-virginia/80c221e4-78f2-43eb-9a63-c87ae1464731"
          },
          "sensitive_attributes": [],
          "private": "eyJlMmJmYjczMC1lY2FhLTExZTYtOGY4OC0zNDM2M2JjN2M0YzAiOnsiY3JlYXRlIjozMDAwMDAwMDAwMDB9fQ==",
          "dependencies": [
            "aws_lb.app_lb_virginia",
            "aws_security_group.lb_sg_virginia",
            "aws_wafv2_ip_set.allowed_ips_virginia",
            "aws_wafv2_web_acl.web_acl_ecs_virginia",
            "module.vpc_virginia.aws_subnet.public",
            "module.vpc_virginia.aws_vpc.this"
          ]
        }
      ]
    },
    {
      "mode": "managed",
      "type": "aws_wafv2_web_acl_association",
      "name": "web_acl_association_oregon",
      "provider": "provider[\"registry.terraform.io/hashicorp/aws\"].oregon",
      "instances": [
        {
          "schema_version": 0,
          "attributes": {
            "id": "arn:aws:wafv2:us-west-2:993407081893:regional/webacl/alb-web-acl-oregon/ee4744a3-adac-46be-ab52-bfbd2acf1581,arn:aws:elasticloadbalancing:us-west-2:993407081893:loadbalancer/app/ALB-Main-Oregon/ebbd6e63279477cf",
            "resource_arn": "arn:aws:elasticloadbalancing:us-west-2:993407081893:loadbalancer/app/ALB-Main-Oregon/ebbd6e63279477cf",
            "timeouts": null,
            "web_acl_arn": "arn:aws:wafv2:us-west-2:993407081893:regional/webacl/alb-web-acl-oregon/ee4744a3-adac-46be-ab52-bfbd2acf1581"
          },
          "sensitive_attributes": [],
          "private": "eyJlMmJmYjczMC1lY2FhLTExZTYtOGY4OC0zNDM2M2JjN2M0YzAiOnsiY3JlYXRlIjozMDAwMDAwMDAwMDB9fQ==",
          "dependencies": [
            "aws_s3_bucket.alb_logs_oregon",
            "aws_security_group.alb_sg_oregon",
            "aws_wafv2_ip_set.allowed_ips_oregon",
            "aws_wafv2_web_acl.web_acl_oregon",
            "module.alb_oregon.aws_lb.this",
            "module.alb_oregon.aws_lb_listener.https",
            "module.alb_oregon.aws_lb_target_group.this",
            "module.vpc_oregon.aws_subnet.public",
            "module.vpc_oregon.aws_vpc.this"
          ]
        }
      ]
    },
    {
      "mode": "managed",
      "type": "aws_wafv2_web_acl_association",
      "name": "web_acl_association_virginia",
      "provider": "provider[\"registry.terraform.io/hashicorp/aws\"].virginia",
      "instances": [
        {
          "schema_version": 0,
          "attributes": {
            "id": "arn:aws:wafv2:us-east-1:993407081893:regional/webacl/alb-web-acl-virginia/47c04f11-d633-4799-b0c3-f0b96609ba2e,arn:aws:elasticloadbalancing:us-east-1:993407081893:loadbalancer/app/ALB-Main-Virginia/d439b6a832b7bfc0",
            "resource_arn": "arn:aws:elasticloadbalancing:us-east-1:993407081893:loadbalancer/app/ALB-Main-Virginia/d439b6a832b7bfc0",
            "timeouts": null,
            "web_acl_arn": "arn:aws:wafv2:us-east-1:993407081893:regional/webacl/alb-web-acl-virginia/47c04f11-d633-4799-b0c3-f0b96609ba2e"
          },
          "sensitive_attributes": [],
          "private": "eyJlMmJmYjczMC1lY2FhLTExZTYtOGY4OC0zNDM2M2JjN2M0YzAiOnsiY3JlYXRlIjozMDAwMDAwMDAwMDB9fQ==",
          "dependencies": [
            "aws_s3_bucket.alb_logs_virginia",
            "aws_security_group.alb_sg_virginia",
            "aws_wafv2_ip_set.allowed_ips_virginia",
            "aws_wafv2_web_acl.web_acl_virginia",
            "module.alb_virginia.aws_lb.this",
            "module.alb_virginia.aws_lb_listener.https",
            "module.alb_virginia.aws_lb_target_group.this",
            "module.vpc_virginia.aws_subnet.public",
            "module.vpc_virginia.aws_vpc.this"
          ]
        }
      ]
    },
    {
      "mode": "managed",
      "type": "time_sleep",
      "name": "wait_30_seconds",
      "provider": "provider[\"registry.terraform.io/hashicorp/time\"]",
      "instances": [
        {
          "schema_version": 0,
          "attributes": {
            "create_duration": "15s",
            "destroy_duration": null,
            "id": "2024-06-30T00:31:06Z",
            "triggers": null
          },
          "sensitive_attributes": [],
          "dependencies": [
            "aws_iam_role.ecs_task_execution_role",
            "aws_iam_role.ecs_task_role"
          ]
        }
      ]
    },
    {
      "module": "module.alb_oregon",
      "mode": "managed",
      "type": "aws_lb",
      "name": "this",
      "provider": "provider[\"registry.terraform.io/hashicorp/aws\"].oregon",
      "instances": [
        {
          "schema_version": 0,
          "attributes": {
            "access_logs": [
              {
                "bucket": "",
                "enabled": false,
                "prefix": ""
              }
            ],
            "arn": "arn:aws:elasticloadbalancing:us-west-2:993407081893:loadbalancer/app/ALB-Main-Oregon/ebbd6e63279477cf",
            "arn_suffix": "app/ALB-Main-Oregon/ebbd6e63279477cf",
            "customer_owned_ipv4_pool": "",
            "desync_mitigation_mode": "defensive",
            "dns_name": "ALB-Main-Oregon-1475989167.us-west-2.elb.amazonaws.com",
            "drop_invalid_header_fields": false,
            "enable_cross_zone_load_balancing": true,
            "enable_deletion_protection": false,
            "enable_http2": true,
            "enable_tls_version_and_cipher_suite_headers": false,
            "enable_waf_fail_open": false,
            "enable_xff_client_port": false,
            "id": "arn:aws:elasticloadbalancing:us-west-2:993407081893:loadbalancer/app/ALB-Main-Oregon/ebbd6e63279477cf",
            "idle_timeout": 60,
            "internal": false,
            "ip_address_type": "ipv4",
            "load_balancer_type": "application",
            "name": "ALB-Main-Oregon",
            "name_prefix": null,
            "preserve_host_header": false,
            "security_groups": [
              "sg-09b53a0825b7e119a"
            ],
            "subnet_mapping": [
              {
                "allocation_id": "",
                "ipv6_address": "",
                "outpost_id": "",
                "private_ipv4_address": "",
                "subnet_id": "subnet-027367183157f927d"
              },
              {
                "allocation_id": "",
                "ipv6_address": "",
                "outpost_id": "",
                "private_ipv4_address": "",
                "subnet_id": "subnet-02b5d1fb33ba16812"
              }
            ],
            "subnets": [
              "subnet-027367183157f927d",
              "subnet-02b5d1fb33ba16812"
            ],
            "tags": {
              "Name": "ALB Oregon"
            },
            "tags_all": {
              "Name": "ALB Oregon"
            },
            "timeouts": null,
            "vpc_id": "vpc-0508550e312cafe2c",
            "xff_header_processing_mode": "append",
            "zone_id": "Z1H1FL5HABSF5"
          },
          "sensitive_attributes": [],
          "private": "eyJlMmJmYjczMC1lY2FhLTExZTYtOGY4OC0zNDM2M2JjN2M0YzAiOnsiY3JlYXRlIjo2MDAwMDAwMDAwMDAsImRlbGV0ZSI6NjAwMDAwMDAwMDAwLCJ1cGRhdGUiOjYwMDAwMDAwMDAwMH19",
          "dependencies": [
            "aws_s3_bucket.alb_logs_oregon",
            "aws_security_group.alb_sg_oregon",
            "aws_wafv2_ip_set.allowed_ips_oregon",
            "aws_wafv2_web_acl.web_acl_oregon",
            "module.vpc_oregon.aws_subnet.public",
            "module.vpc_oregon.aws_vpc.this"
          ]
        }
      ]
    },
    {
      "module": "module.alb_oregon",
      "mode": "managed",
      "type": "aws_lb_listener",
      "name": "https",
      "provider": "provider[\"registry.terraform.io/hashicorp/aws\"].oregon",
      "instances": [
        {
          "schema_version": 0,
          "attributes": {
            "alpn_policy": null,
            "arn": "arn:aws:elasticloadbalancing:us-west-2:993407081893:listener/app/ALB-Main-Oregon/ebbd6e63279477cf/e7f113b6fc2b015d",
            "certificate_arn": "arn:aws:acm:us-west-2:993407081893:certificate/dba99dd9-7251-45e5-af91-97ea58552dcd",
            "default_action": [
              {
                "authenticate_cognito": [],
                "authenticate_oidc": [],
                "fixed_response": [
                  {
                    "content_type": "text/plain",
                    "message_body": "Not Found",
                    "status_code": "404"
                  }
                ],
                "forward": [],
                "order": 1,
                "redirect": [],
                "target_group_arn": "",
                "type": "fixed-response"
              }
            ],
            "id": "arn:aws:elasticloadbalancing:us-west-2:993407081893:listener/app/ALB-Main-Oregon/ebbd6e63279477cf/e7f113b6fc2b015d",
            "load_balancer_arn": "arn:aws:elasticloadbalancing:us-west-2:993407081893:loadbalancer/app/ALB-Main-Oregon/ebbd6e63279477cf",
            "port": 443,
            "protocol": "HTTPS",
            "ssl_policy": "ELBSecurityPolicy-TLS-1-2-2017-01",
            "tags": {
              "Name": "https"
            },
            "tags_all": {
              "Name": "https"
            },
            "timeouts": null
          },
          "sensitive_attributes": [],
          "private": "eyJlMmJmYjczMC1lY2FhLTExZTYtOGY4OC0zNDM2M2JjN2M0YzAiOnsicmVhZCI6NjAwMDAwMDAwMDAwfX0=",
          "dependencies": [
            "aws_s3_bucket.alb_logs_oregon",
            "aws_security_group.alb_sg_oregon",
            "aws_wafv2_ip_set.allowed_ips_oregon",
            "aws_wafv2_web_acl.web_acl_oregon",
            "module.alb_oregon.aws_lb.this",
            "module.vpc_oregon.aws_subnet.public",
            "module.vpc_oregon.aws_vpc.this"
          ]
        }
      ]
    },
    {
      "module": "module.alb_oregon",
      "mode": "managed",
      "type": "aws_lb_target_group",
      "name": "this",
      "provider": "provider[\"registry.terraform.io/hashicorp/aws\"].oregon",
      "instances": [
        {
          "schema_version": 0,
          "attributes": {
            "arn": "arn:aws:elasticloadbalancing:us-west-2:993407081893:targetgroup/Main-TGroup-oregon/45750969186b9814",
            "arn_suffix": "targetgroup/Main-TGroup-oregon/45750969186b9814",
            "connection_termination": false,
            "deregistration_delay": "300",
            "health_check": [
              {
                "enabled": true,
                "healthy_threshold": 2,
                "interval": 30,
                "matcher": "200-399",
                "path": "/",
                "port": "traffic-port",
                "protocol": "HTTP",
                "timeout": 5,
                "unhealthy_threshold": 2
              }
            ],
            "id": "arn:aws:elasticloadbalancing:us-west-2:993407081893:targetgroup/Main-TGroup-oregon/45750969186b9814",
            "ip_address_type": "ipv4",
            "lambda_multi_value_headers_enabled": false,
            "load_balancing_algorithm_type": "round_robin",
            "load_balancing_cross_zone_enabled": "use_load_balancer_configuration",
            "name": "Main-TGroup-oregon",
            "name_prefix": null,
            "port": 80,
            "preserve_client_ip": null,
            "protocol": "HTTP",
            "protocol_version": "HTTP1",
            "proxy_protocol_v2": false,
            "slow_start": 0,
            "stickiness": [
              {
                "cookie_duration": 86400,
                "cookie_name": "",
                "enabled": false,
                "type": "lb_cookie"
              }
            ],
            "tags": {
              "Name": "ALB Oregon"
            },
            "tags_all": {
              "Name": "ALB Oregon"
            },
            "target_failover": [
              {
                "on_deregistration": null,
                "on_unhealthy": null
              }
            ],
            "target_type": "instance",
            "vpc_id": "vpc-0508550e312cafe2c"
          },
          "sensitive_attributes": [],
          "private": "bnVsbA==",
          "dependencies": [
            "aws_wafv2_ip_set.allowed_ips_oregon",
            "aws_wafv2_web_acl.web_acl_oregon",
            "module.vpc_oregon.aws_vpc.this"
          ]
        }
      ]
    },
    {
      "module": "module.alb_virginia",
      "mode": "managed",
      "type": "aws_lb",
      "name": "this",
      "provider": "provider[\"registry.terraform.io/hashicorp/aws\"].virginia",
      "instances": [
        {
          "schema_version": 0,
          "attributes": {
            "access_logs": [
              {
                "bucket": "alb-logs-isolated-virginia",
                "enabled": true,
                "prefix": ""
              }
            ],
            "arn": "arn:aws:elasticloadbalancing:us-east-1:993407081893:loadbalancer/app/ALB-Main-Virginia/d439b6a832b7bfc0",
            "arn_suffix": "app/ALB-Main-Virginia/d439b6a832b7bfc0",
            "customer_owned_ipv4_pool": "",
            "desync_mitigation_mode": "defensive",
            "dns_name": "ALB-Main-Virginia-1138629594.us-east-1.elb.amazonaws.com",
            "drop_invalid_header_fields": false,
            "enable_cross_zone_load_balancing": true,
            "enable_deletion_protection": false,
            "enable_http2": true,
            "enable_tls_version_and_cipher_suite_headers": false,
            "enable_waf_fail_open": false,
            "enable_xff_client_port": false,
            "id": "arn:aws:elasticloadbalancing:us-east-1:993407081893:loadbalancer/app/ALB-Main-Virginia/d439b6a832b7bfc0",
            "idle_timeout": 60,
            "internal": false,
            "ip_address_type": "ipv4",
            "load_balancer_type": "application",
            "name": "ALB-Main-Virginia",
            "name_prefix": null,
            "preserve_host_header": false,
            "security_groups": [
              "sg-079973fb6f010b2e1"
            ],
            "subnet_mapping": [
              {
                "allocation_id": "",
                "ipv6_address": "",
                "outpost_id": "",
                "private_ipv4_address": "",
                "subnet_id": "subnet-09927275552be6298"
              },
              {
                "allocation_id": "",
                "ipv6_address": "",
                "outpost_id": "",
                "private_ipv4_address": "",
                "subnet_id": "subnet-0c82e0bf819e79470"
              }
            ],
            "subnets": [
              "subnet-09927275552be6298",
              "subnet-0c82e0bf819e79470"
            ],
            "tags": {
              "Name": "ALB Virginia"
            },
            "tags_all": {
              "Name": "ALB Virginia"
            },
            "timeouts": null,
            "vpc_id": "vpc-0a6b9fec541c6e564",
            "xff_header_processing_mode": "append",
            "zone_id": "Z35SXDOTRQ7X7K"
          },
          "sensitive_attributes": [],
          "private": "eyJlMmJmYjczMC1lY2FhLTExZTYtOGY4OC0zNDM2M2JjN2M0YzAiOnsiY3JlYXRlIjo2MDAwMDAwMDAwMDAsImRlbGV0ZSI6NjAwMDAwMDAwMDAwLCJ1cGRhdGUiOjYwMDAwMDAwMDAwMH19",
          "dependencies": [
            "aws_s3_bucket.alb_logs_virginia",
            "aws_security_group.alb_sg_virginia",
            "aws_wafv2_ip_set.allowed_ips_virginia",
            "aws_wafv2_web_acl.web_acl_virginia",
            "module.vpc_virginia.aws_subnet.public",
            "module.vpc_virginia.aws_vpc.this"
          ]
        }
      ]
    },
    {
      "module": "module.alb_virginia",
      "mode": "managed",
      "type": "aws_lb_listener",
      "name": "https",
      "provider": "provider[\"registry.terraform.io/hashicorp/aws\"].virginia",
      "instances": [
        {
          "schema_version": 0,
          "attributes": {
            "alpn_policy": null,
            "arn": "arn:aws:elasticloadbalancing:us-east-1:993407081893:listener/app/ALB-Main-Virginia/d439b6a832b7bfc0/48e035bd0c847986",
            "certificate_arn": "arn:aws:acm:us-east-1:993407081893:certificate/e3109390-1044-48fe-9078-fc7b519ff5aa",
            "default_action": [
              {
                "authenticate_cognito": [],
                "authenticate_oidc": [],
                "fixed_response": [
                  {
                    "content_type": "text/plain",
                    "message_body": "Not Found",
                    "status_code": "404"
                  }
                ],
                "forward": [],
                "order": 1,
                "redirect": [],
                "target_group_arn": "",
                "type": "fixed-response"
              }
            ],
            "id": "arn:aws:elasticloadbalancing:us-east-1:993407081893:listener/app/ALB-Main-Virginia/d439b6a832b7bfc0/48e035bd0c847986",
            "load_balancer_arn": "arn:aws:elasticloadbalancing:us-east-1:993407081893:loadbalancer/app/ALB-Main-Virginia/d439b6a832b7bfc0",
            "port": 443,
            "protocol": "HTTPS",
            "ssl_policy": "ELBSecurityPolicy-TLS-1-2-2017-01",
            "tags": {
              "Name": "https"
            },
            "tags_all": {
              "Name": "https"
            },
            "timeouts": null
          },
          "sensitive_attributes": [],
          "private": "eyJlMmJmYjczMC1lY2FhLTExZTYtOGY4OC0zNDM2M2JjN2M0YzAiOnsicmVhZCI6NjAwMDAwMDAwMDAwfX0=",
          "dependencies": [
            "aws_s3_bucket.alb_logs_virginia",
            "aws_security_group.alb_sg_virginia",
            "aws_wafv2_ip_set.allowed_ips_virginia",
            "aws_wafv2_web_acl.web_acl_virginia",
            "module.alb_virginia.aws_lb.this",
            "module.vpc_virginia.aws_subnet.public",
            "module.vpc_virginia.aws_vpc.this"
          ]
        }
      ]
    },
    {
      "module": "module.alb_virginia",
      "mode": "managed",
      "type": "aws_lb_target_group",
      "name": "this",
      "provider": "provider[\"registry.terraform.io/hashicorp/aws\"].virginia",
      "instances": [
        {
          "schema_version": 0,
          "attributes": {
            "arn": "arn:aws:elasticloadbalancing:us-east-1:993407081893:targetgroup/Main-TGroup-virginia/5d693b35fddcf308",
            "arn_suffix": "targetgroup/Main-TGroup-virginia/5d693b35fddcf308",
            "connection_termination": false,
            "deregistration_delay": "300",
            "health_check": [
              {
                "enabled": true,
                "healthy_threshold": 2,
                "interval": 30,
                "matcher": "200-399",
                "path": "/",
                "port": "traffic-port",
                "protocol": "HTTP",
                "timeout": 5,
                "unhealthy_threshold": 2
              }
            ],
            "id": "arn:aws:elasticloadbalancing:us-east-1:993407081893:targetgroup/Main-TGroup-virginia/5d693b35fddcf308",
            "ip_address_type": "ipv4",
            "lambda_multi_value_headers_enabled": false,
            "load_balancing_algorithm_type": "round_robin",
            "load_balancing_cross_zone_enabled": "use_load_balancer_configuration",
            "name": "Main-TGroup-virginia",
            "name_prefix": null,
            "port": 80,
            "preserve_client_ip": null,
            "protocol": "HTTP",
            "protocol_version": "HTTP1",
            "proxy_protocol_v2": false,
            "slow_start": 0,
            "stickiness": [
              {
                "cookie_duration": 86400,
                "cookie_name": "",
                "enabled": false,
                "type": "lb_cookie"
              }
            ],
            "tags": {
              "Name": "ALB Virginia"
            },
            "tags_all": {
              "Name": "ALB Virginia"
            },
            "target_failover": [
              {
                "on_deregistration": null,
                "on_unhealthy": null
              }
            ],
            "target_type": "instance",
            "vpc_id": "vpc-0a6b9fec541c6e564"
          },
          "sensitive_attributes": [],
          "private": "bnVsbA==",
          "dependencies": [
            "aws_wafv2_ip_set.allowed_ips_virginia",
            "aws_wafv2_web_acl.web_acl_virginia",
            "module.vpc_virginia.aws_vpc.this"
          ]
        }
      ]
    },
    {
      "module": "module.transit_gateway_oregon",
      "mode": "managed",
      "type": "aws_ec2_transit_gateway_vpc_attachment",
      "name": "this",
      "provider": "provider[\"registry.terraform.io/hashicorp/aws\"].oregon",
      "instances": [
        {
          "schema_version": 0,
          "attributes": {
            "appliance_mode_support": "disable",
            "dns_support": "enable",
            "id": "tgw-attach-06d3726e7b0a90959",
            "ipv6_support": "disable",
            "subnet_ids": [
              "subnet-027367183157f927d",
              "subnet-02b5d1fb33ba16812"
            ],
            "tags": {
              "Name": "transit-gateway-attachment"
            },
            "tags_all": {
              "Name": "transit-gateway-attachment"
            },
            "transit_gateway_default_route_table_association": true,
            "transit_gateway_default_route_table_propagation": true,
            "transit_gateway_id": "tgw-050119c43a4443306",
            "vpc_id": "vpc-0508550e312cafe2c",
            "vpc_owner_id": "993407081893"
          },
          "sensitive_attributes": [],
          "private": "bnVsbA==",
          "dependencies": [
            "aws_ec2_transit_gateway.oregon",
            "module.vpc_oregon.aws_subnet.public",
            "module.vpc_oregon.aws_vpc.this"
          ]
        }
      ]
    },
    {
      "module": "module.transit_gateway_virginia",
      "mode": "managed",
      "type": "aws_ec2_transit_gateway_vpc_attachment",
      "name": "this",
      "provider": "provider[\"registry.terraform.io/hashicorp/aws\"].virginia",
      "instances": [
        {
          "schema_version": 0,
          "attributes": {
            "appliance_mode_support": "disable",
            "dns_support": "enable",
            "id": "tgw-attach-03749c1249833c0ca",
            "ipv6_support": "disable",
            "subnet_ids": [
              "subnet-09927275552be6298",
              "subnet-0c82e0bf819e79470"
            ],
            "tags": {
              "Name": "transit-gateway-attachment"
            },
            "tags_all": {
              "Name": "transit-gateway-attachment"
            },
            "transit_gateway_default_route_table_association": true,
            "transit_gateway_default_route_table_propagation": true,
            "transit_gateway_id": "tgw-04f6bc2e8c999acf3",
            "vpc_id": "vpc-0a6b9fec541c6e564",
            "vpc_owner_id": "993407081893"
          },
          "sensitive_attributes": [],
          "private": "bnVsbA==",
          "dependencies": [
            "aws_ec2_transit_gateway.virginia",
            "module.vpc_virginia.aws_subnet.public",
            "module.vpc_virginia.aws_vpc.this"
          ]
        }
      ]
    },
    {
      "module": "module.vpc_oregon",
      "mode": "managed",
      "type": "aws_eip",
      "name": "nat",
      "provider": "provider[\"registry.terraform.io/hashicorp/aws\"].oregon",
      "instances": [
        {
          "index_key": 0,
          "schema_version": 0,
          "attributes": {
            "address": null,
            "allocation_id": "eipalloc-07dd53827784c9870",
            "associate_with_private_ip": null,
            "association_id": "",
            "carrier_ip": "",
            "customer_owned_ip": "",
            "customer_owned_ipv4_pool": "",
            "domain": "vpc",
            "id": "eipalloc-07dd53827784c9870",
            "instance": "",
            "network_border_group": "us-west-2",
            "network_interface": "",
            "private_dns": null,
            "private_ip": "",
            "public_dns": "ec2-54-188-45-173.us-west-2.compute.amazonaws.com",
            "public_ip": "54.188.45.173",
            "public_ipv4_pool": "amazon",
            "tags": {
              "Name": "us-west-2-nat-eip"
            },
            "tags_all": {
              "Name": "us-west-2-nat-eip"
            },
            "timeouts": null,
            "vpc": true
          },
          "sensitive_attributes": [],
          "private": "eyJlMmJmYjczMC1lY2FhLTExZTYtOGY4OC0zNDM2M2JjN2M0YzAiOnsiZGVsZXRlIjoxODAwMDAwMDAwMDAsInJlYWQiOjkwMDAwMDAwMDAwMCwidXBkYXRlIjozMDAwMDAwMDAwMDB9fQ=="
        }
      ]
    },
    {
      "module": "module.vpc_oregon",
      "mode": "managed",
      "type": "aws_internet_gateway",
      "name": "this",
      "provider": "provider[\"registry.terraform.io/hashicorp/aws\"].oregon",
      "instances": [
        {
          "schema_version": 0,
          "attributes": {
            "arn": "arn:aws:ec2:us-west-2:993407081893:internet-gateway/igw-08dd4220caffab5b9",
            "id": "igw-08dd4220caffab5b9",
            "owner_id": "993407081893",
            "tags": {
              "Name": "igw-us-west-2"
            },
            "tags_all": {
              "Name": "igw-us-west-2"
            },
            "timeouts": null,
            "vpc_id": "vpc-0508550e312cafe2c"
          },
          "sensitive_attributes": [],
          "private": "eyJlMmJmYjczMC1lY2FhLTExZTYtOGY4OC0zNDM2M2JjN2M0YzAiOnsiY3JlYXRlIjoxMjAwMDAwMDAwMDAwLCJkZWxldGUiOjEyMDAwMDAwMDAwMDAsInVwZGF0ZSI6MTIwMDAwMDAwMDAwMH19",
          "dependencies": [
            "module.vpc_oregon.aws_vpc.this"
          ]
        }
      ]
    },
    {
      "module": "module.vpc_oregon",
      "mode": "managed",
      "type": "aws_nat_gateway",
      "name": "nat",
      "provider": "provider[\"registry.terraform.io/hashicorp/aws\"].oregon",
      "instances": [
        {
          "index_key": 0,
          "schema_version": 0,
          "attributes": {
            "allocation_id": "eipalloc-07dd53827784c9870",
            "association_id": "eipassoc-0e4187954c79e8d16",
            "connectivity_type": "public",
            "id": "nat-063142e42088fcc3e",
            "network_interface_id": "eni-040d7a179f1909cec",
            "private_ip": "10.1.1.89",
            "public_ip": "54.188.45.173",
            "subnet_id": "subnet-027367183157f927d",
            "tags": {
              "Name": "us-west-2-nat-gateway"
            },
            "tags_all": {
              "Name": "us-west-2-nat-gateway"
            }
          },
          "sensitive_attributes": [],
          "private": "bnVsbA==",
          "dependencies": [
            "module.vpc_oregon.aws_eip.nat",
            "module.vpc_oregon.aws_subnet.public",
            "module.vpc_oregon.aws_vpc.this"
          ]
        }
      ]
    },
    {
      "module": "module.vpc_oregon",
      "mode": "managed",
      "type": "aws_route_table",
      "name": "private",
      "provider": "provider[\"registry.terraform.io/hashicorp/aws\"].oregon",
      "instances": [
        {
          "schema_version": 0,
          "attributes": {
            "arn": "arn:aws:ec2:us-west-2:993407081893:route-table/rtb-0f51c874a7770c28d",
            "id": "rtb-0f51c874a7770c28d",
            "owner_id": "993407081893",
            "propagating_vgws": [],
            "route": [
              {
                "carrier_gateway_id": "",
                "cidr_block": "0.0.0.0/0",
                "core_network_arn": "",
                "destination_prefix_list_id": "",
                "egress_only_gateway_id": "",
                "gateway_id": "",
                "instance_id": "",
                "ipv6_cidr_block": "",
                "local_gateway_id": "",
                "nat_gateway_id": "nat-063142e42088fcc3e",
                "network_interface_id": "",
                "transit_gateway_id": "",
                "vpc_endpoint_id": "",
                "vpc_peering_connection_id": ""
              }
            ],
            "tags": {
              "Name": "private-rt-us-west-2"
            },
            "tags_all": {
              "Name": "private-rt-us-west-2"
            },
            "timeouts": null,
            "vpc_id": "vpc-0508550e312cafe2c"
          },
          "sensitive_attributes": [],
          "private": "eyJlMmJmYjczMC1lY2FhLTExZTYtOGY4OC0zNDM2M2JjN2M0YzAiOnsiY3JlYXRlIjozMDAwMDAwMDAwMDAsImRlbGV0ZSI6MzAwMDAwMDAwMDAwLCJ1cGRhdGUiOjEyMDAwMDAwMDAwMH19",
          "dependencies": [
            "module.vpc_oregon.aws_eip.nat",
            "module.vpc_oregon.aws_nat_gateway.nat",
            "module.vpc_oregon.aws_subnet.public",
            "module.vpc_oregon.aws_vpc.this"
          ]
        }
      ]
    },
    {
      "module": "module.vpc_oregon",
      "mode": "managed",
      "type": "aws_route_table",
      "name": "public",
      "provider": "provider[\"registry.terraform.io/hashicorp/aws\"].oregon",
      "instances": [
        {
          "schema_version": 0,
          "attributes": {
            "arn": "arn:aws:ec2:us-west-2:993407081893:route-table/rtb-090d7556e02bf4dba",
            "id": "rtb-090d7556e02bf4dba",
            "owner_id": "993407081893",
            "propagating_vgws": [],
            "route": [
              {
                "carrier_gateway_id": "",
                "cidr_block": "0.0.0.0/0",
                "core_network_arn": "",
                "destination_prefix_list_id": "",
                "egress_only_gateway_id": "",
                "gateway_id": "igw-08dd4220caffab5b9",
                "instance_id": "",
                "ipv6_cidr_block": "",
                "local_gateway_id": "",
                "nat_gateway_id": "",
                "network_interface_id": "",
                "transit_gateway_id": "",
                "vpc_endpoint_id": "",
                "vpc_peering_connection_id": ""
              }
            ],
            "tags": {
              "Name": "public-rt-us-west-2"
            },
            "tags_all": {
              "Name": "public-rt-us-west-2"
            },
            "timeouts": null,
            "vpc_id": "vpc-0508550e312cafe2c"
          },
          "sensitive_attributes": [],
          "private": "eyJlMmJmYjczMC1lY2FhLTExZTYtOGY4OC0zNDM2M2JjN2M0YzAiOnsiY3JlYXRlIjozMDAwMDAwMDAwMDAsImRlbGV0ZSI6MzAwMDAwMDAwMDAwLCJ1cGRhdGUiOjEyMDAwMDAwMDAwMH19",
          "dependencies": [
            "module.vpc_oregon.aws_internet_gateway.this",
            "module.vpc_oregon.aws_vpc.this"
          ]
        }
      ]
    },
    {
      "module": "module.vpc_oregon",
      "mode": "managed",
      "type": "aws_route_table_association",
      "name": "private",
      "provider": "provider[\"registry.terraform.io/hashicorp/aws\"].oregon",
      "instances": [
        {
          "index_key": 0,
          "schema_version": 0,
          "attributes": {
            "gateway_id": "",
            "id": "rtbassoc-05d4db64f1b1278bc",
            "route_table_id": "rtb-0f51c874a7770c28d",
            "subnet_id": "subnet-0a1d10477d540902b",
            "timeouts": null
          },
          "sensitive_attributes": [],
          "private": "eyJlMmJmYjczMC1lY2FhLTExZTYtOGY4OC0zNDM2M2JjN2M0YzAiOnsiY3JlYXRlIjozMDAwMDAwMDAwMDAsImRlbGV0ZSI6MzAwMDAwMDAwMDAwLCJ1cGRhdGUiOjEyMDAwMDAwMDAwMH19",
          "dependencies": [
            "module.vpc_oregon.aws_eip.nat",
            "module.vpc_oregon.aws_nat_gateway.nat",
            "module.vpc_oregon.aws_route_table.private",
            "module.vpc_oregon.aws_subnet.private",
            "module.vpc_oregon.aws_subnet.public",
            "module.vpc_oregon.aws_vpc.this"
          ]
        },
        {
          "index_key": 1,
          "schema_version": 0,
          "attributes": {
            "gateway_id": "",
            "id": "rtbassoc-000e65fed880ff605",
            "route_table_id": "rtb-0f51c874a7770c28d",
            "subnet_id": "subnet-0df25b9e8adfd605e",
            "timeouts": null
          },
          "sensitive_attributes": [],
          "private": "eyJlMmJmYjczMC1lY2FhLTExZTYtOGY4OC0zNDM2M2JjN2M0YzAiOnsiY3JlYXRlIjozMDAwMDAwMDAwMDAsImRlbGV0ZSI6MzAwMDAwMDAwMDAwLCJ1cGRhdGUiOjEyMDAwMDAwMDAwMH19",
          "dependencies": [
            "module.vpc_oregon.aws_eip.nat",
            "module.vpc_oregon.aws_nat_gateway.nat",
            "module.vpc_oregon.aws_route_table.private",
            "module.vpc_oregon.aws_subnet.private",
            "module.vpc_oregon.aws_subnet.public",
            "module.vpc_oregon.aws_vpc.this"
          ]
        }
      ]
    },
    {
      "module": "module.vpc_oregon",
      "mode": "managed",
      "type": "aws_route_table_association",
      "name": "public",
      "provider": "provider[\"registry.terraform.io/hashicorp/aws\"].oregon",
      "instances": [
        {
          "index_key": 0,
          "schema_version": 0,
          "attributes": {
            "gateway_id": "",
            "id": "rtbassoc-0a2d65a68df7dca84",
            "route_table_id": "rtb-090d7556e02bf4dba",
            "subnet_id": "subnet-027367183157f927d",
            "timeouts": null
          },
          "sensitive_attributes": [],
          "private": "eyJlMmJmYjczMC1lY2FhLTExZTYtOGY4OC0zNDM2M2JjN2M0YzAiOnsiY3JlYXRlIjozMDAwMDAwMDAwMDAsImRlbGV0ZSI6MzAwMDAwMDAwMDAwLCJ1cGRhdGUiOjEyMDAwMDAwMDAwMH19",
          "dependencies": [
            "module.vpc_oregon.aws_internet_gateway.this",
            "module.vpc_oregon.aws_route_table.public",
            "module.vpc_oregon.aws_subnet.public",
            "module.vpc_oregon.aws_vpc.this"
          ]
        },
        {
          "index_key": 1,
          "schema_version": 0,
          "attributes": {
            "gateway_id": "",
            "id": "rtbassoc-03876e569bbdaebea",
            "route_table_id": "rtb-090d7556e02bf4dba",
            "subnet_id": "subnet-02b5d1fb33ba16812",
            "timeouts": null
          },
          "sensitive_attributes": [],
          "private": "eyJlMmJmYjczMC1lY2FhLTExZTYtOGY4OC0zNDM2M2JjN2M0YzAiOnsiY3JlYXRlIjozMDAwMDAwMDAwMDAsImRlbGV0ZSI6MzAwMDAwMDAwMDAwLCJ1cGRhdGUiOjEyMDAwMDAwMDAwMH19",
          "dependencies": [
            "module.vpc_oregon.aws_internet_gateway.this",
            "module.vpc_oregon.aws_route_table.public",
            "module.vpc_oregon.aws_subnet.public",
            "module.vpc_oregon.aws_vpc.this"
          ]
        }
      ]
    },
    {
      "module": "module.vpc_oregon",
      "mode": "managed",
      "type": "aws_subnet",
      "name": "private",
      "provider": "provider[\"registry.terraform.io/hashicorp/aws\"].oregon",
      "instances": [
        {
          "index_key": 0,
          "schema_version": 1,
          "attributes": {
            "arn": "arn:aws:ec2:us-west-2:993407081893:subnet/subnet-0a1d10477d540902b",
            "assign_ipv6_address_on_creation": false,
            "availability_zone": "us-west-2a",
            "availability_zone_id": "usw2-az1",
            "cidr_block": "10.1.3.0/24",
            "customer_owned_ipv4_pool": "",
            "enable_dns64": false,
            "enable_lni_at_device_index": 0,
            "enable_resource_name_dns_a_record_on_launch": false,
            "enable_resource_name_dns_aaaa_record_on_launch": false,
            "id": "subnet-0a1d10477d540902b",
            "ipv6_cidr_block": "",
            "ipv6_cidr_block_association_id": "",
            "ipv6_native": false,
            "map_customer_owned_ip_on_launch": false,
            "map_public_ip_on_launch": false,
            "outpost_arn": "",
            "owner_id": "993407081893",
            "private_dns_hostname_type_on_launch": "ip-name",
            "tags": {
              "Name": "private-0-us-west-2"
            },
            "tags_all": {
              "Name": "private-0-us-west-2"
            },
            "timeouts": null,
            "vpc_id": "vpc-0508550e312cafe2c"
          },
          "sensitive_attributes": [],
          "private": "eyJlMmJmYjczMC1lY2FhLTExZTYtOGY4OC0zNDM2M2JjN2M0YzAiOnsiY3JlYXRlIjo2MDAwMDAwMDAwMDAsImRlbGV0ZSI6MTIwMDAwMDAwMDAwMH0sInNjaGVtYV92ZXJzaW9uIjoiMSJ9",
          "dependencies": [
            "module.vpc_oregon.aws_vpc.this"
          ]
        },
        {
          "index_key": 1,
          "schema_version": 1,
          "attributes": {
            "arn": "arn:aws:ec2:us-west-2:993407081893:subnet/subnet-0df25b9e8adfd605e",
            "assign_ipv6_address_on_creation": false,
            "availability_zone": "us-west-2b",
            "availability_zone_id": "usw2-az2",
            "cidr_block": "10.1.4.0/24",
            "customer_owned_ipv4_pool": "",
            "enable_dns64": false,
            "enable_lni_at_device_index": 0,
            "enable_resource_name_dns_a_record_on_launch": false,
            "enable_resource_name_dns_aaaa_record_on_launch": false,
            "id": "subnet-0df25b9e8adfd605e",
            "ipv6_cidr_block": "",
            "ipv6_cidr_block_association_id": "",
            "ipv6_native": false,
            "map_customer_owned_ip_on_launch": false,
            "map_public_ip_on_launch": false,
            "outpost_arn": "",
            "owner_id": "993407081893",
            "private_dns_hostname_type_on_launch": "ip-name",
            "tags": {
              "Name": "private-1-us-west-2"
            },
            "tags_all": {
              "Name": "private-1-us-west-2"
            },
            "timeouts": null,
            "vpc_id": "vpc-0508550e312cafe2c"
          },
          "sensitive_attributes": [],
          "private": "eyJlMmJmYjczMC1lY2FhLTExZTYtOGY4OC0zNDM2M2JjN2M0YzAiOnsiY3JlYXRlIjo2MDAwMDAwMDAwMDAsImRlbGV0ZSI6MTIwMDAwMDAwMDAwMH0sInNjaGVtYV92ZXJzaW9uIjoiMSJ9",
          "dependencies": [
            "module.vpc_oregon.aws_vpc.this"
          ]
        }
      ]
    },
    {
      "module": "module.vpc_oregon",
      "mode": "managed",
      "type": "aws_subnet",
      "name": "public",
      "provider": "provider[\"registry.terraform.io/hashicorp/aws\"].oregon",
      "instances": [
        {
          "index_key": 0,
          "schema_version": 1,
          "attributes": {
            "arn": "arn:aws:ec2:us-west-2:993407081893:subnet/subnet-027367183157f927d",
            "assign_ipv6_address_on_creation": false,
            "availability_zone": "us-west-2a",
            "availability_zone_id": "usw2-az1",
            "cidr_block": "10.1.1.0/24",
            "customer_owned_ipv4_pool": "",
            "enable_dns64": false,
            "enable_lni_at_device_index": 0,
            "enable_resource_name_dns_a_record_on_launch": false,
            "enable_resource_name_dns_aaaa_record_on_launch": false,
            "id": "subnet-027367183157f927d",
            "ipv6_cidr_block": "",
            "ipv6_cidr_block_association_id": "",
            "ipv6_native": false,
            "map_customer_owned_ip_on_launch": false,
            "map_public_ip_on_launch": true,
            "outpost_arn": "",
            "owner_id": "993407081893",
            "private_dns_hostname_type_on_launch": "ip-name",
            "tags": {
              "Name": "public-0-us-west-2"
            },
            "tags_all": {
              "Name": "public-0-us-west-2"
            },
            "timeouts": null,
            "vpc_id": "vpc-0508550e312cafe2c"
          },
          "sensitive_attributes": [],
          "private": "eyJlMmJmYjczMC1lY2FhLTExZTYtOGY4OC0zNDM2M2JjN2M0YzAiOnsiY3JlYXRlIjo2MDAwMDAwMDAwMDAsImRlbGV0ZSI6MTIwMDAwMDAwMDAwMH0sInNjaGVtYV92ZXJzaW9uIjoiMSJ9",
          "dependencies": [
            "module.vpc_oregon.aws_vpc.this"
          ]
        },
        {
          "index_key": 1,
          "schema_version": 1,
          "attributes": {
            "arn": "arn:aws:ec2:us-west-2:993407081893:subnet/subnet-02b5d1fb33ba16812",
            "assign_ipv6_address_on_creation": false,
            "availability_zone": "us-west-2b",
            "availability_zone_id": "usw2-az2",
            "cidr_block": "10.1.2.0/24",
            "customer_owned_ipv4_pool": "",
            "enable_dns64": false,
            "enable_lni_at_device_index": 0,
            "enable_resource_name_dns_a_record_on_launch": false,
            "enable_resource_name_dns_aaaa_record_on_launch": false,
            "id": "subnet-02b5d1fb33ba16812",
            "ipv6_cidr_block": "",
            "ipv6_cidr_block_association_id": "",
            "ipv6_native": false,
            "map_customer_owned_ip_on_launch": false,
            "map_public_ip_on_launch": true,
            "outpost_arn": "",
            "owner_id": "993407081893",
            "private_dns_hostname_type_on_launch": "ip-name",
            "tags": {
              "Name": "public-1-us-west-2"
            },
            "tags_all": {
              "Name": "public-1-us-west-2"
            },
            "timeouts": null,
            "vpc_id": "vpc-0508550e312cafe2c"
          },
          "sensitive_attributes": [],
          "private": "eyJlMmJmYjczMC1lY2FhLTExZTYtOGY4OC0zNDM2M2JjN2M0YzAiOnsiY3JlYXRlIjo2MDAwMDAwMDAwMDAsImRlbGV0ZSI6MTIwMDAwMDAwMDAwMH0sInNjaGVtYV92ZXJzaW9uIjoiMSJ9",
          "dependencies": [
            "module.vpc_oregon.aws_vpc.this"
          ]
        }
      ]
    },
    {
      "module": "module.vpc_oregon",
      "mode": "managed",
      "type": "aws_vpc",
      "name": "this",
      "provider": "provider[\"registry.terraform.io/hashicorp/aws\"].oregon",
      "instances": [
        {
          "schema_version": 1,
          "attributes": {
            "arn": "arn:aws:ec2:us-west-2:993407081893:vpc/vpc-0508550e312cafe2c",
            "assign_generated_ipv6_cidr_block": false,
            "cidr_block": "10.1.0.0/16",
            "default_network_acl_id": "acl-034f850b5998ed887",
            "default_route_table_id": "rtb-07755e6dbe1922c3b",
            "default_security_group_id": "sg-094efabe1d2d1514f",
            "dhcp_options_id": "dopt-51edb735",
            "enable_classiclink": false,
            "enable_classiclink_dns_support": false,
            "enable_dns_hostnames": true,
            "enable_dns_support": true,
            "enable_network_address_usage_metrics": false,
            "id": "vpc-0508550e312cafe2c",
            "instance_tenancy": "default",
            "ipv4_ipam_pool_id": null,
            "ipv4_netmask_length": null,
            "ipv6_association_id": "",
            "ipv6_cidr_block": "",
            "ipv6_cidr_block_network_border_group": "",
            "ipv6_ipam_pool_id": "",
            "ipv6_netmask_length": 0,
            "main_route_table_id": "rtb-07755e6dbe1922c3b",
            "owner_id": "993407081893",
            "tags": {
              "Name": "vpc-us-west-2"
            },
            "tags_all": {
              "Name": "vpc-us-west-2"
            }
          },
          "sensitive_attributes": [],
          "private": "eyJzY2hlbWFfdmVyc2lvbiI6IjEifQ=="
        }
      ]
    },
    {
      "module": "module.vpc_virginia",
      "mode": "managed",
      "type": "aws_eip",
      "name": "nat",
      "provider": "provider[\"registry.terraform.io/hashicorp/aws\"].virginia",
      "instances": [
        {
          "index_key": 0,
          "schema_version": 0,
          "attributes": {
            "address": null,
            "allocation_id": "eipalloc-0c1270922a9f5ca09",
            "associate_with_private_ip": null,
            "association_id": "",
            "carrier_ip": "",
            "customer_owned_ip": "",
            "customer_owned_ipv4_pool": "",
            "domain": "vpc",
            "id": "eipalloc-0c1270922a9f5ca09",
            "instance": "",
            "network_border_group": "us-east-1",
            "network_interface": "",
            "private_dns": null,
            "private_ip": "",
            "public_dns": "ec2-18-210-245-40.compute-1.amazonaws.com",
            "public_ip": "18.210.245.40",
            "public_ipv4_pool": "amazon",
            "tags": {
              "Name": "us-east-1-nat-eip"
            },
            "tags_all": {
              "Name": "us-east-1-nat-eip"
            },
            "timeouts": null,
            "vpc": true
          },
          "sensitive_attributes": [],
          "private": "eyJlMmJmYjczMC1lY2FhLTExZTYtOGY4OC0zNDM2M2JjN2M0YzAiOnsiZGVsZXRlIjoxODAwMDAwMDAwMDAsInJlYWQiOjkwMDAwMDAwMDAwMCwidXBkYXRlIjozMDAwMDAwMDAwMDB9fQ=="
        }
      ]
    },
    {
      "module": "module.vpc_virginia",
      "mode": "managed",
      "type": "aws_internet_gateway",
      "name": "this",
      "provider": "provider[\"registry.terraform.io/hashicorp/aws\"].virginia",
      "instances": [
        {
          "schema_version": 0,
          "attributes": {
            "arn": "arn:aws:ec2:us-east-1:993407081893:internet-gateway/igw-04da61dd3b05c59c6",
            "id": "igw-04da61dd3b05c59c6",
            "owner_id": "993407081893",
            "tags": {
              "Name": "igw-us-east-1"
            },
            "tags_all": {
              "Name": "igw-us-east-1"
            },
            "timeouts": null,
            "vpc_id": "vpc-0a6b9fec541c6e564"
          },
          "sensitive_attributes": [],
          "private": "eyJlMmJmYjczMC1lY2FhLTExZTYtOGY4OC0zNDM2M2JjN2M0YzAiOnsiY3JlYXRlIjoxMjAwMDAwMDAwMDAwLCJkZWxldGUiOjEyMDAwMDAwMDAwMDAsInVwZGF0ZSI6MTIwMDAwMDAwMDAwMH19",
          "dependencies": [
            "module.vpc_virginia.aws_vpc.this"
          ]
        }
      ]
    },
    {
      "module": "module.vpc_virginia",
      "mode": "managed",
      "type": "aws_nat_gateway",
      "name": "nat",
      "provider": "provider[\"registry.terraform.io/hashicorp/aws\"].virginia",
      "instances": [
        {
          "index_key": 0,
          "schema_version": 0,
          "attributes": {
            "allocation_id": "eipalloc-0c1270922a9f5ca09",
            "association_id": "eipassoc-0e163707b3e22dd19",
            "connectivity_type": "public",
            "id": "nat-019f3b4269bf56f3e",
            "network_interface_id": "eni-04596d0c88c25faf7",
            "private_ip": "10.0.1.199",
            "public_ip": "18.210.245.40",
            "subnet_id": "subnet-0c82e0bf819e79470",
            "tags": {
              "Name": "us-east-1-nat-gateway"
            },
            "tags_all": {
              "Name": "us-east-1-nat-gateway"
            }
          },
          "sensitive_attributes": [],
          "private": "bnVsbA==",
          "dependencies": [
            "module.vpc_virginia.aws_eip.nat",
            "module.vpc_virginia.aws_subnet.public",
            "module.vpc_virginia.aws_vpc.this"
          ]
        }
      ]
    },
    {
      "module": "module.vpc_virginia",
      "mode": "managed",
      "type": "aws_route_table",
      "name": "private",
      "provider": "provider[\"registry.terraform.io/hashicorp/aws\"].virginia",
      "instances": [
        {
          "schema_version": 0,
          "attributes": {
            "arn": "arn:aws:ec2:us-east-1:993407081893:route-table/rtb-0fa56f7b57d1a8d65",
            "id": "rtb-0fa56f7b57d1a8d65",
            "owner_id": "993407081893",
            "propagating_vgws": [],
            "route": [
              {
                "carrier_gateway_id": "",
                "cidr_block": "0.0.0.0/0",
                "core_network_arn": "",
                "destination_prefix_list_id": "",
                "egress_only_gateway_id": "",
                "gateway_id": "",
                "instance_id": "",
                "ipv6_cidr_block": "",
                "local_gateway_id": "",
                "nat_gateway_id": "nat-019f3b4269bf56f3e",
                "network_interface_id": "",
                "transit_gateway_id": "",
                "vpc_endpoint_id": "",
                "vpc_peering_connection_id": ""
              }
            ],
            "tags": {
              "Name": "private-rt-us-east-1"
            },
            "tags_all": {
              "Name": "private-rt-us-east-1"
            },
            "timeouts": null,
            "vpc_id": "vpc-0a6b9fec541c6e564"
          },
          "sensitive_attributes": [],
          "private": "eyJlMmJmYjczMC1lY2FhLTExZTYtOGY4OC0zNDM2M2JjN2M0YzAiOnsiY3JlYXRlIjozMDAwMDAwMDAwMDAsImRlbGV0ZSI6MzAwMDAwMDAwMDAwLCJ1cGRhdGUiOjEyMDAwMDAwMDAwMH19",
          "dependencies": [
            "module.vpc_virginia.aws_eip.nat",
            "module.vpc_virginia.aws_nat_gateway.nat",
            "module.vpc_virginia.aws_subnet.public",
            "module.vpc_virginia.aws_vpc.this"
          ]
        }
      ]
    },
    {
      "module": "module.vpc_virginia",
      "mode": "managed",
      "type": "aws_route_table",
      "name": "public",
      "provider": "provider[\"registry.terraform.io/hashicorp/aws\"].virginia",
      "instances": [
        {
          "schema_version": 0,
          "attributes": {
            "arn": "arn:aws:ec2:us-east-1:993407081893:route-table/rtb-06cd98dba34190caa",
            "id": "rtb-06cd98dba34190caa",
            "owner_id": "993407081893",
            "propagating_vgws": [],
            "route": [
              {
                "carrier_gateway_id": "",
                "cidr_block": "0.0.0.0/0",
                "core_network_arn": "",
                "destination_prefix_list_id": "",
                "egress_only_gateway_id": "",
                "gateway_id": "igw-04da61dd3b05c59c6",
                "instance_id": "",
                "ipv6_cidr_block": "",
                "local_gateway_id": "",
                "nat_gateway_id": "",
                "network_interface_id": "",
                "transit_gateway_id": "",
                "vpc_endpoint_id": "",
                "vpc_peering_connection_id": ""
              }
            ],
            "tags": {
              "Name": "public-rt-us-east-1"
            },
            "tags_all": {
              "Name": "public-rt-us-east-1"
            },
            "timeouts": null,
            "vpc_id": "vpc-0a6b9fec541c6e564"
          },
          "sensitive_attributes": [],
          "private": "eyJlMmJmYjczMC1lY2FhLTExZTYtOGY4OC0zNDM2M2JjN2M0YzAiOnsiY3JlYXRlIjozMDAwMDAwMDAwMDAsImRlbGV0ZSI6MzAwMDAwMDAwMDAwLCJ1cGRhdGUiOjEyMDAwMDAwMDAwMH19",
          "dependencies": [
            "module.vpc_virginia.aws_internet_gateway.this",
            "module.vpc_virginia.aws_vpc.this"
          ]
        }
      ]
    },
    {
      "module": "module.vpc_virginia",
      "mode": "managed",
      "type": "aws_route_table_association",
      "name": "private",
      "provider": "provider[\"registry.terraform.io/hashicorp/aws\"].virginia",
      "instances": [
        {
          "index_key": 0,
          "schema_version": 0,
          "attributes": {
            "gateway_id": "",
            "id": "rtbassoc-004768a10ea624840",
            "route_table_id": "rtb-0fa56f7b57d1a8d65",
            "subnet_id": "subnet-06dd084fb05e3a813",
            "timeouts": null
          },
          "sensitive_attributes": [],
          "private": "eyJlMmJmYjczMC1lY2FhLTExZTYtOGY4OC0zNDM2M2JjN2M0YzAiOnsiY3JlYXRlIjozMDAwMDAwMDAwMDAsImRlbGV0ZSI6MzAwMDAwMDAwMDAwLCJ1cGRhdGUiOjEyMDAwMDAwMDAwMH19",
          "dependencies": [
            "module.vpc_virginia.aws_eip.nat",
            "module.vpc_virginia.aws_nat_gateway.nat",
            "module.vpc_virginia.aws_route_table.private",
            "module.vpc_virginia.aws_subnet.private",
            "module.vpc_virginia.aws_subnet.public",
            "module.vpc_virginia.aws_vpc.this"
          ]
        },
        {
          "index_key": 1,
          "schema_version": 0,
          "attributes": {
            "gateway_id": "",
            "id": "rtbassoc-05314ebdc1577df68",
            "route_table_id": "rtb-0fa56f7b57d1a8d65",
            "subnet_id": "subnet-09a984ae2e464dd25",
            "timeouts": null
          },
          "sensitive_attributes": [],
          "private": "eyJlMmJmYjczMC1lY2FhLTExZTYtOGY4OC0zNDM2M2JjN2M0YzAiOnsiY3JlYXRlIjozMDAwMDAwMDAwMDAsImRlbGV0ZSI6MzAwMDAwMDAwMDAwLCJ1cGRhdGUiOjEyMDAwMDAwMDAwMH19",
          "dependencies": [
            "module.vpc_virginia.aws_eip.nat",
            "module.vpc_virginia.aws_nat_gateway.nat",
            "module.vpc_virginia.aws_route_table.private",
            "module.vpc_virginia.aws_subnet.private",
            "module.vpc_virginia.aws_subnet.public",
            "module.vpc_virginia.aws_vpc.this"
          ]
        }
      ]
    },
    {
      "module": "module.vpc_virginia",
      "mode": "managed",
      "type": "aws_route_table_association",
      "name": "public",
      "provider": "provider[\"registry.terraform.io/hashicorp/aws\"].virginia",
      "instances": [
        {
          "index_key": 0,
          "schema_version": 0,
          "attributes": {
            "gateway_id": "",
            "id": "rtbassoc-09d6f222442646ceb",
            "route_table_id": "rtb-06cd98dba34190caa",
            "subnet_id": "subnet-0c82e0bf819e79470",
            "timeouts": null
          },
          "sensitive_attributes": [],
          "private": "eyJlMmJmYjczMC1lY2FhLTExZTYtOGY4OC0zNDM2M2JjN2M0YzAiOnsiY3JlYXRlIjozMDAwMDAwMDAwMDAsImRlbGV0ZSI6MzAwMDAwMDAwMDAwLCJ1cGRhdGUiOjEyMDAwMDAwMDAwMH19",
          "dependencies": [
            "module.vpc_virginia.aws_internet_gateway.this",
            "module.vpc_virginia.aws_route_table.public",
            "module.vpc_virginia.aws_subnet.public",
            "module.vpc_virginia.aws_vpc.this"
          ]
        },
        {
          "index_key": 1,
          "schema_version": 0,
          "attributes": {
            "gateway_id": "",
            "id": "rtbassoc-0034e8a1295e30cec",
            "route_table_id": "rtb-06cd98dba34190caa",
            "subnet_id": "subnet-09927275552be6298",
            "timeouts": null
          },
          "sensitive_attributes": [],
          "private": "eyJlMmJmYjczMC1lY2FhLTExZTYtOGY4OC0zNDM2M2JjN2M0YzAiOnsiY3JlYXRlIjozMDAwMDAwMDAwMDAsImRlbGV0ZSI6MzAwMDAwMDAwMDAwLCJ1cGRhdGUiOjEyMDAwMDAwMDAwMH19",
          "dependencies": [
            "module.vpc_virginia.aws_internet_gateway.this",
            "module.vpc_virginia.aws_route_table.public",
            "module.vpc_virginia.aws_subnet.public",
            "module.vpc_virginia.aws_vpc.this"
          ]
        }
      ]
    },
    {
      "module": "module.vpc_virginia",
      "mode": "managed",
      "type": "aws_subnet",
      "name": "private",
      "provider": "provider[\"registry.terraform.io/hashicorp/aws\"].virginia",
      "instances": [
        {
          "index_key": 0,
          "schema_version": 1,
          "attributes": {
            "arn": "arn:aws:ec2:us-east-1:993407081893:subnet/subnet-06dd084fb05e3a813",
            "assign_ipv6_address_on_creation": false,
            "availability_zone": "us-east-1a",
            "availability_zone_id": "use1-az4",
            "cidr_block": "10.0.3.0/24",
            "customer_owned_ipv4_pool": "",
            "enable_dns64": false,
            "enable_lni_at_device_index": 0,
            "enable_resource_name_dns_a_record_on_launch": false,
            "enable_resource_name_dns_aaaa_record_on_launch": false,
            "id": "subnet-06dd084fb05e3a813",
            "ipv6_cidr_block": "",
            "ipv6_cidr_block_association_id": "",
            "ipv6_native": false,
            "map_customer_owned_ip_on_launch": false,
            "map_public_ip_on_launch": false,
            "outpost_arn": "",
            "owner_id": "993407081893",
            "private_dns_hostname_type_on_launch": "ip-name",
            "tags": {
              "Name": "private-0-us-east-1"
            },
            "tags_all": {
              "Name": "private-0-us-east-1"
            },
            "timeouts": null,
            "vpc_id": "vpc-0a6b9fec541c6e564"
          },
          "sensitive_attributes": [],
          "private": "eyJlMmJmYjczMC1lY2FhLTExZTYtOGY4OC0zNDM2M2JjN2M0YzAiOnsiY3JlYXRlIjo2MDAwMDAwMDAwMDAsImRlbGV0ZSI6MTIwMDAwMDAwMDAwMH0sInNjaGVtYV92ZXJzaW9uIjoiMSJ9",
          "dependencies": [
            "module.vpc_virginia.aws_vpc.this"
          ]
        },
        {
          "index_key": 1,
          "schema_version": 1,
          "attributes": {
            "arn": "arn:aws:ec2:us-east-1:993407081893:subnet/subnet-09a984ae2e464dd25",
            "assign_ipv6_address_on_creation": false,
            "availability_zone": "us-east-1b",
            "availability_zone_id": "use1-az6",
            "cidr_block": "10.0.4.0/24",
            "customer_owned_ipv4_pool": "",
            "enable_dns64": false,
            "enable_lni_at_device_index": 0,
            "enable_resource_name_dns_a_record_on_launch": false,
            "enable_resource_name_dns_aaaa_record_on_launch": false,
            "id": "subnet-09a984ae2e464dd25",
            "ipv6_cidr_block": "",
            "ipv6_cidr_block_association_id": "",
            "ipv6_native": false,
            "map_customer_owned_ip_on_launch": false,
            "map_public_ip_on_launch": false,
            "outpost_arn": "",
            "owner_id": "993407081893",
            "private_dns_hostname_type_on_launch": "ip-name",
            "tags": {
              "Name": "private-1-us-east-1"
            },
            "tags_all": {
              "Name": "private-1-us-east-1"
            },
            "timeouts": null,
            "vpc_id": "vpc-0a6b9fec541c6e564"
          },
          "sensitive_attributes": [],
          "private": "eyJlMmJmYjczMC1lY2FhLTExZTYtOGY4OC0zNDM2M2JjN2M0YzAiOnsiY3JlYXRlIjo2MDAwMDAwMDAwMDAsImRlbGV0ZSI6MTIwMDAwMDAwMDAwMH0sInNjaGVtYV92ZXJzaW9uIjoiMSJ9",
          "dependencies": [
            "module.vpc_virginia.aws_vpc.this"
          ]
        }
      ]
    },
    {
      "module": "module.vpc_virginia",
      "mode": "managed",
      "type": "aws_subnet",
      "name": "public",
      "provider": "provider[\"registry.terraform.io/hashicorp/aws\"].virginia",
      "instances": [
        {
          "index_key": 0,
          "schema_version": 1,
          "attributes": {
            "arn": "arn:aws:ec2:us-east-1:993407081893:subnet/subnet-0c82e0bf819e79470",
            "assign_ipv6_address_on_creation": false,
            "availability_zone": "us-east-1a",
            "availability_zone_id": "use1-az4",
            "cidr_block": "10.0.1.0/24",
            "customer_owned_ipv4_pool": "",
            "enable_dns64": false,
            "enable_lni_at_device_index": 0,
            "enable_resource_name_dns_a_record_on_launch": false,
            "enable_resource_name_dns_aaaa_record_on_launch": false,
            "id": "subnet-0c82e0bf819e79470",
            "ipv6_cidr_block": "",
            "ipv6_cidr_block_association_id": "",
            "ipv6_native": false,
            "map_customer_owned_ip_on_launch": false,
            "map_public_ip_on_launch": true,
            "outpost_arn": "",
            "owner_id": "993407081893",
            "private_dns_hostname_type_on_launch": "ip-name",
            "tags": {
              "Name": "public-0-us-east-1"
            },
            "tags_all": {
              "Name": "public-0-us-east-1"
            },
            "timeouts": null,
            "vpc_id": "vpc-0a6b9fec541c6e564"
          },
          "sensitive_attributes": [],
          "private": "eyJlMmJmYjczMC1lY2FhLTExZTYtOGY4OC0zNDM2M2JjN2M0YzAiOnsiY3JlYXRlIjo2MDAwMDAwMDAwMDAsImRlbGV0ZSI6MTIwMDAwMDAwMDAwMH0sInNjaGVtYV92ZXJzaW9uIjoiMSJ9",
          "dependencies": [
            "module.vpc_virginia.aws_vpc.this"
          ],
          "create_before_destroy": true
        },
        {
          "index_key": 1,
          "schema_version": 1,
          "attributes": {
            "arn": "arn:aws:ec2:us-east-1:993407081893:subnet/subnet-09927275552be6298",
            "assign_ipv6_address_on_creation": false,
            "availability_zone": "us-east-1b",
            "availability_zone_id": "use1-az6",
            "cidr_block": "10.0.2.0/24",
            "customer_owned_ipv4_pool": "",
            "enable_dns64": false,
            "enable_lni_at_device_index": 0,
            "enable_resource_name_dns_a_record_on_launch": false,
            "enable_resource_name_dns_aaaa_record_on_launch": false,
            "id": "subnet-09927275552be6298",
            "ipv6_cidr_block": "",
            "ipv6_cidr_block_association_id": "",
            "ipv6_native": false,
            "map_customer_owned_ip_on_launch": false,
            "map_public_ip_on_launch": true,
            "outpost_arn": "",
            "owner_id": "993407081893",
            "private_dns_hostname_type_on_launch": "ip-name",
            "tags": {
              "Name": "public-1-us-east-1"
            },
            "tags_all": {
              "Name": "public-1-us-east-1"
            },
            "timeouts": null,
            "vpc_id": "vpc-0a6b9fec541c6e564"
          },
          "sensitive_attributes": [],
          "private": "eyJlMmJmYjczMC1lY2FhLTExZTYtOGY4OC0zNDM2M2JjN2M0YzAiOnsiY3JlYXRlIjo2MDAwMDAwMDAwMDAsImRlbGV0ZSI6MTIwMDAwMDAwMDAwMH0sInNjaGVtYV92ZXJzaW9uIjoiMSJ9",
          "dependencies": [
            "module.vpc_virginia.aws_vpc.this"
          ],
          "create_before_destroy": true
        }
      ]
    },
    {
      "module": "module.vpc_virginia",
      "mode": "managed",
      "type": "aws_vpc",
      "name": "this",
      "provider": "provider[\"registry.terraform.io/hashicorp/aws\"].virginia",
      "instances": [
        {
          "schema_version": 1,
          "attributes": {
            "arn": "arn:aws:ec2:us-east-1:993407081893:vpc/vpc-0a6b9fec541c6e564",
            "assign_generated_ipv6_cidr_block": false,
            "cidr_block": "10.0.0.0/16",
            "default_network_acl_id": "acl-01e9e059ce1b5bfcc",
            "default_route_table_id": "rtb-0214e1558816d196d",
            "default_security_group_id": "sg-0028d5634c303abf0",
            "dhcp_options_id": "dopt-12589a75",
            "enable_classiclink": false,
            "enable_classiclink_dns_support": false,
            "enable_dns_hostnames": true,
            "enable_dns_support": true,
            "enable_network_address_usage_metrics": false,
            "id": "vpc-0a6b9fec541c6e564",
            "instance_tenancy": "default",
            "ipv4_ipam_pool_id": null,
            "ipv4_netmask_length": null,
            "ipv6_association_id": "",
            "ipv6_cidr_block": "",
            "ipv6_cidr_block_network_border_group": "",
            "ipv6_ipam_pool_id": "",
            "ipv6_netmask_length": 0,
            "main_route_table_id": "rtb-0214e1558816d196d",
            "owner_id": "993407081893",
            "tags": {
              "Name": "vpc-us-east-1"
            },
            "tags_all": {
              "Name": "vpc-us-east-1"
            }
          },
          "sensitive_attributes": [],
          "private": "eyJzY2hlbWFfdmVyc2lvbiI6IjEifQ==",
          "create_before_destroy": true
        }
      ]
    }
  ],
  "check_results": null
}
